[0m[1mnull_resource.validate_secrets_manager_names: Refreshing state... [id=6027122763744029132][0m
[0m[1mnull_resource.validate_vpc_name[0]: Refreshing state... [id=6228729264946765727][0m
[0m[1mnull_resource.validate_domain: Refreshing state... [id=1280974839996598703][0m
[0m[1mnull_resource.validate_s3_bucket_name: Refreshing state... [id=1604095713024646666][0m
[0m[1mnull_resource.validate_cluster_name: Refreshing state... [id=1237523772980512490][0m
[0m[1mnull_resource.validate_karpenter_node_group_name[0]: Refreshing state... [id=6955481923486393180][0m
[0m[1mnull_resource.validate_kms_alias: Refreshing state... [id=1901029455342239435][0m
[0m[1mrandom_password.keycloak_db_password[0]: Refreshing state... [id=none][0m
[0m[1mnull_resource.validate_security_group_names[0]: Refreshing state... [id=4922419834708962594][0m
[0m[1mnull_resource.validate_nlb_name[0]: Refreshing state... [id=7713116323540856609][0m
[0m[1mnull_resource.validate_target_group_names[0]: Refreshing state... [id=7235274002361707790][0m
[0m[1mnull_resource.validate_iam_role_names: Refreshing state... [id=5951531455092702489][0m
[0m[1mdata.aws_availability_zones.available: Reading...[0m[0m
[0m[1mmodule.eks.data.aws_partition.current[0]: Reading...[0m[0m
[0m[1mmodule.external_secrets_irsa[0].data.aws_partition.current: Reading...[0m[0m
[0m[1mmodule.aws_load_balancer_controller_pod_identity[0].data.aws_partition.current: Reading...[0m[0m
[0m[1mmodule.eks.data.aws_caller_identity.current[0]: Reading...[0m[0m
[0m[1maws_secretsmanager_secret.config: Refreshing state... [id=arn:aws:secretsmanager:us-east-1:948881762705:secret:cnoe-ref-impl/config-UAQ2r2][0m
[0m[1maws_iam_policy.backstage_terraform_policy: Refreshing state... [id=arn:aws:iam::948881762705:policy/backstage-terraform-policy][0m
[0m[1maws_iam_role.karpenter_bootstrap_node[0]: Refreshing state... [id=idp-poc-darede-cluster-karpenter-bootstrap-node-role][0m
[0m[1maws_db_parameter_group.keycloak[0]: Refreshing state... [id=idp-poc-darede-cluster-keycloak-20260119154151712100000007][0m
[0m[1maws_secretsmanager_secret.keycloak_db[0]: Refreshing state... [id=arn:aws:secretsmanager:us-east-1:948881762705:secret:idp-poc-darede-cluster-keycloak-db-20260119154151705800000001-2wupK1][0m
[0m[1mmodule.external_secrets_irsa[0].data.aws_partition.current: Read complete after 0s [id=aws][0m
[0m[1mmodule.aws_load_balancer_controller_pod_identity[0].data.aws_partition.current: Read complete after 0s [id=aws][0m
[0m[1mmodule.eks.data.aws_partition.current[0]: Read complete after 0s [id=aws][0m
[0m[1mdata.aws_caller_identity.current: Reading...[0m[0m
[0m[1mmodule.vpc.aws_vpc.this[0]: Refreshing state... [id=vpc-0a281544d0b4b08dd][0m
[0m[1mmodule.eks.aws_cloudwatch_log_group.this[0]: Refreshing state... [id=/aws/eks/idp-poc-darede-cluster/cluster][0m
[0m[1mmodule.eks.data.aws_caller_identity.current[0]: Read complete after 0s [id=948881762705][0m
[0m[1mmodule.eks.module.kms.data.aws_partition.current[0]: Reading...[0m[0m
[0m[1mmodule.eks.module.kms.data.aws_partition.current[0]: Read complete after 0s [id=aws][0m
[0m[1mmodule.ebs_csi_driver_pod_identity[0].data.aws_iam_policy_document.base[0]: Reading...[0m[0m
[0m[1mmodule.ebs_csi_driver_pod_identity[0].data.aws_iam_policy_document.base[0]: Read complete after 0s [id=1132004489][0m
[0m[1mmodule.external_dns_pod_identity.data.aws_partition.current: Reading...[0m[0m
[0m[1mmodule.external_dns_pod_identity.data.aws_partition.current: Read complete after 0s [id=aws][0m
[0m[1mmodule.ebs_csi_driver_pod_identity[0].data.aws_partition.current: Reading...[0m[0m
[0m[1mmodule.ebs_csi_driver_pod_identity[0].data.aws_partition.current: Read complete after 0s [id=aws][0m
[0m[1mmodule.karpenter[0].data.aws_region.current: Reading...[0m[0m
[0m[1mmodule.karpenter[0].data.aws_region.current: Read complete after 0s [id=us-east-1][0m
[0m[1mmodule.backstage_irsa.data.aws_partition.current: Reading...[0m[0m
[0m[1mmodule.backstage_irsa.data.aws_partition.current: Read complete after 0s [id=aws][0m
[0m[1mmodule.aws_load_balancer_controller_pod_identity[0].data.aws_iam_policy_document.assume[0]: Reading...[0m[0m
[0m[1mmodule.aws_load_balancer_controller_pod_identity[0].data.aws_iam_policy_document.assume[0]: Read complete after 0s [id=819195744][0m
[0m[1mmodule.external_secrets_irsa[0].data.aws_region.current: Reading...[0m[0m
[0m[1mmodule.external_secrets_irsa[0].data.aws_region.current: Read complete after 0s [id=us-east-1][0m
[0m[1mmodule.eks.data.aws_iam_policy_document.assume_role_policy[0]: Reading...[0m[0m
[0m[1mmodule.eks.data.aws_iam_policy_document.assume_role_policy[0]: Read complete after 0s [id=2830595799][0m
[0m[1mmodule.karpenter[0].data.aws_caller_identity.current: Reading...[0m[0m
[0m[1mdata.aws_caller_identity.current: Read complete after 0s [id=948881762705][0m
[0m[1maws_secretsmanager_secret.github_app: Refreshing state... [id=arn:aws:secretsmanager:us-east-1:948881762705:secret:idp-poc-darede-cluster-github-app-credentials-UAQ2r2][0m
[0m[1mmodule.karpenter[0].data.aws_caller_identity.current: Read complete after 1s [id=948881762705][0m
[0m[1mmodule.aws_load_balancer_controller_pod_identity[0].data.aws_iam_policy_document.base[0]: Reading...[0m[0m
[0m[1mmodule.aws_load_balancer_controller_pod_identity[0].data.aws_iam_policy_document.base[0]: Read complete after 0s [id=1132004489][0m
[0m[1mmodule.karpenter[0].data.aws_partition.current: Reading...[0m[0m
[0m[1mmodule.karpenter[0].data.aws_partition.current: Read complete after 0s [id=aws][0m
[0m[1mmodule.external_secrets_irsa[0].data.aws_caller_identity.current: Reading...[0m[0m
[0m[1mmodule.external_secrets_irsa[0].data.aws_caller_identity.current: Read complete after 0s [id=948881762705][0m
[0m[1mmodule.external_dns_pod_identity.data.aws_iam_policy_document.base[0]: Reading...[0m[0m
[0m[1mmodule.external_dns_pod_identity.data.aws_iam_policy_document.base[0]: Read complete after 0s [id=1132004489][0m
[0m[1mmodule.eks.module.kms.data.aws_caller_identity.current[0]: Reading...[0m[0m
[0m[1mmodule.crossplane_pod_identity.data.aws_iam_policy_document.base[0]: Reading...[0m[0m
[0m[1mmodule.crossplane_pod_identity.data.aws_iam_policy_document.base[0]: Read complete after 0s [id=1132004489][0m
[0m[1mmodule.crossplane_pod_identity.data.aws_partition.current: Reading...[0m[0m
[0m[1mmodule.crossplane_pod_identity.data.aws_partition.current: Read complete after 0s [id=aws][0m
[0m[1mmodule.crossplane_pod_identity.data.aws_iam_policy_document.assume[0]: Reading...[0m[0m
[0m[1mmodule.crossplane_pod_identity.data.aws_iam_policy_document.assume[0]: Read complete after 0s [id=819195744][0m
[0m[1mmodule.ebs_csi_driver_pod_identity[0].data.aws_iam_policy_document.assume[0]: Reading...[0m[0m
[0m[1mmodule.backstage_irsa.data.aws_region.current: Reading...[0m[0m
[0m[1mmodule.backstage_irsa.data.aws_region.current: Read complete after 0s [id=us-east-1][0m
[0m[1mmodule.ebs_csi_driver_pod_identity[0].data.aws_iam_policy_document.assume[0]: Read complete after 0s [id=819195744][0m
[0m[1mmodule.external_dns_pod_identity.data.aws_iam_policy_document.assume[0]: Reading...[0m[0m
[0m[1mmodule.external_dns_pod_identity.data.aws_iam_policy_document.assume[0]: Read complete after 0s [id=819195744][0m
[0m[1mmodule.backstage_irsa.data.aws_caller_identity.current: Reading...[0m[0m
[0m[1mmodule.eks.data.aws_iam_session_context.current[0]: Reading...[0m[0m
[0m[1mdata.aws_availability_zones.available: Read complete after 1s [id=us-east-1][0m
[0m[1mmodule.aws_load_balancer_controller_pod_identity[0].aws_iam_role.this[0]: Refreshing state... [id=aws_load_balancer_controller-20260119154152935900000009][0m
[0m[1mmodule.eks.aws_iam_role.this[0]: Refreshing state... [id=idp-poc-darede-cluster-cluster-20260119154151709700000005][0m
[0m[1mmodule.eks.module.kms.data.aws_caller_identity.current[0]: Read complete after 0s [id=948881762705][0m
[0m[1mmodule.external_dns_pod_identity.data.aws_iam_policy_document.external_dns[0]: Reading...[0m[0m
[0m[1mmodule.external_dns_pod_identity.data.aws_iam_policy_document.external_dns[0]: Read complete after 0s [id=4018392649][0m
[0m[1maws_secretsmanager_secret_version.config: Refreshing state... [id=arn:aws:secretsmanager:us-east-1:948881762705:secret:cnoe-ref-impl/config-UAQ2r2|terraform-2026011915415327750000000e][0m
[0m[1mmodule.ebs_csi_driver_pod_identity[0].aws_iam_role.this[0]: Refreshing state... [id=ebs-csi-driver-20260119154151708700000003][0m
[0m[1mmodule.backstage_irsa.data.aws_caller_identity.current: Read complete after 0s [id=948881762705][0m
[0m[1mmodule.external_dns_pod_identity.aws_iam_role.this[0]: Refreshing state... [id=external-dns-2026011915415298430000000a][0m
[0m[1mmodule.eks.data.aws_iam_policy_document.custom[0]: Reading...[0m[0m
[0m[1mmodule.eks.data.aws_iam_policy_document.custom[0]: Read complete after 0s [id=513122117][0m
[0m[1mmodule.aws_load_balancer_controller_pod_identity[0].data.aws_iam_policy_document.lb_controller[0]: Reading...[0m[0m
[0m[1mmodule.aws_load_balancer_controller_pod_identity[0].data.aws_iam_policy_document.lb_controller[0]: Read complete after 0s [id=1541424006][0m
[0m[1mmodule.ebs_csi_driver_pod_identity[0].data.aws_iam_policy_document.ebs_csi[0]: Reading...[0m[0m
[0m[1mmodule.ebs_csi_driver_pod_identity[0].data.aws_iam_policy_document.ebs_csi[0]: Read complete after 0s [id=522466792][0m
[0m[1maws_iam_policy.external_secrets_policy[0]: Refreshing state... [id=arn:aws:iam::948881762705:policy/external-secrets-policy][0m
[0m[1mmodule.eks.data.aws_iam_session_context.current[0]: Read complete after 0s [id=arn:aws:sts::948881762705:assumed-role/AWSReservedSSO_Available_Regions_us-east-1_2_5c093e84c42887e0/matheus.andrade@darede.com.br][0m
[0m[1maws_iam_policy.crossplane_boundary: Refreshing state... [id=arn:aws:iam::948881762705:policy/crossplane-permissions-boundary][0m
[0m[1mmodule.karpenter[0].data.aws_iam_policy_document.node_assume_role[0]: Reading...[0m[0m
[0m[1mmodule.karpenter[0].data.aws_iam_policy_document.node_assume_role[0]: Read complete after 0s [id=2560088296][0m
[0m[1mmodule.external_dns_pod_identity.aws_iam_policy.external_dns[0]: Refreshing state... [id=arn:aws:iam::948881762705:policy/AmazonEKS_ExternalDNS-2026011915415301150000000c][0m
[0m[1maws_secretsmanager_secret_version.github_app: Refreshing state... [id=arn:aws:secretsmanager:us-east-1:948881762705:secret:idp-poc-darede-cluster-github-app-credentials-UAQ2r2|terraform-2026011915415372980000000f][0m
[0m[1mmodule.eks.aws_iam_policy.custom[0]: Refreshing state... [id=arn:aws:iam::948881762705:policy/idp-poc-darede-cluster-cluster-2026011915415299470000000b][0m
[0m[1mmodule.aws_load_balancer_controller_pod_identity[0].aws_iam_policy.lb_controller[0]: Refreshing state... [id=arn:aws:iam::948881762705:policy/AmazonEKS_LoadBalancerController-20260119154152925900000008][0m
[0m[1mmodule.ebs_csi_driver_pod_identity[0].aws_iam_policy.ebs_csi[0]: Refreshing state... [id=arn:aws:iam::948881762705:policy/AmazonEKS_EBS_CSI-2026011915415303200000000d][0m
[0m[1maws_iam_role_policy_attachment.karpenter_bootstrap_node_policy["arn:aws:iam::aws:policy/AmazonEKSWorkerNodePolicy"]: Refreshing state... [id=idp-poc-darede-cluster-karpenter-bootstrap-node-role-20260119154154090200000012][0m
[0m[1maws_iam_role_policy_attachment.karpenter_bootstrap_node_policy["arn:aws:iam::aws:policy/AmazonEC2ContainerRegistryReadOnly"]: Refreshing state... [id=idp-poc-darede-cluster-karpenter-bootstrap-node-role-20260119154154115800000013][0m
[0m[1maws_iam_role_policy_attachment.karpenter_bootstrap_node_policy["arn:aws:iam::aws:policy/AmazonEKS_CNI_Policy"]: Refreshing state... [id=idp-poc-darede-cluster-karpenter-bootstrap-node-role-20260119154154033100000011][0m
[0m[1maws_iam_role_policy_attachment.karpenter_bootstrap_node_policy["arn:aws:iam::aws:policy/AmazonSSMManagedInstanceCore"]: Refreshing state... [id=idp-poc-darede-cluster-karpenter-bootstrap-node-role-20260119154153996700000010][0m
[0m[1mmodule.eks.aws_iam_role_policy_attachment.custom[0]: Refreshing state... [id=idp-poc-darede-cluster-cluster-20260119154151709700000005-20260119154154288200000017][0m
[0m[1mmodule.eks.aws_iam_role_policy_attachment.this["AmazonEKSClusterPolicy"]: Refreshing state... [id=idp-poc-darede-cluster-cluster-20260119154151709700000005-20260119154154182400000015][0m
[0m[1mmodule.eks.aws_iam_role_policy_attachment.this["AmazonEKSVPCResourceController"]: Refreshing state... [id=idp-poc-darede-cluster-cluster-20260119154151709700000005-20260119154154176500000014][0m
[0m[1mmodule.crossplane_pod_identity.aws_iam_role.this[0]: Refreshing state... [id=crossplane-provider-aws-20260119154154276200000016][0m
[0m[1mmodule.external_dns_pod_identity.aws_iam_role_policy_attachment.external_dns[0]: Refreshing state... [id=external-dns-2026011915415298430000000a-2026011915415443980000001a][0m
[0m[1mmodule.eks.module.kms.data.aws_iam_policy_document.this[0]: Reading...[0m[0m
[0m[1mmodule.eks.module.kms.data.aws_iam_policy_document.this[0]: Read complete after 0s [id=2072830252][0m
[0m[1mmodule.eks.module.kms.aws_kms_key.this[0]: Refreshing state... [id=12b7b147-ff96-45cb-812c-306839174cc7][0m
[0m[1mmodule.aws_load_balancer_controller_pod_identity[0].aws_iam_role_policy_attachment.lb_controller[0]: Refreshing state... [id=aws_load_balancer_controller-20260119154152935900000009-20260119154154324500000018][0m
[0m[1mmodule.ebs_csi_driver_pod_identity[0].aws_iam_role_policy_attachment.ebs_csi[0]: Refreshing state... [id=ebs-csi-driver-20260119154151708700000003-20260119154154380200000019][0m
[0m[1mmodule.vpc.aws_default_route_table.default[0]: Refreshing state... [id=rtb-0514d0049a55717d7][0m
[0m[1mmodule.eks.aws_security_group.node[0]: Refreshing state... [id=sg-09ce4363ea156ed93][0m
[0m[1mmodule.vpc.aws_subnet.private[0]: Refreshing state... [id=subnet-0ee0cb86a1ff7f877][0m
[0m[1mmodule.vpc.aws_default_network_acl.this[0]: Refreshing state... [id=acl-0c0c66c1cc57457b6][0m
[0m[1maws_security_group.ingress_nginx[0]: Refreshing state... [id=sg-04ab8e0a23b8a44f0][0m
[0m[1mmodule.vpc.aws_route_table.private[0]: Refreshing state... [id=rtb-08164516e74bb67be][0m
[0m[1mmodule.vpc.aws_subnet.private[1]: Refreshing state... [id=subnet-0638ee0292ea8ef8a][0m
[0m[1mmodule.vpc.aws_subnet.private[2]: Refreshing state... [id=subnet-0ad51f00e115eba2f][0m
[0m[1mmodule.vpc.aws_default_security_group.this[0]: Refreshing state... [id=sg-0cc0cad17f4cff5d9][0m
[0m[1maws_lb_target_group.https[0]: Refreshing state... [id=arn:aws:elasticloadbalancing:us-east-1:948881762705:targetgroup/idp-poc-darede-cluster-https/08077f93ad9ffbdc][0m
[0m[1maws_security_group.keycloak_rds[0]: Refreshing state... [id=sg-0eb462349d50a0f9f][0m
[0m[1maws_lb_target_group.http[0]: Refreshing state... [id=arn:aws:elasticloadbalancing:us-east-1:948881762705:targetgroup/idp-poc-darede-cluster-http/4a08a7c2e70ccb96][0m
[0m[1mmodule.vpc.aws_internet_gateway.this[0]: Refreshing state... [id=igw-04ea4185dc7ed6143][0m
[0m[1mmodule.eks.aws_security_group.cluster[0]: Refreshing state... [id=sg-0a900cb95c5799bd9][0m
[0m[1mmodule.vpc.aws_route_table.public[0]: Refreshing state... [id=rtb-02a2560928f0ff66b][0m
[0m[1mmodule.vpc.aws_subnet.public[0]: Refreshing state... [id=subnet-07b1007af6dbdb02c][0m
[0m[1mmodule.vpc.aws_subnet.public[1]: Refreshing state... [id=subnet-05c7ccc86fce729d1][0m
[0m[1mmodule.vpc.aws_subnet.public[2]: Refreshing state... [id=subnet-09ce35257d8f68804][0m
[0m[1mmodule.crossplane_pod_identity.aws_iam_role_policy_attachment.this["admin"]: Refreshing state... [id=crossplane-provider-aws-20260119154154276200000016-2026011915415531660000001b][0m
[0m[1maws_security_group_rule.ingress_nginx_https[0]: Refreshing state... [id=sgrule-3685002976][0m
[0m[1maws_security_group_rule.ingress_nginx_nodeport_https[0]: Refreshing state... [id=sgrule-4120234122][0m
[0m[1maws_security_group_rule.ingress_nginx_egress[0]: Refreshing state... [id=sgrule-3349036914][0m
[0m[1maws_security_group_rule.ingress_nginx_http[0]: Refreshing state... [id=sgrule-935609493][0m
[0m[1maws_security_group_rule.ingress_nginx_nodeport_http[0]: Refreshing state... [id=sgrule-1324343995][0m
[0m[1mmodule.vpc.aws_eip.nat[0]: Refreshing state... [id=eipalloc-098a30fa809574619][0m
[0m[1mmodule.eks.module.kms.aws_kms_alias.this["cluster"]: Refreshing state... [id=alias/eks/idp-poc-darede-cluster][0m
[0m[1maws_security_group_rule.keycloak_rds_egress[0]: Refreshing state... [id=sgrule-311589091][0m
[0m[1maws_security_group_rule.keycloak_rds_ingress_from_eks[0]: Refreshing state... [id=sgrule-2205967249][0m
[0m[1mmodule.vpc.aws_route_table_association.private[1]: Refreshing state... [id=rtbassoc-0145d84e08502d6dc][0m
[0m[1mmodule.vpc.aws_route_table_association.private[0]: Refreshing state... [id=rtbassoc-0a7376ee2e70e5786][0m
[0m[1mmodule.vpc.aws_route_table_association.private[2]: Refreshing state... [id=rtbassoc-09872631ecabd0f9f][0m
[0m[1mmodule.eks.aws_security_group_rule.cluster["ingress_nodes_443"]: Refreshing state... [id=sgrule-894388020][0m
[0m[1mmodule.vpc.aws_route.public_internet_gateway[0]: Refreshing state... [id=r-rtb-02a2560928f0ff66b1080289494][0m
[0m[1mmodule.eks.aws_iam_policy.cluster_encryption[0]: Refreshing state... [id=arn:aws:iam::948881762705:policy/idp-poc-darede-cluster-cluster-ClusterEncryption20260119154218339200000023][0m
[0m[1mmodule.vpc.aws_route_table_association.public[2]: Refreshing state... [id=rtbassoc-08e36ef7e52fd2c2c][0m
[0m[1mmodule.vpc.aws_route_table_association.public[0]: Refreshing state... [id=rtbassoc-007c99fd89f90446a][0m
[0m[1mmodule.vpc.aws_route_table_association.public[1]: Refreshing state... [id=rtbassoc-025af9b4e936274ae][0m
[0m[1maws_db_subnet_group.keycloak[0]: Refreshing state... [id=idp-poc-darede-cluster-keycloak-db][0m
[0m[1mmodule.eks.aws_security_group_rule.node["ingress_nodes_ephemeral"]: Refreshing state... [id=sgrule-4164089667][0m
[0m[1mmodule.eks.aws_security_group_rule.node["ingress_cluster_443"]: Refreshing state... [id=sgrule-3589870856][0m
[0m[1mmodule.eks.aws_security_group_rule.node["ingress_cluster_6443_webhook"]: Refreshing state... [id=sgrule-732574828][0m
[0m[1mmodule.eks.aws_security_group_rule.node["ingress_self_coredns_udp"]: Refreshing state... [id=sgrule-198881013][0m
[0m[1mmodule.eks.aws_security_group_rule.node["ingress_cluster_kubelet"]: Refreshing state... [id=sgrule-3770406143][0m
[0m[1mmodule.eks.aws_security_group_rule.node["ingress_self_coredns_tcp"]: Refreshing state... [id=sgrule-2944732442][0m
[0m[1mmodule.eks.aws_security_group_rule.node["ingress_cluster_4443_webhook"]: Refreshing state... [id=sgrule-3806876666][0m
[0m[1mmodule.eks.aws_security_group_rule.node["egress_all"]: Refreshing state... [id=sgrule-3517028544][0m
[0m[1mmodule.eks.aws_security_group_rule.node["ingress_cluster_8443_webhook"]: Refreshing state... [id=sgrule-955648077][0m
[0m[1mmodule.eks.aws_security_group_rule.node["ingress_cluster_9443_webhook"]: Refreshing state... [id=sgrule-1549220742][0m
[0m[1maws_lb.ingress_nginx[0]: Refreshing state... [id=arn:aws:elasticloadbalancing:us-east-1:948881762705:loadbalancer/net/idp-poc-darede-cluster-nlb/fdfcaad02f019235][0m
[0m[1mmodule.eks.aws_iam_role_policy_attachment.cluster_encryption[0]: Refreshing state... [id=idp-poc-darede-cluster-cluster-20260119154151709700000005-20260119154219194500000024][0m
[0m[1mmodule.vpc.aws_nat_gateway.this[0]: Refreshing state... [id=nat-04fada0daffa7a2eb][0m
[0m[1mmodule.eks.aws_eks_cluster.this[0]: Refreshing state... [id=idp-poc-darede-cluster][0m
[0m[1mmodule.vpc.aws_route.private_nat_gateway[0]: Refreshing state... [id=r-rtb-08164516e74bb67be1080289494][0m
[0m[1maws_lb_listener.https[0]: Refreshing state... [id=arn:aws:elasticloadbalancing:us-east-1:948881762705:listener/net/idp-poc-darede-cluster-nlb/fdfcaad02f019235/505ad643bbf4f62c][0m
[0m[1maws_lb_listener.http[0]: Refreshing state... [id=arn:aws:elasticloadbalancing:us-east-1:948881762705:listener/net/idp-poc-darede-cluster-nlb/fdfcaad02f019235/0e3e4ff58e59a70e][0m
[0m[1mmodule.eks.aws_eks_access_entry.this["cluster_creator"]: Refreshing state... [id=idp-poc-darede-cluster:arn:aws:iam::948881762705:role/aws-reserved/sso.amazonaws.com/AWSReservedSSO_Available_Regions_us-east-1_2_5c093e84c42887e0][0m
[0m[1mmodule.eks.aws_ec2_tag.cluster_primary_security_group["owner"]: Refreshing state... [id=sg-0971c56d88b2ce058,owner][0m
[0m[1mmodule.eks.aws_ec2_tag.cluster_primary_security_group["env"]: Refreshing state... [id=sg-0971c56d88b2ce058,env][0m
[0m[1mmodule.eks.aws_ec2_tag.cluster_primary_security_group["project"]: Refreshing state... [id=sg-0971c56d88b2ce058,project][0m
[0m[1mmodule.eks.aws_ec2_tag.cluster_primary_security_group["cost-center"]: Refreshing state... [id=sg-0971c56d88b2ce058,cost-center][0m
[0m[1mmodule.eks.aws_ec2_tag.cluster_primary_security_group["ManagedBy"]: Refreshing state... [id=sg-0971c56d88b2ce058,ManagedBy][0m
[0m[1mmodule.eks.aws_ec2_tag.cluster_primary_security_group["githubRepo"]: Refreshing state... [id=sg-0971c56d88b2ce058,githubRepo][0m
[0m[1mmodule.eks.aws_ec2_tag.cluster_primary_security_group["ConfigSource"]: Refreshing state... [id=sg-0971c56d88b2ce058,ConfigSource][0m
[0m[1mmodule.eks.time_sleep.this[0]: Refreshing state... [id=2026-01-19T15:52:26Z][0m
[0m[1mmodule.eks.aws_iam_openid_connect_provider.oidc_provider[0]: Refreshing state... [id=arn:aws:iam::948881762705:oidc-provider/oidc.eks.us-east-1.amazonaws.com/id/215C81B2F90F8A032EDAD7C5CC8CD921][0m
[0m[1mmodule.eks.aws_eks_addon.this["aws-ebs-csi-driver"]: Refreshing state... [id=idp-poc-darede-cluster:aws-ebs-csi-driver][0m
[0m[1mmodule.eks.aws_eks_addon.this["kube-proxy"]: Refreshing state... [id=idp-poc-darede-cluster:kube-proxy][0m
[0m[1mmodule.eks.aws_eks_addon.this["vpc-cni"]: Refreshing state... [id=idp-poc-darede-cluster:vpc-cni][0m
[0m[1mmodule.eks.aws_eks_addon.this["coredns"]: Refreshing state... [id=idp-poc-darede-cluster:coredns][0m
[0m[1mmodule.eks.aws_eks_addon.this["eks-pod-identity-agent"]: Refreshing state... [id=idp-poc-darede-cluster:eks-pod-identity-agent][0m
[0m[1mmodule.backstage_irsa.data.aws_iam_policy_document.this[0]: Reading...[0m[0m
[0m[1mmodule.external_secrets_irsa[0].data.aws_iam_policy_document.this[0]: Reading...[0m[0m
[0m[1mmodule.karpenter[0].data.aws_iam_policy_document.controller_assume_role[0]: Reading...[0m[0m
[0m[1mmodule.backstage_irsa.data.aws_iam_policy_document.this[0]: Read complete after 0s [id=3229446169][0m
[0m[1mmodule.external_secrets_irsa[0].data.aws_iam_policy_document.this[0]: Read complete after 0s [id=4265287363][0m
[0m[1mmodule.karpenter[0].data.aws_iam_policy_document.controller_assume_role[0]: Read complete after 0s [id=2924536280][0m
[0m[1mmodule.backstage_irsa.aws_iam_role.this[0]: Refreshing state... [id=backstage-terraform-irsa][0m
[0m[1mmodule.external_secrets_irsa[0].aws_iam_role.this[0]: Refreshing state... [id=external-secrets-irsa][0m
[0m[1mmodule.karpenter[0].aws_iam_role.controller[0]: Refreshing state... [id=KarpenterController-20260119155157661100000025][0m
[0m[1mmodule.eks.aws_eks_access_policy_association.this["cluster_creator_admin"]: Refreshing state... [id=idp-poc-darede-cluster#arn:aws:iam::948881762705:role/aws-reserved/sso.amazonaws.com/AWSReservedSSO_Available_Regions_us-east-1_2_5c093e84c42887e0#arn:aws:eks::aws:cluster-access-policy/AmazonEKSClusterAdminPolicy][0m
[0m[1mmodule.backstage_irsa.aws_iam_role_policy_attachment.this["custom_policy"]: Refreshing state... [id=backstage-terraform-irsa-20260119155159344900000031][0m
[0m[1mmodule.backstage_irsa.aws_iam_role_policy_attachment.this["power_user"]: Refreshing state... [id=backstage-terraform-irsa-20260119155159230900000030][0m
[0m[1mmodule.external_secrets_irsa[0].aws_iam_role_policy_attachment.this["policy"]: Refreshing state... [id=external-secrets-irsa-2026011915515913480000002f][0m
[0m[1mmodule.karpenter[0].aws_cloudwatch_event_rule.this["instance_state_change"]: Refreshing state... [id=KarpenterInstanceStateChange-2026011915515878440000002e][0m
[0m[1mmodule.karpenter[0].aws_cloudwatch_event_rule.this["health_event"]: Refreshing state... [id=KarpenterHealthEvent-2026011915515871600000002c][0m
[0m[1mmodule.aws_load_balancer_controller_pod_identity[0].aws_eks_pod_identity_association.this["external_secrets"]: Refreshing state... [id=a-qccieueeqdkslphjg][0m
[0m[1mmodule.karpenter[0].aws_iam_role.node[0]: Refreshing state... [id=Karpenter-idp-poc-darede-cluster-20260119155158156300000026][0m
[0m[1mmodule.ebs_csi_driver_pod_identity[0].aws_eks_pod_identity_association.this["external_secrets"]: Refreshing state... [id=a-xa90f5gpphjxpobke][0m
[0m[1mmodule.external_dns_pod_identity.aws_eks_pod_identity_association.this["external_secrets"]: Refreshing state... [id=a-mqorwv7f6mga7efa4][0m
[0m[1mmodule.crossplane_pod_identity.aws_eks_pod_identity_association.this["crossplane"]: Refreshing state... [id=a-sutcni2ni74dulfjy][0m
[0m[1mmodule.karpenter[0].aws_sqs_queue.this[0]: Refreshing state... [id=https://sqs.us-east-1.amazonaws.com/948881762705/Karpenter-idp-poc-darede-cluster][0m
[0m[1mmodule.karpenter[0].aws_cloudwatch_event_rule.this["instance_rebalance"]: Refreshing state... [id=KarpenterInstanceRebalance-2026011915515874010000002d][0m
[0m[1mmodule.karpenter[0].aws_cloudwatch_event_rule.this["spot_interrupt"]: Refreshing state... [id=KarpenterSpotInterrupt-20260119155158159300000027][0m
[0m[1mmodule.karpenter[0].aws_iam_role_policy_attachment.node["AmazonEKSWorkerNodePolicy"]: Refreshing state... [id=Karpenter-idp-poc-darede-cluster-20260119155158156300000026-20260119155159554800000033][0m
[0m[1mmodule.karpenter[0].aws_iam_role_policy_attachment.node_additional["AmazonSSMManagedInstanceCore"]: Refreshing state... [id=Karpenter-idp-poc-darede-cluster-20260119155158156300000026-20260119155159766700000035][0m
[0m[1mmodule.karpenter[0].aws_iam_role_policy_attachment.node["AmazonEC2ContainerRegistryReadOnly"]: Refreshing state... [id=Karpenter-idp-poc-darede-cluster-20260119155158156300000026-20260119155159516900000032][0m
[0m[1mmodule.karpenter[0].aws_iam_role_policy_attachment.node["AmazonEKS_CNI_Policy"]: Refreshing state... [id=Karpenter-idp-poc-darede-cluster-20260119155158156300000026-20260119155159682800000034][0m
[0m[1mmodule.karpenter[0].aws_sqs_queue_policy.this[0]: Refreshing state... [id=https://sqs.us-east-1.amazonaws.com/948881762705/Karpenter-idp-poc-darede-cluster][0m
[0m[1mmodule.karpenter[0].aws_iam_policy.controller[0]: Refreshing state... [id=arn:aws:iam::948881762705:policy/KarpenterController-2026011915522817490000003b][0m
[0m[1mmodule.karpenter[0].aws_cloudwatch_event_target.this["instance_state_change"]: Refreshing state... [id=KarpenterInstanceStateChange-2026011915515878440000002e-KarpenterInterruptionQueueTarget][0m
[0m[1mmodule.karpenter[0].aws_cloudwatch_event_target.this["spot_interrupt"]: Refreshing state... [id=KarpenterSpotInterrupt-20260119155158159300000027-KarpenterInterruptionQueueTarget][0m
[0m[1mmodule.karpenter[0].aws_cloudwatch_event_target.this["instance_rebalance"]: Refreshing state... [id=KarpenterInstanceRebalance-2026011915515874010000002d-KarpenterInterruptionQueueTarget][0m
[0m[1mmodule.karpenter[0].aws_cloudwatch_event_target.this["health_event"]: Refreshing state... [id=KarpenterHealthEvent-2026011915515871600000002c-KarpenterInterruptionQueueTarget][0m
[0m[1mmodule.karpenter[0].aws_eks_access_entry.node[0]: Refreshing state... [id=idp-poc-darede-cluster:arn:aws:iam::948881762705:role/Karpenter-idp-poc-darede-cluster-20260119155158156300000026][0m
[0m[1mmodule.karpenter[0].aws_iam_role_policy_attachment.controller[0]: Refreshing state... [id=KarpenterController-20260119155157661100000025-2026011915522902470000003c][0m

Terraform used the selected providers to generate the following execution
plan. Resource actions are indicated with the following symbols:
  [32m+[0m create[0m
  [33m~[0m update in-place[0m
[31m-[0m/[32m+[0m destroy and then create replacement[0m
 [36m<=[0m read (data resources)[0m

Terraform will perform the following actions:

[1m  # aws_db_instance.keycloak[0][0m will be created
[0m  [32m+[0m[0m resource "aws_db_instance" "keycloak" {
      [32m+[0m[0m address                               = (known after apply)
      [32m+[0m[0m allocated_storage                     = 20
      [32m+[0m[0m apply_immediately                     = false
      [32m+[0m[0m arn                                   = (known after apply)
      [32m+[0m[0m auto_minor_version_upgrade            = true
      [32m+[0m[0m availability_zone                     = (known after apply)
      [32m+[0m[0m backup_retention_period               = 1
      [32m+[0m[0m backup_target                         = (known after apply)
      [32m+[0m[0m backup_window                         = "03:00-04:00"
      [32m+[0m[0m ca_cert_identifier                    = (known after apply)
      [32m+[0m[0m character_set_name                    = (known after apply)
      [32m+[0m[0m copy_tags_to_snapshot                 = true
      [32m+[0m[0m database_insights_mode                = (known after apply)
      [32m+[0m[0m db_name                               = "keycloak"
      [32m+[0m[0m db_subnet_group_name                  = "idp-poc-darede-cluster-keycloak-db"
      [32m+[0m[0m dedicated_log_volume                  = false
      [32m+[0m[0m delete_automated_backups              = true
      [32m+[0m[0m deletion_protection                   = false
      [32m+[0m[0m domain_fqdn                           = (known after apply)
      [32m+[0m[0m endpoint                              = (known after apply)
      [32m+[0m[0m engine                                = "postgres"
      [32m+[0m[0m engine_lifecycle_support              = (known after apply)
      [32m+[0m[0m engine_version                        = "15.15"
      [32m+[0m[0m engine_version_actual                 = (known after apply)
      [32m+[0m[0m hosted_zone_id                        = (known after apply)
      [32m+[0m[0m id                                    = (known after apply)
      [32m+[0m[0m identifier                            = "idp-poc-darede-cluster-keycloak"
      [32m+[0m[0m identifier_prefix                     = (known after apply)
      [32m+[0m[0m instance_class                        = "db.t4g.micro"
      [32m+[0m[0m iops                                  = (known after apply)
      [32m+[0m[0m kms_key_id                            = (known after apply)
      [32m+[0m[0m latest_restorable_time                = (known after apply)
      [32m+[0m[0m license_model                         = (known after apply)
      [32m+[0m[0m listener_endpoint                     = (known after apply)
      [32m+[0m[0m maintenance_window                    = "mon:04:00-mon:05:00"
      [32m+[0m[0m master_user_secret                    = (known after apply)
      [32m+[0m[0m master_user_secret_kms_key_id         = (known after apply)
      [32m+[0m[0m max_allocated_storage                 = 40
      [32m+[0m[0m monitoring_interval                   = 0
      [32m+[0m[0m monitoring_role_arn                   = (known after apply)
      [32m+[0m[0m multi_az                              = false
      [32m+[0m[0m nchar_character_set_name              = (known after apply)
      [32m+[0m[0m network_type                          = (known after apply)
      [32m+[0m[0m option_group_name                     = (known after apply)
      [32m+[0m[0m parameter_group_name                  = (known after apply)
      [32m+[0m[0m password                              = (sensitive value)
      [32m+[0m[0m password_wo                           = (write-only attribute)
      [32m+[0m[0m performance_insights_enabled          = false
      [32m+[0m[0m performance_insights_kms_key_id       = (known after apply)
      [32m+[0m[0m performance_insights_retention_period = (known after apply)
      [32m+[0m[0m port                                  = 5432
      [32m+[0m[0m publicly_accessible                   = false
      [32m+[0m[0m replica_mode                          = (known after apply)
      [32m+[0m[0m replicas                              = (known after apply)
      [32m+[0m[0m resource_id                           = (known after apply)
      [32m+[0m[0m skip_final_snapshot                   = true
      [32m+[0m[0m snapshot_identifier                   = (known after apply)
      [32m+[0m[0m status                                = (known after apply)
      [32m+[0m[0m storage_encrypted                     = true
      [32m+[0m[0m storage_throughput                    = (known after apply)
      [32m+[0m[0m storage_type                          = "gp3"
      [32m+[0m[0m tags                                  = {
          [32m+[0m[0m "Component"       = "keycloak"
          [32m+[0m[0m "ConfigSource"    = "config.yaml"
          [32m+[0m[0m "ManagedBy"       = "terraform"
          [32m+[0m[0m "Name"            = "idp-poc-darede-cluster-keycloak"
          [32m+[0m[0m "Purpose"         = "identity-provider"
          [32m+[0m[0m "cloud_economics" = "Darede-IDP::devops"
          [32m+[0m[0m "cost-center"     = "engineering"
          [32m+[0m[0m "env"             = "poc"
          [32m+[0m[0m "githubRepo"      = "github.com/darede-labs/reference-implementation-aws"
          [32m+[0m[0m "owner"           = "platform-team"
          [32m+[0m[0m "project"         = "idp"
        }
      [32m+[0m[0m tags_all                              = {
          [32m+[0m[0m "Component"       = "keycloak"
          [32m+[0m[0m "ConfigSource"    = "config.yaml"
          [32m+[0m[0m "ManagedBy"       = "terraform"
          [32m+[0m[0m "Name"            = "idp-poc-darede-cluster-keycloak"
          [32m+[0m[0m "Purpose"         = "identity-provider"
          [32m+[0m[0m "cloud_economics" = "Darede-IDP::devops"
          [32m+[0m[0m "cost-center"     = "engineering"
          [32m+[0m[0m "env"             = "poc"
          [32m+[0m[0m "githubRepo"      = "github.com/darede-labs/reference-implementation-aws"
          [32m+[0m[0m "owner"           = "platform-team"
          [32m+[0m[0m "project"         = "idp"
        }
      [32m+[0m[0m timezone                              = (known after apply)
      [32m+[0m[0m username                              = "keycloak"
      [32m+[0m[0m vpc_security_group_ids                = [
          [32m+[0m[0m "sg-0eb462349d50a0f9f",
        ]
    }

[1m  # aws_db_subnet_group.keycloak[0][0m will be updated in-place
[0m  [33m~[0m[0m resource "aws_db_subnet_group" "keycloak" {
        id                      = "idp-poc-darede-cluster-keycloak-db"
        name                    = "idp-poc-darede-cluster-keycloak-db"
      [33m~[0m[0m tags                    = {
            "Component"       = "keycloak"
            "ConfigSource"    = "config.yaml"
            "ManagedBy"       = "terraform"
            "Name"            = "idp-poc-darede-cluster-keycloak-db"
          [32m+[0m[0m "cloud_economics" = "Darede-IDP::devops"
            "cost-center"     = "engineering"
            "env"             = "poc"
            "githubRepo"      = "github.com/darede-labs/reference-implementation-aws"
            "owner"           = "platform-team"
            "project"         = "idp"
        }
      [33m~[0m[0m tags_all                = {
          [32m+[0m[0m "cloud_economics" = "Darede-IDP::devops"
            [90m# (9 unchanged elements hidden)[0m[0m
        }
        [90m# (6 unchanged attributes hidden)[0m[0m
    }

[1m  # aws_eks_node_group.karpenter_bootstrap[0][0m will be created
[0m  [32m+[0m[0m resource "aws_eks_node_group" "karpenter_bootstrap" {
      [32m+[0m[0m ami_type               = (known after apply)
      [32m+[0m[0m arn                    = (known after apply)
      [32m+[0m[0m capacity_type          = "ON_DEMAND"
      [32m+[0m[0m cluster_name           = "idp-poc-darede-cluster"
      [32m+[0m[0m disk_size              = (known after apply)
      [32m+[0m[0m id                     = (known after apply)
      [32m+[0m[0m instance_types         = [
          [32m+[0m[0m "t3a.small",
        ]
      [32m+[0m[0m labels                 = {
          [32m+[0m[0m "karpenter.sh/discovery" = "idp-poc-darede-cluster"
          [32m+[0m[0m "role"                   = "karpenter-bootstrap"
        }
      [32m+[0m[0m node_group_name        = "idp-poc-darede-cluster-karpenter-bootstrap"
      [32m+[0m[0m node_group_name_prefix = (known after apply)
      [32m+[0m[0m node_role_arn          = "arn:aws:iam::948881762705:role/idp-poc-darede-cluster-karpenter-bootstrap-node-role"
      [32m+[0m[0m release_version        = (known after apply)
      [32m+[0m[0m resources              = (known after apply)
      [32m+[0m[0m status                 = (known after apply)
      [32m+[0m[0m subnet_ids             = [
          [32m+[0m[0m "subnet-0638ee0292ea8ef8a",
          [32m+[0m[0m "subnet-0ad51f00e115eba2f",
          [32m+[0m[0m "subnet-0ee0cb86a1ff7f877",
        ]
      [32m+[0m[0m tags                   = {
          [32m+[0m[0m "ConfigSource"    = "config.yaml"
          [32m+[0m[0m "ManagedBy"       = "terraform"
          [32m+[0m[0m "Name"            = "idp-poc-darede-cluster-karpenter-bootstrap"
          [32m+[0m[0m "cloud_economics" = "Darede-IDP::devops"
          [32m+[0m[0m "cost-center"     = "engineering"
          [32m+[0m[0m "env"             = "poc"
          [32m+[0m[0m "githubRepo"      = "github.com/darede-labs/reference-implementation-aws"
          [32m+[0m[0m "owner"           = "platform-team"
          [32m+[0m[0m "project"         = "idp"
        }
      [32m+[0m[0m tags_all               = {
          [32m+[0m[0m "ConfigSource"    = "config.yaml"
          [32m+[0m[0m "ManagedBy"       = "terraform"
          [32m+[0m[0m "Name"            = "idp-poc-darede-cluster-karpenter-bootstrap"
          [32m+[0m[0m "cloud_economics" = "Darede-IDP::devops"
          [32m+[0m[0m "cost-center"     = "engineering"
          [32m+[0m[0m "env"             = "poc"
          [32m+[0m[0m "githubRepo"      = "github.com/darede-labs/reference-implementation-aws"
          [32m+[0m[0m "owner"           = "platform-team"
          [32m+[0m[0m "project"         = "idp"
        }
      [32m+[0m[0m version                = (known after apply)

      [32m+[0m[0m node_repair_config (known after apply)

      [32m+[0m[0m scaling_config {
          [32m+[0m[0m desired_size = 2
          [32m+[0m[0m max_size     = 2
          [32m+[0m[0m min_size     = 2
        }

      [32m+[0m[0m taint {
          [32m+[0m[0m effect = "NO_SCHEDULE"
          [32m+[0m[0m key    = "CriticalAddonsOnly"
          [32m+[0m[0m value  = "true"
        }

      [32m+[0m[0m update_config (known after apply)
    }

[1m  # aws_iam_policy.backstage_terraform_policy[0m will be updated in-place
[0m  [33m~[0m[0m resource "aws_iam_policy" "backstage_terraform_policy" {
        id               = "arn:aws:iam::948881762705:policy/backstage-terraform-policy"
        name             = "backstage-terraform-policy"
      [33m~[0m[0m tags             = {
            "ConfigSource"    = "config.yaml"
            "ManagedBy"       = "terraform"
          [32m+[0m[0m "cloud_economics" = "Darede-IDP::devops"
            "cost-center"     = "engineering"
            "env"             = "poc"
            "githubRepo"      = "github.com/darede-labs/reference-implementation-aws"
            "owner"           = "platform-team"
            "project"         = "idp"
        }
      [33m~[0m[0m tags_all         = {
          [32m+[0m[0m "cloud_economics" = "Darede-IDP::devops"
            [90m# (7 unchanged elements hidden)[0m[0m
        }
        [90m# (7 unchanged attributes hidden)[0m[0m
    }

[1m  # aws_iam_policy.crossplane_boundary[0m will be updated in-place
[0m  [33m~[0m[0m resource "aws_iam_policy" "crossplane_boundary" {
        id               = "arn:aws:iam::948881762705:policy/crossplane-permissions-boundary"
        name             = "crossplane-permissions-boundary"
      [33m~[0m[0m tags             = {
            "ConfigSource"    = "config.yaml"
            "ManagedBy"       = "terraform"
          [32m+[0m[0m "cloud_economics" = "Darede-IDP::devops"
            "cost-center"     = "engineering"
            "env"             = "poc"
            "githubRepo"      = "github.com/darede-labs/reference-implementation-aws"
            "owner"           = "platform-team"
            "project"         = "idp"
        }
      [33m~[0m[0m tags_all         = {
          [32m+[0m[0m "cloud_economics" = "Darede-IDP::devops"
            [90m# (7 unchanged elements hidden)[0m[0m
        }
        [90m# (7 unchanged attributes hidden)[0m[0m
    }

[1m  # aws_iam_policy.external_secrets_policy[0][0m will be updated in-place
[0m  [33m~[0m[0m resource "aws_iam_policy" "external_secrets_policy" {
        id               = "arn:aws:iam::948881762705:policy/external-secrets-policy"
        name             = "external-secrets-policy"
      [33m~[0m[0m tags             = {
            "ConfigSource"    = "config.yaml"
            "ManagedBy"       = "terraform"
          [32m+[0m[0m "cloud_economics" = "Darede-IDP::devops"
            "cost-center"     = "engineering"
            "env"             = "poc"
            "githubRepo"      = "github.com/darede-labs/reference-implementation-aws"
            "owner"           = "platform-team"
            "project"         = "idp"
        }
      [33m~[0m[0m tags_all         = {
          [32m+[0m[0m "cloud_economics" = "Darede-IDP::devops"
            [90m# (7 unchanged elements hidden)[0m[0m
        }
        [90m# (7 unchanged attributes hidden)[0m[0m
    }

[1m  # aws_iam_role.karpenter_bootstrap_node[0][0m will be updated in-place
[0m  [33m~[0m[0m resource "aws_iam_role" "karpenter_bootstrap_node" {
        id                    = "idp-poc-darede-cluster-karpenter-bootstrap-node-role"
        name                  = "idp-poc-darede-cluster-karpenter-bootstrap-node-role"
      [33m~[0m[0m tags                  = {
            "ConfigSource"    = "config.yaml"
            "ManagedBy"       = "terraform"
          [32m+[0m[0m "cloud_economics" = "Darede-IDP::devops"
            "cost-center"     = "engineering"
            "env"             = "poc"
            "githubRepo"      = "github.com/darede-labs/reference-implementation-aws"
            "owner"           = "platform-team"
            "project"         = "idp"
        }
      [33m~[0m[0m tags_all              = {
          [32m+[0m[0m "cloud_economics" = "Darede-IDP::devops"
            [90m# (7 unchanged elements hidden)[0m[0m
        }
        [90m# (11 unchanged attributes hidden)[0m[0m
    }

[1m  # aws_lb.ingress_nginx[0][0m will be updated in-place
[0m  [33m~[0m[0m resource "aws_lb" "ingress_nginx" {
        id                                                           = "arn:aws:elasticloadbalancing:us-east-1:948881762705:loadbalancer/net/idp-poc-darede-cluster-nlb/fdfcaad02f019235"
        name                                                         = "idp-poc-darede-cluster-nlb"
      [33m~[0m[0m tags                                                         = {
            "ConfigSource"    = "config.yaml"
            "ManagedBy"       = "terraform"
            "Name"            = "idp-poc-darede-cluster-ingress-nlb"
          [32m+[0m[0m "cloud_economics" = "Darede-IDP::devops"
            "cost-center"     = "engineering"
            "env"             = "poc"
            "githubRepo"      = "github.com/darede-labs/reference-implementation-aws"
            "owner"           = "platform-team"
            "project"         = "idp"
        }
      [33m~[0m[0m tags_all                                                     = {
          [32m+[0m[0m "cloud_economics" = "Darede-IDP::devops"
            [90m# (8 unchanged elements hidden)[0m[0m
        }
        [90m# (17 unchanged attributes hidden)[0m[0m

        [90m# (4 unchanged blocks hidden)[0m[0m
    }

[1m  # aws_lb_target_group.http[0][0m will be updated in-place
[0m  [33m~[0m[0m resource "aws_lb_target_group" "http" {
        id                                 = "arn:aws:elasticloadbalancing:us-east-1:948881762705:targetgroup/idp-poc-darede-cluster-http/4a08a7c2e70ccb96"
        name                               = "idp-poc-darede-cluster-http"
      [33m~[0m[0m tags                               = {
            "ConfigSource"    = "config.yaml"
            "ManagedBy"       = "terraform"
          [32m+[0m[0m "cloud_economics" = "Darede-IDP::devops"
            "cost-center"     = "engineering"
            "env"             = "poc"
            "githubRepo"      = "github.com/darede-labs/reference-implementation-aws"
            "owner"           = "platform-team"
            "project"         = "idp"
        }
      [33m~[0m[0m tags_all                           = {
          [32m+[0m[0m "cloud_economics" = "Darede-IDP::devops"
            [90m# (7 unchanged elements hidden)[0m[0m
        }
        [90m# (16 unchanged attributes hidden)[0m[0m

        [90m# (5 unchanged blocks hidden)[0m[0m
    }

[1m  # aws_lb_target_group.https[0][0m will be updated in-place
[0m  [33m~[0m[0m resource "aws_lb_target_group" "https" {
        id                                 = "arn:aws:elasticloadbalancing:us-east-1:948881762705:targetgroup/idp-poc-darede-cluster-https/08077f93ad9ffbdc"
        name                               = "idp-poc-darede-cluster-https"
      [33m~[0m[0m tags                               = {
            "ConfigSource"    = "config.yaml"
            "ManagedBy"       = "terraform"
          [32m+[0m[0m "cloud_economics" = "Darede-IDP::devops"
            "cost-center"     = "engineering"
            "env"             = "poc"
            "githubRepo"      = "github.com/darede-labs/reference-implementation-aws"
            "owner"           = "platform-team"
            "project"         = "idp"
        }
      [33m~[0m[0m tags_all                           = {
          [32m+[0m[0m "cloud_economics" = "Darede-IDP::devops"
            [90m# (7 unchanged elements hidden)[0m[0m
        }
        [90m# (16 unchanged attributes hidden)[0m[0m

        [90m# (5 unchanged blocks hidden)[0m[0m
    }

[1m  # aws_secretsmanager_secret.config[0m will be updated in-place
[0m  [33m~[0m[0m resource "aws_secretsmanager_secret" "config" {
        id                             = "arn:aws:secretsmanager:us-east-1:948881762705:secret:cnoe-ref-impl/config-UAQ2r2"
        name                           = "cnoe-ref-impl/config"
      [33m~[0m[0m tags                           = {
          [31m-[0m[0m "ConfigSource" = "config.yaml"
          [31m-[0m[0m "DeployedAt"   = "2026-01-19T16:30:18Z"
          [31m-[0m[0m "ManagedBy"    = "terraform"
          [31m-[0m[0m "Name"         = "cnoe-ref-impl-config"
          [31m-[0m[0m "cost-center"  = "engineering"
          [31m-[0m[0m "env"          = "poc"
          [31m-[0m[0m "githubRepo"   = "github.com/darede-labs/reference-implementation-aws"
          [31m-[0m[0m "owner"        = "platform-team"
          [31m-[0m[0m "project"      = "idp"
        } -> (known after apply)
      [33m~[0m[0m tags_all                       = {
          [31m-[0m[0m "ConfigSource" = "config.yaml"
          [31m-[0m[0m "DeployedAt"   = "2026-01-19T16:30:18Z"
          [31m-[0m[0m "ManagedBy"    = "terraform"
          [31m-[0m[0m "Name"         = "cnoe-ref-impl-config"
          [31m-[0m[0m "cost-center"  = "engineering"
          [31m-[0m[0m "env"          = "poc"
          [31m-[0m[0m "githubRepo"   = "github.com/darede-labs/reference-implementation-aws"
          [31m-[0m[0m "owner"        = "platform-team"
          [31m-[0m[0m "project"      = "idp"
        } -> (known after apply)
        [90m# (7 unchanged attributes hidden)[0m[0m
    }

[1m  # aws_secretsmanager_secret.github_app[0m will be updated in-place
[0m  [33m~[0m[0m resource "aws_secretsmanager_secret" "github_app" {
        id                             = "arn:aws:secretsmanager:us-east-1:948881762705:secret:idp-poc-darede-cluster-github-app-credentials-UAQ2r2"
        name                           = "idp-poc-darede-cluster-github-app-credentials"
      [33m~[0m[0m tags                           = {
          [31m-[0m[0m "Application"  = "backstage"
          [31m-[0m[0m "ConfigSource" = "config.yaml"
          [31m-[0m[0m "DeployedAt"   = "2026-01-19T16:30:18Z"
          [31m-[0m[0m "ManagedBy"    = "terraform"
          [31m-[0m[0m "Name"         = "github-app-credentials"
          [31m-[0m[0m "cost-center"  = "engineering"
          [31m-[0m[0m "env"          = "poc"
          [31m-[0m[0m "githubRepo"   = "github.com/darede-labs/reference-implementation-aws"
          [31m-[0m[0m "owner"        = "platform-team"
          [31m-[0m[0m "project"      = "idp"
        } -> (known after apply)
      [33m~[0m[0m tags_all                       = {
          [31m-[0m[0m "Application"  = "backstage"
          [31m-[0m[0m "ConfigSource" = "config.yaml"
          [31m-[0m[0m "DeployedAt"   = "2026-01-19T16:30:18Z"
          [31m-[0m[0m "ManagedBy"    = "terraform"
          [31m-[0m[0m "Name"         = "github-app-credentials"
          [31m-[0m[0m "cost-center"  = "engineering"
          [31m-[0m[0m "env"          = "poc"
          [31m-[0m[0m "githubRepo"   = "github.com/darede-labs/reference-implementation-aws"
          [31m-[0m[0m "owner"        = "platform-team"
          [31m-[0m[0m "project"      = "idp"
        } -> (known after apply)
        [90m# (7 unchanged attributes hidden)[0m[0m
    }

[1m  # aws_secretsmanager_secret.keycloak_db[0][0m will be updated in-place
[0m  [33m~[0m[0m resource "aws_secretsmanager_secret" "keycloak_db" {
        id                             = "arn:aws:secretsmanager:us-east-1:948881762705:secret:idp-poc-darede-cluster-keycloak-db-20260119154151705800000001-2wupK1"
        name                           = "idp-poc-darede-cluster-keycloak-db-20260119154151705800000001"
      [33m~[0m[0m tags                           = {
            "Component"       = "keycloak"
            "ConfigSource"    = "config.yaml"
            "ManagedBy"       = "terraform"
            "Name"            = "idp-poc-darede-cluster-keycloak-db"
          [32m+[0m[0m "cloud_economics" = "Darede-IDP::devops"
            "cost-center"     = "engineering"
            "env"             = "poc"
            "githubRepo"      = "github.com/darede-labs/reference-implementation-aws"
            "owner"           = "platform-team"
            "project"         = "idp"
        }
      [33m~[0m[0m tags_all                       = {
          [32m+[0m[0m "cloud_economics" = "Darede-IDP::devops"
            [90m# (9 unchanged elements hidden)[0m[0m
        }
        [90m# (7 unchanged attributes hidden)[0m[0m
    }

[1m  # aws_secretsmanager_secret_version.keycloak_db[0][0m will be created
[0m  [32m+[0m[0m resource "aws_secretsmanager_secret_version" "keycloak_db" {
      [32m+[0m[0m arn                  = (known after apply)
      [32m+[0m[0m has_secret_string_wo = (known after apply)
      [32m+[0m[0m id                   = (known after apply)
      [32m+[0m[0m secret_id            = "arn:aws:secretsmanager:us-east-1:948881762705:secret:idp-poc-darede-cluster-keycloak-db-20260119154151705800000001-2wupK1"
      [32m+[0m[0m secret_string        = (sensitive value)
      [32m+[0m[0m secret_string_wo     = (write-only attribute)
      [32m+[0m[0m version_id           = (known after apply)
      [32m+[0m[0m version_stages       = (known after apply)
    }

[1m  # aws_security_group.ingress_nginx[0][0m will be updated in-place
[0m  [33m~[0m[0m resource "aws_security_group" "ingress_nginx" {
        id                     = "sg-04ab8e0a23b8a44f0"
        name                   = "idp-poc-darede-cluster-ingress-nginx-2026011915420754440000001e"
      [33m~[0m[0m tags                   = {
            "ConfigSource"                                 = "config.yaml"
            "ManagedBy"                                    = "terraform"
            "Name"                                         = "idp-poc-darede-cluster-ingress-nginx"
          [32m+[0m[0m "cloud_economics"                              = "Darede-IDP::devops"
            "cost-center"                                  = "engineering"
            "env"                                          = "poc"
            "githubRepo"                                   = "github.com/darede-labs/reference-implementation-aws"
            "kubernetes.io/cluster/idp-poc-darede-cluster" = "owned"
            "kubernetes.io/role/elb"                       = "1"
            "owner"                                        = "platform-team"
            "project"                                      = "idp"
        }
      [33m~[0m[0m tags_all               = {
          [32m+[0m[0m "cloud_economics"                              = "Darede-IDP::devops"
            [90m# (10 unchanged elements hidden)[0m[0m
        }
        [90m# (8 unchanged attributes hidden)[0m[0m
    }

[1m  # aws_security_group.keycloak_rds[0][0m will be updated in-place
[0m  [33m~[0m[0m resource "aws_security_group" "keycloak_rds" {
        id                     = "sg-0eb462349d50a0f9f"
        name                   = "idp-poc-darede-cluster-keycloak-rds-2026011915420510630000001d"
      [33m~[0m[0m tags                   = {
            "Component"       = "keycloak"
            "ConfigSource"    = "config.yaml"
            "ManagedBy"       = "terraform"
            "Name"            = "idp-poc-darede-cluster-keycloak-rds"
          [32m+[0m[0m "cloud_economics" = "Darede-IDP::devops"
            "cost-center"     = "engineering"
            "env"             = "poc"
            "githubRepo"      = "github.com/darede-labs/reference-implementation-aws"
            "owner"           = "platform-team"
            "project"         = "idp"
        }
      [33m~[0m[0m tags_all               = {
          [32m+[0m[0m "cloud_economics" = "Darede-IDP::devops"
            [90m# (9 unchanged elements hidden)[0m[0m
        }
        [90m# (8 unchanged attributes hidden)[0m[0m
    }

[1m  # null_resource.validate_cloud_economics_tag[0m will be created
[0m  [32m+[0m[0m resource "null_resource" "validate_cloud_economics_tag" {
      [32m+[0m[0m id       = (known after apply)
      [32m+[0m[0m triggers = {
          [32m+[0m[0m "cloud_economics_tag" = "Darede-IDP::devops"
        }
    }

[1m  # module.aws_load_balancer_controller_pod_identity[0].aws_eks_pod_identity_association.this["external_secrets"][0m will be updated in-place
[0m  [33m~[0m[0m resource "aws_eks_pod_identity_association" "this" {
        id              = "a-qccieueeqdkslphjg"
      [33m~[0m[0m tags            = {
            "ConfigSource"    = "config.yaml"
            "ManagedBy"       = "terraform"
          [32m+[0m[0m "cloud_economics" = "Darede-IDP::devops"
            "cost-center"     = "engineering"
            "env"             = "poc"
            "githubRepo"      = "github.com/darede-labs/reference-implementation-aws"
            "owner"           = "platform-team"
            "project"         = "idp"
        }
      [33m~[0m[0m tags_all        = {
          [32m+[0m[0m "cloud_economics" = "Darede-IDP::devops"
            [90m# (7 unchanged elements hidden)[0m[0m
        }
        [90m# (6 unchanged attributes hidden)[0m[0m
    }

[1m  # module.aws_load_balancer_controller_pod_identity[0].aws_iam_policy.lb_controller[0][0m will be updated in-place
[0m  [33m~[0m[0m resource "aws_iam_policy" "lb_controller" {
        id               = "arn:aws:iam::948881762705:policy/AmazonEKS_LoadBalancerController-20260119154152925900000008"
        name             = "AmazonEKS_LoadBalancerController-20260119154152925900000008"
      [33m~[0m[0m tags             = {
            "ConfigSource"    = "config.yaml"
            "ManagedBy"       = "terraform"
          [32m+[0m[0m "cloud_economics" = "Darede-IDP::devops"
            "cost-center"     = "engineering"
            "env"             = "poc"
            "githubRepo"      = "github.com/darede-labs/reference-implementation-aws"
            "owner"           = "platform-team"
            "project"         = "idp"
        }
      [33m~[0m[0m tags_all         = {
          [32m+[0m[0m "cloud_economics" = "Darede-IDP::devops"
            [90m# (7 unchanged elements hidden)[0m[0m
        }
        [90m# (7 unchanged attributes hidden)[0m[0m
    }

[1m  # module.aws_load_balancer_controller_pod_identity[0].aws_iam_role.this[0][0m will be updated in-place
[0m  [33m~[0m[0m resource "aws_iam_role" "this" {
        id                    = "aws_load_balancer_controller-20260119154152935900000009"
        name                  = "aws_load_balancer_controller-20260119154152935900000009"
      [33m~[0m[0m tags                  = {
            "ConfigSource"    = "config.yaml"
            "ManagedBy"       = "terraform"
          [32m+[0m[0m "cloud_economics" = "Darede-IDP::devops"
            "cost-center"     = "engineering"
            "env"             = "poc"
            "githubRepo"      = "github.com/darede-labs/reference-implementation-aws"
            "owner"           = "platform-team"
            "project"         = "idp"
        }
      [33m~[0m[0m tags_all              = {
          [32m+[0m[0m "cloud_economics" = "Darede-IDP::devops"
            [90m# (7 unchanged elements hidden)[0m[0m
        }
        [90m# (11 unchanged attributes hidden)[0m[0m
    }

[1m  # module.backstage_irsa.aws_iam_role.this[0][0m will be updated in-place
[0m  [33m~[0m[0m resource "aws_iam_role" "this" {
        id                    = "backstage-terraform-irsa"
        name                  = "backstage-terraform-irsa"
      [33m~[0m[0m tags                  = {
            "ConfigSource"    = "config.yaml"
            "ManagedBy"       = "terraform"
          [32m+[0m[0m "cloud_economics" = "Darede-IDP::devops"
            "cost-center"     = "engineering"
            "env"             = "poc"
            "githubRepo"      = "github.com/darede-labs/reference-implementation-aws"
            "owner"           = "platform-team"
            "project"         = "idp"
        }
      [33m~[0m[0m tags_all              = {
          [32m+[0m[0m "cloud_economics" = "Darede-IDP::devops"
            [90m# (7 unchanged elements hidden)[0m[0m
        }
        [90m# (11 unchanged attributes hidden)[0m[0m
    }

[1m  # module.crossplane_pod_identity.aws_eks_pod_identity_association.this["crossplane"][0m will be updated in-place
[0m  [33m~[0m[0m resource "aws_eks_pod_identity_association" "this" {
        id              = "a-sutcni2ni74dulfjy"
      [33m~[0m[0m tags            = {
            "ConfigSource"    = "config.yaml"
            "ManagedBy"       = "terraform"
          [32m+[0m[0m "cloud_economics" = "Darede-IDP::devops"
            "cost-center"     = "engineering"
            "env"             = "poc"
            "githubRepo"      = "github.com/darede-labs/reference-implementation-aws"
            "owner"           = "platform-team"
            "project"         = "idp"
        }
      [33m~[0m[0m tags_all        = {
          [32m+[0m[0m "cloud_economics" = "Darede-IDP::devops"
            [90m# (7 unchanged elements hidden)[0m[0m
        }
        [90m# (6 unchanged attributes hidden)[0m[0m
    }

[1m  # module.crossplane_pod_identity.aws_iam_role.this[0][0m will be updated in-place
[0m  [33m~[0m[0m resource "aws_iam_role" "this" {
        id                    = "crossplane-provider-aws-20260119154154276200000016"
        name                  = "crossplane-provider-aws-20260119154154276200000016"
      [33m~[0m[0m tags                  = {
            "ConfigSource"    = "config.yaml"
            "ManagedBy"       = "terraform"
          [32m+[0m[0m "cloud_economics" = "Darede-IDP::devops"
            "cost-center"     = "engineering"
            "env"             = "poc"
            "githubRepo"      = "github.com/darede-labs/reference-implementation-aws"
            "owner"           = "platform-team"
            "project"         = "idp"
        }
      [33m~[0m[0m tags_all              = {
          [32m+[0m[0m "cloud_economics" = "Darede-IDP::devops"
            [90m# (7 unchanged elements hidden)[0m[0m
        }
        [90m# (11 unchanged attributes hidden)[0m[0m
    }

[1m  # module.ebs_csi_driver_pod_identity[0].aws_eks_pod_identity_association.this["external_secrets"][0m will be updated in-place
[0m  [33m~[0m[0m resource "aws_eks_pod_identity_association" "this" {
        id              = "a-xa90f5gpphjxpobke"
      [33m~[0m[0m tags            = {
            "ConfigSource"    = "config.yaml"
            "ManagedBy"       = "terraform"
          [32m+[0m[0m "cloud_economics" = "Darede-IDP::devops"
            "cost-center"     = "engineering"
            "env"             = "poc"
            "githubRepo"      = "github.com/darede-labs/reference-implementation-aws"
            "owner"           = "platform-team"
            "project"         = "idp"
        }
      [33m~[0m[0m tags_all        = {
          [32m+[0m[0m "cloud_economics" = "Darede-IDP::devops"
            [90m# (7 unchanged elements hidden)[0m[0m
        }
        [90m# (6 unchanged attributes hidden)[0m[0m
    }

[1m  # module.ebs_csi_driver_pod_identity[0].aws_iam_policy.ebs_csi[0][0m will be updated in-place
[0m  [33m~[0m[0m resource "aws_iam_policy" "ebs_csi" {
        id               = "arn:aws:iam::948881762705:policy/AmazonEKS_EBS_CSI-2026011915415303200000000d"
        name             = "AmazonEKS_EBS_CSI-2026011915415303200000000d"
      [33m~[0m[0m tags             = {
            "ConfigSource"    = "config.yaml"
            "ManagedBy"       = "terraform"
          [32m+[0m[0m "cloud_economics" = "Darede-IDP::devops"
            "cost-center"     = "engineering"
            "env"             = "poc"
            "githubRepo"      = "github.com/darede-labs/reference-implementation-aws"
            "owner"           = "platform-team"
            "project"         = "idp"
        }
      [33m~[0m[0m tags_all         = {
          [32m+[0m[0m "cloud_economics" = "Darede-IDP::devops"
            [90m# (7 unchanged elements hidden)[0m[0m
        }
        [90m# (7 unchanged attributes hidden)[0m[0m
    }

[1m  # module.ebs_csi_driver_pod_identity[0].aws_iam_role.this[0][0m will be updated in-place
[0m  [33m~[0m[0m resource "aws_iam_role" "this" {
        id                    = "ebs-csi-driver-20260119154151708700000003"
        name                  = "ebs-csi-driver-20260119154151708700000003"
      [33m~[0m[0m tags                  = {
            "ConfigSource"    = "config.yaml"
            "ManagedBy"       = "terraform"
          [32m+[0m[0m "cloud_economics" = "Darede-IDP::devops"
            "cost-center"     = "engineering"
            "env"             = "poc"
            "githubRepo"      = "github.com/darede-labs/reference-implementation-aws"
            "owner"           = "platform-team"
            "project"         = "idp"
        }
      [33m~[0m[0m tags_all              = {
          [32m+[0m[0m "cloud_economics" = "Darede-IDP::devops"
            [90m# (7 unchanged elements hidden)[0m[0m
        }
        [90m# (11 unchanged attributes hidden)[0m[0m
    }

[1m  # module.eks.data.aws_eks_addon_version.this["aws-ebs-csi-driver"][0m will be read during apply
  # (depends on a resource or a module with changes pending)
[0m [36m<=[0m[0m data "aws_eks_addon_version" "this" {
      [32m+[0m[0m addon_name         = "aws-ebs-csi-driver"
      [32m+[0m[0m id                 = (known after apply)
      [32m+[0m[0m kubernetes_version = "1.33"
      [32m+[0m[0m version            = (known after apply)
    }

[1m  # module.eks.data.aws_eks_addon_version.this["coredns"][0m will be read during apply
  # (depends on a resource or a module with changes pending)
[0m [36m<=[0m[0m data "aws_eks_addon_version" "this" {
      [32m+[0m[0m addon_name         = "coredns"
      [32m+[0m[0m id                 = (known after apply)
      [32m+[0m[0m kubernetes_version = "1.33"
      [32m+[0m[0m version            = (known after apply)
    }

[1m  # module.eks.data.aws_eks_addon_version.this["eks-pod-identity-agent"][0m will be read during apply
  # (depends on a resource or a module with changes pending)
[0m [36m<=[0m[0m data "aws_eks_addon_version" "this" {
      [32m+[0m[0m addon_name         = "eks-pod-identity-agent"
      [32m+[0m[0m id                 = (known after apply)
      [32m+[0m[0m kubernetes_version = "1.33"
      [32m+[0m[0m version            = (known after apply)
    }

[1m  # module.eks.data.aws_eks_addon_version.this["kube-proxy"][0m will be read during apply
  # (depends on a resource or a module with changes pending)
[0m [36m<=[0m[0m data "aws_eks_addon_version" "this" {
      [32m+[0m[0m addon_name         = "kube-proxy"
      [32m+[0m[0m id                 = (known after apply)
      [32m+[0m[0m kubernetes_version = "1.33"
      [32m+[0m[0m version            = (known after apply)
    }

[1m  # module.eks.data.aws_eks_addon_version.this["vpc-cni"][0m will be read during apply
  # (depends on a resource or a module with changes pending)
[0m [36m<=[0m[0m data "aws_eks_addon_version" "this" {
      [32m+[0m[0m addon_name         = "vpc-cni"
      [32m+[0m[0m id                 = (known after apply)
      [32m+[0m[0m kubernetes_version = "1.33"
      [32m+[0m[0m version            = (known after apply)
    }

[1m  # module.eks.data.tls_certificate.this[0][0m will be read during apply
  # (depends on a resource or a module with changes pending)
[0m [36m<=[0m[0m data "tls_certificate" "this" {
      [32m+[0m[0m certificates = (known after apply)
      [32m+[0m[0m id           = (known after apply)
      [32m+[0m[0m url          = "https://oidc.eks.us-east-1.amazonaws.com/id/215C81B2F90F8A032EDAD7C5CC8CD921"
    }

[1m  # module.eks.aws_cloudwatch_log_group.this[0][0m will be updated in-place
[0m  [33m~[0m[0m resource "aws_cloudwatch_log_group" "this" {
        id                = "/aws/eks/idp-poc-darede-cluster/cluster"
        name              = "/aws/eks/idp-poc-darede-cluster/cluster"
      [33m~[0m[0m tags              = {
            "ConfigSource"    = "config.yaml"
            "ManagedBy"       = "terraform"
            "Name"            = "/aws/eks/idp-poc-darede-cluster/cluster"
          [32m+[0m[0m "cloud_economics" = "Darede-IDP::devops"
            "cost-center"     = "engineering"
            "env"             = "poc"
            "githubRepo"      = "github.com/darede-labs/reference-implementation-aws"
            "owner"           = "platform-team"
            "project"         = "idp"
        }
      [33m~[0m[0m tags_all          = {
          [32m+[0m[0m "cloud_economics" = "Darede-IDP::devops"
            [90m# (8 unchanged elements hidden)[0m[0m
        }
        [90m# (6 unchanged attributes hidden)[0m[0m
    }

[1m  # module.eks.aws_ec2_tag.cluster_primary_security_group["cloud_economics"][0m will be created
[0m  [32m+[0m[0m resource "aws_ec2_tag" "cluster_primary_security_group" {
      [32m+[0m[0m id          = (known after apply)
      [32m+[0m[0m key         = "cloud_economics"
      [32m+[0m[0m resource_id = "sg-0971c56d88b2ce058"
      [32m+[0m[0m value       = "Darede-IDP::devops"
    }

[1m  # module.eks.aws_eks_access_entry.this["cluster_creator"][0m will be updated in-place
[0m  [33m~[0m[0m resource "aws_eks_access_entry" "this" {
        id                = "idp-poc-darede-cluster:arn:aws:iam::948881762705:role/aws-reserved/sso.amazonaws.com/AWSReservedSSO_Available_Regions_us-east-1_2_5c093e84c42887e0"
      [33m~[0m[0m tags              = {
            "ConfigSource"    = "config.yaml"
            "ManagedBy"       = "terraform"
          [32m+[0m[0m "cloud_economics" = "Darede-IDP::devops"
            "cost-center"     = "engineering"
            "env"             = "poc"
            "githubRepo"      = "github.com/darede-labs/reference-implementation-aws"
            "owner"           = "platform-team"
            "project"         = "idp"
        }
      [33m~[0m[0m tags_all          = {
          [32m+[0m[0m "cloud_economics" = "Darede-IDP::devops"
            [90m# (7 unchanged elements hidden)[0m[0m
        }
        [90m# (8 unchanged attributes hidden)[0m[0m
    }

[1m  # module.eks.aws_eks_addon.this["aws-ebs-csi-driver"][0m is tainted, so must be [1m[31mreplaced[0m
[0m[31m-[0m/[32m+[0m[0m resource "aws_eks_addon" "this" {
      [33m~[0m[0m addon_version               = "v1.54.0-eksbuild.1" -> (known after apply)
      [33m~[0m[0m arn                         = "arn:aws:eks:us-east-1:948881762705:addon/idp-poc-darede-cluster/aws-ebs-csi-driver/90cdeb8b-f527-8b35-efc6-12004c753255" -> (known after apply)
      [32m+[0m[0m configuration_values        = (known after apply)
      [33m~[0m[0m created_at                  = "2026-01-19T16:30:27Z" -> (known after apply)
      [33m~[0m[0m id                          = "idp-poc-darede-cluster:aws-ebs-csi-driver" -> (known after apply)
      [33m~[0m[0m modified_at                 = "2026-01-19T16:30:47Z" -> (known after apply)
      [33m~[0m[0m tags                        = {
            "ConfigSource"    = "config.yaml"
            "ManagedBy"       = "terraform"
          [32m+[0m[0m "cloud_economics" = "Darede-IDP::devops"
            "cost-center"     = "engineering"
            "env"             = "poc"
            "githubRepo"      = "github.com/darede-labs/reference-implementation-aws"
            "owner"           = "platform-team"
            "project"         = "idp"
        }
      [33m~[0m[0m tags_all                    = {
          [32m+[0m[0m "cloud_economics" = "Darede-IDP::devops"
            [90m# (7 unchanged elements hidden)[0m[0m
        }
        [90m# (6 unchanged attributes hidden)[0m[0m

        [90m# (1 unchanged block hidden)[0m[0m
    }

[1m  # module.eks.aws_eks_addon.this["coredns"][0m is tainted, so must be [1m[31mreplaced[0m
[0m[31m-[0m/[32m+[0m[0m resource "aws_eks_addon" "this" {
      [33m~[0m[0m addon_version               = "v1.12.1-eksbuild.2" -> (known after apply)
      [33m~[0m[0m arn                         = "arn:aws:eks:us-east-1:948881762705:addon/idp-poc-darede-cluster/coredns/38cdeb8b-ea9a-e517-721c-a4ae6dccfa99" -> (known after apply)
      [32m+[0m[0m configuration_values        = (known after apply)
      [33m~[0m[0m created_at                  = "2026-01-19T16:30:22Z" -> (known after apply)
      [33m~[0m[0m id                          = "idp-poc-darede-cluster:coredns" -> (known after apply)
      [33m~[0m[0m modified_at                 = "2026-01-19T16:30:35Z" -> (known after apply)
      [33m~[0m[0m tags                        = {
            "ConfigSource"    = "config.yaml"
            "ManagedBy"       = "terraform"
          [32m+[0m[0m "cloud_economics" = "Darede-IDP::devops"
            "cost-center"     = "engineering"
            "env"             = "poc"
            "githubRepo"      = "github.com/darede-labs/reference-implementation-aws"
            "owner"           = "platform-team"
            "project"         = "idp"
        }
      [33m~[0m[0m tags_all                    = {
          [32m+[0m[0m "cloud_economics" = "Darede-IDP::devops"
            [90m# (7 unchanged elements hidden)[0m[0m
        }
        [90m# (6 unchanged attributes hidden)[0m[0m

        [90m# (1 unchanged block hidden)[0m[0m
    }

[1m  # module.eks.aws_eks_addon.this["eks-pod-identity-agent"][0m will be updated in-place
[0m  [33m~[0m[0m resource "aws_eks_addon" "this" {
      [33m~[0m[0m addon_version               = "v1.3.10-eksbuild.2" -> (known after apply)
        id                          = "idp-poc-darede-cluster:eks-pod-identity-agent"
      [33m~[0m[0m tags                        = {
            "ConfigSource"    = "config.yaml"
            "ManagedBy"       = "terraform"
          [32m+[0m[0m "cloud_economics" = "Darede-IDP::devops"
            "cost-center"     = "engineering"
            "env"             = "poc"
            "githubRepo"      = "github.com/darede-labs/reference-implementation-aws"
            "owner"           = "platform-team"
            "project"         = "idp"
        }
      [33m~[0m[0m tags_all                    = {
          [32m+[0m[0m "cloud_economics" = "Darede-IDP::devops"
            [90m# (7 unchanged elements hidden)[0m[0m
        }
        [90m# (10 unchanged attributes hidden)[0m[0m

        [90m# (1 unchanged block hidden)[0m[0m
    }

[1m  # module.eks.aws_eks_addon.this["kube-proxy"][0m will be updated in-place
[0m  [33m~[0m[0m resource "aws_eks_addon" "this" {
      [33m~[0m[0m addon_version               = "v1.33.3-eksbuild.4" -> (known after apply)
        id                          = "idp-poc-darede-cluster:kube-proxy"
      [33m~[0m[0m tags                        = {
            "ConfigSource"    = "config.yaml"
            "ManagedBy"       = "terraform"
          [32m+[0m[0m "cloud_economics" = "Darede-IDP::devops"
            "cost-center"     = "engineering"
            "env"             = "poc"
            "githubRepo"      = "github.com/darede-labs/reference-implementation-aws"
            "owner"           = "platform-team"
            "project"         = "idp"
        }
      [33m~[0m[0m tags_all                    = {
          [32m+[0m[0m "cloud_economics" = "Darede-IDP::devops"
            [90m# (7 unchanged elements hidden)[0m[0m
        }
        [90m# (10 unchanged attributes hidden)[0m[0m

        [90m# (1 unchanged block hidden)[0m[0m
    }

[1m  # module.eks.aws_eks_addon.this["vpc-cni"][0m will be updated in-place
[0m  [33m~[0m[0m resource "aws_eks_addon" "this" {
      [33m~[0m[0m addon_version               = "v1.20.4-eksbuild.2" -> (known after apply)
        id                          = "idp-poc-darede-cluster:vpc-cni"
      [33m~[0m[0m tags                        = {
            "ConfigSource"    = "config.yaml"
            "ManagedBy"       = "terraform"
          [32m+[0m[0m "cloud_economics" = "Darede-IDP::devops"
            "cost-center"     = "engineering"
            "env"             = "poc"
            "githubRepo"      = "github.com/darede-labs/reference-implementation-aws"
            "owner"           = "platform-team"
            "project"         = "idp"
        }
      [33m~[0m[0m tags_all                    = {
          [32m+[0m[0m "cloud_economics" = "Darede-IDP::devops"
            [90m# (7 unchanged elements hidden)[0m[0m
        }
        [90m# (10 unchanged attributes hidden)[0m[0m

        [90m# (1 unchanged block hidden)[0m[0m
    }

[1m  # module.eks.aws_eks_cluster.this[0][0m will be updated in-place
[0m  [33m~[0m[0m resource "aws_eks_cluster" "this" {
        id                            = "idp-poc-darede-cluster"
        name                          = "idp-poc-darede-cluster"
      [33m~[0m[0m tags                          = {
            "ConfigSource"          = "config.yaml"
            "ManagedBy"             = "terraform"
          [32m+[0m[0m "cloud_economics"       = "Darede-IDP::devops"
            "cost-center"           = "engineering"
            "env"                   = "poc"
            "githubRepo"            = "github.com/darede-labs/reference-implementation-aws"
            "owner"                 = "platform-team"
            "project"               = "idp"
            "terraform-aws-modules" = "eks"
        }
      [33m~[0m[0m tags_all                      = {
          [32m+[0m[0m "cloud_economics"       = "Darede-IDP::devops"
            [90m# (8 unchanged elements hidden)[0m[0m
        }
        [90m# (11 unchanged attributes hidden)[0m[0m

        [90m# (6 unchanged blocks hidden)[0m[0m
    }

[1m  # module.eks.aws_iam_openid_connect_provider.oidc_provider[0][0m will be updated in-place
[0m  [33m~[0m[0m resource "aws_iam_openid_connect_provider" "oidc_provider" {
        id              = "arn:aws:iam::948881762705:oidc-provider/oidc.eks.us-east-1.amazonaws.com/id/215C81B2F90F8A032EDAD7C5CC8CD921"
      [33m~[0m[0m tags            = {
            "ConfigSource"    = "config.yaml"
            "ManagedBy"       = "terraform"
            "Name"            = "idp-poc-darede-cluster-eks-irsa"
          [32m+[0m[0m "cloud_economics" = "Darede-IDP::devops"
            "cost-center"     = "engineering"
            "env"             = "poc"
            "githubRepo"      = "github.com/darede-labs/reference-implementation-aws"
            "owner"           = "platform-team"
            "project"         = "idp"
        }
      [33m~[0m[0m tags_all        = {
          [32m+[0m[0m "cloud_economics" = "Darede-IDP::devops"
            [90m# (8 unchanged elements hidden)[0m[0m
        }
      [33m~[0m[0m thumbprint_list = [
          [31m-[0m[0m "06b25927c42a721631c1efd9431e648fa62e1e39",
        ] -> (known after apply)
        [90m# (3 unchanged attributes hidden)[0m[0m
    }

[1m  # module.eks.aws_iam_policy.cluster_encryption[0][0m will be updated in-place
[0m  [33m~[0m[0m resource "aws_iam_policy" "cluster_encryption" {
        id               = "arn:aws:iam::948881762705:policy/idp-poc-darede-cluster-cluster-ClusterEncryption20260119154218339200000023"
        name             = "idp-poc-darede-cluster-cluster-ClusterEncryption20260119154218339200000023"
      [33m~[0m[0m tags             = {
            "ConfigSource"    = "config.yaml"
            "ManagedBy"       = "terraform"
          [32m+[0m[0m "cloud_economics" = "Darede-IDP::devops"
            "cost-center"     = "engineering"
            "env"             = "poc"
            "githubRepo"      = "github.com/darede-labs/reference-implementation-aws"
            "owner"           = "platform-team"
            "project"         = "idp"
        }
      [33m~[0m[0m tags_all         = {
          [32m+[0m[0m "cloud_economics" = "Darede-IDP::devops"
            [90m# (7 unchanged elements hidden)[0m[0m
        }
        [90m# (7 unchanged attributes hidden)[0m[0m
    }

[1m  # module.eks.aws_iam_policy.custom[0][0m will be updated in-place
[0m  [33m~[0m[0m resource "aws_iam_policy" "custom" {
        id               = "arn:aws:iam::948881762705:policy/idp-poc-darede-cluster-cluster-2026011915415299470000000b"
        name             = "idp-poc-darede-cluster-cluster-2026011915415299470000000b"
      [33m~[0m[0m tags             = {
            "ConfigSource"    = "config.yaml"
            "ManagedBy"       = "terraform"
          [32m+[0m[0m "cloud_economics" = "Darede-IDP::devops"
            "cost-center"     = "engineering"
            "env"             = "poc"
            "githubRepo"      = "github.com/darede-labs/reference-implementation-aws"
            "owner"           = "platform-team"
            "project"         = "idp"
        }
      [33m~[0m[0m tags_all         = {
          [32m+[0m[0m "cloud_economics" = "Darede-IDP::devops"
            [90m# (7 unchanged elements hidden)[0m[0m
        }
        [90m# (7 unchanged attributes hidden)[0m[0m
    }

[1m  # module.eks.aws_iam_role.this[0][0m will be updated in-place
[0m  [33m~[0m[0m resource "aws_iam_role" "this" {
        id                    = "idp-poc-darede-cluster-cluster-20260119154151709700000005"
        name                  = "idp-poc-darede-cluster-cluster-20260119154151709700000005"
      [33m~[0m[0m tags                  = {
            "ConfigSource"    = "config.yaml"
            "ManagedBy"       = "terraform"
          [32m+[0m[0m "cloud_economics" = "Darede-IDP::devops"
            "cost-center"     = "engineering"
            "env"             = "poc"
            "githubRepo"      = "github.com/darede-labs/reference-implementation-aws"
            "owner"           = "platform-team"
            "project"         = "idp"
        }
      [33m~[0m[0m tags_all              = {
          [32m+[0m[0m "cloud_economics" = "Darede-IDP::devops"
            [90m# (7 unchanged elements hidden)[0m[0m
        }
        [90m# (11 unchanged attributes hidden)[0m[0m
    }

[1m  # module.eks.aws_security_group.cluster[0][0m will be updated in-place
[0m  [33m~[0m[0m resource "aws_security_group" "cluster" {
        id                     = "sg-0a900cb95c5799bd9"
        name                   = "idp-poc-darede-cluster-cluster-20260119154207621600000021"
      [33m~[0m[0m tags                   = {
            "ConfigSource"    = "config.yaml"
            "ManagedBy"       = "terraform"
            "Name"            = "idp-poc-darede-cluster-cluster"
          [32m+[0m[0m "cloud_economics" = "Darede-IDP::devops"
            "cost-center"     = "engineering"
            "env"             = "poc"
            "githubRepo"      = "github.com/darede-labs/reference-implementation-aws"
            "owner"           = "platform-team"
            "project"         = "idp"
        }
      [33m~[0m[0m tags_all               = {
          [32m+[0m[0m "cloud_economics" = "Darede-IDP::devops"
            [90m# (8 unchanged elements hidden)[0m[0m
        }
        [90m# (8 unchanged attributes hidden)[0m[0m
    }

[1m  # module.eks.aws_security_group.node[0][0m will be updated in-place
[0m  [33m~[0m[0m resource "aws_security_group" "node" {
        id                     = "sg-09ce4363ea156ed93"
        name                   = "idp-poc-darede-cluster-node-2026011915420760850000001f"
      [33m~[0m[0m tags                   = {
            "ConfigSource"                                 = "config.yaml"
            "ManagedBy"                                    = "terraform"
            "Name"                                         = "idp-poc-darede-cluster-node"
          [32m+[0m[0m "cloud_economics"                              = "Darede-IDP::devops"
            "cost-center"                                  = "engineering"
            "env"                                          = "poc"
            "githubRepo"                                   = "github.com/darede-labs/reference-implementation-aws"
            "kubernetes.io/cluster/idp-poc-darede-cluster" = "owned"
            "owner"                                        = "platform-team"
            "project"                                      = "idp"
        }
      [33m~[0m[0m tags_all               = {
          [32m+[0m[0m "cloud_economics"                              = "Darede-IDP::devops"
            [90m# (9 unchanged elements hidden)[0m[0m
        }
        [90m# (8 unchanged attributes hidden)[0m[0m
    }

[1m  # module.external_dns_pod_identity.aws_eks_pod_identity_association.this["external_secrets"][0m will be updated in-place
[0m  [33m~[0m[0m resource "aws_eks_pod_identity_association" "this" {
        id              = "a-mqorwv7f6mga7efa4"
      [33m~[0m[0m tags            = {
            "ConfigSource"    = "config.yaml"
            "ManagedBy"       = "terraform"
          [32m+[0m[0m "cloud_economics" = "Darede-IDP::devops"
            "cost-center"     = "engineering"
            "env"             = "poc"
            "githubRepo"      = "github.com/darede-labs/reference-implementation-aws"
            "owner"           = "platform-team"
            "project"         = "idp"
        }
      [33m~[0m[0m tags_all        = {
          [32m+[0m[0m "cloud_economics" = "Darede-IDP::devops"
            [90m# (7 unchanged elements hidden)[0m[0m
        }
        [90m# (6 unchanged attributes hidden)[0m[0m
    }

[1m  # module.external_dns_pod_identity.aws_iam_policy.external_dns[0][0m will be updated in-place
[0m  [33m~[0m[0m resource "aws_iam_policy" "external_dns" {
        id               = "arn:aws:iam::948881762705:policy/AmazonEKS_ExternalDNS-2026011915415301150000000c"
        name             = "AmazonEKS_ExternalDNS-2026011915415301150000000c"
      [33m~[0m[0m tags             = {
            "ConfigSource"    = "config.yaml"
            "ManagedBy"       = "terraform"
          [32m+[0m[0m "cloud_economics" = "Darede-IDP::devops"
            "cost-center"     = "engineering"
            "env"             = "poc"
            "githubRepo"      = "github.com/darede-labs/reference-implementation-aws"
            "owner"           = "platform-team"
            "project"         = "idp"
        }
      [33m~[0m[0m tags_all         = {
          [32m+[0m[0m "cloud_economics" = "Darede-IDP::devops"
            [90m# (7 unchanged elements hidden)[0m[0m
        }
        [90m# (7 unchanged attributes hidden)[0m[0m
    }

[1m  # module.external_dns_pod_identity.aws_iam_role.this[0][0m will be updated in-place
[0m  [33m~[0m[0m resource "aws_iam_role" "this" {
        id                    = "external-dns-2026011915415298430000000a"
        name                  = "external-dns-2026011915415298430000000a"
      [33m~[0m[0m tags                  = {
            "ConfigSource"    = "config.yaml"
            "ManagedBy"       = "terraform"
          [32m+[0m[0m "cloud_economics" = "Darede-IDP::devops"
            "cost-center"     = "engineering"
            "env"             = "poc"
            "githubRepo"      = "github.com/darede-labs/reference-implementation-aws"
            "owner"           = "platform-team"
            "project"         = "idp"
        }
      [33m~[0m[0m tags_all              = {
          [32m+[0m[0m "cloud_economics" = "Darede-IDP::devops"
            [90m# (7 unchanged elements hidden)[0m[0m
        }
        [90m# (11 unchanged attributes hidden)[0m[0m
    }

[1m  # module.external_secrets_irsa[0].aws_iam_role.this[0][0m will be updated in-place
[0m  [33m~[0m[0m resource "aws_iam_role" "this" {
        id                    = "external-secrets-irsa"
        name                  = "external-secrets-irsa"
      [33m~[0m[0m tags                  = {
            "ConfigSource"    = "config.yaml"
            "ManagedBy"       = "terraform"
          [32m+[0m[0m "cloud_economics" = "Darede-IDP::devops"
            "cost-center"     = "engineering"
            "env"             = "poc"
            "githubRepo"      = "github.com/darede-labs/reference-implementation-aws"
            "owner"           = "platform-team"
            "project"         = "idp"
        }
      [33m~[0m[0m tags_all              = {
          [32m+[0m[0m "cloud_economics" = "Darede-IDP::devops"
            [90m# (7 unchanged elements hidden)[0m[0m
        }
        [90m# (11 unchanged attributes hidden)[0m[0m
    }

[1m  # module.karpenter[0].data.aws_iam_policy_document.controller[0][0m will be read during apply
  # (config refers to values not yet known)
[0m [36m<=[0m[0m data "aws_iam_policy_document" "controller" {
      [32m+[0m[0m id                      = (known after apply)
      [32m+[0m[0m json                    = (known after apply)
      [32m+[0m[0m minified_json           = (known after apply)
      [32m+[0m[0m source_policy_documents = [
          [32m+[0m[0m (known after apply),
        ]
    }

[1m  # module.karpenter[0].data.aws_iam_policy_document.queue[0][0m will be read during apply
  # (depends on a resource or a module with changes pending)
[0m [36m<=[0m[0m data "aws_iam_policy_document" "queue" {
      [32m+[0m[0m id            = (known after apply)
      [32m+[0m[0m json          = (known after apply)
      [32m+[0m[0m minified_json = (known after apply)

      [32m+[0m[0m statement {
          [32m+[0m[0m actions   = [
              [32m+[0m[0m "sqs:SendMessage",
            ]
          [32m+[0m[0m resources = [
              [32m+[0m[0m "arn:aws:sqs:us-east-1:948881762705:Karpenter-idp-poc-darede-cluster",
            ]
          [32m+[0m[0m sid       = "SqsWrite"

          [32m+[0m[0m principals {
              [32m+[0m[0m identifiers = [
                  [32m+[0m[0m "events.amazonaws.com",
                  [32m+[0m[0m "sqs.amazonaws.com",
                ]
              [32m+[0m[0m type        = "Service"
            }
        }
      [32m+[0m[0m statement {
          [32m+[0m[0m actions   = [
              [32m+[0m[0m "sqs:*",
            ]
          [32m+[0m[0m effect    = "Deny"
          [32m+[0m[0m resources = [
              [32m+[0m[0m "arn:aws:sqs:us-east-1:948881762705:Karpenter-idp-poc-darede-cluster",
            ]
          [32m+[0m[0m sid       = "DenyHTTP"

          [32m+[0m[0m condition {
              [32m+[0m[0m test     = "StringEquals"
              [32m+[0m[0m values   = [
                  [32m+[0m[0m "false",
                ]
              [32m+[0m[0m variable = "aws:SecureTransport"
            }

          [32m+[0m[0m principals {
              [32m+[0m[0m identifiers = [
                  [32m+[0m[0m "*",
                ]
              [32m+[0m[0m type        = "*"
            }
        }
    }

[1m  # module.karpenter[0].data.aws_iam_policy_document.v033[0][0m will be read during apply
  # (depends on a resource or a module with changes pending)
[0m [36m<=[0m[0m data "aws_iam_policy_document" "v033" {
      [32m+[0m[0m id            = (known after apply)
      [32m+[0m[0m json          = (known after apply)
      [32m+[0m[0m minified_json = (known after apply)

      [32m+[0m[0m statement {
          [32m+[0m[0m actions   = [
              [32m+[0m[0m "ec2:CreateFleet",
              [32m+[0m[0m "ec2:RunInstances",
            ]
          [32m+[0m[0m resources = [
              [32m+[0m[0m "arn:aws:ec2:*:*:launch-template/*",
              [32m+[0m[0m "arn:aws:ec2:*:*:security-group/*",
              [32m+[0m[0m "arn:aws:ec2:*:*:spot-instances-request/*",
              [32m+[0m[0m "arn:aws:ec2:*:*:subnet/*",
              [32m+[0m[0m "arn:aws:ec2:*::image/*",
              [32m+[0m[0m "arn:aws:ec2:*::snapshot/*",
            ]
          [32m+[0m[0m sid       = "AllowScopedEC2InstanceActions"
        }
      [32m+[0m[0m statement {
          [32m+[0m[0m actions   = [
              [32m+[0m[0m "ec2:CreateFleet",
              [32m+[0m[0m "ec2:CreateLaunchTemplate",
              [32m+[0m[0m "ec2:RunInstances",
            ]
          [32m+[0m[0m resources = [
              [32m+[0m[0m "arn:aws:ec2:*:*:fleet/*",
              [32m+[0m[0m "arn:aws:ec2:*:*:instance/*",
              [32m+[0m[0m "arn:aws:ec2:*:*:launch-template/*",
              [32m+[0m[0m "arn:aws:ec2:*:*:network-interface/*",
              [32m+[0m[0m "arn:aws:ec2:*:*:spot-instances-request/*",
              [32m+[0m[0m "arn:aws:ec2:*:*:volume/*",
            ]
          [32m+[0m[0m sid       = "AllowScopedEC2InstanceActionsWithTags"

          [32m+[0m[0m condition {
              [32m+[0m[0m test     = "StringEquals"
              [32m+[0m[0m values   = [
                  [32m+[0m[0m "owned",
                ]
              [32m+[0m[0m variable = "aws:RequestTag/kubernetes.io/cluster/idp-poc-darede-cluster"
            }
          [32m+[0m[0m condition {
              [32m+[0m[0m test     = "StringLike"
              [32m+[0m[0m values   = [
                  [32m+[0m[0m "*",
                ]
              [32m+[0m[0m variable = "aws:RequestTag/karpenter.sh/nodepool"
            }
        }
      [32m+[0m[0m statement {
          [32m+[0m[0m actions   = [
              [32m+[0m[0m "ec2:CreateTags",
            ]
          [32m+[0m[0m resources = [
              [32m+[0m[0m "arn:aws:ec2:*:*:fleet/*",
              [32m+[0m[0m "arn:aws:ec2:*:*:instance/*",
              [32m+[0m[0m "arn:aws:ec2:*:*:launch-template/*",
              [32m+[0m[0m "arn:aws:ec2:*:*:network-interface/*",
              [32m+[0m[0m "arn:aws:ec2:*:*:spot-instances-request/*",
              [32m+[0m[0m "arn:aws:ec2:*:*:volume/*",
            ]
          [32m+[0m[0m sid       = "AllowScopedResourceCreationTagging"

          [32m+[0m[0m condition {
              [32m+[0m[0m test     = "StringEquals"
              [32m+[0m[0m values   = [
                  [32m+[0m[0m "RunInstances",
                  [32m+[0m[0m "CreateFleet",
                  [32m+[0m[0m "CreateLaunchTemplate",
                ]
              [32m+[0m[0m variable = "ec2:CreateAction"
            }
          [32m+[0m[0m condition {
              [32m+[0m[0m test     = "StringEquals"
              [32m+[0m[0m values   = [
                  [32m+[0m[0m "owned",
                ]
              [32m+[0m[0m variable = "aws:RequestTag/kubernetes.io/cluster/idp-poc-darede-cluster"
            }
          [32m+[0m[0m condition {
              [32m+[0m[0m test     = "StringLike"
              [32m+[0m[0m values   = [
                  [32m+[0m[0m "*",
                ]
              [32m+[0m[0m variable = "aws:RequestTag/karpenter.sh/nodepool"
            }
        }
      [32m+[0m[0m statement {
          [32m+[0m[0m actions   = [
              [32m+[0m[0m "ec2:CreateTags",
            ]
          [32m+[0m[0m resources = [
              [32m+[0m[0m "arn:aws:ec2:*:*:instance/*",
            ]
          [32m+[0m[0m sid       = "AllowScopedResourceTagging"

          [32m+[0m[0m condition {
              [32m+[0m[0m test     = "ForAllValues:StringEquals"
              [32m+[0m[0m values   = [
                  [32m+[0m[0m "karpenter.sh/nodeclaim",
                  [32m+[0m[0m "Name",
                ]
              [32m+[0m[0m variable = "aws:TagKeys"
            }
          [32m+[0m[0m condition {
              [32m+[0m[0m test     = "StringEquals"
              [32m+[0m[0m values   = [
                  [32m+[0m[0m "owned",
                ]
              [32m+[0m[0m variable = "aws:ResourceTag/kubernetes.io/cluster/idp-poc-darede-cluster"
            }
          [32m+[0m[0m condition {
              [32m+[0m[0m test     = "StringLike"
              [32m+[0m[0m values   = [
                  [32m+[0m[0m "*",
                ]
              [32m+[0m[0m variable = "aws:ResourceTag/karpenter.sh/nodepool"
            }
        }
      [32m+[0m[0m statement {
          [32m+[0m[0m actions   = [
              [32m+[0m[0m "ec2:DeleteLaunchTemplate",
              [32m+[0m[0m "ec2:TerminateInstances",
            ]
          [32m+[0m[0m resources = [
              [32m+[0m[0m "arn:aws:ec2:*:*:instance/*",
              [32m+[0m[0m "arn:aws:ec2:*:*:launch-template/*",
            ]
          [32m+[0m[0m sid       = "AllowScopedDeletion"

          [32m+[0m[0m condition {
              [32m+[0m[0m test     = "StringEquals"
              [32m+[0m[0m values   = [
                  [32m+[0m[0m "owned",
                ]
              [32m+[0m[0m variable = "aws:ResourceTag/kubernetes.io/cluster/idp-poc-darede-cluster"
            }
          [32m+[0m[0m condition {
              [32m+[0m[0m test     = "StringLike"
              [32m+[0m[0m values   = [
                  [32m+[0m[0m "*",
                ]
              [32m+[0m[0m variable = "aws:ResourceTag/karpenter.sh/nodepool"
            }
        }
      [32m+[0m[0m statement {
          [32m+[0m[0m actions   = [
              [32m+[0m[0m "ec2:DescribeAvailabilityZones",
              [32m+[0m[0m "ec2:DescribeImages",
              [32m+[0m[0m "ec2:DescribeInstanceTypeOfferings",
              [32m+[0m[0m "ec2:DescribeInstanceTypes",
              [32m+[0m[0m "ec2:DescribeInstances",
              [32m+[0m[0m "ec2:DescribeLaunchTemplates",
              [32m+[0m[0m "ec2:DescribeSecurityGroups",
              [32m+[0m[0m "ec2:DescribeSpotPriceHistory",
              [32m+[0m[0m "ec2:DescribeSubnets",
            ]
          [32m+[0m[0m resources = [
              [32m+[0m[0m "*",
            ]
          [32m+[0m[0m sid       = "AllowRegionalReadActions"

          [32m+[0m[0m condition {
              [32m+[0m[0m test     = "StringEquals"
              [32m+[0m[0m values   = [
                  [32m+[0m[0m "us-east-1",
                ]
              [32m+[0m[0m variable = "aws:RequestedRegion"
            }
        }
      [32m+[0m[0m statement {
          [32m+[0m[0m actions   = [
              [32m+[0m[0m "ssm:GetParameter",
            ]
          [32m+[0m[0m resources = [
              [32m+[0m[0m "arn:aws:ssm:us-east-1::parameter/aws/service/*",
            ]
          [32m+[0m[0m sid       = "AllowSSMReadActions"
        }
      [32m+[0m[0m statement {
          [32m+[0m[0m actions   = [
              [32m+[0m[0m "pricing:GetProducts",
            ]
          [32m+[0m[0m resources = [
              [32m+[0m[0m "*",
            ]
          [32m+[0m[0m sid       = "AllowPricingReadActions"
        }
      [32m+[0m[0m statement {
          [32m+[0m[0m actions   = [
              [32m+[0m[0m "sqs:DeleteMessage",
              [32m+[0m[0m "sqs:GetQueueAttributes",
              [32m+[0m[0m "sqs:GetQueueUrl",
              [32m+[0m[0m "sqs:ReceiveMessage",
            ]
          [32m+[0m[0m resources = [
              [32m+[0m[0m "arn:aws:sqs:us-east-1:948881762705:Karpenter-idp-poc-darede-cluster",
            ]
          [32m+[0m[0m sid       = "AllowInterruptionQueueActions"
        }
      [32m+[0m[0m statement {
          [32m+[0m[0m actions   = [
              [32m+[0m[0m "iam:PassRole",
            ]
          [32m+[0m[0m resources = [
              [32m+[0m[0m "arn:aws:iam::948881762705:role/Karpenter-idp-poc-darede-cluster-20260119155158156300000026",
            ]
          [32m+[0m[0m sid       = "AllowPassingInstanceRole"

          [32m+[0m[0m condition {
              [32m+[0m[0m test     = "StringEquals"
              [32m+[0m[0m values   = [
                  [32m+[0m[0m "ec2.amazonaws.com",
                ]
              [32m+[0m[0m variable = "iam:PassedToService"
            }
        }
      [32m+[0m[0m statement {
          [32m+[0m[0m actions   = [
              [32m+[0m[0m "iam:CreateInstanceProfile",
            ]
          [32m+[0m[0m resources = [
              [32m+[0m[0m "*",
            ]
          [32m+[0m[0m sid       = "AllowScopedInstanceProfileCreationActions"

          [32m+[0m[0m condition {
              [32m+[0m[0m test     = "StringEquals"
              [32m+[0m[0m values   = [
                  [32m+[0m[0m "owned",
                ]
              [32m+[0m[0m variable = "aws:RequestTag/kubernetes.io/cluster/idp-poc-darede-cluster"
            }
          [32m+[0m[0m condition {
              [32m+[0m[0m test     = "StringEquals"
              [32m+[0m[0m values   = [
                  [32m+[0m[0m "us-east-1",
                ]
              [32m+[0m[0m variable = "aws:RequestTag/topology.kubernetes.io/region"
            }
          [32m+[0m[0m condition {
              [32m+[0m[0m test     = "StringLike"
              [32m+[0m[0m values   = [
                  [32m+[0m[0m "*",
                ]
              [32m+[0m[0m variable = "aws:RequestTag/karpenter.k8s.aws/ec2nodeclass"
            }
        }
      [32m+[0m[0m statement {
          [32m+[0m[0m actions   = [
              [32m+[0m[0m "iam:TagInstanceProfile",
            ]
          [32m+[0m[0m resources = [
              [32m+[0m[0m "*",
            ]
          [32m+[0m[0m sid       = "AllowScopedInstanceProfileTagActions"

          [32m+[0m[0m condition {
              [32m+[0m[0m test     = "StringEquals"
              [32m+[0m[0m values   = [
                  [32m+[0m[0m "owned",
                ]
              [32m+[0m[0m variable = "aws:RequestTag/kubernetes.io/cluster/idp-poc-darede-cluster"
            }
          [32m+[0m[0m condition {
              [32m+[0m[0m test     = "StringEquals"
              [32m+[0m[0m values   = [
                  [32m+[0m[0m "owned",
                ]
              [32m+[0m[0m variable = "aws:ResourceTag/kubernetes.io/cluster/idp-poc-darede-cluster"
            }
          [32m+[0m[0m condition {
              [32m+[0m[0m test     = "StringEquals"
              [32m+[0m[0m values   = [
                  [32m+[0m[0m "us-east-1",
                ]
              [32m+[0m[0m variable = "aws:ResourceTag/topology.kubernetes.io/region"
            }
          [32m+[0m[0m condition {
              [32m+[0m[0m test     = "StringLike"
              [32m+[0m[0m values   = [
                  [32m+[0m[0m "*",
                ]
              [32m+[0m[0m variable = "aws:RequestTag/karpenter.k8s.aws/ec2nodeclass"
            }
          [32m+[0m[0m condition {
              [32m+[0m[0m test     = "StringLike"
              [32m+[0m[0m values   = [
                  [32m+[0m[0m "*",
                ]
              [32m+[0m[0m variable = "aws:ResourceTag/karpenter.k8s.aws/ec2nodeclass"
            }
        }
      [32m+[0m[0m statement {
          [32m+[0m[0m actions   = [
              [32m+[0m[0m "iam:AddRoleToInstanceProfile",
              [32m+[0m[0m "iam:DeleteInstanceProfile",
              [32m+[0m[0m "iam:RemoveRoleFromInstanceProfile",
            ]
          [32m+[0m[0m resources = [
              [32m+[0m[0m "*",
            ]
          [32m+[0m[0m sid       = "AllowScopedInstanceProfileActions"

          [32m+[0m[0m condition {
              [32m+[0m[0m test     = "StringEquals"
              [32m+[0m[0m values   = [
                  [32m+[0m[0m "owned",
                ]
              [32m+[0m[0m variable = "aws:ResourceTag/kubernetes.io/cluster/idp-poc-darede-cluster"
            }
          [32m+[0m[0m condition {
              [32m+[0m[0m test     = "StringEquals"
              [32m+[0m[0m values   = [
                  [32m+[0m[0m "us-east-1",
                ]
              [32m+[0m[0m variable = "aws:ResourceTag/topology.kubernetes.io/region"
            }
          [32m+[0m[0m condition {
              [32m+[0m[0m test     = "StringLike"
              [32m+[0m[0m values   = [
                  [32m+[0m[0m "*",
                ]
              [32m+[0m[0m variable = "aws:ResourceTag/karpenter.k8s.aws/ec2nodeclass"
            }
        }
      [32m+[0m[0m statement {
          [32m+[0m[0m actions   = [
              [32m+[0m[0m "iam:GetInstanceProfile",
            ]
          [32m+[0m[0m resources = [
              [32m+[0m[0m "*",
            ]
          [32m+[0m[0m sid       = "AllowInstanceProfileReadActions"
        }
      [32m+[0m[0m statement {
          [32m+[0m[0m actions   = [
              [32m+[0m[0m "eks:DescribeCluster",
            ]
          [32m+[0m[0m resources = [
              [32m+[0m[0m "arn:aws:eks:us-east-1:948881762705:cluster/idp-poc-darede-cluster",
            ]
          [32m+[0m[0m sid       = "AllowAPIServerEndpointDiscovery"
        }
    }

[1m  # module.karpenter[0].data.aws_iam_policy_document.v1[0][0m will be read during apply
  # (depends on a resource or a module with changes pending)
[0m [36m<=[0m[0m data "aws_iam_policy_document" "v1" {
      [32m+[0m[0m id            = (known after apply)
      [32m+[0m[0m json          = (known after apply)
      [32m+[0m[0m minified_json = (known after apply)

      [32m+[0m[0m statement {
          [32m+[0m[0m actions   = [
              [32m+[0m[0m "ec2:CreateFleet",
              [32m+[0m[0m "ec2:RunInstances",
            ]
          [32m+[0m[0m resources = [
              [32m+[0m[0m "arn:aws:ec2:us-east-1:*:capacity-reservation/*",
              [32m+[0m[0m "arn:aws:ec2:us-east-1:*:security-group/*",
              [32m+[0m[0m "arn:aws:ec2:us-east-1:*:subnet/*",
              [32m+[0m[0m "arn:aws:ec2:us-east-1::image/*",
              [32m+[0m[0m "arn:aws:ec2:us-east-1::snapshot/*",
            ]
          [32m+[0m[0m sid       = "AllowScopedEC2InstanceAccessActions"
        }
      [32m+[0m[0m statement {
          [32m+[0m[0m actions   = [
              [32m+[0m[0m "ec2:CreateFleet",
              [32m+[0m[0m "ec2:RunInstances",
            ]
          [32m+[0m[0m resources = [
              [32m+[0m[0m "arn:aws:ec2:us-east-1:*:launch-template/*",
            ]
          [32m+[0m[0m sid       = "AllowScopedEC2LaunchTemplateAccessActions"

          [32m+[0m[0m condition {
              [32m+[0m[0m test     = "StringEquals"
              [32m+[0m[0m values   = [
                  [32m+[0m[0m "owned",
                ]
              [32m+[0m[0m variable = "aws:ResourceTag/kubernetes.io/cluster/idp-poc-darede-cluster"
            }
          [32m+[0m[0m condition {
              [32m+[0m[0m test     = "StringLike"
              [32m+[0m[0m values   = [
                  [32m+[0m[0m "*",
                ]
              [32m+[0m[0m variable = "aws:ResourceTag/karpenter.sh/nodepool"
            }
        }
      [32m+[0m[0m statement {
          [32m+[0m[0m actions   = [
              [32m+[0m[0m "ec2:CreateFleet",
              [32m+[0m[0m "ec2:CreateLaunchTemplate",
              [32m+[0m[0m "ec2:RunInstances",
            ]
          [32m+[0m[0m resources = [
              [32m+[0m[0m "arn:aws:ec2:us-east-1:*:fleet/*",
              [32m+[0m[0m "arn:aws:ec2:us-east-1:*:instance/*",
              [32m+[0m[0m "arn:aws:ec2:us-east-1:*:launch-template/*",
              [32m+[0m[0m "arn:aws:ec2:us-east-1:*:network-interface/*",
              [32m+[0m[0m "arn:aws:ec2:us-east-1:*:spot-instances-request/*",
              [32m+[0m[0m "arn:aws:ec2:us-east-1:*:volume/*",
            ]
          [32m+[0m[0m sid       = "AllowScopedEC2InstanceActionsWithTags"

          [32m+[0m[0m condition {
              [32m+[0m[0m test     = "StringEquals"
              [32m+[0m[0m values   = [
                  [32m+[0m[0m "idp-poc-darede-cluster",
                ]
              [32m+[0m[0m variable = "aws:RequestTag/eks:eks-cluster-name"
            }
          [32m+[0m[0m condition {
              [32m+[0m[0m test     = "StringEquals"
              [32m+[0m[0m values   = [
                  [32m+[0m[0m "owned",
                ]
              [32m+[0m[0m variable = "aws:RequestTag/kubernetes.io/cluster/idp-poc-darede-cluster"
            }
          [32m+[0m[0m condition {
              [32m+[0m[0m test     = "StringLike"
              [32m+[0m[0m values   = [
                  [32m+[0m[0m "*",
                ]
              [32m+[0m[0m variable = "aws:RequestTag/karpenter.sh/nodepool"
            }
        }
      [32m+[0m[0m statement {
          [32m+[0m[0m actions   = [
              [32m+[0m[0m "ec2:CreateTags",
            ]
          [32m+[0m[0m resources = [
              [32m+[0m[0m "arn:aws:ec2:us-east-1:*:fleet/*",
              [32m+[0m[0m "arn:aws:ec2:us-east-1:*:instance/*",
              [32m+[0m[0m "arn:aws:ec2:us-east-1:*:launch-template/*",
              [32m+[0m[0m "arn:aws:ec2:us-east-1:*:network-interface/*",
              [32m+[0m[0m "arn:aws:ec2:us-east-1:*:spot-instances-request/*",
              [32m+[0m[0m "arn:aws:ec2:us-east-1:*:volume/*",
            ]
          [32m+[0m[0m sid       = "AllowScopedResourceCreationTagging"

          [32m+[0m[0m condition {
              [32m+[0m[0m test     = "StringEquals"
              [32m+[0m[0m values   = [
                  [32m+[0m[0m "RunInstances",
                  [32m+[0m[0m "CreateFleet",
                  [32m+[0m[0m "CreateLaunchTemplate",
                ]
              [32m+[0m[0m variable = "ec2:CreateAction"
            }
          [32m+[0m[0m condition {
              [32m+[0m[0m test     = "StringEquals"
              [32m+[0m[0m values   = [
                  [32m+[0m[0m "idp-poc-darede-cluster",
                ]
              [32m+[0m[0m variable = "aws:RequestTag/eks:eks-cluster-name"
            }
          [32m+[0m[0m condition {
              [32m+[0m[0m test     = "StringEquals"
              [32m+[0m[0m values   = [
                  [32m+[0m[0m "owned",
                ]
              [32m+[0m[0m variable = "aws:RequestTag/kubernetes.io/cluster/idp-poc-darede-cluster"
            }
          [32m+[0m[0m condition {
              [32m+[0m[0m test     = "StringLike"
              [32m+[0m[0m values   = [
                  [32m+[0m[0m "*",
                ]
              [32m+[0m[0m variable = "aws:RequestTag/karpenter.sh/nodepool"
            }
        }
      [32m+[0m[0m statement {
          [32m+[0m[0m actions   = [
              [32m+[0m[0m "ec2:CreateTags",
            ]
          [32m+[0m[0m resources = [
              [32m+[0m[0m "arn:aws:ec2:us-east-1:*:instance/*",
            ]
          [32m+[0m[0m sid       = "AllowScopedResourceTagging"

          [32m+[0m[0m condition {
              [32m+[0m[0m test     = "ForAllValues:StringEquals"
              [32m+[0m[0m values   = [
                  [32m+[0m[0m "eks:eks-cluster-name",
                  [32m+[0m[0m "karpenter.sh/nodeclaim",
                  [32m+[0m[0m "Name",
                ]
              [32m+[0m[0m variable = "aws:TagKeys"
            }
          [32m+[0m[0m condition {
              [32m+[0m[0m test     = "StringEquals"
              [32m+[0m[0m values   = [
                  [32m+[0m[0m "owned",
                ]
              [32m+[0m[0m variable = "aws:ResourceTag/kubernetes.io/cluster/idp-poc-darede-cluster"
            }
          [32m+[0m[0m condition {
              [32m+[0m[0m test     = "StringEqualsIfExists"
              [32m+[0m[0m values   = [
                  [32m+[0m[0m "idp-poc-darede-cluster",
                ]
              [32m+[0m[0m variable = "aws:RequestTag/eks:eks-cluster-name"
            }
          [32m+[0m[0m condition {
              [32m+[0m[0m test     = "StringLike"
              [32m+[0m[0m values   = [
                  [32m+[0m[0m "*",
                ]
              [32m+[0m[0m variable = "aws:ResourceTag/karpenter.sh/nodepool"
            }
        }
      [32m+[0m[0m statement {
          [32m+[0m[0m actions   = [
              [32m+[0m[0m "ec2:DeleteLaunchTemplate",
              [32m+[0m[0m "ec2:TerminateInstances",
            ]
          [32m+[0m[0m resources = [
              [32m+[0m[0m "arn:aws:ec2:us-east-1:*:instance/*",
              [32m+[0m[0m "arn:aws:ec2:us-east-1:*:launch-template/*",
            ]
          [32m+[0m[0m sid       = "AllowScopedDeletion"

          [32m+[0m[0m condition {
              [32m+[0m[0m test     = "StringEquals"
              [32m+[0m[0m values   = [
                  [32m+[0m[0m "owned",
                ]
              [32m+[0m[0m variable = "aws:ResourceTag/kubernetes.io/cluster/idp-poc-darede-cluster"
            }
          [32m+[0m[0m condition {
              [32m+[0m[0m test     = "StringLike"
              [32m+[0m[0m values   = [
                  [32m+[0m[0m "*",
                ]
              [32m+[0m[0m variable = "aws:ResourceTag/karpenter.sh/nodepool"
            }
        }
      [32m+[0m[0m statement {
          [32m+[0m[0m actions   = [
              [32m+[0m[0m "ec2:DescribeAvailabilityZones",
              [32m+[0m[0m "ec2:DescribeImages",
              [32m+[0m[0m "ec2:DescribeInstanceTypeOfferings",
              [32m+[0m[0m "ec2:DescribeInstanceTypes",
              [32m+[0m[0m "ec2:DescribeInstances",
              [32m+[0m[0m "ec2:DescribeLaunchTemplates",
              [32m+[0m[0m "ec2:DescribeSecurityGroups",
              [32m+[0m[0m "ec2:DescribeSpotPriceHistory",
              [32m+[0m[0m "ec2:DescribeSubnets",
            ]
          [32m+[0m[0m resources = [
              [32m+[0m[0m "*",
            ]
          [32m+[0m[0m sid       = "AllowRegionalReadActions"

          [32m+[0m[0m condition {
              [32m+[0m[0m test     = "StringEquals"
              [32m+[0m[0m values   = [
                  [32m+[0m[0m "us-east-1",
                ]
              [32m+[0m[0m variable = "aws:RequestedRegion"
            }
        }
      [32m+[0m[0m statement {
          [32m+[0m[0m actions   = [
              [32m+[0m[0m "ssm:GetParameter",
            ]
          [32m+[0m[0m resources = [
              [32m+[0m[0m "arn:aws:ssm:us-east-1::parameter/aws/service/*",
            ]
          [32m+[0m[0m sid       = "AllowSSMReadActions"
        }
      [32m+[0m[0m statement {
          [32m+[0m[0m actions   = [
              [32m+[0m[0m "pricing:GetProducts",
            ]
          [32m+[0m[0m resources = [
              [32m+[0m[0m "*",
            ]
          [32m+[0m[0m sid       = "AllowPricingReadActions"
        }
      [32m+[0m[0m statement {
          [32m+[0m[0m actions   = [
              [32m+[0m[0m "sqs:DeleteMessage",
              [32m+[0m[0m "sqs:GetQueueUrl",
              [32m+[0m[0m "sqs:ReceiveMessage",
            ]
          [32m+[0m[0m resources = [
              [32m+[0m[0m "arn:aws:sqs:us-east-1:948881762705:Karpenter-idp-poc-darede-cluster",
            ]
          [32m+[0m[0m sid       = "AllowInterruptionQueueActions"
        }
      [32m+[0m[0m statement {
          [32m+[0m[0m actions   = [
              [32m+[0m[0m "iam:PassRole",
            ]
          [32m+[0m[0m resources = [
              [32m+[0m[0m "arn:aws:iam::948881762705:role/Karpenter-idp-poc-darede-cluster-20260119155158156300000026",
            ]
          [32m+[0m[0m sid       = "AllowPassingInstanceRole"

          [32m+[0m[0m condition {
              [32m+[0m[0m test     = "StringEquals"
              [32m+[0m[0m values   = [
                  [32m+[0m[0m "ec2.amazonaws.com",
                ]
              [32m+[0m[0m variable = "iam:PassedToService"
            }
        }
      [32m+[0m[0m statement {
          [32m+[0m[0m actions   = [
              [32m+[0m[0m "iam:CreateInstanceProfile",
            ]
          [32m+[0m[0m resources = [
              [32m+[0m[0m "arn:aws:iam::948881762705:instance-profile/*",
            ]
          [32m+[0m[0m sid       = "AllowScopedInstanceProfileCreationActions"

          [32m+[0m[0m condition {
              [32m+[0m[0m test     = "StringEquals"
              [32m+[0m[0m values   = [
                  [32m+[0m[0m "idp-poc-darede-cluster",
                ]
              [32m+[0m[0m variable = "aws:RequestTag/eks:eks-cluster-name"
            }
          [32m+[0m[0m condition {
              [32m+[0m[0m test     = "StringEquals"
              [32m+[0m[0m values   = [
                  [32m+[0m[0m "owned",
                ]
              [32m+[0m[0m variable = "aws:RequestTag/kubernetes.io/cluster/idp-poc-darede-cluster"
            }
          [32m+[0m[0m condition {
              [32m+[0m[0m test     = "StringEquals"
              [32m+[0m[0m values   = [
                  [32m+[0m[0m "us-east-1",
                ]
              [32m+[0m[0m variable = "aws:RequestTag/topology.kubernetes.io/region"
            }
          [32m+[0m[0m condition {
              [32m+[0m[0m test     = "StringLike"
              [32m+[0m[0m values   = [
                  [32m+[0m[0m "*",
                ]
              [32m+[0m[0m variable = "aws:RequestTag/karpenter.k8s.aws/ec2nodeclass"
            }
        }
      [32m+[0m[0m statement {
          [32m+[0m[0m actions   = [
              [32m+[0m[0m "iam:TagInstanceProfile",
            ]
          [32m+[0m[0m resources = [
              [32m+[0m[0m "arn:aws:iam::948881762705:instance-profile/*",
            ]
          [32m+[0m[0m sid       = "AllowScopedInstanceProfileTagActions"

          [32m+[0m[0m condition {
              [32m+[0m[0m test     = "StringEquals"
              [32m+[0m[0m values   = [
                  [32m+[0m[0m "idp-poc-darede-cluster",
                ]
              [32m+[0m[0m variable = "aws:RequestTag/eks:eks-cluster-name"
            }
          [32m+[0m[0m condition {
              [32m+[0m[0m test     = "StringEquals"
              [32m+[0m[0m values   = [
                  [32m+[0m[0m "owned",
                ]
              [32m+[0m[0m variable = "aws:RequestTag/kubernetes.io/cluster/idp-poc-darede-cluster"
            }
          [32m+[0m[0m condition {
              [32m+[0m[0m test     = "StringEquals"
              [32m+[0m[0m values   = [
                  [32m+[0m[0m "owned",
                ]
              [32m+[0m[0m variable = "aws:ResourceTag/kubernetes.io/cluster/idp-poc-darede-cluster"
            }
          [32m+[0m[0m condition {
              [32m+[0m[0m test     = "StringEquals"
              [32m+[0m[0m values   = [
                  [32m+[0m[0m "us-east-1",
                ]
              [32m+[0m[0m variable = "aws:RequestTag/topology.kubernetes.io/region"
            }
          [32m+[0m[0m condition {
              [32m+[0m[0m test     = "StringEquals"
              [32m+[0m[0m values   = [
                  [32m+[0m[0m "us-east-1",
                ]
              [32m+[0m[0m variable = "aws:ResourceTag/topology.kubernetes.io/region"
            }
          [32m+[0m[0m condition {
              [32m+[0m[0m test     = "StringLike"
              [32m+[0m[0m values   = [
                  [32m+[0m[0m "*",
                ]
              [32m+[0m[0m variable = "aws:RequestTag/karpenter.k8s.aws/ec2nodeclass"
            }
          [32m+[0m[0m condition {
              [32m+[0m[0m test     = "StringLike"
              [32m+[0m[0m values   = [
                  [32m+[0m[0m "*",
                ]
              [32m+[0m[0m variable = "aws:ResourceTag/karpenter.k8s.aws/ec2nodeclass"
            }
        }
      [32m+[0m[0m statement {
          [32m+[0m[0m actions   = [
              [32m+[0m[0m "iam:AddRoleToInstanceProfile",
              [32m+[0m[0m "iam:DeleteInstanceProfile",
              [32m+[0m[0m "iam:RemoveRoleFromInstanceProfile",
            ]
          [32m+[0m[0m resources = [
              [32m+[0m[0m "arn:aws:iam::948881762705:instance-profile/*",
            ]
          [32m+[0m[0m sid       = "AllowScopedInstanceProfileActions"

          [32m+[0m[0m condition {
              [32m+[0m[0m test     = "StringEquals"
              [32m+[0m[0m values   = [
                  [32m+[0m[0m "owned",
                ]
              [32m+[0m[0m variable = "aws:ResourceTag/kubernetes.io/cluster/idp-poc-darede-cluster"
            }
          [32m+[0m[0m condition {
              [32m+[0m[0m test     = "StringEquals"
              [32m+[0m[0m values   = [
                  [32m+[0m[0m "us-east-1",
                ]
              [32m+[0m[0m variable = "aws:ResourceTag/topology.kubernetes.io/region"
            }
          [32m+[0m[0m condition {
              [32m+[0m[0m test     = "StringLike"
              [32m+[0m[0m values   = [
                  [32m+[0m[0m "*",
                ]
              [32m+[0m[0m variable = "aws:ResourceTag/karpenter.k8s.aws/ec2nodeclass"
            }
        }
      [32m+[0m[0m statement {
          [32m+[0m[0m actions   = [
              [32m+[0m[0m "iam:GetInstanceProfile",
            ]
          [32m+[0m[0m resources = [
              [32m+[0m[0m "arn:aws:iam::948881762705:instance-profile/*",
            ]
          [32m+[0m[0m sid       = "AllowInstanceProfileReadActions"
        }
      [32m+[0m[0m statement {
          [32m+[0m[0m actions   = [
              [32m+[0m[0m "eks:DescribeCluster",
            ]
          [32m+[0m[0m resources = [
              [32m+[0m[0m "arn:aws:eks:us-east-1:948881762705:cluster/idp-poc-darede-cluster",
            ]
          [32m+[0m[0m sid       = "AllowAPIServerEndpointDiscovery"
        }
    }

[1m  # module.karpenter[0].aws_cloudwatch_event_rule.this["health_event"][0m will be updated in-place
[0m  [33m~[0m[0m resource "aws_cloudwatch_event_rule" "this" {
        id                  = "KarpenterHealthEvent-2026011915515871600000002c"
        name                = "KarpenterHealthEvent-2026011915515871600000002c"
      [33m~[0m[0m tags                = {
            "ClusterName"     = "idp-poc-darede-cluster"
            "ConfigSource"    = "config.yaml"
            "ManagedBy"       = "terraform"
          [32m+[0m[0m "cloud_economics" = "Darede-IDP::devops"
            "cost-center"     = "engineering"
            "env"             = "poc"
            "githubRepo"      = "github.com/darede-labs/reference-implementation-aws"
            "owner"           = "platform-team"
            "project"         = "idp"
        }
      [33m~[0m[0m tags_all            = {
          [32m+[0m[0m "cloud_economics" = "Darede-IDP::devops"
            [90m# (8 unchanged elements hidden)[0m[0m
        }
        [90m# (10 unchanged attributes hidden)[0m[0m
    }

[1m  # module.karpenter[0].aws_cloudwatch_event_rule.this["instance_rebalance"][0m will be updated in-place
[0m  [33m~[0m[0m resource "aws_cloudwatch_event_rule" "this" {
        id                  = "KarpenterInstanceRebalance-2026011915515874010000002d"
        name                = "KarpenterInstanceRebalance-2026011915515874010000002d"
      [33m~[0m[0m tags                = {
            "ClusterName"     = "idp-poc-darede-cluster"
            "ConfigSource"    = "config.yaml"
            "ManagedBy"       = "terraform"
          [32m+[0m[0m "cloud_economics" = "Darede-IDP::devops"
            "cost-center"     = "engineering"
            "env"             = "poc"
            "githubRepo"      = "github.com/darede-labs/reference-implementation-aws"
            "owner"           = "platform-team"
            "project"         = "idp"
        }
      [33m~[0m[0m tags_all            = {
          [32m+[0m[0m "cloud_economics" = "Darede-IDP::devops"
            [90m# (8 unchanged elements hidden)[0m[0m
        }
        [90m# (10 unchanged attributes hidden)[0m[0m
    }

[1m  # module.karpenter[0].aws_cloudwatch_event_rule.this["instance_state_change"][0m will be updated in-place
[0m  [33m~[0m[0m resource "aws_cloudwatch_event_rule" "this" {
        id                  = "KarpenterInstanceStateChange-2026011915515878440000002e"
        name                = "KarpenterInstanceStateChange-2026011915515878440000002e"
      [33m~[0m[0m tags                = {
            "ClusterName"     = "idp-poc-darede-cluster"
            "ConfigSource"    = "config.yaml"
            "ManagedBy"       = "terraform"
          [32m+[0m[0m "cloud_economics" = "Darede-IDP::devops"
            "cost-center"     = "engineering"
            "env"             = "poc"
            "githubRepo"      = "github.com/darede-labs/reference-implementation-aws"
            "owner"           = "platform-team"
            "project"         = "idp"
        }
      [33m~[0m[0m tags_all            = {
          [32m+[0m[0m "cloud_economics" = "Darede-IDP::devops"
            [90m# (8 unchanged elements hidden)[0m[0m
        }
        [90m# (10 unchanged attributes hidden)[0m[0m
    }

[1m  # module.karpenter[0].aws_cloudwatch_event_rule.this["spot_interrupt"][0m will be updated in-place
[0m  [33m~[0m[0m resource "aws_cloudwatch_event_rule" "this" {
        id                  = "KarpenterSpotInterrupt-20260119155158159300000027"
        name                = "KarpenterSpotInterrupt-20260119155158159300000027"
      [33m~[0m[0m tags                = {
            "ClusterName"     = "idp-poc-darede-cluster"
            "ConfigSource"    = "config.yaml"
            "ManagedBy"       = "terraform"
          [32m+[0m[0m "cloud_economics" = "Darede-IDP::devops"
            "cost-center"     = "engineering"
            "env"             = "poc"
            "githubRepo"      = "github.com/darede-labs/reference-implementation-aws"
            "owner"           = "platform-team"
            "project"         = "idp"
        }
      [33m~[0m[0m tags_all            = {
          [32m+[0m[0m "cloud_economics" = "Darede-IDP::devops"
            [90m# (8 unchanged elements hidden)[0m[0m
        }
        [90m# (10 unchanged attributes hidden)[0m[0m
    }

[1m  # module.karpenter[0].aws_eks_access_entry.node[0][0m will be updated in-place
[0m  [33m~[0m[0m resource "aws_eks_access_entry" "node" {
        id                = "idp-poc-darede-cluster:arn:aws:iam::948881762705:role/Karpenter-idp-poc-darede-cluster-20260119155158156300000026"
      [33m~[0m[0m tags              = {
            "ConfigSource"    = "config.yaml"
            "ManagedBy"       = "terraform"
          [32m+[0m[0m "cloud_economics" = "Darede-IDP::devops"
            "cost-center"     = "engineering"
            "env"             = "poc"
            "githubRepo"      = "github.com/darede-labs/reference-implementation-aws"
            "owner"           = "platform-team"
            "project"         = "idp"
        }
      [33m~[0m[0m tags_all          = {
          [32m+[0m[0m "cloud_economics" = "Darede-IDP::devops"
            [90m# (7 unchanged elements hidden)[0m[0m
        }
        [90m# (8 unchanged attributes hidden)[0m[0m
    }

[1m  # module.karpenter[0].aws_iam_policy.controller[0][0m will be updated in-place
[0m  [33m~[0m[0m resource "aws_iam_policy" "controller" {
        id               = "arn:aws:iam::948881762705:policy/KarpenterController-2026011915522817490000003b"
        name             = "KarpenterController-2026011915522817490000003b"
      [33m~[0m[0m policy           = jsonencode(
            {
              [31m-[0m[0m Statement = [
                  [31m-[0m[0m {
                      [31m-[0m[0m Action   = [
                          [31m-[0m[0m "ec2:RunInstances",
                          [31m-[0m[0m "ec2:CreateFleet",
                        ]
                      [31m-[0m[0m Effect   = "Allow"
                      [31m-[0m[0m Resource = [
                          [31m-[0m[0m "arn:aws:ec2:*::snapshot/*",
                          [31m-[0m[0m "arn:aws:ec2:*::image/*",
                          [31m-[0m[0m "arn:aws:ec2:*:*:subnet/*",
                          [31m-[0m[0m "arn:aws:ec2:*:*:spot-instances-request/*",
                          [31m-[0m[0m "arn:aws:ec2:*:*:security-group/*",
                          [31m-[0m[0m "arn:aws:ec2:*:*:launch-template/*",
                        ]
                      [31m-[0m[0m Sid      = "AllowScopedEC2InstanceActions"
                    },
                  [31m-[0m[0m {
                      [31m-[0m[0m Action    = [
                          [31m-[0m[0m "ec2:RunInstances",
                          [31m-[0m[0m "ec2:CreateLaunchTemplate",
                          [31m-[0m[0m "ec2:CreateFleet",
                        ]
                      [31m-[0m[0m Condition = {
                          [31m-[0m[0m StringEquals = {
                              [31m-[0m[0m "aws:RequestTag/kubernetes.io/cluster/idp-poc-darede-cluster" = "owned"
                            }
                          [31m-[0m[0m StringLike   = {
                              [31m-[0m[0m "aws:RequestTag/karpenter.sh/nodepool" = "*"
                            }
                        }
                      [31m-[0m[0m Effect    = "Allow"
                      [31m-[0m[0m Resource  = [
                          [31m-[0m[0m "arn:aws:ec2:*:*:volume/*",
                          [31m-[0m[0m "arn:aws:ec2:*:*:spot-instances-request/*",
                          [31m-[0m[0m "arn:aws:ec2:*:*:network-interface/*",
                          [31m-[0m[0m "arn:aws:ec2:*:*:launch-template/*",
                          [31m-[0m[0m "arn:aws:ec2:*:*:instance/*",
                          [31m-[0m[0m "arn:aws:ec2:*:*:fleet/*",
                        ]
                      [31m-[0m[0m Sid       = "AllowScopedEC2InstanceActionsWithTags"
                    },
                  [31m-[0m[0m {
                      [31m-[0m[0m Action    = "ec2:CreateTags"
                      [31m-[0m[0m Condition = {
                          [31m-[0m[0m StringEquals = {
                              [31m-[0m[0m "aws:RequestTag/kubernetes.io/cluster/idp-poc-darede-cluster" = "owned"
                              [31m-[0m[0m "ec2:CreateAction"                                            = [
                                  [31m-[0m[0m "RunInstances",
                                  [31m-[0m[0m "CreateFleet",
                                  [31m-[0m[0m "CreateLaunchTemplate",
                                ]
                            }
                          [31m-[0m[0m StringLike   = {
                              [31m-[0m[0m "aws:RequestTag/karpenter.sh/nodepool" = "*"
                            }
                        }
                      [31m-[0m[0m Effect    = "Allow"
                      [31m-[0m[0m Resource  = [
                          [31m-[0m[0m "arn:aws:ec2:*:*:volume/*",
                          [31m-[0m[0m "arn:aws:ec2:*:*:spot-instances-request/*",
                          [31m-[0m[0m "arn:aws:ec2:*:*:network-interface/*",
                          [31m-[0m[0m "arn:aws:ec2:*:*:launch-template/*",
                          [31m-[0m[0m "arn:aws:ec2:*:*:instance/*",
                          [31m-[0m[0m "arn:aws:ec2:*:*:fleet/*",
                        ]
                      [31m-[0m[0m Sid       = "AllowScopedResourceCreationTagging"
                    },
                  [31m-[0m[0m {
                      [31m-[0m[0m Action    = "ec2:CreateTags"
                      [31m-[0m[0m Condition = {
                          [31m-[0m[0m "ForAllValues:StringEquals" = {
                              [31m-[0m[0m "aws:TagKeys" = [
                                  [31m-[0m[0m "karpenter.sh/nodeclaim",
                                  [31m-[0m[0m "Name",
                                ]
                            }
                          [31m-[0m[0m StringEquals                = {
                              [31m-[0m[0m "aws:ResourceTag/kubernetes.io/cluster/idp-poc-darede-cluster" = "owned"
                            }
                          [31m-[0m[0m StringLike                  = {
                              [31m-[0m[0m "aws:ResourceTag/karpenter.sh/nodepool" = "*"
                            }
                        }
                      [31m-[0m[0m Effect    = "Allow"
                      [31m-[0m[0m Resource  = "arn:aws:ec2:*:*:instance/*"
                      [31m-[0m[0m Sid       = "AllowScopedResourceTagging"
                    },
                  [31m-[0m[0m {
                      [31m-[0m[0m Action    = [
                          [31m-[0m[0m "ec2:TerminateInstances",
                          [31m-[0m[0m "ec2:DeleteLaunchTemplate",
                        ]
                      [31m-[0m[0m Condition = {
                          [31m-[0m[0m StringEquals = {
                              [31m-[0m[0m "aws:ResourceTag/kubernetes.io/cluster/idp-poc-darede-cluster" = "owned"
                            }
                          [31m-[0m[0m StringLike   = {
                              [31m-[0m[0m "aws:ResourceTag/karpenter.sh/nodepool" = "*"
                            }
                        }
                      [31m-[0m[0m Effect    = "Allow"
                      [31m-[0m[0m Resource  = [
                          [31m-[0m[0m "arn:aws:ec2:*:*:launch-template/*",
                          [31m-[0m[0m "arn:aws:ec2:*:*:instance/*",
                        ]
                      [31m-[0m[0m Sid       = "AllowScopedDeletion"
                    },
                  [31m-[0m[0m {
                      [31m-[0m[0m Action    = [
                          [31m-[0m[0m "ec2:DescribeSubnets",
                          [31m-[0m[0m "ec2:DescribeSpotPriceHistory",
                          [31m-[0m[0m "ec2:DescribeSecurityGroups",
                          [31m-[0m[0m "ec2:DescribeLaunchTemplates",
                          [31m-[0m[0m "ec2:DescribeInstances",
                          [31m-[0m[0m "ec2:DescribeInstanceTypes",
                          [31m-[0m[0m "ec2:DescribeInstanceTypeOfferings",
                          [31m-[0m[0m "ec2:DescribeImages",
                          [31m-[0m[0m "ec2:DescribeAvailabilityZones",
                        ]
                      [31m-[0m[0m Condition = {
                          [31m-[0m[0m StringEquals = {
                              [31m-[0m[0m "aws:RequestedRegion" = "us-east-1"
                            }
                        }
                      [31m-[0m[0m Effect    = "Allow"
                      [31m-[0m[0m Resource  = "*"
                      [31m-[0m[0m Sid       = "AllowRegionalReadActions"
                    },
                  [31m-[0m[0m {
                      [31m-[0m[0m Action   = "ssm:GetParameter"
                      [31m-[0m[0m Effect   = "Allow"
                      [31m-[0m[0m Resource = "arn:aws:ssm:us-east-1::parameter/aws/service/*"
                      [31m-[0m[0m Sid      = "AllowSSMReadActions"
                    },
                  [31m-[0m[0m {
                      [31m-[0m[0m Action   = "pricing:GetProducts"
                      [31m-[0m[0m Effect   = "Allow"
                      [31m-[0m[0m Resource = "*"
                      [31m-[0m[0m Sid      = "AllowPricingReadActions"
                    },
                  [31m-[0m[0m {
                      [31m-[0m[0m Action   = [
                          [31m-[0m[0m "sqs:ReceiveMessage",
                          [31m-[0m[0m "sqs:GetQueueUrl",
                          [31m-[0m[0m "sqs:GetQueueAttributes",
                          [31m-[0m[0m "sqs:DeleteMessage",
                        ]
                      [31m-[0m[0m Effect   = "Allow"
                      [31m-[0m[0m Resource = "arn:aws:sqs:us-east-1:948881762705:Karpenter-idp-poc-darede-cluster"
                      [31m-[0m[0m Sid      = "AllowInterruptionQueueActions"
                    },
                  [31m-[0m[0m {
                      [31m-[0m[0m Action    = "iam:PassRole"
                      [31m-[0m[0m Condition = {
                          [31m-[0m[0m StringEquals = {
                              [31m-[0m[0m "iam:PassedToService" = "ec2.amazonaws.com"
                            }
                        }
                      [31m-[0m[0m Effect    = "Allow"
                      [31m-[0m[0m Resource  = "arn:aws:iam::948881762705:role/Karpenter-idp-poc-darede-cluster-20260119155158156300000026"
                      [31m-[0m[0m Sid       = "AllowPassingInstanceRole"
                    },
                  [31m-[0m[0m {
                      [31m-[0m[0m Action    = "iam:CreateInstanceProfile"
                      [31m-[0m[0m Condition = {
                          [31m-[0m[0m StringEquals = {
                              [31m-[0m[0m "aws:RequestTag/kubernetes.io/cluster/idp-poc-darede-cluster" = "owned"
                              [31m-[0m[0m "aws:RequestTag/topology.kubernetes.io/region"                = "us-east-1"
                            }
                          [31m-[0m[0m StringLike   = {
                              [31m-[0m[0m "aws:RequestTag/karpenter.k8s.aws/ec2nodeclass" = "*"
                            }
                        }
                      [31m-[0m[0m Effect    = "Allow"
                      [31m-[0m[0m Resource  = "*"
                      [31m-[0m[0m Sid       = "AllowScopedInstanceProfileCreationActions"
                    },
                  [31m-[0m[0m {
                      [31m-[0m[0m Action    = "iam:TagInstanceProfile"
                      [31m-[0m[0m Condition = {
                          [31m-[0m[0m StringEquals = {
                              [31m-[0m[0m "aws:RequestTag/kubernetes.io/cluster/idp-poc-darede-cluster"  = "owned"
                              [31m-[0m[0m "aws:ResourceTag/kubernetes.io/cluster/idp-poc-darede-cluster" = "owned"
                              [31m-[0m[0m "aws:ResourceTag/topology.kubernetes.io/region"                = "us-east-1"
                            }
                          [31m-[0m[0m StringLike   = {
                              [31m-[0m[0m "aws:RequestTag/karpenter.k8s.aws/ec2nodeclass"  = "*"
                              [31m-[0m[0m "aws:ResourceTag/karpenter.k8s.aws/ec2nodeclass" = "*"
                            }
                        }
                      [31m-[0m[0m Effect    = "Allow"
                      [31m-[0m[0m Resource  = "*"
                      [31m-[0m[0m Sid       = "AllowScopedInstanceProfileTagActions"
                    },
                  [31m-[0m[0m {
                      [31m-[0m[0m Action    = [
                          [31m-[0m[0m "iam:RemoveRoleFromInstanceProfile",
                          [31m-[0m[0m "iam:DeleteInstanceProfile",
                          [31m-[0m[0m "iam:AddRoleToInstanceProfile",
                        ]
                      [31m-[0m[0m Condition = {
                          [31m-[0m[0m StringEquals = {
                              [31m-[0m[0m "aws:ResourceTag/kubernetes.io/cluster/idp-poc-darede-cluster" = "owned"
                              [31m-[0m[0m "aws:ResourceTag/topology.kubernetes.io/region"                = "us-east-1"
                            }
                          [31m-[0m[0m StringLike   = {
                              [31m-[0m[0m "aws:ResourceTag/karpenter.k8s.aws/ec2nodeclass" = "*"
                            }
                        }
                      [31m-[0m[0m Effect    = "Allow"
                      [31m-[0m[0m Resource  = "*"
                      [31m-[0m[0m Sid       = "AllowScopedInstanceProfileActions"
                    },
                  [31m-[0m[0m {
                      [31m-[0m[0m Action   = "iam:GetInstanceProfile"
                      [31m-[0m[0m Effect   = "Allow"
                      [31m-[0m[0m Resource = "*"
                      [31m-[0m[0m Sid      = "AllowInstanceProfileReadActions"
                    },
                  [31m-[0m[0m {
                      [31m-[0m[0m Action   = "eks:DescribeCluster"
                      [31m-[0m[0m Effect   = "Allow"
                      [31m-[0m[0m Resource = "arn:aws:eks:us-east-1:948881762705:cluster/idp-poc-darede-cluster"
                      [31m-[0m[0m Sid      = "AllowAPIServerEndpointDiscovery"
                    },
                ]
              [31m-[0m[0m Version   = "2012-10-17"
            }
        ) -> (known after apply)
      [33m~[0m[0m tags             = {
            "ConfigSource"    = "config.yaml"
            "ManagedBy"       = "terraform"
          [32m+[0m[0m "cloud_economics" = "Darede-IDP::devops"
            "cost-center"     = "engineering"
            "env"             = "poc"
            "githubRepo"      = "github.com/darede-labs/reference-implementation-aws"
            "owner"           = "platform-team"
            "project"         = "idp"
        }
      [33m~[0m[0m tags_all         = {
          [32m+[0m[0m "cloud_economics" = "Darede-IDP::devops"
            [90m# (7 unchanged elements hidden)[0m[0m
        }
        [90m# (6 unchanged attributes hidden)[0m[0m
    }

[1m  # module.karpenter[0].aws_iam_role.controller[0][0m will be updated in-place
[0m  [33m~[0m[0m resource "aws_iam_role" "controller" {
        id                    = "KarpenterController-20260119155157661100000025"
        name                  = "KarpenterController-20260119155157661100000025"
      [33m~[0m[0m tags                  = {
            "ConfigSource"    = "config.yaml"
            "ManagedBy"       = "terraform"
          [32m+[0m[0m "cloud_economics" = "Darede-IDP::devops"
            "cost-center"     = "engineering"
            "env"             = "poc"
            "githubRepo"      = "github.com/darede-labs/reference-implementation-aws"
            "owner"           = "platform-team"
            "project"         = "idp"
        }
      [33m~[0m[0m tags_all              = {
          [32m+[0m[0m "cloud_economics" = "Darede-IDP::devops"
            [90m# (7 unchanged elements hidden)[0m[0m
        }
        [90m# (11 unchanged attributes hidden)[0m[0m
    }

[1m  # module.karpenter[0].aws_iam_role.node[0][0m will be updated in-place
[0m  [33m~[0m[0m resource "aws_iam_role" "node" {
        id                    = "Karpenter-idp-poc-darede-cluster-20260119155158156300000026"
        name                  = "Karpenter-idp-poc-darede-cluster-20260119155158156300000026"
      [33m~[0m[0m tags                  = {
            "ConfigSource"    = "config.yaml"
            "ManagedBy"       = "terraform"
          [32m+[0m[0m "cloud_economics" = "Darede-IDP::devops"
            "cost-center"     = "engineering"
            "env"             = "poc"
            "githubRepo"      = "github.com/darede-labs/reference-implementation-aws"
            "owner"           = "platform-team"
            "project"         = "idp"
        }
      [33m~[0m[0m tags_all              = {
          [32m+[0m[0m "cloud_economics" = "Darede-IDP::devops"
            [90m# (7 unchanged elements hidden)[0m[0m
        }
        [90m# (11 unchanged attributes hidden)[0m[0m
    }

[1m  # module.karpenter[0].aws_sqs_queue.this[0][0m will be updated in-place
[0m  [33m~[0m[0m resource "aws_sqs_queue" "this" {
        id                                = "https://sqs.us-east-1.amazonaws.com/948881762705/Karpenter-idp-poc-darede-cluster"
        name                              = "Karpenter-idp-poc-darede-cluster"
      [33m~[0m[0m tags                              = {
            "ConfigSource"    = "config.yaml"
            "ManagedBy"       = "terraform"
          [32m+[0m[0m "cloud_economics" = "Darede-IDP::devops"
            "cost-center"     = "engineering"
            "env"             = "poc"
            "githubRepo"      = "github.com/darede-labs/reference-implementation-aws"
            "owner"           = "platform-team"
            "project"         = "idp"
        }
      [33m~[0m[0m tags_all                          = {
          [32m+[0m[0m "cloud_economics" = "Darede-IDP::devops"
            [90m# (7 unchanged elements hidden)[0m[0m
        }
        [90m# (18 unchanged attributes hidden)[0m[0m
    }

[1m  # module.karpenter[0].aws_sqs_queue_policy.this[0][0m will be updated in-place
[0m  [33m~[0m[0m resource "aws_sqs_queue_policy" "this" {
        id        = "https://sqs.us-east-1.amazonaws.com/948881762705/Karpenter-idp-poc-darede-cluster"
      [33m~[0m[0m policy    = jsonencode(
            {
              [31m-[0m[0m Statement = [
                  [31m-[0m[0m {
                      [31m-[0m[0m Action    = "sqs:SendMessage"
                      [31m-[0m[0m Effect    = "Allow"
                      [31m-[0m[0m Principal = {
                          [31m-[0m[0m Service = [
                              [31m-[0m[0m "sqs.amazonaws.com",
                              [31m-[0m[0m "events.amazonaws.com",
                            ]
                        }
                      [31m-[0m[0m Resource  = "arn:aws:sqs:us-east-1:948881762705:Karpenter-idp-poc-darede-cluster"
                      [31m-[0m[0m Sid       = "SqsWrite"
                    },
                  [31m-[0m[0m {
                      [31m-[0m[0m Action    = "sqs:*"
                      [31m-[0m[0m Condition = {
                          [31m-[0m[0m StringEquals = {
                              [31m-[0m[0m "aws:SecureTransport" = "false"
                            }
                        }
                      [31m-[0m[0m Effect    = "Deny"
                      [31m-[0m[0m Principal = "*"
                      [31m-[0m[0m Resource  = "arn:aws:sqs:us-east-1:948881762705:Karpenter-idp-poc-darede-cluster"
                      [31m-[0m[0m Sid       = "DenyHTTP"
                    },
                ]
              [31m-[0m[0m Version   = "2012-10-17"
            }
        ) -> (known after apply)
        [90m# (1 unchanged attribute hidden)[0m[0m
    }

[1m  # module.vpc.aws_default_network_acl.this[0][0m will be updated in-place
[0m  [33m~[0m[0m resource "aws_default_network_acl" "this" {
        id                     = "acl-0c0c66c1cc57457b6"
      [33m~[0m[0m tags                   = {
            "ConfigSource"    = "config.yaml"
            "ManagedBy"       = "terraform"
            "Name"            = "idp-poc-darede-cluster-vpc-default"
          [32m+[0m[0m "cloud_economics" = "Darede-IDP::devops"
            "cost-center"     = "engineering"
            "env"             = "poc"
            "githubRepo"      = "github.com/darede-labs/reference-implementation-aws"
            "owner"           = "platform-team"
            "project"         = "idp"
        }
      [33m~[0m[0m tags_all               = {
          [32m+[0m[0m "cloud_economics" = "Darede-IDP::devops"
            [90m# (8 unchanged elements hidden)[0m[0m
        }
        [90m# (5 unchanged attributes hidden)[0m[0m

        [90m# (4 unchanged blocks hidden)[0m[0m
    }

[1m  # module.vpc.aws_default_route_table.default[0][0m will be updated in-place
[0m  [33m~[0m[0m resource "aws_default_route_table" "default" {
        id                     = "rtb-0514d0049a55717d7"
      [33m~[0m[0m tags                   = {
            "ConfigSource"    = "config.yaml"
            "ManagedBy"       = "terraform"
            "Name"            = "idp-poc-darede-cluster-vpc-default"
          [32m+[0m[0m "cloud_economics" = "Darede-IDP::devops"
            "cost-center"     = "engineering"
            "env"             = "poc"
            "githubRepo"      = "github.com/darede-labs/reference-implementation-aws"
            "owner"           = "platform-team"
            "project"         = "idp"
        }
      [33m~[0m[0m tags_all               = {
          [32m+[0m[0m "cloud_economics" = "Darede-IDP::devops"
            [90m# (8 unchanged elements hidden)[0m[0m
        }
        [90m# (6 unchanged attributes hidden)[0m[0m

        [90m# (1 unchanged block hidden)[0m[0m
    }

[1m  # module.vpc.aws_default_security_group.this[0][0m will be updated in-place
[0m  [33m~[0m[0m resource "aws_default_security_group" "this" {
        id                     = "sg-0cc0cad17f4cff5d9"
        name                   = "default"
      [33m~[0m[0m tags                   = {
            "ConfigSource"    = "config.yaml"
            "ManagedBy"       = "terraform"
            "Name"            = "idp-poc-darede-cluster-vpc-default"
          [32m+[0m[0m "cloud_economics" = "Darede-IDP::devops"
            "cost-center"     = "engineering"
            "env"             = "poc"
            "githubRepo"      = "github.com/darede-labs/reference-implementation-aws"
            "owner"           = "platform-team"
            "project"         = "idp"
        }
      [33m~[0m[0m tags_all               = {
          [32m+[0m[0m "cloud_economics" = "Darede-IDP::devops"
            [90m# (8 unchanged elements hidden)[0m[0m
        }
        [90m# (8 unchanged attributes hidden)[0m[0m
    }

[1m  # module.vpc.aws_eip.nat[0][0m will be updated in-place
[0m  [33m~[0m[0m resource "aws_eip" "nat" {
        id                       = "eipalloc-098a30fa809574619"
      [33m~[0m[0m tags                     = {
            "ConfigSource"    = "config.yaml"
            "ManagedBy"       = "terraform"
            "Name"            = "idp-poc-darede-cluster-vpc-us-east-1a"
          [32m+[0m[0m "cloud_economics" = "Darede-IDP::devops"
            "cost-center"     = "engineering"
            "env"             = "poc"
            "githubRepo"      = "github.com/darede-labs/reference-implementation-aws"
            "owner"           = "platform-team"
            "project"         = "idp"
        }
      [33m~[0m[0m tags_all                 = {
          [32m+[0m[0m "cloud_economics" = "Darede-IDP::devops"
            [90m# (8 unchanged elements hidden)[0m[0m
        }
        [90m# (17 unchanged attributes hidden)[0m[0m
    }

[1m  # module.vpc.aws_internet_gateway.this[0][0m will be updated in-place
[0m  [33m~[0m[0m resource "aws_internet_gateway" "this" {
        id       = "igw-04ea4185dc7ed6143"
      [33m~[0m[0m tags     = {
            "ConfigSource"    = "config.yaml"
            "ManagedBy"       = "terraform"
            "Name"            = "idp-poc-darede-cluster-vpc"
          [32m+[0m[0m "cloud_economics" = "Darede-IDP::devops"
            "cost-center"     = "engineering"
            "env"             = "poc"
            "githubRepo"      = "github.com/darede-labs/reference-implementation-aws"
            "owner"           = "platform-team"
            "project"         = "idp"
        }
      [33m~[0m[0m tags_all = {
          [32m+[0m[0m "cloud_economics" = "Darede-IDP::devops"
            [90m# (8 unchanged elements hidden)[0m[0m
        }
        [90m# (3 unchanged attributes hidden)[0m[0m
    }

[1m  # module.vpc.aws_nat_gateway.this[0][0m will be updated in-place
[0m  [33m~[0m[0m resource "aws_nat_gateway" "this" {
        id                                 = "nat-04fada0daffa7a2eb"
      [33m~[0m[0m tags                               = {
            "ConfigSource"    = "config.yaml"
            "ManagedBy"       = "terraform"
            "Name"            = "idp-poc-darede-cluster-vpc-us-east-1a"
          [32m+[0m[0m "cloud_economics" = "Darede-IDP::devops"
            "cost-center"     = "engineering"
            "env"             = "poc"
            "githubRepo"      = "github.com/darede-labs/reference-implementation-aws"
            "owner"           = "platform-team"
            "project"         = "idp"
        }
      [33m~[0m[0m tags_all                           = {
          [32m+[0m[0m "cloud_economics" = "Darede-IDP::devops"
            [90m# (8 unchanged elements hidden)[0m[0m
        }
        [90m# (10 unchanged attributes hidden)[0m[0m
    }

[1m  # module.vpc.aws_route_table.private[0][0m will be updated in-place
[0m  [33m~[0m[0m resource "aws_route_table" "private" {
        id               = "rtb-08164516e74bb67be"
      [33m~[0m[0m tags             = {
            "ConfigSource"    = "config.yaml"
            "ManagedBy"       = "terraform"
            "Name"            = "idp-poc-darede-cluster-vpc-private"
          [32m+[0m[0m "cloud_economics" = "Darede-IDP::devops"
            "cost-center"     = "engineering"
            "env"             = "poc"
            "githubRepo"      = "github.com/darede-labs/reference-implementation-aws"
            "owner"           = "platform-team"
            "project"         = "idp"
        }
      [33m~[0m[0m tags_all         = {
          [32m+[0m[0m "cloud_economics" = "Darede-IDP::devops"
            [90m# (8 unchanged elements hidden)[0m[0m
        }
        [90m# (5 unchanged attributes hidden)[0m[0m
    }

[1m  # module.vpc.aws_route_table.public[0][0m will be updated in-place
[0m  [33m~[0m[0m resource "aws_route_table" "public" {
        id               = "rtb-02a2560928f0ff66b"
      [33m~[0m[0m tags             = {
            "ConfigSource"    = "config.yaml"
            "ManagedBy"       = "terraform"
            "Name"            = "idp-poc-darede-cluster-vpc-public"
          [32m+[0m[0m "cloud_economics" = "Darede-IDP::devops"
            "cost-center"     = "engineering"
            "env"             = "poc"
            "githubRepo"      = "github.com/darede-labs/reference-implementation-aws"
            "owner"           = "platform-team"
            "project"         = "idp"
        }
      [33m~[0m[0m tags_all         = {
          [32m+[0m[0m "cloud_economics" = "Darede-IDP::devops"
            [90m# (8 unchanged elements hidden)[0m[0m
        }
        [90m# (5 unchanged attributes hidden)[0m[0m
    }

[1m  # module.vpc.aws_subnet.private[0][0m will be updated in-place
[0m  [33m~[0m[0m resource "aws_subnet" "private" {
        id                                             = "subnet-0ee0cb86a1ff7f877"
      [33m~[0m[0m tags                                           = {
            "ConfigSource"                    = "config.yaml"
            "ManagedBy"                       = "terraform"
            "Name"                            = "idp-poc-darede-cluster-vpc-private-us-east-1a"
          [32m+[0m[0m "cloud_economics"                 = "Darede-IDP::devops"
            "cost-center"                     = "engineering"
            "env"                             = "poc"
            "githubRepo"                      = "github.com/darede-labs/reference-implementation-aws"
            "kubernetes.io/role/internal-elb" = "1"
            "owner"                           = "platform-team"
            "project"                         = "idp"
        }
      [33m~[0m[0m tags_all                                       = {
          [32m+[0m[0m "cloud_economics"                 = "Darede-IDP::devops"
            [90m# (9 unchanged elements hidden)[0m[0m
        }
        [90m# (19 unchanged attributes hidden)[0m[0m
    }

[1m  # module.vpc.aws_subnet.private[1][0m will be updated in-place
[0m  [33m~[0m[0m resource "aws_subnet" "private" {
        id                                             = "subnet-0638ee0292ea8ef8a"
      [33m~[0m[0m tags                                           = {
            "ConfigSource"                    = "config.yaml"
            "ManagedBy"                       = "terraform"
            "Name"                            = "idp-poc-darede-cluster-vpc-private-us-east-1b"
          [32m+[0m[0m "cloud_economics"                 = "Darede-IDP::devops"
            "cost-center"                     = "engineering"
            "env"                             = "poc"
            "githubRepo"                      = "github.com/darede-labs/reference-implementation-aws"
            "kubernetes.io/role/internal-elb" = "1"
            "owner"                           = "platform-team"
            "project"                         = "idp"
        }
      [33m~[0m[0m tags_all                                       = {
          [32m+[0m[0m "cloud_economics"                 = "Darede-IDP::devops"
            [90m# (9 unchanged elements hidden)[0m[0m
        }
        [90m# (19 unchanged attributes hidden)[0m[0m
    }

[1m  # module.vpc.aws_subnet.private[2][0m will be updated in-place
[0m  [33m~[0m[0m resource "aws_subnet" "private" {
        id                                             = "subnet-0ad51f00e115eba2f"
      [33m~[0m[0m tags                                           = {
            "ConfigSource"                    = "config.yaml"
            "ManagedBy"                       = "terraform"
            "Name"                            = "idp-poc-darede-cluster-vpc-private-us-east-1c"
          [32m+[0m[0m "cloud_economics"                 = "Darede-IDP::devops"
            "cost-center"                     = "engineering"
            "env"                             = "poc"
            "githubRepo"                      = "github.com/darede-labs/reference-implementation-aws"
            "kubernetes.io/role/internal-elb" = "1"
            "owner"                           = "platform-team"
            "project"                         = "idp"
        }
      [33m~[0m[0m tags_all                                       = {
          [32m+[0m[0m "cloud_economics"                 = "Darede-IDP::devops"
            [90m# (9 unchanged elements hidden)[0m[0m
        }
        [90m# (19 unchanged attributes hidden)[0m[0m
    }

[1m  # module.vpc.aws_subnet.public[0][0m will be updated in-place
[0m  [33m~[0m[0m resource "aws_subnet" "public" {
        id                                             = "subnet-07b1007af6dbdb02c"
      [33m~[0m[0m tags                                           = {
            "ConfigSource"           = "config.yaml"
            "ManagedBy"              = "terraform"
            "Name"                   = "idp-poc-darede-cluster-vpc-public-us-east-1a"
          [32m+[0m[0m "cloud_economics"        = "Darede-IDP::devops"
            "cost-center"            = "engineering"
            "env"                    = "poc"
            "githubRepo"             = "github.com/darede-labs/reference-implementation-aws"
            "kubernetes.io/role/elb" = "1"
            "owner"                  = "platform-team"
            "project"                = "idp"
        }
      [33m~[0m[0m tags_all                                       = {
          [32m+[0m[0m "cloud_economics"        = "Darede-IDP::devops"
            [90m# (9 unchanged elements hidden)[0m[0m
        }
        [90m# (19 unchanged attributes hidden)[0m[0m
    }

[1m  # module.vpc.aws_subnet.public[1][0m will be updated in-place
[0m  [33m~[0m[0m resource "aws_subnet" "public" {
        id                                             = "subnet-05c7ccc86fce729d1"
      [33m~[0m[0m tags                                           = {
            "ConfigSource"           = "config.yaml"
            "ManagedBy"              = "terraform"
            "Name"                   = "idp-poc-darede-cluster-vpc-public-us-east-1b"
          [32m+[0m[0m "cloud_economics"        = "Darede-IDP::devops"
            "cost-center"            = "engineering"
            "env"                    = "poc"
            "githubRepo"             = "github.com/darede-labs/reference-implementation-aws"
            "kubernetes.io/role/elb" = "1"
            "owner"                  = "platform-team"
            "project"                = "idp"
        }
      [33m~[0m[0m tags_all                                       = {
          [32m+[0m[0m "cloud_economics"        = "Darede-IDP::devops"
            [90m# (9 unchanged elements hidden)[0m[0m
        }
        [90m# (19 unchanged attributes hidden)[0m[0m
    }

[1m  # module.vpc.aws_subnet.public[2][0m will be updated in-place
[0m  [33m~[0m[0m resource "aws_subnet" "public" {
        id                                             = "subnet-09ce35257d8f68804"
      [33m~[0m[0m tags                                           = {
            "ConfigSource"           = "config.yaml"
            "ManagedBy"              = "terraform"
            "Name"                   = "idp-poc-darede-cluster-vpc-public-us-east-1c"
          [32m+[0m[0m "cloud_economics"        = "Darede-IDP::devops"
            "cost-center"            = "engineering"
            "env"                    = "poc"
            "githubRepo"             = "github.com/darede-labs/reference-implementation-aws"
            "kubernetes.io/role/elb" = "1"
            "owner"                  = "platform-team"
            "project"                = "idp"
        }
      [33m~[0m[0m tags_all                                       = {
          [32m+[0m[0m "cloud_economics"        = "Darede-IDP::devops"
            [90m# (9 unchanged elements hidden)[0m[0m
        }
        [90m# (19 unchanged attributes hidden)[0m[0m
    }

[1m  # module.vpc.aws_vpc.this[0][0m will be updated in-place
[0m  [33m~[0m[0m resource "aws_vpc" "this" {
        id                                   = "vpc-0a281544d0b4b08dd"
      [33m~[0m[0m tags                                 = {
            "ConfigSource"    = "config.yaml"
            "ManagedBy"       = "terraform"
            "Name"            = "idp-poc-darede-cluster-vpc"
          [32m+[0m[0m "cloud_economics" = "Darede-IDP::devops"
            "cost-center"     = "engineering"
            "env"             = "poc"
            "githubRepo"      = "github.com/darede-labs/reference-implementation-aws"
            "owner"           = "platform-team"
            "project"         = "idp"
        }
      [33m~[0m[0m tags_all                             = {
          [32m+[0m[0m "cloud_economics" = "Darede-IDP::devops"
            [90m# (8 unchanged elements hidden)[0m[0m
        }
        [90m# (18 unchanged attributes hidden)[0m[0m
    }

[1m  # module.eks.module.kms.aws_kms_key.this[0][0m will be updated in-place
[0m  [33m~[0m[0m resource "aws_kms_key" "this" {
        id                                 = "12b7b147-ff96-45cb-812c-306839174cc7"
      [33m~[0m[0m tags                               = {
            "ConfigSource"          = "config.yaml"
            "ManagedBy"             = "terraform"
          [32m+[0m[0m "cloud_economics"       = "Darede-IDP::devops"
            "cost-center"           = "engineering"
            "env"                   = "poc"
            "githubRepo"            = "github.com/darede-labs/reference-implementation-aws"
            "owner"                 = "platform-team"
            "project"               = "idp"
            "terraform-aws-modules" = "eks"
        }
      [33m~[0m[0m tags_all                           = {
          [32m+[0m[0m "cloud_economics"       = "Darede-IDP::devops"
            [90m# (8 unchanged elements hidden)[0m[0m
        }
        [90m# (13 unchanged attributes hidden)[0m[0m
    }

[1mPlan:[0m 7 to add, 64 to change, 2 to destroy.
[0m
Changes to Outputs:
  [32m+[0m[0m keycloak_db_address             = (known after apply)
  [32m+[0m[0m keycloak_db_endpoint            = (known after apply)
  [32m+[0m[0m keycloak_jdbc_url               = (known after apply)
[0m[1mnull_resource.validate_cloud_economics_tag: Creating...[0m[0m
[0m[1mnull_resource.validate_cloud_economics_tag: Creation complete after 0s [id=4907404498790448783][0m
[0m[1mmodule.eks.aws_eks_addon.this["coredns"]: Destroying... [id=idp-poc-darede-cluster:coredns][0m[0m
[0m[1mmodule.eks.aws_eks_addon.this["aws-ebs-csi-driver"]: Destroying... [id=idp-poc-darede-cluster:aws-ebs-csi-driver][0m[0m
[0m[1maws_secretsmanager_secret.keycloak_db[0]: Modifying... [id=arn:aws:secretsmanager:us-east-1:948881762705:secret:idp-poc-darede-cluster-keycloak-db-20260119154151705800000001-2wupK1][0m[0m
[0m[1maws_secretsmanager_secret.github_app: Modifying... [id=arn:aws:secretsmanager:us-east-1:948881762705:secret:idp-poc-darede-cluster-github-app-credentials-UAQ2r2][0m[0m
[0m[1maws_secretsmanager_secret.config: Modifying... [id=arn:aws:secretsmanager:us-east-1:948881762705:secret:cnoe-ref-impl/config-UAQ2r2][0m[0m
[0m[1mmodule.ebs_csi_driver_pod_identity[0].aws_iam_role.this[0]: Modifying... [id=ebs-csi-driver-20260119154151708700000003][0m[0m
[0m[1mmodule.external_dns_pod_identity.aws_iam_policy.external_dns[0]: Modifying... [id=arn:aws:iam::948881762705:policy/AmazonEKS_ExternalDNS-2026011915415301150000000c][0m[0m
[0m[1maws_iam_policy.backstage_terraform_policy: Modifying... [id=arn:aws:iam::948881762705:policy/backstage-terraform-policy][0m[0m
[0m[1maws_iam_policy.crossplane_boundary: Modifying... [id=arn:aws:iam::948881762705:policy/crossplane-permissions-boundary][0m[0m
[0m[1maws_iam_role.karpenter_bootstrap_node[0]: Modifying... [id=idp-poc-darede-cluster-karpenter-bootstrap-node-role][0m[0m
[0m[1maws_secretsmanager_secret.keycloak_db[0]: Modifications complete after 1s [id=arn:aws:secretsmanager:us-east-1:948881762705:secret:idp-poc-darede-cluster-keycloak-db-20260119154151705800000001-2wupK1][0m
[0m[1maws_secretsmanager_secret.config: Modifications complete after 1s [id=arn:aws:secretsmanager:us-east-1:948881762705:secret:cnoe-ref-impl/config-UAQ2r2][0m
[0m[1maws_iam_policy.external_secrets_policy[0]: Modifying... [id=arn:aws:iam::948881762705:policy/external-secrets-policy][0m[0m
[0m[1mmodule.aws_load_balancer_controller_pod_identity[0].aws_iam_role.this[0]: Modifying... [id=aws_load_balancer_controller-20260119154152935900000009][0m[0m
[0m[1maws_secretsmanager_secret.github_app: Modifications complete after 1s [id=arn:aws:secretsmanager:us-east-1:948881762705:secret:idp-poc-darede-cluster-github-app-credentials-UAQ2r2][0m
[0m[1mmodule.eks.aws_iam_policy.custom[0]: Modifying... [id=arn:aws:iam::948881762705:policy/idp-poc-darede-cluster-cluster-2026011915415299470000000b][0m[0m
[0m[1maws_iam_policy.crossplane_boundary: Modifications complete after 1s [id=arn:aws:iam::948881762705:policy/crossplane-permissions-boundary][0m
[0m[1mmodule.ebs_csi_driver_pod_identity[0].aws_iam_policy.ebs_csi[0]: Modifying... [id=arn:aws:iam::948881762705:policy/AmazonEKS_EBS_CSI-2026011915415303200000000d][0m[0m
[0m[1mmodule.external_dns_pod_identity.aws_iam_policy.external_dns[0]: Modifications complete after 1s [id=arn:aws:iam::948881762705:policy/AmazonEKS_ExternalDNS-2026011915415301150000000c][0m
[0m[1mmodule.aws_load_balancer_controller_pod_identity[0].aws_iam_policy.lb_controller[0]: Modifying... [id=arn:aws:iam::948881762705:policy/AmazonEKS_LoadBalancerController-20260119154152925900000008][0m[0m
[0m[1maws_iam_policy.backstage_terraform_policy: Modifications complete after 2s [id=arn:aws:iam::948881762705:policy/backstage-terraform-policy][0m
[0m[1mmodule.external_dns_pod_identity.aws_iam_role.this[0]: Modifying... [id=external-dns-2026011915415298430000000a][0m[0m
[0m[1maws_iam_role.karpenter_bootstrap_node[0]: Modifications complete after 2s [id=idp-poc-darede-cluster-karpenter-bootstrap-node-role][0m
[0m[1mmodule.crossplane_pod_identity.aws_iam_role.this[0]: Modifying... [id=crossplane-provider-aws-20260119154154276200000016][0m[0m
[0m[1mmodule.ebs_csi_driver_pod_identity[0].aws_iam_role.this[0]: Modifications complete after 2s [id=ebs-csi-driver-20260119154151708700000003][0m
[0m[1mmodule.eks.aws_iam_policy.custom[0]: Modifications complete after 1s [id=arn:aws:iam::948881762705:policy/idp-poc-darede-cluster-cluster-2026011915415299470000000b][0m
[0m[1maws_iam_policy.external_secrets_policy[0]: Modifications complete after 1s [id=arn:aws:iam::948881762705:policy/external-secrets-policy][0m
[0m[1mmodule.ebs_csi_driver_pod_identity[0].aws_iam_policy.ebs_csi[0]: Modifications complete after 1s [id=arn:aws:iam::948881762705:policy/AmazonEKS_EBS_CSI-2026011915415303200000000d][0m
[0m[1mmodule.aws_load_balancer_controller_pod_identity[0].aws_iam_role.this[0]: Modifications complete after 1s [id=aws_load_balancer_controller-20260119154152935900000009][0m
[0m[1mmodule.aws_load_balancer_controller_pod_identity[0].aws_iam_policy.lb_controller[0]: Modifications complete after 1s [id=arn:aws:iam::948881762705:policy/AmazonEKS_LoadBalancerController-20260119154152925900000008][0m
[0m[1mmodule.external_dns_pod_identity.aws_iam_role.this[0]: Modifications complete after 0s [id=external-dns-2026011915415298430000000a][0m
[0m[1mmodule.crossplane_pod_identity.aws_iam_role.this[0]: Modifications complete after 1s [id=crossplane-provider-aws-20260119154154276200000016][0m
[0m[1mmodule.eks.aws_eks_addon.this["coredns"]: Destruction complete after 4s[0m
[0m[1mmodule.eks.aws_eks_addon.this["aws-ebs-csi-driver"]: Destruction complete after 9s[0m
[0m[1mmodule.eks.aws_cloudwatch_log_group.this[0]: Modifying... [id=/aws/eks/idp-poc-darede-cluster/cluster][0m[0m
[0m[1mmodule.eks.aws_iam_role.this[0]: Modifying... [id=idp-poc-darede-cluster-cluster-20260119154151709700000005][0m[0m
[0m[1mmodule.vpc.aws_vpc.this[0]: Modifying... [id=vpc-0a281544d0b4b08dd][0m[0m
[0m[1mmodule.eks.aws_iam_role.this[0]: Modifications complete after 1s [id=idp-poc-darede-cluster-cluster-20260119154151709700000005][0m
[0m[1mmodule.eks.module.kms.aws_kms_key.this[0]: Modifying... [id=12b7b147-ff96-45cb-812c-306839174cc7][0m[0m
[0m[1mmodule.eks.aws_cloudwatch_log_group.this[0]: Modifications complete after 1s [id=/aws/eks/idp-poc-darede-cluster/cluster][0m
[0m[1mmodule.vpc.aws_vpc.this[0]: Modifications complete after 2s [id=vpc-0a281544d0b4b08dd][0m
[0m[1mmodule.vpc.aws_default_route_table.default[0]: Modifying... [id=rtb-0514d0049a55717d7][0m[0m
[0m[1mmodule.vpc.aws_internet_gateway.this[0]: Modifying... [id=igw-04ea4185dc7ed6143][0m[0m
[0m[1mmodule.vpc.aws_default_security_group.this[0]: Modifying... [id=sg-0cc0cad17f4cff5d9][0m[0m
[0m[1maws_lb_target_group.https[0]: Modifying... [id=arn:aws:elasticloadbalancing:us-east-1:948881762705:targetgroup/idp-poc-darede-cluster-https/08077f93ad9ffbdc][0m[0m
[0m[1maws_security_group.keycloak_rds[0]: Modifying... [id=sg-0eb462349d50a0f9f][0m[0m
[0m[1maws_security_group.ingress_nginx[0]: Modifying... [id=sg-04ab8e0a23b8a44f0][0m[0m
[0m[1mmodule.vpc.aws_default_network_acl.this[0]: Modifying... [id=acl-0c0c66c1cc57457b6][0m[0m
[0m[1maws_lb_target_group.http[0]: Modifying... [id=arn:aws:elasticloadbalancing:us-east-1:948881762705:targetgroup/idp-poc-darede-cluster-http/4a08a7c2e70ccb96][0m[0m
[0m[1mmodule.eks.aws_security_group.node[0]: Modifying... [id=sg-09ce4363ea156ed93][0m[0m
[0m[1mmodule.vpc.aws_internet_gateway.this[0]: Modifications complete after 1s [id=igw-04ea4185dc7ed6143][0m
[0m[1mmodule.eks.aws_security_group.cluster[0]: Modifying... [id=sg-0a900cb95c5799bd9][0m[0m
[0m[1mmodule.vpc.aws_default_route_table.default[0]: Modifications complete after 1s [id=rtb-0514d0049a55717d7][0m
[0m[1mmodule.vpc.aws_subnet.public[0]: Modifying... [id=subnet-07b1007af6dbdb02c][0m[0m
[0m[1mmodule.vpc.aws_default_network_acl.this[0]: Modifications complete after 1s [id=acl-0c0c66c1cc57457b6][0m
[0m[1mmodule.vpc.aws_route_table.private[0]: Modifying... [id=rtb-08164516e74bb67be][0m[0m
[0m[1maws_security_group.keycloak_rds[0]: Modifications complete after 2s [id=sg-0eb462349d50a0f9f][0m
[0m[1mmodule.eks.aws_security_group.node[0]: Modifications complete after 2s [id=sg-09ce4363ea156ed93][0m
[0m[1mmodule.vpc.aws_default_security_group.this[0]: Modifications complete after 2s [id=sg-0cc0cad17f4cff5d9][0m
[0m[1mmodule.vpc.aws_subnet.private[1]: Modifying... [id=subnet-0638ee0292ea8ef8a][0m[0m
[0m[1mmodule.vpc.aws_subnet.public[1]: Modifying... [id=subnet-05c7ccc86fce729d1][0m[0m
[0m[1mmodule.vpc.aws_subnet.public[2]: Modifying... [id=subnet-09ce35257d8f68804][0m[0m
[0m[1maws_security_group.ingress_nginx[0]: Modifications complete after 2s [id=sg-04ab8e0a23b8a44f0][0m
[0m[1mmodule.vpc.aws_subnet.private[0]: Modifying... [id=subnet-0ee0cb86a1ff7f877][0m[0m
[0m[1maws_lb_target_group.https[0]: Modifications complete after 2s [id=arn:aws:elasticloadbalancing:us-east-1:948881762705:targetgroup/idp-poc-darede-cluster-https/08077f93ad9ffbdc][0m
[0m[1mmodule.vpc.aws_subnet.private[2]: Modifying... [id=subnet-0ad51f00e115eba2f][0m[0m
[0m[1mmodule.vpc.aws_subnet.public[0]: Modifications complete after 1s [id=subnet-07b1007af6dbdb02c][0m
[0m[1mmodule.vpc.aws_route_table.public[0]: Modifying... [id=rtb-02a2560928f0ff66b][0m[0m
[0m[1maws_lb_target_group.http[0]: Modifications complete after 2s [id=arn:aws:elasticloadbalancing:us-east-1:948881762705:targetgroup/idp-poc-darede-cluster-http/4a08a7c2e70ccb96][0m
[0m[1mmodule.vpc.aws_eip.nat[0]: Modifying... [id=eipalloc-098a30fa809574619][0m[0m
[0m[1mmodule.eks.aws_security_group.cluster[0]: Modifications complete after 1s [id=sg-0a900cb95c5799bd9][0m
[0m[1mmodule.vpc.aws_route_table.private[0]: Modifications complete after 1s [id=rtb-08164516e74bb67be][0m
[0m[1mmodule.vpc.aws_subnet.private[1]: Modifications complete after 0s [id=subnet-0638ee0292ea8ef8a][0m
[0m[1mmodule.vpc.aws_subnet.public[1]: Modifications complete after 0s [id=subnet-05c7ccc86fce729d1][0m
[0m[1mmodule.vpc.aws_subnet.public[2]: Modifications complete after 0s [id=subnet-09ce35257d8f68804][0m
[0m[1maws_lb.ingress_nginx[0]: Modifying... [id=arn:aws:elasticloadbalancing:us-east-1:948881762705:loadbalancer/net/idp-poc-darede-cluster-nlb/fdfcaad02f019235][0m[0m
[0m[1mmodule.vpc.aws_subnet.private[0]: Modifications complete after 0s [id=subnet-0ee0cb86a1ff7f877][0m
[0m[1mmodule.vpc.aws_subnet.private[2]: Modifications complete after 0s [id=subnet-0ad51f00e115eba2f][0m
[0m[1maws_db_subnet_group.keycloak[0]: Modifying... [id=idp-poc-darede-cluster-keycloak-db][0m[0m
[0m[1mmodule.vpc.aws_route_table.public[0]: Modifications complete after 0s [id=rtb-02a2560928f0ff66b][0m
[0m[1mmodule.vpc.aws_eip.nat[0]: Modifications complete after 1s [id=eipalloc-098a30fa809574619][0m
[0m[1mmodule.vpc.aws_nat_gateway.this[0]: Modifying... [id=nat-04fada0daffa7a2eb][0m[0m
[0m[1maws_db_subnet_group.keycloak[0]: Modifications complete after 1s [id=idp-poc-darede-cluster-keycloak-db][0m
[0m[1maws_db_instance.keycloak[0]: Creating...[0m[0m
[0m[1mmodule.vpc.aws_nat_gateway.this[0]: Modifications complete after 0s [id=nat-04fada0daffa7a2eb][0m
[0m[1mmodule.eks.module.kms.aws_kms_key.this[0]: Modifications complete after 6s [id=12b7b147-ff96-45cb-812c-306839174cc7][0m
[0m[1mmodule.eks.aws_iam_policy.cluster_encryption[0]: Modifying... [id=arn:aws:iam::948881762705:policy/idp-poc-darede-cluster-cluster-ClusterEncryption20260119154218339200000023][0m[0m
[0m[1mmodule.eks.aws_eks_cluster.this[0]: Modifying... [id=idp-poc-darede-cluster][0m[0m
[0m[1mmodule.eks.aws_eks_cluster.this[0]: Modifications complete after 1s [id=idp-poc-darede-cluster][0m
[0m[1mmodule.eks.data.aws_eks_addon_version.this["vpc-cni"]: Reading...[0m[0m
[0m[1mmodule.eks.data.aws_eks_addon_version.this["kube-proxy"]: Reading...[0m[0m
[0m[1mmodule.eks.data.aws_eks_addon_version.this["eks-pod-identity-agent"]: Reading...[0m[0m
[0m[1mmodule.eks.data.aws_eks_addon_version.this["coredns"]: Reading...[0m[0m
[0m[1mmodule.eks.data.aws_eks_addon_version.this["aws-ebs-csi-driver"]: Reading...[0m[0m
[0m[1mmodule.eks.aws_eks_access_entry.this["cluster_creator"]: Modifying... [id=idp-poc-darede-cluster:arn:aws:iam::948881762705:role/aws-reserved/sso.amazonaws.com/AWSReservedSSO_Available_Regions_us-east-1_2_5c093e84c42887e0][0m[0m
[0m[1mmodule.eks.data.tls_certificate.this[0]: Reading...[0m[0m
[0m[1mmodule.eks.aws_ec2_tag.cluster_primary_security_group["cloud_economics"]: Creating...[0m[0m
[0m[1mmodule.eks.aws_iam_policy.cluster_encryption[0]: Modifications complete after 1s [id=arn:aws:iam::948881762705:policy/idp-poc-darede-cluster-cluster-ClusterEncryption20260119154218339200000023][0m
[0m[1mmodule.eks.data.aws_eks_addon_version.this["coredns"]: Read complete after 0s [id=coredns][0m
[0m[1mmodule.eks.data.aws_eks_addon_version.this["kube-proxy"]: Read complete after 0s [id=kube-proxy][0m
[0m[1mmodule.eks.data.aws_eks_addon_version.this["aws-ebs-csi-driver"]: Read complete after 0s [id=aws-ebs-csi-driver][0m
[0m[1mmodule.eks.data.aws_eks_addon_version.this["eks-pod-identity-agent"]: Read complete after 0s [id=eks-pod-identity-agent][0m
[0m[1mmodule.eks.data.aws_eks_addon_version.this["vpc-cni"]: Read complete after 0s [id=vpc-cni][0m
[0m[1mmodule.eks.aws_eks_addon.this["aws-ebs-csi-driver"]: Creating...[0m[0m
[0m[1mmodule.eks.aws_eks_addon.this["coredns"]: Creating...[0m[0m
[0m[1mmodule.eks.aws_eks_addon.this["kube-proxy"]: Modifying... [id=idp-poc-darede-cluster:kube-proxy][0m[0m
[0m[1mmodule.eks.aws_eks_addon.this["eks-pod-identity-agent"]: Modifying... [id=idp-poc-darede-cluster:eks-pod-identity-agent][0m[0m
[0m[1mmodule.eks.aws_eks_addon.this["vpc-cni"]: Modifying... [id=idp-poc-darede-cluster:vpc-cni][0m[0m
[0m[1mmodule.eks.aws_ec2_tag.cluster_primary_security_group["cloud_economics"]: Creation complete after 0s [id=sg-0971c56d88b2ce058,cloud_economics][0m
[0m[1mmodule.eks.data.tls_certificate.this[0]: Read complete after 0s [id=0c37bb608751c2a14704338d4b14c14e6dbe88ac][0m
[0m[1mmodule.eks.aws_iam_openid_connect_provider.oidc_provider[0]: Modifying... [id=arn:aws:iam::948881762705:oidc-provider/oidc.eks.us-east-1.amazonaws.com/id/215C81B2F90F8A032EDAD7C5CC8CD921][0m[0m
[0m[1mmodule.eks.aws_iam_openid_connect_provider.oidc_provider[0]: Modifications complete after 0s [id=arn:aws:iam::948881762705:oidc-provider/oidc.eks.us-east-1.amazonaws.com/id/215C81B2F90F8A032EDAD7C5CC8CD921][0m
[0m[1mmodule.external_secrets_irsa[0].aws_iam_role.this[0]: Modifying... [id=external-secrets-irsa][0m[0m
[0m[1mmodule.backstage_irsa.aws_iam_role.this[0]: Modifying... [id=backstage-terraform-irsa][0m[0m
[0m[1mmodule.karpenter[0].aws_iam_role.controller[0]: Modifying... [id=KarpenterController-20260119155157661100000025][0m[0m
[0m[1mmodule.eks.aws_eks_access_entry.this["cluster_creator"]: Modifications complete after 1s [id=idp-poc-darede-cluster:arn:aws:iam::948881762705:role/aws-reserved/sso.amazonaws.com/AWSReservedSSO_Available_Regions_us-east-1_2_5c093e84c42887e0][0m
[0m[1mmodule.karpenter[0].aws_cloudwatch_event_rule.this["spot_interrupt"]: Modifying... [id=KarpenterSpotInterrupt-20260119155158159300000027][0m[0m
[0m[1mmodule.eks.aws_eks_addon.this["vpc-cni"]: Modifications complete after 1s [id=idp-poc-darede-cluster:vpc-cni][0m
[0m[1mmodule.karpenter[0].aws_cloudwatch_event_rule.this["instance_rebalance"]: Modifying... [id=KarpenterInstanceRebalance-2026011915515874010000002d][0m[0m
[0m[1mmodule.eks.aws_eks_addon.this["kube-proxy"]: Modifications complete after 1s [id=idp-poc-darede-cluster:kube-proxy][0m
[0m[1mmodule.karpenter[0].aws_cloudwatch_event_rule.this["health_event"]: Modifying... [id=KarpenterHealthEvent-2026011915515871600000002c][0m[0m
[0m[1mmodule.eks.aws_eks_addon.this["eks-pod-identity-agent"]: Modifications complete after 1s [id=idp-poc-darede-cluster:eks-pod-identity-agent][0m
[0m[1mmodule.karpenter[0].aws_cloudwatch_event_rule.this["instance_state_change"]: Modifying... [id=KarpenterInstanceStateChange-2026011915515878440000002e][0m[0m
[0m[1mmodule.external_secrets_irsa[0].aws_iam_role.this[0]: Modifications complete after 1s [id=external-secrets-irsa][0m
[0m[1mmodule.external_dns_pod_identity.aws_eks_pod_identity_association.this["external_secrets"]: Modifying... [id=a-mqorwv7f6mga7efa4][0m[0m
[0m[1mmodule.backstage_irsa.aws_iam_role.this[0]: Modifications complete after 1s [id=backstage-terraform-irsa][0m
[0m[1mmodule.ebs_csi_driver_pod_identity[0].aws_eks_pod_identity_association.this["external_secrets"]: Modifying... [id=a-xa90f5gpphjxpobke][0m[0m
[0m[1mmodule.karpenter[0].aws_iam_role.controller[0]: Modifications complete after 1s [id=KarpenterController-20260119155157661100000025][0m
[0m[1mmodule.crossplane_pod_identity.aws_eks_pod_identity_association.this["crossplane"]: Modifying... [id=a-sutcni2ni74dulfjy][0m[0m
[0m[1mmodule.karpenter[0].aws_cloudwatch_event_rule.this["spot_interrupt"]: Modifications complete after 1s [id=KarpenterSpotInterrupt-20260119155158159300000027][0m
[0m[1mmodule.aws_load_balancer_controller_pod_identity[0].aws_eks_pod_identity_association.this["external_secrets"]: Modifying... [id=a-qccieueeqdkslphjg][0m[0m
[0m[1mmodule.karpenter[0].aws_cloudwatch_event_rule.this["instance_rebalance"]: Modifications complete after 1s [id=KarpenterInstanceRebalance-2026011915515874010000002d][0m
[0m[1mmodule.karpenter[0].aws_iam_role.node[0]: Modifying... [id=Karpenter-idp-poc-darede-cluster-20260119155158156300000026][0m[0m
[0m[1mmodule.external_dns_pod_identity.aws_eks_pod_identity_association.this["external_secrets"]: Modifications complete after 1s [id=a-mqorwv7f6mga7efa4][0m
[0m[1mmodule.karpenter[0].aws_sqs_queue.this[0]: Modifying... [id=https://sqs.us-east-1.amazonaws.com/948881762705/Karpenter-idp-poc-darede-cluster][0m[0m
[0m[1mmodule.karpenter[0].aws_cloudwatch_event_rule.this["health_event"]: Modifications complete after 1s [id=KarpenterHealthEvent-2026011915515871600000002c][0m
[0m[1mmodule.ebs_csi_driver_pod_identity[0].aws_eks_pod_identity_association.this["external_secrets"]: Modifications complete after 1s [id=a-xa90f5gpphjxpobke][0m
[0m[1mmodule.karpenter[0].aws_cloudwatch_event_rule.this["instance_state_change"]: Modifications complete after 1s [id=KarpenterInstanceStateChange-2026011915515878440000002e][0m
[0m[1mmodule.crossplane_pod_identity.aws_eks_pod_identity_association.this["crossplane"]: Modifications complete after 1s [id=a-sutcni2ni74dulfjy][0m
[0m[1mmodule.aws_load_balancer_controller_pod_identity[0].aws_eks_pod_identity_association.this["external_secrets"]: Modifications complete after 0s [id=a-qccieueeqdkslphjg][0m
[0m[1mmodule.karpenter[0].aws_sqs_queue.this[0]: Modifications complete after 1s [id=https://sqs.us-east-1.amazonaws.com/948881762705/Karpenter-idp-poc-darede-cluster][0m
[0m[1mmodule.karpenter[0].aws_iam_role.node[0]: Modifications complete after 1s [id=Karpenter-idp-poc-darede-cluster-20260119155158156300000026][0m
[0m[1mmodule.karpenter[0].data.aws_iam_policy_document.queue[0]: Reading...[0m[0m
[0m[1mmodule.karpenter[0].data.aws_iam_policy_document.queue[0]: Read complete after 0s [id=4234876983][0m
[0m[1mmodule.karpenter[0].data.aws_iam_policy_document.v1[0]: Reading...[0m[0m
[0m[1mmodule.karpenter[0].data.aws_iam_policy_document.v033[0]: Reading...[0m[0m
[0m[1mmodule.karpenter[0].aws_eks_access_entry.node[0]: Modifying... [id=idp-poc-darede-cluster:arn:aws:iam::948881762705:role/Karpenter-idp-poc-darede-cluster-20260119155158156300000026][0m[0m
[0m[1mmodule.karpenter[0].data.aws_iam_policy_document.v033[0]: Read complete after 0s [id=305573987][0m
[0m[1mmodule.karpenter[0].data.aws_iam_policy_document.v1[0]: Read complete after 0s [id=4291009129][0m
[0m[1mmodule.karpenter[0].data.aws_iam_policy_document.controller[0]: Reading...[0m[0m
[0m[1mmodule.karpenter[0].data.aws_iam_policy_document.controller[0]: Read complete after 0s [id=305573987][0m
[0m[1mmodule.karpenter[0].aws_iam_policy.controller[0]: Modifying... [id=arn:aws:iam::948881762705:policy/KarpenterController-2026011915522817490000003b][0m[0m
[0m[1mmodule.karpenter[0].aws_iam_policy.controller[0]: Modifications complete after 1s [id=arn:aws:iam::948881762705:policy/KarpenterController-2026011915522817490000003b][0m
[0m[1mmodule.karpenter[0].aws_eks_access_entry.node[0]: Modifications complete after 1s [id=idp-poc-darede-cluster:arn:aws:iam::948881762705:role/Karpenter-idp-poc-darede-cluster-20260119155158156300000026][0m
[0m[1maws_lb.ingress_nginx[0]: Still modifying... [id=arn:aws:elasticloadbalancing:us-east-1:...oc-darede-cluster-nlb/fdfcaad02f019235, 00m10s elapsed][0m[0m
[0m[1mmodule.eks.aws_eks_addon.this["coredns"]: Still creating... [00m10s elapsed][0m[0m
[0m[1mmodule.eks.aws_eks_addon.this["aws-ebs-csi-driver"]: Still creating... [00m10s elapsed][0m[0m
[0m[1maws_lb.ingress_nginx[0]: Still modifying... [id=arn:aws:elasticloadbalancing:us-east-1:...oc-darede-cluster-nlb/fdfcaad02f019235, 00m20s elapsed][0m[0m
[0m[1mmodule.eks.aws_eks_addon.this["coredns"]: Still creating... [00m20s elapsed][0m[0m
[0m[1mmodule.eks.aws_eks_addon.this["aws-ebs-csi-driver"]: Still creating... [00m20s elapsed][0m[0m
[0m[1maws_lb.ingress_nginx[0]: Still modifying... [id=arn:aws:elasticloadbalancing:us-east-1:...oc-darede-cluster-nlb/fdfcaad02f019235, 00m30s elapsed][0m[0m
[0m[1maws_lb.ingress_nginx[0]: Modifications complete after 31s [id=arn:aws:elasticloadbalancing:us-east-1:948881762705:loadbalancer/net/idp-poc-darede-cluster-nlb/fdfcaad02f019235][0m
[0m[1mmodule.eks.aws_eks_addon.this["aws-ebs-csi-driver"]: Still creating... [00m30s elapsed][0m[0m
[0m[1mmodule.eks.aws_eks_addon.this["coredns"]: Still creating... [00m30s elapsed][0m[0m
[0m[1mmodule.eks.aws_eks_addon.this["coredns"]: Still creating... [00m40s elapsed][0m[0m
[0m[1mmodule.eks.aws_eks_addon.this["aws-ebs-csi-driver"]: Still creating... [00m40s elapsed][0m[0m
[0m[1mmodule.eks.aws_eks_addon.this["aws-ebs-csi-driver"]: Still creating... [00m50s elapsed][0m[0m
[0m[1mmodule.eks.aws_eks_addon.this["coredns"]: Still creating... [00m50s elapsed][0m[0m
[0m[1mmodule.eks.aws_eks_addon.this["aws-ebs-csi-driver"]: Still creating... [01m00s elapsed][0m[0m
[0m[1mmodule.eks.aws_eks_addon.this["coredns"]: Still creating... [01m00s elapsed][0m[0m
[0m[1mmodule.eks.aws_eks_addon.this["coredns"]: Still creating... [01m10s elapsed][0m[0m
[0m[1mmodule.eks.aws_eks_addon.this["aws-ebs-csi-driver"]: Still creating... [01m10s elapsed][0m[0m
[0m[1mmodule.eks.aws_eks_addon.this["coredns"]: Still creating... [01m20s elapsed][0m[0m
[0m[1mmodule.eks.aws_eks_addon.this["aws-ebs-csi-driver"]: Still creating... [01m20s elapsed][0m[0m
[0m[1mmodule.eks.aws_eks_addon.this["coredns"]: Still creating... [01m30s elapsed][0m[0m
[0m[1mmodule.eks.aws_eks_addon.this["aws-ebs-csi-driver"]: Still creating... [01m30s elapsed][0m[0m
[0m[1mmodule.eks.aws_eks_addon.this["coredns"]: Still creating... [01m40s elapsed][0m[0m
[0m[1mmodule.eks.aws_eks_addon.this["aws-ebs-csi-driver"]: Still creating... [01m40s elapsed][0m[0m
[0m[1mmodule.eks.aws_eks_addon.this["coredns"]: Still creating... [01m50s elapsed][0m[0m
[0m[1mmodule.eks.aws_eks_addon.this["aws-ebs-csi-driver"]: Still creating... [01m50s elapsed][0m[0m
[0m[1mmodule.eks.aws_eks_addon.this["coredns"]: Still creating... [02m00s elapsed][0m[0m
[0m[1mmodule.eks.aws_eks_addon.this["aws-ebs-csi-driver"]: Still creating... [02m00s elapsed][0m[0m
[0m[1mmodule.eks.aws_eks_addon.this["aws-ebs-csi-driver"]: Still creating... [02m10s elapsed][0m[0m
[0m[1mmodule.eks.aws_eks_addon.this["coredns"]: Still creating... [02m10s elapsed][0m[0m
[0m[1mmodule.eks.aws_eks_addon.this["coredns"]: Still creating... [02m20s elapsed][0m[0m
[0m[1mmodule.eks.aws_eks_addon.this["aws-ebs-csi-driver"]: Still creating... [02m20s elapsed][0m[0m
[0m[1mmodule.eks.aws_eks_addon.this["coredns"]: Still creating... [02m30s elapsed][0m[0m
[0m[1mmodule.eks.aws_eks_addon.this["aws-ebs-csi-driver"]: Still creating... [02m30s elapsed][0m[0m
[0m[1mmodule.eks.aws_eks_addon.this["coredns"]: Still creating... [02m40s elapsed][0m[0m
[0m[1mmodule.eks.aws_eks_addon.this["aws-ebs-csi-driver"]: Still creating... [02m40s elapsed][0m[0m
[0m[1mmodule.eks.aws_eks_addon.this["aws-ebs-csi-driver"]: Still creating... [02m50s elapsed][0m[0m
[0m[1mmodule.eks.aws_eks_addon.this["coredns"]: Still creating... [02m50s elapsed][0m[0m
[0m[1mmodule.eks.aws_eks_addon.this["aws-ebs-csi-driver"]: Still creating... [03m00s elapsed][0m[0m
[0m[1mmodule.eks.aws_eks_addon.this["coredns"]: Still creating... [03m00s elapsed][0m[0m
[0m[1mmodule.eks.aws_eks_addon.this["aws-ebs-csi-driver"]: Still creating... [03m10s elapsed][0m[0m
[0m[1mmodule.eks.aws_eks_addon.this["coredns"]: Still creating... [03m10s elapsed][0m[0m
[0m[1mmodule.eks.aws_eks_addon.this["coredns"]: Still creating... [03m20s elapsed][0m[0m
[0m[1mmodule.eks.aws_eks_addon.this["aws-ebs-csi-driver"]: Still creating... [03m20s elapsed][0m[0m
[0m[1mmodule.eks.aws_eks_addon.this["coredns"]: Still creating... [03m30s elapsed][0m[0m
[0m[1mmodule.eks.aws_eks_addon.this["aws-ebs-csi-driver"]: Still creating... [03m30s elapsed][0m[0m
[0m[1mmodule.eks.aws_eks_addon.this["aws-ebs-csi-driver"]: Still creating... [03m40s elapsed][0m[0m
[0m[1mmodule.eks.aws_eks_addon.this["coredns"]: Still creating... [03m40s elapsed][0m[0m
[0m[1mmodule.eks.aws_eks_addon.this["aws-ebs-csi-driver"]: Still creating... [03m50s elapsed][0m[0m
[0m[1mmodule.eks.aws_eks_addon.this["coredns"]: Still creating... [03m50s elapsed][0m[0m
[0m[1mmodule.eks.aws_eks_addon.this["coredns"]: Still creating... [04m00s elapsed][0m[0m
[0m[1mmodule.eks.aws_eks_addon.this["aws-ebs-csi-driver"]: Still creating... [04m00s elapsed][0m[0m
[0m[1mmodule.eks.aws_eks_addon.this["aws-ebs-csi-driver"]: Still creating... [04m10s elapsed][0m[0m
[0m[1mmodule.eks.aws_eks_addon.this["coredns"]: Still creating... [04m10s elapsed][0m[0m
[0m[1mmodule.eks.aws_eks_addon.this["coredns"]: Still creating... [04m20s elapsed][0m[0m
[0m[1mmodule.eks.aws_eks_addon.this["aws-ebs-csi-driver"]: Still creating... [04m20s elapsed][0m[0m
[0m[1mmodule.eks.aws_eks_addon.this["coredns"]: Still creating... [04m30s elapsed][0m[0m
[0m[1mmodule.eks.aws_eks_addon.this["aws-ebs-csi-driver"]: Still creating... [04m30s elapsed][0m[0m
[0m[1mmodule.eks.aws_eks_addon.this["aws-ebs-csi-driver"]: Still creating... [04m40s elapsed][0m[0m
[0m[1mmodule.eks.aws_eks_addon.this["coredns"]: Still creating... [04m40s elapsed][0m[0m
[0m[1mmodule.eks.aws_eks_addon.this["coredns"]: Still creating... [04m50s elapsed][0m[0m
[0m[1mmodule.eks.aws_eks_addon.this["aws-ebs-csi-driver"]: Still creating... [04m50s elapsed][0m[0m
[0m[1mmodule.eks.aws_eks_addon.this["coredns"]: Still creating... [05m00s elapsed][0m[0m
[0m[1mmodule.eks.aws_eks_addon.this["aws-ebs-csi-driver"]: Still creating... [05m00s elapsed][0m[0m
[0m[1mmodule.eks.aws_eks_addon.this["coredns"]: Still creating... [05m10s elapsed][0m[0m
[0m[1mmodule.eks.aws_eks_addon.this["aws-ebs-csi-driver"]: Still creating... [05m10s elapsed][0m[0m
[0m[1mmodule.eks.aws_eks_addon.this["coredns"]: Still creating... [05m20s elapsed][0m[0m
[0m[1mmodule.eks.aws_eks_addon.this["aws-ebs-csi-driver"]: Still creating... [05m20s elapsed][0m[0m
[0m[1mmodule.eks.aws_eks_addon.this["coredns"]: Still creating... [05m30s elapsed][0m[0m
[0m[1mmodule.eks.aws_eks_addon.this["aws-ebs-csi-driver"]: Still creating... [05m30s elapsed][0m[0m
[0m[1mmodule.eks.aws_eks_addon.this["aws-ebs-csi-driver"]: Still creating... [05m40s elapsed][0m[0m
[0m[1mmodule.eks.aws_eks_addon.this["coredns"]: Still creating... [05m40s elapsed][0m[0m
[0m[1mmodule.eks.aws_eks_addon.this["aws-ebs-csi-driver"]: Still creating... [05m50s elapsed][0m[0m
[0m[1mmodule.eks.aws_eks_addon.this["coredns"]: Still creating... [05m50s elapsed][0m[0m
[0m[1mmodule.eks.aws_eks_addon.this["aws-ebs-csi-driver"]: Still creating... [06m00s elapsed][0m[0m
[0m[1mmodule.eks.aws_eks_addon.this["coredns"]: Still creating... [06m00s elapsed][0m[0m
[0m[1mmodule.eks.aws_eks_addon.this["coredns"]: Still creating... [06m10s elapsed][0m[0m
[0m[1mmodule.eks.aws_eks_addon.this["aws-ebs-csi-driver"]: Still creating... [06m10s elapsed][0m[0m
[0m[1mmodule.eks.aws_eks_addon.this["aws-ebs-csi-driver"]: Still creating... [06m20s elapsed][0m[0m
[0m[1mmodule.eks.aws_eks_addon.this["coredns"]: Still creating... [06m20s elapsed][0m[0m
[0m[1mmodule.eks.aws_eks_addon.this["aws-ebs-csi-driver"]: Still creating... [06m30s elapsed][0m[0m
[0m[1mmodule.eks.aws_eks_addon.this["coredns"]: Still creating... [06m30s elapsed][0m[0m
[0m[1mmodule.eks.aws_eks_addon.this["coredns"]: Still creating... [06m40s elapsed][0m[0m
[0m[1mmodule.eks.aws_eks_addon.this["aws-ebs-csi-driver"]: Still creating... [06m40s elapsed][0m[0m
[0m[1mmodule.eks.aws_eks_addon.this["aws-ebs-csi-driver"]: Still creating... [06m50s elapsed][0m[0m
[0m[1mmodule.eks.aws_eks_addon.this["coredns"]: Still creating... [06m50s elapsed][0m[0m
[0m[1mmodule.eks.aws_eks_addon.this["coredns"]: Still creating... [07m00s elapsed][0m[0m
[0m[1mmodule.eks.aws_eks_addon.this["aws-ebs-csi-driver"]: Still creating... [07m00s elapsed][0m[0m
[0m[1mmodule.eks.aws_eks_addon.this["coredns"]: Still creating... [07m10s elapsed][0m[0m
[0m[1mmodule.eks.aws_eks_addon.this["aws-ebs-csi-driver"]: Still creating... [07m10s elapsed][0m[0m
[0m[1mmodule.eks.aws_eks_addon.this["aws-ebs-csi-driver"]: Still creating... [07m20s elapsed][0m[0m
[0m[1mmodule.eks.aws_eks_addon.this["coredns"]: Still creating... [07m20s elapsed][0m[0m
[0m[1mmodule.eks.aws_eks_addon.this["coredns"]: Still creating... [07m30s elapsed][0m[0m
[0m[1mmodule.eks.aws_eks_addon.this["aws-ebs-csi-driver"]: Still creating... [07m30s elapsed][0m[0m
[0m[1mmodule.eks.aws_eks_addon.this["aws-ebs-csi-driver"]: Still creating... [07m40s elapsed][0m[0m
[0m[1mmodule.eks.aws_eks_addon.this["coredns"]: Still creating... [07m40s elapsed][0m[0m
[0m[1mmodule.eks.aws_eks_addon.this["aws-ebs-csi-driver"]: Still creating... [07m50s elapsed][0m[0m
[0m[1mmodule.eks.aws_eks_addon.this["coredns"]: Still creating... [07m50s elapsed][0m[0m
[0m[1mmodule.eks.aws_eks_addon.this["aws-ebs-csi-driver"]: Still creating... [08m00s elapsed][0m[0m
[0m[1mmodule.eks.aws_eks_addon.this["coredns"]: Still creating... [08m00s elapsed][0m[0m
[0m[1mmodule.eks.aws_eks_addon.this["aws-ebs-csi-driver"]: Still creating... [08m10s elapsed][0m[0m
[0m[1mmodule.eks.aws_eks_addon.this["coredns"]: Still creating... [08m10s elapsed][0m[0m
[0m[1mmodule.eks.aws_eks_addon.this["aws-ebs-csi-driver"]: Still creating... [08m20s elapsed][0m[0m
[0m[1mmodule.eks.aws_eks_addon.this["coredns"]: Still creating... [08m20s elapsed][0m[0m
[0m[1mmodule.eks.aws_eks_addon.this["coredns"]: Still creating... [08m30s elapsed][0m[0m
[0m[1mmodule.eks.aws_eks_addon.this["aws-ebs-csi-driver"]: Still creating... [08m30s elapsed][0m[0m
[0m[1mmodule.eks.aws_eks_addon.this["coredns"]: Still creating... [08m40s elapsed][0m[0m
[0m[1mmodule.eks.aws_eks_addon.this["aws-ebs-csi-driver"]: Still creating... [08m40s elapsed][0m[0m
[0m[1mmodule.eks.aws_eks_addon.this["aws-ebs-csi-driver"]: Still creating... [08m50s elapsed][0m[0m
[0m[1mmodule.eks.aws_eks_addon.this["coredns"]: Still creating... [08m50s elapsed][0m[0m
[0m[1mmodule.eks.aws_eks_addon.this["coredns"]: Still creating... [09m00s elapsed][0m[0m
[0m[1mmodule.eks.aws_eks_addon.this["aws-ebs-csi-driver"]: Still creating... [09m00s elapsed][0m[0m
[0m[1mmodule.eks.aws_eks_addon.this["aws-ebs-csi-driver"]: Still creating... [09m10s elapsed][0m[0m
[0m[1mmodule.eks.aws_eks_addon.this["coredns"]: Still creating... [09m10s elapsed][0m[0m
[0m[1mmodule.eks.aws_eks_addon.this["aws-ebs-csi-driver"]: Still creating... [09m20s elapsed][0m[0m
[0m[1mmodule.eks.aws_eks_addon.this["coredns"]: Still creating... [09m20s elapsed][0m[0m
[0m[1mmodule.eks.aws_eks_addon.this["coredns"]: Still creating... [09m30s elapsed][0m[0m
[0m[1mmodule.eks.aws_eks_addon.this["aws-ebs-csi-driver"]: Still creating... [09m30s elapsed][0m[0m
[0m[1mmodule.eks.aws_eks_addon.this["aws-ebs-csi-driver"]: Still creating... [09m40s elapsed][0m[0m
[0m[1mmodule.eks.aws_eks_addon.this["coredns"]: Still creating... [09m40s elapsed][0m[0m
[0m[1mmodule.eks.aws_eks_addon.this["aws-ebs-csi-driver"]: Still creating... [09m50s elapsed][0m[0m
[0m[1mmodule.eks.aws_eks_addon.this["coredns"]: Still creating... [09m50s elapsed][0m[0m
[0m[1mmodule.eks.aws_eks_addon.this["aws-ebs-csi-driver"]: Still creating... [10m00s elapsed][0m[0m
[0m[1mmodule.eks.aws_eks_addon.this["coredns"]: Still creating... [10m00s elapsed][0m[0m
[0m[1mmodule.eks.aws_eks_addon.this["aws-ebs-csi-driver"]: Still creating... [10m10s elapsed][0m[0m
[0m[1mmodule.eks.aws_eks_addon.this["coredns"]: Still creating... [10m10s elapsed][0m[0m
[0m[1mmodule.eks.aws_eks_addon.this["coredns"]: Still creating... [10m20s elapsed][0m[0m
[0m[1mmodule.eks.aws_eks_addon.this["aws-ebs-csi-driver"]: Still creating... [10m20s elapsed][0m[0m
[0m[1mmodule.eks.aws_eks_addon.this["aws-ebs-csi-driver"]: Still creating... [10m30s elapsed][0m[0m
[0m[1mmodule.eks.aws_eks_addon.this["coredns"]: Still creating... [10m30s elapsed][0m[0m
[0m[1mmodule.eks.aws_eks_addon.this["coredns"]: Still creating... [10m40s elapsed][0m[0m
[0m[1mmodule.eks.aws_eks_addon.this["aws-ebs-csi-driver"]: Still creating... [10m40s elapsed][0m[0m
[0m[1mmodule.eks.aws_eks_addon.this["aws-ebs-csi-driver"]: Still creating... [10m50s elapsed][0m[0m
[0m[1mmodule.eks.aws_eks_addon.this["coredns"]: Still creating... [10m50s elapsed][0m[0m
[0m[1mmodule.eks.aws_eks_addon.this["aws-ebs-csi-driver"]: Still creating... [11m00s elapsed][0m[0m
[0m[1mmodule.eks.aws_eks_addon.this["coredns"]: Still creating... [11m00s elapsed][0m[0m
[0m[1mmodule.eks.aws_eks_addon.this["coredns"]: Still creating... [11m10s elapsed][0m[0m
[0m[1mmodule.eks.aws_eks_addon.this["aws-ebs-csi-driver"]: Still creating... [11m10s elapsed][0m[0m
[0m[1mmodule.eks.aws_eks_addon.this["coredns"]: Still creating... [11m20s elapsed][0m[0m
[0m[1mmodule.eks.aws_eks_addon.this["aws-ebs-csi-driver"]: Still creating... [11m20s elapsed][0m[0m
[0m[1mmodule.eks.aws_eks_addon.this["aws-ebs-csi-driver"]: Still creating... [11m30s elapsed][0m[0m
[0m[1mmodule.eks.aws_eks_addon.this["coredns"]: Still creating... [11m30s elapsed][0m[0m
[0m[1mmodule.eks.aws_eks_addon.this["aws-ebs-csi-driver"]: Still creating... [11m40s elapsed][0m[0m
[0m[1mmodule.eks.aws_eks_addon.this["coredns"]: Still creating... [11m40s elapsed][0m[0m
[0m[1mmodule.eks.aws_eks_addon.this["coredns"]: Still creating... [11m50s elapsed][0m[0m
[0m[1mmodule.eks.aws_eks_addon.this["aws-ebs-csi-driver"]: Still creating... [11m50s elapsed][0m[0m
[0m[1mmodule.eks.aws_eks_addon.this["aws-ebs-csi-driver"]: Still creating... [12m00s elapsed][0m[0m
[0m[1mmodule.eks.aws_eks_addon.this["coredns"]: Still creating... [12m00s elapsed][0m[0m
[0m[1mmodule.eks.aws_eks_addon.this["coredns"]: Still creating... [12m10s elapsed][0m[0m
[0m[1mmodule.eks.aws_eks_addon.this["aws-ebs-csi-driver"]: Still creating... [12m10s elapsed][0m[0m
[0m[1mmodule.eks.aws_eks_addon.this["aws-ebs-csi-driver"]: Still creating... [12m20s elapsed][0m[0m
[0m[1mmodule.eks.aws_eks_addon.this["coredns"]: Still creating... [12m20s elapsed][0m[0m
[0m[1mmodule.eks.aws_eks_addon.this["coredns"]: Still creating... [12m30s elapsed][0m[0m
[0m[1mmodule.eks.aws_eks_addon.this["aws-ebs-csi-driver"]: Still creating... [12m30s elapsed][0m[0m
[0m[1mmodule.eks.aws_eks_addon.this["aws-ebs-csi-driver"]: Still creating... [12m40s elapsed][0m[0m
[0m[1mmodule.eks.aws_eks_addon.this["coredns"]: Still creating... [12m40s elapsed][0m[0m
[0m[1mmodule.eks.aws_eks_addon.this["coredns"]: Still creating... [12m50s elapsed][0m[0m
[0m[1mmodule.eks.aws_eks_addon.this["aws-ebs-csi-driver"]: Still creating... [12m50s elapsed][0m[0m
[0m[1mmodule.eks.aws_eks_addon.this["aws-ebs-csi-driver"]: Still creating... [13m00s elapsed][0m[0m
[0m[1mmodule.eks.aws_eks_addon.this["coredns"]: Still creating... [13m00s elapsed][0m[0m
[0m[1mmodule.eks.aws_eks_addon.this["aws-ebs-csi-driver"]: Still creating... [13m10s elapsed][0m[0m
[0m[1mmodule.eks.aws_eks_addon.this["coredns"]: Still creating... [13m10s elapsed][0m[0m
[0m[1mmodule.eks.aws_eks_addon.this["aws-ebs-csi-driver"]: Still creating... [13m20s elapsed][0m[0m
[0m[1mmodule.eks.aws_eks_addon.this["coredns"]: Still creating... [13m20s elapsed][0m[0m
[0m[1mmodule.eks.aws_eks_addon.this["aws-ebs-csi-driver"]: Still creating... [13m30s elapsed][0m[0m
[0m[1mmodule.eks.aws_eks_addon.this["coredns"]: Still creating... [13m30s elapsed][0m[0m
[0m[1mmodule.eks.aws_eks_addon.this["aws-ebs-csi-driver"]: Still creating... [13m40s elapsed][0m[0m
[0m[1mmodule.eks.aws_eks_addon.this["coredns"]: Still creating... [13m40s elapsed][0m[0m
[0m[1mmodule.eks.aws_eks_addon.this["aws-ebs-csi-driver"]: Still creating... [13m50s elapsed][0m[0m
[0m[1mmodule.eks.aws_eks_addon.this["coredns"]: Still creating... [13m50s elapsed][0m[0m
[0m[1mmodule.eks.aws_eks_addon.this["aws-ebs-csi-driver"]: Still creating... [14m00s elapsed][0m[0m
[0m[1mmodule.eks.aws_eks_addon.this["coredns"]: Still creating... [14m00s elapsed][0m[0m
[0m[1mmodule.eks.aws_eks_addon.this["aws-ebs-csi-driver"]: Still creating... [14m10s elapsed][0m[0m
[0m[1mmodule.eks.aws_eks_addon.this["coredns"]: Still creating... [14m10s elapsed][0m[0m
[0m[1mmodule.eks.aws_eks_addon.this["aws-ebs-csi-driver"]: Still creating... [14m20s elapsed][0m[0m
[0m[1mmodule.eks.aws_eks_addon.this["coredns"]: Still creating... [14m20s elapsed][0m[0m
[0m[1mmodule.eks.aws_eks_addon.this["aws-ebs-csi-driver"]: Still creating... [14m30s elapsed][0m[0m
[0m[1mmodule.eks.aws_eks_addon.this["coredns"]: Still creating... [14m30s elapsed][0m[0m
[0m[1mmodule.eks.aws_eks_addon.this["aws-ebs-csi-driver"]: Still creating... [14m40s elapsed][0m[0m
[0m[1mmodule.eks.aws_eks_addon.this["coredns"]: Still creating... [14m40s elapsed][0m[0m
[0m[1mmodule.eks.aws_eks_addon.this["aws-ebs-csi-driver"]: Still creating... [14m50s elapsed][0m[0m
[0m[1mmodule.eks.aws_eks_addon.this["coredns"]: Still creating... [14m50s elapsed][0m[0m
[0m[1mmodule.eks.aws_eks_addon.this["aws-ebs-csi-driver"]: Still creating... [15m00s elapsed][0m[0m
[0m[1mmodule.eks.aws_eks_addon.this["coredns"]: Still creating... [15m00s elapsed][0m[0m
[0m[1mmodule.eks.aws_eks_addon.this["aws-ebs-csi-driver"]: Still creating... [15m10s elapsed][0m[0m
[0m[1mmodule.eks.aws_eks_addon.this["coredns"]: Still creating... [15m10s elapsed][0m[0m
[0m[1mmodule.eks.aws_eks_addon.this["aws-ebs-csi-driver"]: Still creating... [15m20s elapsed][0m[0m
[0m[1mmodule.eks.aws_eks_addon.this["coredns"]: Still creating... [15m20s elapsed][0m[0m
[0m[1mmodule.eks.aws_eks_addon.this["aws-ebs-csi-driver"]: Still creating... [15m30s elapsed][0m[0m
[0m[1mmodule.eks.aws_eks_addon.this["coredns"]: Still creating... [15m30s elapsed][0m[0m
[0m[1mmodule.eks.aws_eks_addon.this["aws-ebs-csi-driver"]: Still creating... [15m40s elapsed][0m[0m
[0m[1mmodule.eks.aws_eks_addon.this["coredns"]: Still creating... [15m40s elapsed][0m[0m
[0m[1mmodule.eks.aws_eks_addon.this["aws-ebs-csi-driver"]: Still creating... [15m50s elapsed][0m[0m
[0m[1mmodule.eks.aws_eks_addon.this["coredns"]: Still creating... [15m50s elapsed][0m[0m
[0m[1mmodule.eks.aws_eks_addon.this["aws-ebs-csi-driver"]: Still creating... [16m00s elapsed][0m[0m
[0m[1mmodule.eks.aws_eks_addon.this["coredns"]: Still creating... [16m00s elapsed][0m[0m
[0m[1mmodule.eks.aws_eks_addon.this["aws-ebs-csi-driver"]: Still creating... [16m10s elapsed][0m[0m
[0m[1mmodule.eks.aws_eks_addon.this["coredns"]: Still creating... [16m10s elapsed][0m[0m
[0m[1mmodule.eks.aws_eks_addon.this["aws-ebs-csi-driver"]: Still creating... [16m20s elapsed][0m[0m
[0m[1mmodule.eks.aws_eks_addon.this["coredns"]: Still creating... [16m20s elapsed][0m[0m
[0m[1mmodule.eks.aws_eks_addon.this["aws-ebs-csi-driver"]: Still creating... [16m30s elapsed][0m[0m
[0m[1mmodule.eks.aws_eks_addon.this["coredns"]: Still creating... [16m30s elapsed][0m[0m
[0m[1mmodule.eks.aws_eks_addon.this["aws-ebs-csi-driver"]: Still creating... [16m40s elapsed][0m[0m
[0m[1mmodule.eks.aws_eks_addon.this["coredns"]: Still creating... [16m40s elapsed][0m[0m
[0m[1mmodule.eks.aws_eks_addon.this["aws-ebs-csi-driver"]: Still creating... [16m50s elapsed][0m[0m
[0m[1mmodule.eks.aws_eks_addon.this["coredns"]: Still creating... [16m50s elapsed][0m[0m
[0m[1mmodule.eks.aws_eks_addon.this["aws-ebs-csi-driver"]: Still creating... [17m00s elapsed][0m[0m
[0m[1mmodule.eks.aws_eks_addon.this["coredns"]: Still creating... [17m00s elapsed][0m[0m
[0m[1mmodule.eks.aws_eks_addon.this["aws-ebs-csi-driver"]: Still creating... [17m10s elapsed][0m[0m
[0m[1mmodule.eks.aws_eks_addon.this["coredns"]: Still creating... [17m10s elapsed][0m[0m
[0m[1mmodule.eks.aws_eks_addon.this["aws-ebs-csi-driver"]: Still creating... [17m20s elapsed][0m[0m
[0m[1mmodule.eks.aws_eks_addon.this["coredns"]: Still creating... [17m20s elapsed][0m[0m
[0m[1mmodule.eks.aws_eks_addon.this["aws-ebs-csi-driver"]: Still creating... [17m30s elapsed][0m[0m
[0m[1mmodule.eks.aws_eks_addon.this["coredns"]: Still creating... [17m30s elapsed][0m[0m
[0m[1mmodule.eks.aws_eks_addon.this["aws-ebs-csi-driver"]: Still creating... [17m40s elapsed][0m[0m
[0m[1mmodule.eks.aws_eks_addon.this["coredns"]: Still creating... [17m40s elapsed][0m[0m
[0m[1mmodule.eks.aws_eks_addon.this["coredns"]: Still creating... [17m50s elapsed][0m[0m
[0m[1mmodule.eks.aws_eks_addon.this["aws-ebs-csi-driver"]: Still creating... [17m50s elapsed][0m[0m
[0m[1mmodule.eks.aws_eks_addon.this["aws-ebs-csi-driver"]: Still creating... [18m00s elapsed][0m[0m
[0m[1mmodule.eks.aws_eks_addon.this["coredns"]: Still creating... [18m00s elapsed][0m[0m
[0m[1mmodule.eks.aws_eks_addon.this["aws-ebs-csi-driver"]: Still creating... [18m10s elapsed][0m[0m
[0m[1mmodule.eks.aws_eks_addon.this["coredns"]: Still creating... [18m10s elapsed][0m[0m
[0m[1mmodule.eks.aws_eks_addon.this["coredns"]: Still creating... [18m20s elapsed][0m[0m
[0m[1mmodule.eks.aws_eks_addon.this["aws-ebs-csi-driver"]: Still creating... [18m20s elapsed][0m[0m
[0m[1mmodule.eks.aws_eks_addon.this["aws-ebs-csi-driver"]: Still creating... [18m30s elapsed][0m[0m
[0m[1mmodule.eks.aws_eks_addon.this["coredns"]: Still creating... [18m30s elapsed][0m[0m
[0m[1mmodule.eks.aws_eks_addon.this["aws-ebs-csi-driver"]: Still creating... [18m40s elapsed][0m[0m
[0m[1mmodule.eks.aws_eks_addon.this["coredns"]: Still creating... [18m40s elapsed][0m[0m
[0m[1mmodule.eks.aws_eks_addon.this["aws-ebs-csi-driver"]: Still creating... [18m50s elapsed][0m[0m
[0m[1mmodule.eks.aws_eks_addon.this["coredns"]: Still creating... [18m50s elapsed][0m[0m
[0m[1mmodule.eks.aws_eks_addon.this["coredns"]: Still creating... [19m00s elapsed][0m[0m
[0m[1mmodule.eks.aws_eks_addon.this["aws-ebs-csi-driver"]: Still creating... [19m00s elapsed][0m[0m
[0m[1mmodule.eks.aws_eks_addon.this["aws-ebs-csi-driver"]: Still creating... [19m10s elapsed][0m[0m
[0m[1mmodule.eks.aws_eks_addon.this["coredns"]: Still creating... [19m10s elapsed][0m[0m
[0m[1mmodule.eks.aws_eks_addon.this["coredns"]: Still creating... [19m20s elapsed][0m[0m
[0m[1mmodule.eks.aws_eks_addon.this["aws-ebs-csi-driver"]: Still creating... [19m20s elapsed][0m[0m
[0m[1mmodule.eks.aws_eks_addon.this["coredns"]: Still creating... [19m30s elapsed][0m[0m
[0m[1mmodule.eks.aws_eks_addon.this["aws-ebs-csi-driver"]: Still creating... [19m30s elapsed][0m[0m
[0m[1mmodule.eks.aws_eks_addon.this["aws-ebs-csi-driver"]: Still creating... [19m40s elapsed][0m[0m
[0m[1mmodule.eks.aws_eks_addon.this["coredns"]: Still creating... [19m40s elapsed][0m[0m
[0m[1mmodule.eks.aws_eks_addon.this["aws-ebs-csi-driver"]: Still creating... [19m50s elapsed][0m[0m
[0m[1mmodule.eks.aws_eks_addon.this["coredns"]: Still creating... [19m50s elapsed][0m[0m
[0m[1mmodule.eks.aws_eks_addon.this["coredns"]: Still creating... [20m00s elapsed][0m[0m
[0m[1mmodule.eks.aws_eks_addon.this["aws-ebs-csi-driver"]: Still creating... [20m00s elapsed][0m[0m
[33m╷[0m[0m
[33m│[0m [0m[1m[33mWarning: [0m[0m[1mRunning terraform apply again will remove the kubernetes add-on and attempt to create it again effectively purging previous add-on configuration[0m
[33m│[0m [0m
[33m│[0m [0m[0m  with module.eks.aws_eks_addon.this["aws-ebs-csi-driver"],
[33m│[0m [0m  on .terraform/modules/eks/main.tf line 739, in resource "aws_eks_addon" "this":
[33m│[0m [0m 739: resource "aws_eks_addon" "this" [4m{[0m[0m
[33m│[0m [0m
[33m│[0m [0m(and one more similar warning elsewhere)
[33m╵[0m[0m
[31m╷[0m[0m
[31m│[0m [0m[1m[31mError: [0m[0m[1mcreating RDS DB Instance (idp-poc-darede-cluster-keycloak): operation error RDS: CreateDBInstance, https response error StatusCode: 400, RequestID: 9a84e52d-6875-4b78-a54b-598fd80c87f6, DBInstanceAlreadyExists: DB instance already exists[0m
[31m│[0m [0m
[31m│[0m [0m[0m  with aws_db_instance.keycloak[0],
[31m│[0m [0m  on rds-keycloak.tf line 153, in resource "aws_db_instance" "keycloak":
[31m│[0m [0m 153: resource "aws_db_instance" "keycloak" [4m{[0m[0m
[31m│[0m [0m
[31m╵[0m[0m
[31m╷[0m[0m
[31m│[0m [0m[1m[31mError: [0m[0m[1mwaiting for EKS Add-On (idp-poc-darede-cluster:aws-ebs-csi-driver) create: timeout while waiting for state to become 'ACTIVE' (last state: 'DEGRADED', timeout: 20m0s)[0m
[31m│[0m [0m
[31m│[0m [0m[0m  with module.eks.aws_eks_addon.this["aws-ebs-csi-driver"],
[31m│[0m [0m  on .terraform/modules/eks/main.tf line 739, in resource "aws_eks_addon" "this":
[31m│[0m [0m 739: resource "aws_eks_addon" "this" [4m{[0m[0m
[31m│[0m [0m
[31m╵[0m[0m
[31m╷[0m[0m
[31m│[0m [0m[1m[31mError: [0m[0m[1mwaiting for EKS Add-On (idp-poc-darede-cluster:coredns) create: timeout while waiting for state to become 'ACTIVE' (last state: 'DEGRADED', timeout: 20m0s)[0m
[31m│[0m [0m
[31m│[0m [0m[0m  with module.eks.aws_eks_addon.this["coredns"],
[31m│[0m [0m  on .terraform/modules/eks/main.tf line 739, in resource "aws_eks_addon" "this":
[31m│[0m [0m 739: resource "aws_eks_addon" "this" [4m{[0m[0m
[31m│[0m [0m
[31m╵[0m[0m
