[0m[1mmodule.aws_load_balancer_controller_pod_identity[0].data.aws_iam_policy_document.base[0]: Reading...[0m[0m
[0m[1mmodule.karpenter[0].data.aws_region.current: Reading...[0m[0m
[0m[1mmodule.external_dns_pod_identity.data.aws_iam_policy_document.assume[0]: Reading...[0m[0m
[0m[1mmodule.external_secrets_irsa[0].data.aws_partition.current: Reading...[0m[0m
[0m[1mdata.aws_availability_zones.available: Reading...[0m[0m
[0m[1mmodule.eks.module.kms.data.aws_partition.current[0]: Reading...[0m[0m
[0m[1mmodule.crossplane_pod_identity.data.aws_partition.current: Reading...[0m[0m
[0m[1mmodule.external_dns_pod_identity.data.aws_partition.current: Reading...[0m[0m
[0m[1mmodule.eks.data.aws_iam_policy_document.assume_role_policy[0]: Reading...[0m[0m
[0m[1mmodule.eks.data.aws_iam_policy_document.assume_role_policy[0]: Read complete after 0s [id=2830595799][0m
[0m[1mmodule.crossplane_pod_identity.data.aws_partition.current: Read complete after 0s [id=aws][0m
[0m[1mmodule.external_dns_pod_identity.data.aws_partition.current: Read complete after 0s [id=aws][0m
[0m[1mmodule.external_secrets_irsa[0].data.aws_partition.current: Read complete after 0s [id=aws][0m
[0m[1mmodule.eks.module.kms.data.aws_partition.current[0]: Read complete after 0s [id=aws][0m
[0m[1mmodule.aws_load_balancer_controller_pod_identity[0].data.aws_partition.current: Reading...[0m[0m
[0m[1mmodule.aws_load_balancer_controller_pod_identity[0].data.aws_iam_policy_document.base[0]: Read complete after 0s [id=1132004489][0m
[0m[1mmodule.karpenter[0].data.aws_region.current: Read complete after 0s [id=us-east-1][0m
[0m[1mmodule.external_dns_pod_identity.data.aws_iam_policy_document.assume[0]: Read complete after 0s [id=819195744][0m
[0m[1mmodule.aws_load_balancer_controller_pod_identity[0].data.aws_partition.current: Read complete after 0s [id=aws][0m
[0m[1mmodule.eks.module.kms.data.aws_caller_identity.current[0]: Reading...[0m[0m
[0m[1mmodule.karpenter[0].data.aws_caller_identity.current: Reading...[0m[0m
[0m[1mmodule.external_secrets_irsa[0].data.aws_region.current: Reading...[0m[0m
[0m[1mdata.aws_caller_identity.current: Reading...[0m[0m
[0m[1mmodule.external_secrets_irsa[0].data.aws_region.current: Read complete after 0s [id=us-east-1][0m
[0m[1mmodule.external_secrets_irsa[0].data.aws_caller_identity.current: Reading...[0m[0m
[0m[1mmodule.backstage_irsa.data.aws_region.current: Reading...[0m[0m
[0m[1mmodule.backstage_irsa.data.aws_caller_identity.current: Reading...[0m[0m
[0m[1mmodule.ebs_csi_driver_pod_identity[0].data.aws_iam_policy_document.assume[0]: Reading...[0m[0m
[0m[1mmodule.ebs_csi_driver_pod_identity[0].data.aws_iam_policy_document.assume[0]: Read complete after 0s [id=819195744][0m
[0m[1mmodule.crossplane_pod_identity.data.aws_iam_policy_document.assume[0]: Reading...[0m[0m
[0m[1mmodule.backstage_irsa.data.aws_region.current: Read complete after 0s [id=us-east-1][0m
[0m[1mmodule.karpenter[0].data.aws_partition.current: Reading...[0m[0m
[0m[1mmodule.crossplane_pod_identity.data.aws_iam_policy_document.assume[0]: Read complete after 0s [id=819195744][0m
[0m[1mmodule.karpenter[0].data.aws_partition.current: Read complete after 0s [id=aws][0m
[0m[1mmodule.aws_load_balancer_controller_pod_identity[0].data.aws_iam_policy_document.assume[0]: Reading...[0m[0m
[0m[1mmodule.eks.data.aws_caller_identity.current[0]: Reading...[0m[0m
[0m[1mmodule.ebs_csi_driver_pod_identity[0].data.aws_iam_policy_document.base[0]: Reading...[0m[0m
[0m[1mmodule.backstage_irsa.data.aws_partition.current: Reading...[0m[0m
[0m[1mmodule.aws_load_balancer_controller_pod_identity[0].data.aws_iam_policy_document.assume[0]: Read complete after 0s [id=819195744][0m
[0m[1mmodule.backstage_irsa.data.aws_partition.current: Read complete after 0s [id=aws][0m
[0m[1mmodule.ebs_csi_driver_pod_identity[0].data.aws_iam_policy_document.base[0]: Read complete after 0s [id=1132004489][0m
[0m[1mmodule.ebs_csi_driver_pod_identity[0].data.aws_partition.current: Reading...[0m[0m
[0m[1mmodule.ebs_csi_driver_pod_identity[0].data.aws_partition.current: Read complete after 0s [id=aws][0m
[0m[1mmodule.crossplane_pod_identity.data.aws_iam_policy_document.base[0]: Reading...[0m[0m
[0m[1mmodule.eks.data.aws_partition.current[0]: Reading...[0m[0m
[0m[1mmodule.crossplane_pod_identity.data.aws_iam_policy_document.base[0]: Read complete after 0s [id=1132004489][0m
[0m[1mmodule.eks.data.aws_partition.current[0]: Read complete after 0s [id=aws][0m
[0m[1mmodule.external_dns_pod_identity.data.aws_iam_policy_document.base[0]: Reading...[0m[0m
[0m[1mmodule.external_dns_pod_identity.data.aws_iam_policy_document.base[0]: Read complete after 0s [id=1132004489][0m
[0m[1mmodule.external_dns_pod_identity.data.aws_iam_policy_document.external_dns[0]: Reading...[0m[0m
[0m[1mmodule.external_dns_pod_identity.data.aws_iam_policy_document.external_dns[0]: Read complete after 0s [id=4018392649][0m
[0m[1mmodule.karpenter[0].data.aws_iam_policy_document.node_assume_role[0]: Reading...[0m[0m
[0m[1mmodule.karpenter[0].data.aws_iam_policy_document.node_assume_role[0]: Read complete after 0s [id=2560088296][0m
[0m[1mmodule.ebs_csi_driver_pod_identity[0].data.aws_iam_policy_document.ebs_csi[0]: Reading...[0m[0m
[0m[1mmodule.aws_load_balancer_controller_pod_identity[0].data.aws_iam_policy_document.lb_controller[0]: Reading...[0m[0m
[0m[1mmodule.ebs_csi_driver_pod_identity[0].data.aws_iam_policy_document.ebs_csi[0]: Read complete after 0s [id=522466792][0m
[0m[1mmodule.aws_load_balancer_controller_pod_identity[0].data.aws_iam_policy_document.lb_controller[0]: Read complete after 0s [id=1541424006][0m
[0m[1mmodule.eks.data.aws_iam_policy_document.custom[0]: Reading...[0m[0m
[0m[1mmodule.eks.data.aws_iam_policy_document.custom[0]: Read complete after 0s [id=513122117][0m
[0m[1mmodule.karpenter[0].data.aws_caller_identity.current: Read complete after 0s [id=948881762705][0m
[0m[1mmodule.eks.module.kms.data.aws_caller_identity.current[0]: Read complete after 0s [id=948881762705][0m
[0m[1mmodule.external_secrets_irsa[0].data.aws_caller_identity.current: Read complete after 0s [id=948881762705][0m
[0m[1mdata.aws_caller_identity.current: Read complete after 0s [id=948881762705][0m
[0m[1mmodule.eks.data.aws_caller_identity.current[0]: Read complete after 0s [id=948881762705][0m
[0m[1mmodule.eks.data.aws_iam_session_context.current[0]: Reading...[0m[0m
[0m[1mmodule.backstage_irsa.data.aws_caller_identity.current: Read complete after 0s [id=948881762705][0m
[0m[1mdata.aws_availability_zones.available: Read complete after 0s [id=us-east-1][0m
[0m[1mmodule.eks.data.aws_iam_session_context.current[0]: Read complete after 1s [id=arn:aws:sts::948881762705:assumed-role/AWSReservedSSO_Available_Regions_us-east-1_2_5c093e84c42887e0/matheus.andrade@darede.com.br][0m

Terraform used the selected providers to generate the following execution
plan. Resource actions are indicated with the following symbols:
  [32m+[0m create[0m
 [36m<=[0m read (data resources)[0m

Terraform will perform the following actions:

[1m  # aws_db_instance.keycloak[0][0m will be created
[0m  [32m+[0m[0m resource "aws_db_instance" "keycloak" {
      [32m+[0m[0m address                               = (known after apply)
      [32m+[0m[0m allocated_storage                     = 20
      [32m+[0m[0m apply_immediately                     = false
      [32m+[0m[0m arn                                   = (known after apply)
      [32m+[0m[0m auto_minor_version_upgrade            = true
      [32m+[0m[0m availability_zone                     = (known after apply)
      [32m+[0m[0m backup_retention_period               = 1
      [32m+[0m[0m backup_target                         = (known after apply)
      [32m+[0m[0m backup_window                         = "03:00-04:00"
      [32m+[0m[0m ca_cert_identifier                    = (known after apply)
      [32m+[0m[0m character_set_name                    = (known after apply)
      [32m+[0m[0m copy_tags_to_snapshot                 = true
      [32m+[0m[0m database_insights_mode                = (known after apply)
      [32m+[0m[0m db_name                               = "keycloak"
      [32m+[0m[0m db_subnet_group_name                  = "idp-poc-darede-cluster-keycloak-db"
      [32m+[0m[0m dedicated_log_volume                  = false
      [32m+[0m[0m delete_automated_backups              = true
      [32m+[0m[0m deletion_protection                   = false
      [32m+[0m[0m domain_fqdn                           = (known after apply)
      [32m+[0m[0m endpoint                              = (known after apply)
      [32m+[0m[0m engine                                = "postgres"
      [32m+[0m[0m engine_lifecycle_support              = (known after apply)
      [32m+[0m[0m engine_version                        = "15.8"
      [32m+[0m[0m engine_version_actual                 = (known after apply)
      [32m+[0m[0m hosted_zone_id                        = (known after apply)
      [32m+[0m[0m id                                    = (known after apply)
      [32m+[0m[0m identifier                            = "idp-poc-darede-cluster-keycloak"
      [32m+[0m[0m identifier_prefix                     = (known after apply)
      [32m+[0m[0m instance_class                        = "db.t4g.micro"
      [32m+[0m[0m iops                                  = (known after apply)
      [32m+[0m[0m kms_key_id                            = (known after apply)
      [32m+[0m[0m latest_restorable_time                = (known after apply)
      [32m+[0m[0m license_model                         = (known after apply)
      [32m+[0m[0m listener_endpoint                     = (known after apply)
      [32m+[0m[0m maintenance_window                    = "mon:04:00-mon:05:00"
      [32m+[0m[0m master_user_secret                    = (known after apply)
      [32m+[0m[0m master_user_secret_kms_key_id         = (known after apply)
      [32m+[0m[0m max_allocated_storage                 = 40
      [32m+[0m[0m monitoring_interval                   = 0
      [32m+[0m[0m monitoring_role_arn                   = (known after apply)
      [32m+[0m[0m multi_az                              = false
      [32m+[0m[0m nchar_character_set_name              = (known after apply)
      [32m+[0m[0m network_type                          = (known after apply)
      [32m+[0m[0m option_group_name                     = (known after apply)
      [32m+[0m[0m parameter_group_name                  = (known after apply)
      [32m+[0m[0m password                              = (sensitive value)
      [32m+[0m[0m password_wo                           = (write-only attribute)
      [32m+[0m[0m performance_insights_enabled          = false
      [32m+[0m[0m performance_insights_kms_key_id       = (known after apply)
      [32m+[0m[0m performance_insights_retention_period = (known after apply)
      [32m+[0m[0m port                                  = 5432
      [32m+[0m[0m publicly_accessible                   = false
      [32m+[0m[0m replica_mode                          = (known after apply)
      [32m+[0m[0m replicas                              = (known after apply)
      [32m+[0m[0m resource_id                           = (known after apply)
      [32m+[0m[0m skip_final_snapshot                   = true
      [32m+[0m[0m snapshot_identifier                   = (known after apply)
      [32m+[0m[0m status                                = (known after apply)
      [32m+[0m[0m storage_encrypted                     = true
      [32m+[0m[0m storage_throughput                    = (known after apply)
      [32m+[0m[0m storage_type                          = "gp3"
      [32m+[0m[0m tags                                  = {
          [32m+[0m[0m "Component"    = "keycloak"
          [32m+[0m[0m "ConfigSource" = "config.yaml"
          [32m+[0m[0m "ManagedBy"    = "terraform"
          [32m+[0m[0m "Name"         = "idp-poc-darede-cluster-keycloak"
          [32m+[0m[0m "Purpose"      = "identity-provider"
          [32m+[0m[0m "cost-center"  = "engineering"
          [32m+[0m[0m "env"          = "poc"
          [32m+[0m[0m "githubRepo"   = "github.com/darede-labs/reference-implementation-aws"
          [32m+[0m[0m "owner"        = "platform-team"
          [32m+[0m[0m "project"      = "idp"
        }
      [32m+[0m[0m tags_all                              = {
          [32m+[0m[0m "Component"    = "keycloak"
          [32m+[0m[0m "ConfigSource" = "config.yaml"
          [32m+[0m[0m "ManagedBy"    = "terraform"
          [32m+[0m[0m "Name"         = "idp-poc-darede-cluster-keycloak"
          [32m+[0m[0m "Purpose"      = "identity-provider"
          [32m+[0m[0m "cost-center"  = "engineering"
          [32m+[0m[0m "env"          = "poc"
          [32m+[0m[0m "githubRepo"   = "github.com/darede-labs/reference-implementation-aws"
          [32m+[0m[0m "owner"        = "platform-team"
          [32m+[0m[0m "project"      = "idp"
        }
      [32m+[0m[0m timezone                              = (known after apply)
      [32m+[0m[0m username                              = "keycloak"
      [32m+[0m[0m vpc_security_group_ids                = (known after apply)
    }

[1m  # aws_db_parameter_group.keycloak[0][0m will be created
[0m  [32m+[0m[0m resource "aws_db_parameter_group" "keycloak" {
      [32m+[0m[0m arn          = (known after apply)
      [32m+[0m[0m description  = "PostgreSQL parameter group for Keycloak"
      [32m+[0m[0m family       = "postgres15"
      [32m+[0m[0m id           = (known after apply)
      [32m+[0m[0m name         = (known after apply)
      [32m+[0m[0m name_prefix  = "idp-poc-darede-cluster-keycloak-"
      [32m+[0m[0m skip_destroy = false
      [32m+[0m[0m tags         = {
          [32m+[0m[0m "Component"    = "keycloak"
          [32m+[0m[0m "ConfigSource" = "config.yaml"
          [32m+[0m[0m "ManagedBy"    = "terraform"
          [32m+[0m[0m "Name"         = "idp-poc-darede-cluster-keycloak-params"
          [32m+[0m[0m "cost-center"  = "engineering"
          [32m+[0m[0m "env"          = "poc"
          [32m+[0m[0m "githubRepo"   = "github.com/darede-labs/reference-implementation-aws"
          [32m+[0m[0m "owner"        = "platform-team"
          [32m+[0m[0m "project"      = "idp"
        }
      [32m+[0m[0m tags_all     = {
          [32m+[0m[0m "Component"    = "keycloak"
          [32m+[0m[0m "ConfigSource" = "config.yaml"
          [32m+[0m[0m "ManagedBy"    = "terraform"
          [32m+[0m[0m "Name"         = "idp-poc-darede-cluster-keycloak-params"
          [32m+[0m[0m "cost-center"  = "engineering"
          [32m+[0m[0m "env"          = "poc"
          [32m+[0m[0m "githubRepo"   = "github.com/darede-labs/reference-implementation-aws"
          [32m+[0m[0m "owner"        = "platform-team"
          [32m+[0m[0m "project"      = "idp"
        }

      [32m+[0m[0m parameter {
          [32m+[0m[0m apply_method = "immediate"
          [32m+[0m[0m name         = "max_connections"
          [32m+[0m[0m value        = "100"
        }
      [32m+[0m[0m parameter {
          [32m+[0m[0m apply_method = "immediate"
          [32m+[0m[0m name         = "shared_buffers"
          [32m+[0m[0m value        = "{DBInstanceClassMemory/32768}"
        }
    }

[1m  # aws_db_subnet_group.keycloak[0][0m will be created
[0m  [32m+[0m[0m resource "aws_db_subnet_group" "keycloak" {
      [32m+[0m[0m arn                     = (known after apply)
      [32m+[0m[0m description             = "Managed by Terraform"
      [32m+[0m[0m id                      = (known after apply)
      [32m+[0m[0m name                    = "idp-poc-darede-cluster-keycloak-db"
      [32m+[0m[0m name_prefix             = (known after apply)
      [32m+[0m[0m subnet_ids              = (known after apply)
      [32m+[0m[0m supported_network_types = (known after apply)
      [32m+[0m[0m tags                    = {
          [32m+[0m[0m "Component"    = "keycloak"
          [32m+[0m[0m "ConfigSource" = "config.yaml"
          [32m+[0m[0m "ManagedBy"    = "terraform"
          [32m+[0m[0m "Name"         = "idp-poc-darede-cluster-keycloak-db"
          [32m+[0m[0m "cost-center"  = "engineering"
          [32m+[0m[0m "env"          = "poc"
          [32m+[0m[0m "githubRepo"   = "github.com/darede-labs/reference-implementation-aws"
          [32m+[0m[0m "owner"        = "platform-team"
          [32m+[0m[0m "project"      = "idp"
        }
      [32m+[0m[0m tags_all                = {
          [32m+[0m[0m "Component"    = "keycloak"
          [32m+[0m[0m "ConfigSource" = "config.yaml"
          [32m+[0m[0m "ManagedBy"    = "terraform"
          [32m+[0m[0m "Name"         = "idp-poc-darede-cluster-keycloak-db"
          [32m+[0m[0m "cost-center"  = "engineering"
          [32m+[0m[0m "env"          = "poc"
          [32m+[0m[0m "githubRepo"   = "github.com/darede-labs/reference-implementation-aws"
          [32m+[0m[0m "owner"        = "platform-team"
          [32m+[0m[0m "project"      = "idp"
        }
      [32m+[0m[0m vpc_id                  = (known after apply)
    }

[1m  # aws_eks_node_group.karpenter_bootstrap[0][0m will be created
[0m  [32m+[0m[0m resource "aws_eks_node_group" "karpenter_bootstrap" {
      [32m+[0m[0m ami_type               = (known after apply)
      [32m+[0m[0m arn                    = (known after apply)
      [32m+[0m[0m capacity_type          = "ON_DEMAND"
      [32m+[0m[0m cluster_name           = "idp-poc-darede-cluster"
      [32m+[0m[0m disk_size              = (known after apply)
      [32m+[0m[0m id                     = (known after apply)
      [32m+[0m[0m instance_types         = [
          [32m+[0m[0m "t3a.small",
        ]
      [32m+[0m[0m labels                 = {
          [32m+[0m[0m "karpenter.sh/discovery" = "idp-poc-darede-cluster"
          [32m+[0m[0m "role"                   = "karpenter-bootstrap"
        }
      [32m+[0m[0m node_group_name        = "idp-poc-darede-cluster-karpenter-bootstrap"
      [32m+[0m[0m node_group_name_prefix = (known after apply)
      [32m+[0m[0m node_role_arn          = (known after apply)
      [32m+[0m[0m release_version        = (known after apply)
      [32m+[0m[0m resources              = (known after apply)
      [32m+[0m[0m status                 = (known after apply)
      [32m+[0m[0m subnet_ids             = (known after apply)
      [32m+[0m[0m tags                   = {
          [32m+[0m[0m "ConfigSource" = "config.yaml"
          [32m+[0m[0m "ManagedBy"    = "terraform"
          [32m+[0m[0m "Name"         = "idp-poc-darede-cluster-karpenter-bootstrap"
          [32m+[0m[0m "cost-center"  = "engineering"
          [32m+[0m[0m "env"          = "poc"
          [32m+[0m[0m "githubRepo"   = "github.com/darede-labs/reference-implementation-aws"
          [32m+[0m[0m "owner"        = "platform-team"
          [32m+[0m[0m "project"      = "idp"
        }
      [32m+[0m[0m tags_all               = {
          [32m+[0m[0m "ConfigSource" = "config.yaml"
          [32m+[0m[0m "ManagedBy"    = "terraform"
          [32m+[0m[0m "Name"         = "idp-poc-darede-cluster-karpenter-bootstrap"
          [32m+[0m[0m "cost-center"  = "engineering"
          [32m+[0m[0m "env"          = "poc"
          [32m+[0m[0m "githubRepo"   = "github.com/darede-labs/reference-implementation-aws"
          [32m+[0m[0m "owner"        = "platform-team"
          [32m+[0m[0m "project"      = "idp"
        }
      [32m+[0m[0m version                = (known after apply)

      [32m+[0m[0m node_repair_config (known after apply)

      [32m+[0m[0m scaling_config {
          [32m+[0m[0m desired_size = 2
          [32m+[0m[0m max_size     = 2
          [32m+[0m[0m min_size     = 2
        }

      [32m+[0m[0m taint {
          [32m+[0m[0m effect = "NO_SCHEDULE"
          [32m+[0m[0m key    = "CriticalAddonsOnly"
          [32m+[0m[0m value  = "true"
        }

      [32m+[0m[0m update_config (known after apply)
    }

[1m  # aws_iam_policy.backstage_terraform_policy[0m will be created
[0m  [32m+[0m[0m resource "aws_iam_policy" "backstage_terraform_policy" {
      [32m+[0m[0m arn              = (known after apply)
      [32m+[0m[0m attachment_count = (known after apply)
      [32m+[0m[0m id               = (known after apply)
      [32m+[0m[0m name             = "backstage-terraform-policy"
      [32m+[0m[0m name_prefix      = (known after apply)
      [32m+[0m[0m path             = "/"
      [32m+[0m[0m policy           = jsonencode(
            {
              [32m+[0m[0m Statement = [
                  [32m+[0m[0m {
                      [32m+[0m[0m Action   = [
                          [32m+[0m[0m "s3:GetObject",
                          [32m+[0m[0m "s3:PutObject",
                          [32m+[0m[0m "s3:DeleteObject",
                          [32m+[0m[0m "s3:ListBucket",
                        ]
                      [32m+[0m[0m Effect   = "Allow"
                      [32m+[0m[0m Resource = [
                          [32m+[0m[0m "arn:aws:s3:::poc-idp-tfstate",
                          [32m+[0m[0m "arn:aws:s3:::poc-idp-tfstate/*",
                        ]
                    },
                  [32m+[0m[0m {
                      [32m+[0m[0m Action    = [
                          [32m+[0m[0m "s3:*",
                        ]
                      [32m+[0m[0m Condition = {
                          [32m+[0m[0m StringEquals = {
                              [32m+[0m[0m "aws:RequestTag/ManagedBy" = "backstage"
                            }
                        }
                      [32m+[0m[0m Effect    = "Allow"
                      [32m+[0m[0m Resource  = "*"
                    },
                  [32m+[0m[0m {
                      [32m+[0m[0m Action   = [
                          [32m+[0m[0m "s3:CreateBucket",
                          [32m+[0m[0m "s3:DeleteBucket",
                          [32m+[0m[0m "s3:PutBucketTagging",
                          [32m+[0m[0m "s3:PutBucketVersioning",
                          [32m+[0m[0m "s3:PutBucketPublicAccessBlock",
                          [32m+[0m[0m "s3:PutEncryptionConfiguration",
                          [32m+[0m[0m "s3:GetBucketTagging",
                          [32m+[0m[0m "s3:GetBucketVersioning",
                          [32m+[0m[0m "s3:GetBucketPublicAccessBlock",
                          [32m+[0m[0m "s3:GetEncryptionConfiguration",
                          [32m+[0m[0m "s3:ListBucket",
                        ]
                      [32m+[0m[0m Effect   = "Allow"
                      [32m+[0m[0m Resource = "*"
                    },
                  [32m+[0m[0m {
                      [32m+[0m[0m Action   = [
                          [32m+[0m[0m "ec2:*",
                          [32m+[0m[0m "rds:*",
                          [32m+[0m[0m "dynamodb:*",
                          [32m+[0m[0m "lambda:*",
                          [32m+[0m[0m "cloudfront:*",
                          [32m+[0m[0m "elasticloadbalancing:*",
                          [32m+[0m[0m "secretsmanager:*",
                          [32m+[0m[0m "iam:PassRole",
                          [32m+[0m[0m "iam:CreateRole",
                          [32m+[0m[0m "iam:DeleteRole",
                          [32m+[0m[0m "iam:AttachRolePolicy",
                          [32m+[0m[0m "iam:DetachRolePolicy",
                          [32m+[0m[0m "iam:GetRole",
                          [32m+[0m[0m "iam:ListRolePolicies",
                          [32m+[0m[0m "iam:ListAttachedRolePolicies",
                          [32m+[0m[0m "iam:TagRole",
                          [32m+[0m[0m "iam:UntagRole",
                          [32m+[0m[0m "iam:ListRoleTags",
                          [32m+[0m[0m "iam:CreateInstanceProfile",
                          [32m+[0m[0m "iam:DeleteInstanceProfile",
                          [32m+[0m[0m "iam:AddRoleToInstanceProfile",
                          [32m+[0m[0m "iam:RemoveRoleFromInstanceProfile",
                          [32m+[0m[0m "iam:GetInstanceProfile",
                          [32m+[0m[0m "iam:ListInstanceProfilesForRole",
                          [32m+[0m[0m "iam:TagInstanceProfile",
                          [32m+[0m[0m "iam:UntagInstanceProfile",
                          [32m+[0m[0m "iam:ListInstanceProfileTags",
                          [32m+[0m[0m "logs:*",
                          [32m+[0m[0m "eks:*",
                        ]
                      [32m+[0m[0m Effect   = "Allow"
                      [32m+[0m[0m Resource = "*"
                    },
                ]
              [32m+[0m[0m Version   = "2012-10-17"
            }
        )
      [32m+[0m[0m policy_id        = (known after apply)
      [32m+[0m[0m tags             = {
          [32m+[0m[0m "ConfigSource" = "config.yaml"
          [32m+[0m[0m "ManagedBy"    = "terraform"
          [32m+[0m[0m "cost-center"  = "engineering"
          [32m+[0m[0m "env"          = "poc"
          [32m+[0m[0m "githubRepo"   = "github.com/darede-labs/reference-implementation-aws"
          [32m+[0m[0m "owner"        = "platform-team"
          [32m+[0m[0m "project"      = "idp"
        }
      [32m+[0m[0m tags_all         = {
          [32m+[0m[0m "ConfigSource" = "config.yaml"
          [32m+[0m[0m "ManagedBy"    = "terraform"
          [32m+[0m[0m "cost-center"  = "engineering"
          [32m+[0m[0m "env"          = "poc"
          [32m+[0m[0m "githubRepo"   = "github.com/darede-labs/reference-implementation-aws"
          [32m+[0m[0m "owner"        = "platform-team"
          [32m+[0m[0m "project"      = "idp"
        }
    }

[1m  # aws_iam_policy.crossplane_boundary[0m will be created
[0m  [32m+[0m[0m resource "aws_iam_policy" "crossplane_boundary" {
      [32m+[0m[0m arn              = (known after apply)
      [32m+[0m[0m attachment_count = (known after apply)
      [32m+[0m[0m id               = (known after apply)
      [32m+[0m[0m name             = "crossplane-permissions-boundary"
      [32m+[0m[0m name_prefix      = (known after apply)
      [32m+[0m[0m path             = "/"
      [32m+[0m[0m policy           = jsonencode(
            {
              [32m+[0m[0m Statement = [
                  [32m+[0m[0m {
                      [32m+[0m[0m Action   = [
                          [32m+[0m[0m "iam:DeletePolicy",
                          [32m+[0m[0m "iam:DeletePolicyVersion",
                          [32m+[0m[0m "iam:CreatePolicyVersion",
                          [32m+[0m[0m "iam:SetDefaultPolicyVersion",
                        ]
                      [32m+[0m[0m Effect   = "Deny"
                      [32m+[0m[0m Resource = [
                          [32m+[0m[0m "arn:aws:iam::948881762705:policy/crossplane-permissions-boundary",
                        ]
                      [32m+[0m[0m Sid      = "DenyPermBoundaryIAMPolicyAlteration"
                    },
                  [32m+[0m[0m {
                      [32m+[0m[0m Action    = [
                          [32m+[0m[0m "iam:DeleteUserPermissionsBoundary",
                          [32m+[0m[0m "iam:DeleteRolePermissionsBoundary",
                        ]
                      [32m+[0m[0m Condition = {
                          [32m+[0m[0m StringEquals = {
                              [32m+[0m[0m "iam:PermissionsBoundary" = "arn:aws:iam::948881762705:policy/crossplane-permissions-boundary"
                            }
                        }
                      [32m+[0m[0m Effect    = "Deny"
                      [32m+[0m[0m Resource  = [
                          [32m+[0m[0m "arn:aws:iam::948881762705:user/*",
                          [32m+[0m[0m "arn:aws:iam::948881762705:role/*",
                        ]
                      [32m+[0m[0m Sid       = "DenyRemovalOfPermBoundaryFromAnyUserOrRole"
                    },
                  [32m+[0m[0m {
                      [32m+[0m[0m Action   = [
                          [32m+[0m[0m "iam:CreateUser",
                          [32m+[0m[0m "iam:AddUserToGroup",
                          [32m+[0m[0m "iam:AttachUserPolicy",
                          [32m+[0m[0m "iam:ChangePassword",
                          [32m+[0m[0m "iam:CreateAccessKey",
                          [32m+[0m[0m "iam:*AccountAlias",
                          [32m+[0m[0m "iam:CreateGroup",
                          [32m+[0m[0m "iam:*LoginProfile",
                          [32m+[0m[0m "iam:*IDConnectProvider*",
                          [32m+[0m[0m "iam:*SAMLProvider*",
                          [32m+[0m[0m "iam:CreateServiceSpecificCredential",
                          [32m+[0m[0m "iam:*MFA*",
                          [32m+[0m[0m "iam:UpdateUser",
                        ]
                      [32m+[0m[0m Effect   = "Deny"
                      [32m+[0m[0m Resource = [
                          [32m+[0m[0m "*",
                        ]
                    },
                  [32m+[0m[0m {
                      [32m+[0m[0m Action   = [
                          [32m+[0m[0m "*",
                        ]
                      [32m+[0m[0m Effect   = "Allow"
                      [32m+[0m[0m Resource = [
                          [32m+[0m[0m "*",
                        ]
                    },
                ]
              [32m+[0m[0m Version   = "2012-10-17"
            }
        )
      [32m+[0m[0m policy_id        = (known after apply)
      [32m+[0m[0m tags             = {
          [32m+[0m[0m "ConfigSource" = "config.yaml"
          [32m+[0m[0m "ManagedBy"    = "terraform"
          [32m+[0m[0m "cost-center"  = "engineering"
          [32m+[0m[0m "env"          = "poc"
          [32m+[0m[0m "githubRepo"   = "github.com/darede-labs/reference-implementation-aws"
          [32m+[0m[0m "owner"        = "platform-team"
          [32m+[0m[0m "project"      = "idp"
        }
      [32m+[0m[0m tags_all         = {
          [32m+[0m[0m "ConfigSource" = "config.yaml"
          [32m+[0m[0m "ManagedBy"    = "terraform"
          [32m+[0m[0m "cost-center"  = "engineering"
          [32m+[0m[0m "env"          = "poc"
          [32m+[0m[0m "githubRepo"   = "github.com/darede-labs/reference-implementation-aws"
          [32m+[0m[0m "owner"        = "platform-team"
          [32m+[0m[0m "project"      = "idp"
        }
    }

[1m  # aws_iam_policy.external_secrets_policy[0][0m will be created
[0m  [32m+[0m[0m resource "aws_iam_policy" "external_secrets_policy" {
      [32m+[0m[0m arn              = (known after apply)
      [32m+[0m[0m attachment_count = (known after apply)
      [32m+[0m[0m id               = (known after apply)
      [32m+[0m[0m name             = "external-secrets-policy"
      [32m+[0m[0m name_prefix      = (known after apply)
      [32m+[0m[0m path             = "/"
      [32m+[0m[0m policy           = jsonencode(
            {
              [32m+[0m[0m Statement = [
                  [32m+[0m[0m {
                      [32m+[0m[0m Action   = [
                          [32m+[0m[0m "secretsmanager:ListSecrets",
                          [32m+[0m[0m "secretsmanager:BatchGetSecretValue",
                        ]
                      [32m+[0m[0m Effect   = "Allow"
                      [32m+[0m[0m Resource = "*"
                    },
                  [32m+[0m[0m {
                      [32m+[0m[0m Action   = [
                          [32m+[0m[0m "secretsmanager:GetResourcePolicy",
                          [32m+[0m[0m "secretsmanager:GetSecretValue",
                          [32m+[0m[0m "secretsmanager:DescribeSecret",
                          [32m+[0m[0m "secretsmanager:ListSecretVersionIds",
                        ]
                      [32m+[0m[0m Effect   = "Allow"
                      [32m+[0m[0m Resource = [
                          [32m+[0m[0m "arn:aws:secretsmanager:*:948881762705:secret:cnoe-ref-impl/*",
                        ]
                    },
                ]
              [32m+[0m[0m Version   = "2012-10-17"
            }
        )
      [32m+[0m[0m policy_id        = (known after apply)
      [32m+[0m[0m tags             = {
          [32m+[0m[0m "ConfigSource" = "config.yaml"
          [32m+[0m[0m "ManagedBy"    = "terraform"
          [32m+[0m[0m "cost-center"  = "engineering"
          [32m+[0m[0m "env"          = "poc"
          [32m+[0m[0m "githubRepo"   = "github.com/darede-labs/reference-implementation-aws"
          [32m+[0m[0m "owner"        = "platform-team"
          [32m+[0m[0m "project"      = "idp"
        }
      [32m+[0m[0m tags_all         = {
          [32m+[0m[0m "ConfigSource" = "config.yaml"
          [32m+[0m[0m "ManagedBy"    = "terraform"
          [32m+[0m[0m "cost-center"  = "engineering"
          [32m+[0m[0m "env"          = "poc"
          [32m+[0m[0m "githubRepo"   = "github.com/darede-labs/reference-implementation-aws"
          [32m+[0m[0m "owner"        = "platform-team"
          [32m+[0m[0m "project"      = "idp"
        }
    }

[1m  # aws_iam_role.karpenter_bootstrap_node[0][0m will be created
[0m  [32m+[0m[0m resource "aws_iam_role" "karpenter_bootstrap_node" {
      [32m+[0m[0m arn                   = (known after apply)
      [32m+[0m[0m assume_role_policy    = jsonencode(
            {
              [32m+[0m[0m Statement = [
                  [32m+[0m[0m {
                      [32m+[0m[0m Action    = "sts:AssumeRole"
                      [32m+[0m[0m Effect    = "Allow"
                      [32m+[0m[0m Principal = {
                          [32m+[0m[0m Service = "ec2.amazonaws.com"
                        }
                    },
                ]
              [32m+[0m[0m Version   = "2012-10-17"
            }
        )
      [32m+[0m[0m create_date           = (known after apply)
      [32m+[0m[0m force_detach_policies = false
      [32m+[0m[0m id                    = (known after apply)
      [32m+[0m[0m managed_policy_arns   = (known after apply)
      [32m+[0m[0m max_session_duration  = 3600
      [32m+[0m[0m name                  = "idp-poc-darede-cluster-karpenter-bootstrap-node-role"
      [32m+[0m[0m name_prefix           = (known after apply)
      [32m+[0m[0m path                  = "/"
      [32m+[0m[0m tags                  = {
          [32m+[0m[0m "ConfigSource" = "config.yaml"
          [32m+[0m[0m "ManagedBy"    = "terraform"
          [32m+[0m[0m "cost-center"  = "engineering"
          [32m+[0m[0m "env"          = "poc"
          [32m+[0m[0m "githubRepo"   = "github.com/darede-labs/reference-implementation-aws"
          [32m+[0m[0m "owner"        = "platform-team"
          [32m+[0m[0m "project"      = "idp"
        }
      [32m+[0m[0m tags_all              = {
          [32m+[0m[0m "ConfigSource" = "config.yaml"
          [32m+[0m[0m "ManagedBy"    = "terraform"
          [32m+[0m[0m "cost-center"  = "engineering"
          [32m+[0m[0m "env"          = "poc"
          [32m+[0m[0m "githubRepo"   = "github.com/darede-labs/reference-implementation-aws"
          [32m+[0m[0m "owner"        = "platform-team"
          [32m+[0m[0m "project"      = "idp"
        }
      [32m+[0m[0m unique_id             = (known after apply)

      [32m+[0m[0m inline_policy (known after apply)
    }

[1m  # aws_iam_role_policy_attachment.karpenter_bootstrap_node_policy["arn:aws:iam::aws:policy/AmazonEC2ContainerRegistryReadOnly"][0m will be created
[0m  [32m+[0m[0m resource "aws_iam_role_policy_attachment" "karpenter_bootstrap_node_policy" {
      [32m+[0m[0m id         = (known after apply)
      [32m+[0m[0m policy_arn = "arn:aws:iam::aws:policy/AmazonEC2ContainerRegistryReadOnly"
      [32m+[0m[0m role       = "idp-poc-darede-cluster-karpenter-bootstrap-node-role"
    }

[1m  # aws_iam_role_policy_attachment.karpenter_bootstrap_node_policy["arn:aws:iam::aws:policy/AmazonEKSWorkerNodePolicy"][0m will be created
[0m  [32m+[0m[0m resource "aws_iam_role_policy_attachment" "karpenter_bootstrap_node_policy" {
      [32m+[0m[0m id         = (known after apply)
      [32m+[0m[0m policy_arn = "arn:aws:iam::aws:policy/AmazonEKSWorkerNodePolicy"
      [32m+[0m[0m role       = "idp-poc-darede-cluster-karpenter-bootstrap-node-role"
    }

[1m  # aws_iam_role_policy_attachment.karpenter_bootstrap_node_policy["arn:aws:iam::aws:policy/AmazonEKS_CNI_Policy"][0m will be created
[0m  [32m+[0m[0m resource "aws_iam_role_policy_attachment" "karpenter_bootstrap_node_policy" {
      [32m+[0m[0m id         = (known after apply)
      [32m+[0m[0m policy_arn = "arn:aws:iam::aws:policy/AmazonEKS_CNI_Policy"
      [32m+[0m[0m role       = "idp-poc-darede-cluster-karpenter-bootstrap-node-role"
    }

[1m  # aws_iam_role_policy_attachment.karpenter_bootstrap_node_policy["arn:aws:iam::aws:policy/AmazonSSMManagedInstanceCore"][0m will be created
[0m  [32m+[0m[0m resource "aws_iam_role_policy_attachment" "karpenter_bootstrap_node_policy" {
      [32m+[0m[0m id         = (known after apply)
      [32m+[0m[0m policy_arn = "arn:aws:iam::aws:policy/AmazonSSMManagedInstanceCore"
      [32m+[0m[0m role       = "idp-poc-darede-cluster-karpenter-bootstrap-node-role"
    }

[1m  # aws_lb.ingress_nginx[0][0m will be created
[0m  [32m+[0m[0m resource "aws_lb" "ingress_nginx" {
      [32m+[0m[0m arn                                                          = (known after apply)
      [32m+[0m[0m arn_suffix                                                   = (known after apply)
      [32m+[0m[0m dns_name                                                     = (known after apply)
      [32m+[0m[0m dns_record_client_routing_policy                             = "any_availability_zone"
      [32m+[0m[0m enable_cross_zone_load_balancing                             = true
      [32m+[0m[0m enable_deletion_protection                                   = false
      [32m+[0m[0m enable_zonal_shift                                           = false
      [32m+[0m[0m enforce_security_group_inbound_rules_on_private_link_traffic = (known after apply)
      [32m+[0m[0m id                                                           = (known after apply)
      [32m+[0m[0m internal                                                     = false
      [32m+[0m[0m ip_address_type                                              = (known after apply)
      [32m+[0m[0m load_balancer_type                                           = "network"
      [32m+[0m[0m name                                                         = "idp-poc-darede-cluster-nlb"
      [32m+[0m[0m name_prefix                                                  = (known after apply)
      [32m+[0m[0m security_groups                                              = (known after apply)
      [32m+[0m[0m subnets                                                      = (known after apply)
      [32m+[0m[0m tags                                                         = {
          [32m+[0m[0m "ConfigSource" = "config.yaml"
          [32m+[0m[0m "ManagedBy"    = "terraform"
          [32m+[0m[0m "Name"         = "idp-poc-darede-cluster-ingress-nlb"
          [32m+[0m[0m "cost-center"  = "engineering"
          [32m+[0m[0m "env"          = "poc"
          [32m+[0m[0m "githubRepo"   = "github.com/darede-labs/reference-implementation-aws"
          [32m+[0m[0m "owner"        = "platform-team"
          [32m+[0m[0m "project"      = "idp"
        }
      [32m+[0m[0m tags_all                                                     = {
          [32m+[0m[0m "ConfigSource" = "config.yaml"
          [32m+[0m[0m "ManagedBy"    = "terraform"
          [32m+[0m[0m "Name"         = "idp-poc-darede-cluster-ingress-nlb"
          [32m+[0m[0m "cost-center"  = "engineering"
          [32m+[0m[0m "env"          = "poc"
          [32m+[0m[0m "githubRepo"   = "github.com/darede-labs/reference-implementation-aws"
          [32m+[0m[0m "owner"        = "platform-team"
          [32m+[0m[0m "project"      = "idp"
        }
      [32m+[0m[0m vpc_id                                                       = (known after apply)
      [32m+[0m[0m zone_id                                                      = (known after apply)

      [32m+[0m[0m subnet_mapping (known after apply)
    }

[1m  # aws_lb_listener.http[0][0m will be created
[0m  [32m+[0m[0m resource "aws_lb_listener" "http" {
      [32m+[0m[0m arn                                                                   = (known after apply)
      [32m+[0m[0m id                                                                    = (known after apply)
      [32m+[0m[0m load_balancer_arn                                                     = (known after apply)
      [32m+[0m[0m port                                                                  = 80
      [32m+[0m[0m protocol                                                              = "TCP"
      [32m+[0m[0m routing_http_request_x_amzn_mtls_clientcert_header_name               = (known after apply)
      [32m+[0m[0m routing_http_request_x_amzn_mtls_clientcert_issuer_header_name        = (known after apply)
      [32m+[0m[0m routing_http_request_x_amzn_mtls_clientcert_leaf_header_name          = (known after apply)
      [32m+[0m[0m routing_http_request_x_amzn_mtls_clientcert_serial_number_header_name = (known after apply)
      [32m+[0m[0m routing_http_request_x_amzn_mtls_clientcert_subject_header_name       = (known after apply)
      [32m+[0m[0m routing_http_request_x_amzn_mtls_clientcert_validity_header_name      = (known after apply)
      [32m+[0m[0m routing_http_request_x_amzn_tls_cipher_suite_header_name              = (known after apply)
      [32m+[0m[0m routing_http_request_x_amzn_tls_version_header_name                   = (known after apply)
      [32m+[0m[0m routing_http_response_access_control_allow_credentials_header_value   = (known after apply)
      [32m+[0m[0m routing_http_response_access_control_allow_headers_header_value       = (known after apply)
      [32m+[0m[0m routing_http_response_access_control_allow_methods_header_value       = (known after apply)
      [32m+[0m[0m routing_http_response_access_control_allow_origin_header_value        = (known after apply)
      [32m+[0m[0m routing_http_response_access_control_expose_headers_header_value      = (known after apply)
      [32m+[0m[0m routing_http_response_access_control_max_age_header_value             = (known after apply)
      [32m+[0m[0m routing_http_response_content_security_policy_header_value            = (known after apply)
      [32m+[0m[0m routing_http_response_server_enabled                                  = (known after apply)
      [32m+[0m[0m routing_http_response_strict_transport_security_header_value          = (known after apply)
      [32m+[0m[0m routing_http_response_x_content_type_options_header_value             = (known after apply)
      [32m+[0m[0m routing_http_response_x_frame_options_header_value                    = (known after apply)
      [32m+[0m[0m ssl_policy                                                            = (known after apply)
      [32m+[0m[0m tags_all                                                              = (known after apply)
      [32m+[0m[0m tcp_idle_timeout_seconds                                              = (known after apply)

      [32m+[0m[0m default_action {
          [32m+[0m[0m order            = (known after apply)
          [32m+[0m[0m target_group_arn = (known after apply)
          [32m+[0m[0m type             = "forward"
        }

      [32m+[0m[0m mutual_authentication (known after apply)
    }

[1m  # aws_lb_listener.https[0][0m will be created
[0m  [32m+[0m[0m resource "aws_lb_listener" "https" {
      [32m+[0m[0m arn                                                                   = (known after apply)
      [32m+[0m[0m certificate_arn                                                       = "arn:aws:acm:us-east-1:948881762705:certificate/051f6515-0d0b-459c-a056-0663f7c88f5e"
      [32m+[0m[0m id                                                                    = (known after apply)
      [32m+[0m[0m load_balancer_arn                                                     = (known after apply)
      [32m+[0m[0m port                                                                  = 443
      [32m+[0m[0m protocol                                                              = "TLS"
      [32m+[0m[0m routing_http_request_x_amzn_mtls_clientcert_header_name               = (known after apply)
      [32m+[0m[0m routing_http_request_x_amzn_mtls_clientcert_issuer_header_name        = (known after apply)
      [32m+[0m[0m routing_http_request_x_amzn_mtls_clientcert_leaf_header_name          = (known after apply)
      [32m+[0m[0m routing_http_request_x_amzn_mtls_clientcert_serial_number_header_name = (known after apply)
      [32m+[0m[0m routing_http_request_x_amzn_mtls_clientcert_subject_header_name       = (known after apply)
      [32m+[0m[0m routing_http_request_x_amzn_mtls_clientcert_validity_header_name      = (known after apply)
      [32m+[0m[0m routing_http_request_x_amzn_tls_cipher_suite_header_name              = (known after apply)
      [32m+[0m[0m routing_http_request_x_amzn_tls_version_header_name                   = (known after apply)
      [32m+[0m[0m routing_http_response_access_control_allow_credentials_header_value   = (known after apply)
      [32m+[0m[0m routing_http_response_access_control_allow_headers_header_value       = (known after apply)
      [32m+[0m[0m routing_http_response_access_control_allow_methods_header_value       = (known after apply)
      [32m+[0m[0m routing_http_response_access_control_allow_origin_header_value        = (known after apply)
      [32m+[0m[0m routing_http_response_access_control_expose_headers_header_value      = (known after apply)
      [32m+[0m[0m routing_http_response_access_control_max_age_header_value             = (known after apply)
      [32m+[0m[0m routing_http_response_content_security_policy_header_value            = (known after apply)
      [32m+[0m[0m routing_http_response_server_enabled                                  = (known after apply)
      [32m+[0m[0m routing_http_response_strict_transport_security_header_value          = (known after apply)
      [32m+[0m[0m routing_http_response_x_content_type_options_header_value             = (known after apply)
      [32m+[0m[0m routing_http_response_x_frame_options_header_value                    = (known after apply)
      [32m+[0m[0m ssl_policy                                                            = "ELBSecurityPolicy-TLS13-1-2-2021-06"
      [32m+[0m[0m tags_all                                                              = (known after apply)
      [32m+[0m[0m tcp_idle_timeout_seconds                                              = (known after apply)

      [32m+[0m[0m default_action {
          [32m+[0m[0m order            = (known after apply)
          [32m+[0m[0m target_group_arn = (known after apply)
          [32m+[0m[0m type             = "forward"
        }

      [32m+[0m[0m mutual_authentication (known after apply)
    }

[1m  # aws_lb_target_group.http[0][0m will be created
[0m  [32m+[0m[0m resource "aws_lb_target_group" "http" {
      [32m+[0m[0m arn                                = (known after apply)
      [32m+[0m[0m arn_suffix                         = (known after apply)
      [32m+[0m[0m connection_termination             = (known after apply)
      [32m+[0m[0m deregistration_delay               = "300"
      [32m+[0m[0m id                                 = (known after apply)
      [32m+[0m[0m ip_address_type                    = (known after apply)
      [32m+[0m[0m lambda_multi_value_headers_enabled = false
      [32m+[0m[0m load_balancer_arns                 = (known after apply)
      [32m+[0m[0m load_balancing_algorithm_type      = (known after apply)
      [32m+[0m[0m load_balancing_anomaly_mitigation  = (known after apply)
      [32m+[0m[0m load_balancing_cross_zone_enabled  = (known after apply)
      [32m+[0m[0m name                               = "idp-poc-darede-cluster-http"
      [32m+[0m[0m name_prefix                        = (known after apply)
      [32m+[0m[0m port                               = 30080
      [32m+[0m[0m preserve_client_ip                 = (known after apply)
      [32m+[0m[0m protocol                           = "TCP"
      [32m+[0m[0m protocol_version                   = (known after apply)
      [32m+[0m[0m proxy_protocol_v2                  = false
      [32m+[0m[0m slow_start                         = 0
      [32m+[0m[0m tags                               = {
          [32m+[0m[0m "ConfigSource" = "config.yaml"
          [32m+[0m[0m "ManagedBy"    = "terraform"
          [32m+[0m[0m "cost-center"  = "engineering"
          [32m+[0m[0m "env"          = "poc"
          [32m+[0m[0m "githubRepo"   = "github.com/darede-labs/reference-implementation-aws"
          [32m+[0m[0m "owner"        = "platform-team"
          [32m+[0m[0m "project"      = "idp"
        }
      [32m+[0m[0m tags_all                           = {
          [32m+[0m[0m "ConfigSource" = "config.yaml"
          [32m+[0m[0m "ManagedBy"    = "terraform"
          [32m+[0m[0m "cost-center"  = "engineering"
          [32m+[0m[0m "env"          = "poc"
          [32m+[0m[0m "githubRepo"   = "github.com/darede-labs/reference-implementation-aws"
          [32m+[0m[0m "owner"        = "platform-team"
          [32m+[0m[0m "project"      = "idp"
        }
      [32m+[0m[0m target_type                        = "instance"
      [32m+[0m[0m vpc_id                             = (known after apply)

      [32m+[0m[0m health_check {
          [32m+[0m[0m enabled             = true
          [32m+[0m[0m healthy_threshold   = 2
          [32m+[0m[0m interval            = 30
          [32m+[0m[0m matcher             = (known after apply)
          [32m+[0m[0m path                = (known after apply)
          [32m+[0m[0m port                = "traffic-port"
          [32m+[0m[0m protocol            = "TCP"
          [32m+[0m[0m timeout             = 10
          [32m+[0m[0m unhealthy_threshold = 2
        }

      [32m+[0m[0m stickiness (known after apply)

      [32m+[0m[0m target_failover (known after apply)

      [32m+[0m[0m target_group_health (known after apply)

      [32m+[0m[0m target_health_state (known after apply)
    }

[1m  # aws_lb_target_group.https[0][0m will be created
[0m  [32m+[0m[0m resource "aws_lb_target_group" "https" {
      [32m+[0m[0m arn                                = (known after apply)
      [32m+[0m[0m arn_suffix                         = (known after apply)
      [32m+[0m[0m connection_termination             = (known after apply)
      [32m+[0m[0m deregistration_delay               = "300"
      [32m+[0m[0m id                                 = (known after apply)
      [32m+[0m[0m ip_address_type                    = (known after apply)
      [32m+[0m[0m lambda_multi_value_headers_enabled = false
      [32m+[0m[0m load_balancer_arns                 = (known after apply)
      [32m+[0m[0m load_balancing_algorithm_type      = (known after apply)
      [32m+[0m[0m load_balancing_anomaly_mitigation  = (known after apply)
      [32m+[0m[0m load_balancing_cross_zone_enabled  = (known after apply)
      [32m+[0m[0m name                               = "idp-poc-darede-cluster-https"
      [32m+[0m[0m name_prefix                        = (known after apply)
      [32m+[0m[0m port                               = 30443
      [32m+[0m[0m preserve_client_ip                 = (known after apply)
      [32m+[0m[0m protocol                           = "TCP"
      [32m+[0m[0m protocol_version                   = (known after apply)
      [32m+[0m[0m proxy_protocol_v2                  = false
      [32m+[0m[0m slow_start                         = 0
      [32m+[0m[0m tags                               = {
          [32m+[0m[0m "ConfigSource" = "config.yaml"
          [32m+[0m[0m "ManagedBy"    = "terraform"
          [32m+[0m[0m "cost-center"  = "engineering"
          [32m+[0m[0m "env"          = "poc"
          [32m+[0m[0m "githubRepo"   = "github.com/darede-labs/reference-implementation-aws"
          [32m+[0m[0m "owner"        = "platform-team"
          [32m+[0m[0m "project"      = "idp"
        }
      [32m+[0m[0m tags_all                           = {
          [32m+[0m[0m "ConfigSource" = "config.yaml"
          [32m+[0m[0m "ManagedBy"    = "terraform"
          [32m+[0m[0m "cost-center"  = "engineering"
          [32m+[0m[0m "env"          = "poc"
          [32m+[0m[0m "githubRepo"   = "github.com/darede-labs/reference-implementation-aws"
          [32m+[0m[0m "owner"        = "platform-team"
          [32m+[0m[0m "project"      = "idp"
        }
      [32m+[0m[0m target_type                        = "instance"
      [32m+[0m[0m vpc_id                             = (known after apply)

      [32m+[0m[0m health_check {
          [32m+[0m[0m enabled             = true
          [32m+[0m[0m healthy_threshold   = 2
          [32m+[0m[0m interval            = 30
          [32m+[0m[0m matcher             = (known after apply)
          [32m+[0m[0m path                = (known after apply)
          [32m+[0m[0m port                = "traffic-port"
          [32m+[0m[0m protocol            = "TCP"
          [32m+[0m[0m timeout             = 10
          [32m+[0m[0m unhealthy_threshold = 2
        }

      [32m+[0m[0m stickiness (known after apply)

      [32m+[0m[0m target_failover (known after apply)

      [32m+[0m[0m target_group_health (known after apply)

      [32m+[0m[0m target_health_state (known after apply)
    }

[1m  # aws_secretsmanager_secret.config[0m will be created
[0m  [32m+[0m[0m resource "aws_secretsmanager_secret" "config" {
      [32m+[0m[0m arn                            = (known after apply)
      [32m+[0m[0m description                    = "CNOE Reference Implementation configuration for External Secrets"
      [32m+[0m[0m force_overwrite_replica_secret = false
      [32m+[0m[0m id                             = (known after apply)
      [32m+[0m[0m name                           = "cnoe-ref-impl/config"
      [32m+[0m[0m name_prefix                    = (known after apply)
      [32m+[0m[0m policy                         = (known after apply)
      [32m+[0m[0m recovery_window_in_days        = 0
      [32m+[0m[0m tags                           = (known after apply)
      [32m+[0m[0m tags_all                       = (known after apply)

      [32m+[0m[0m replica (known after apply)
    }

[1m  # aws_secretsmanager_secret.github_app[0m will be created
[0m  [32m+[0m[0m resource "aws_secretsmanager_secret" "github_app" {
      [32m+[0m[0m arn                            = (known after apply)
      [32m+[0m[0m description                    = "GitHub App credentials for Backstage integration"
      [32m+[0m[0m force_overwrite_replica_secret = false
      [32m+[0m[0m id                             = (known after apply)
      [32m+[0m[0m name                           = "idp-poc-darede-cluster-github-app-credentials"
      [32m+[0m[0m name_prefix                    = (known after apply)
      [32m+[0m[0m policy                         = (known after apply)
      [32m+[0m[0m recovery_window_in_days        = 0
      [32m+[0m[0m tags                           = (known after apply)
      [32m+[0m[0m tags_all                       = (known after apply)

      [32m+[0m[0m replica (known after apply)
    }

[1m  # aws_secretsmanager_secret.keycloak_db[0][0m will be created
[0m  [32m+[0m[0m resource "aws_secretsmanager_secret" "keycloak_db" {
      [32m+[0m[0m arn                            = (known after apply)
      [32m+[0m[0m description                    = "Keycloak RDS PostgreSQL credentials"
      [32m+[0m[0m force_overwrite_replica_secret = false
      [32m+[0m[0m id                             = (known after apply)
      [32m+[0m[0m name                           = (known after apply)
      [32m+[0m[0m name_prefix                    = "idp-poc-darede-cluster-keycloak-db-"
      [32m+[0m[0m policy                         = (known after apply)
      [32m+[0m[0m recovery_window_in_days        = 7
      [32m+[0m[0m tags                           = {
          [32m+[0m[0m "Component"    = "keycloak"
          [32m+[0m[0m "ConfigSource" = "config.yaml"
          [32m+[0m[0m "ManagedBy"    = "terraform"
          [32m+[0m[0m "Name"         = "idp-poc-darede-cluster-keycloak-db"
          [32m+[0m[0m "cost-center"  = "engineering"
          [32m+[0m[0m "env"          = "poc"
          [32m+[0m[0m "githubRepo"   = "github.com/darede-labs/reference-implementation-aws"
          [32m+[0m[0m "owner"        = "platform-team"
          [32m+[0m[0m "project"      = "idp"
        }
      [32m+[0m[0m tags_all                       = {
          [32m+[0m[0m "Component"    = "keycloak"
          [32m+[0m[0m "ConfigSource" = "config.yaml"
          [32m+[0m[0m "ManagedBy"    = "terraform"
          [32m+[0m[0m "Name"         = "idp-poc-darede-cluster-keycloak-db"
          [32m+[0m[0m "cost-center"  = "engineering"
          [32m+[0m[0m "env"          = "poc"
          [32m+[0m[0m "githubRepo"   = "github.com/darede-labs/reference-implementation-aws"
          [32m+[0m[0m "owner"        = "platform-team"
          [32m+[0m[0m "project"      = "idp"
        }

      [32m+[0m[0m replica (known after apply)
    }

[1m  # aws_secretsmanager_secret_version.config[0m will be created
[0m  [32m+[0m[0m resource "aws_secretsmanager_secret_version" "config" {
      [32m+[0m[0m arn                  = (known after apply)
      [32m+[0m[0m has_secret_string_wo = (known after apply)
      [32m+[0m[0m id                   = (known after apply)
      [32m+[0m[0m secret_id            = (known after apply)
      [32m+[0m[0m secret_string        = (sensitive value)
      [32m+[0m[0m secret_string_wo     = (write-only attribute)
      [32m+[0m[0m version_id           = (known after apply)
      [32m+[0m[0m version_stages       = (known after apply)
    }

[1m  # aws_secretsmanager_secret_version.github_app[0m will be created
[0m  [32m+[0m[0m resource "aws_secretsmanager_secret_version" "github_app" {
      [32m+[0m[0m arn                  = (known after apply)
      [32m+[0m[0m has_secret_string_wo = (known after apply)
      [32m+[0m[0m id                   = (known after apply)
      [32m+[0m[0m secret_id            = (known after apply)
      [32m+[0m[0m secret_string        = (sensitive value)
      [32m+[0m[0m secret_string_wo     = (write-only attribute)
      [32m+[0m[0m version_id           = (known after apply)
      [32m+[0m[0m version_stages       = (known after apply)
    }

[1m  # aws_secretsmanager_secret_version.keycloak_db[0][0m will be created
[0m  [32m+[0m[0m resource "aws_secretsmanager_secret_version" "keycloak_db" {
      [32m+[0m[0m arn                  = (known after apply)
      [32m+[0m[0m has_secret_string_wo = (known after apply)
      [32m+[0m[0m id                   = (known after apply)
      [32m+[0m[0m secret_id            = (known after apply)
      [32m+[0m[0m secret_string        = (sensitive value)
      [32m+[0m[0m secret_string_wo     = (write-only attribute)
      [32m+[0m[0m version_id           = (known after apply)
      [32m+[0m[0m version_stages       = (known after apply)
    }

[1m  # aws_security_group.ingress_nginx[0][0m will be created
[0m  [32m+[0m[0m resource "aws_security_group" "ingress_nginx" {
      [32m+[0m[0m arn                    = (known after apply)
      [32m+[0m[0m description            = "Security group for ingress-nginx controller (managed by Terraform)"
      [32m+[0m[0m egress                 = (known after apply)
      [32m+[0m[0m id                     = (known after apply)
      [32m+[0m[0m ingress                = (known after apply)
      [32m+[0m[0m name                   = (known after apply)
      [32m+[0m[0m name_prefix            = "idp-poc-darede-cluster-ingress-nginx-"
      [32m+[0m[0m owner_id               = (known after apply)
      [32m+[0m[0m revoke_rules_on_delete = false
      [32m+[0m[0m tags                   = {
          [32m+[0m[0m "ConfigSource"                                 = "config.yaml"
          [32m+[0m[0m "ManagedBy"                                    = "terraform"
          [32m+[0m[0m "Name"                                         = "idp-poc-darede-cluster-ingress-nginx"
          [32m+[0m[0m "cost-center"                                  = "engineering"
          [32m+[0m[0m "env"                                          = "poc"
          [32m+[0m[0m "githubRepo"                                   = "github.com/darede-labs/reference-implementation-aws"
          [32m+[0m[0m "kubernetes.io/cluster/idp-poc-darede-cluster" = "owned"
          [32m+[0m[0m "kubernetes.io/role/elb"                       = "1"
          [32m+[0m[0m "owner"                                        = "platform-team"
          [32m+[0m[0m "project"                                      = "idp"
        }
      [32m+[0m[0m tags_all               = {
          [32m+[0m[0m "ConfigSource"                                 = "config.yaml"
          [32m+[0m[0m "ManagedBy"                                    = "terraform"
          [32m+[0m[0m "Name"                                         = "idp-poc-darede-cluster-ingress-nginx"
          [32m+[0m[0m "cost-center"                                  = "engineering"
          [32m+[0m[0m "env"                                          = "poc"
          [32m+[0m[0m "githubRepo"                                   = "github.com/darede-labs/reference-implementation-aws"
          [32m+[0m[0m "kubernetes.io/cluster/idp-poc-darede-cluster" = "owned"
          [32m+[0m[0m "kubernetes.io/role/elb"                       = "1"
          [32m+[0m[0m "owner"                                        = "platform-team"
          [32m+[0m[0m "project"                                      = "idp"
        }
      [32m+[0m[0m vpc_id                 = (known after apply)
    }

[1m  # aws_security_group.keycloak_rds[0][0m will be created
[0m  [32m+[0m[0m resource "aws_security_group" "keycloak_rds" {
      [32m+[0m[0m arn                    = (known after apply)
      [32m+[0m[0m description            = "Security group for Keycloak RDS PostgreSQL"
      [32m+[0m[0m egress                 = (known after apply)
      [32m+[0m[0m id                     = (known after apply)
      [32m+[0m[0m ingress                = (known after apply)
      [32m+[0m[0m name                   = (known after apply)
      [32m+[0m[0m name_prefix            = "idp-poc-darede-cluster-keycloak-rds-"
      [32m+[0m[0m owner_id               = (known after apply)
      [32m+[0m[0m revoke_rules_on_delete = false
      [32m+[0m[0m tags                   = {
          [32m+[0m[0m "Component"    = "keycloak"
          [32m+[0m[0m "ConfigSource" = "config.yaml"
          [32m+[0m[0m "ManagedBy"    = "terraform"
          [32m+[0m[0m "Name"         = "idp-poc-darede-cluster-keycloak-rds"
          [32m+[0m[0m "cost-center"  = "engineering"
          [32m+[0m[0m "env"          = "poc"
          [32m+[0m[0m "githubRepo"   = "github.com/darede-labs/reference-implementation-aws"
          [32m+[0m[0m "owner"        = "platform-team"
          [32m+[0m[0m "project"      = "idp"
        }
      [32m+[0m[0m tags_all               = {
          [32m+[0m[0m "Component"    = "keycloak"
          [32m+[0m[0m "ConfigSource" = "config.yaml"
          [32m+[0m[0m "ManagedBy"    = "terraform"
          [32m+[0m[0m "Name"         = "idp-poc-darede-cluster-keycloak-rds"
          [32m+[0m[0m "cost-center"  = "engineering"
          [32m+[0m[0m "env"          = "poc"
          [32m+[0m[0m "githubRepo"   = "github.com/darede-labs/reference-implementation-aws"
          [32m+[0m[0m "owner"        = "platform-team"
          [32m+[0m[0m "project"      = "idp"
        }
      [32m+[0m[0m vpc_id                 = (known after apply)
    }

[1m  # aws_security_group_rule.ingress_nginx_egress[0][0m will be created
[0m  [32m+[0m[0m resource "aws_security_group_rule" "ingress_nginx_egress" {
      [32m+[0m[0m cidr_blocks              = [
          [32m+[0m[0m "0.0.0.0/0",
        ]
      [32m+[0m[0m description              = "Allow all outbound traffic"
      [32m+[0m[0m from_port                = 0
      [32m+[0m[0m id                       = (known after apply)
      [32m+[0m[0m protocol                 = "-1"
      [32m+[0m[0m security_group_id        = (known after apply)
      [32m+[0m[0m security_group_rule_id   = (known after apply)
      [32m+[0m[0m self                     = false
      [32m+[0m[0m source_security_group_id = (known after apply)
      [32m+[0m[0m to_port                  = 0
      [32m+[0m[0m type                     = "egress"
    }

[1m  # aws_security_group_rule.ingress_nginx_http[0][0m will be created
[0m  [32m+[0m[0m resource "aws_security_group_rule" "ingress_nginx_http" {
      [32m+[0m[0m cidr_blocks              = [
          [32m+[0m[0m "0.0.0.0/0",
        ]
      [32m+[0m[0m description              = "Allow HTTP traffic from internet"
      [32m+[0m[0m from_port                = 80
      [32m+[0m[0m id                       = (known after apply)
      [32m+[0m[0m protocol                 = "tcp"
      [32m+[0m[0m security_group_id        = (known after apply)
      [32m+[0m[0m security_group_rule_id   = (known after apply)
      [32m+[0m[0m self                     = false
      [32m+[0m[0m source_security_group_id = (known after apply)
      [32m+[0m[0m to_port                  = 80
      [32m+[0m[0m type                     = "ingress"
    }

[1m  # aws_security_group_rule.ingress_nginx_https[0][0m will be created
[0m  [32m+[0m[0m resource "aws_security_group_rule" "ingress_nginx_https" {
      [32m+[0m[0m cidr_blocks              = [
          [32m+[0m[0m "0.0.0.0/0",
        ]
      [32m+[0m[0m description              = "Allow HTTPS traffic from internet"
      [32m+[0m[0m from_port                = 443
      [32m+[0m[0m id                       = (known after apply)
      [32m+[0m[0m protocol                 = "tcp"
      [32m+[0m[0m security_group_id        = (known after apply)
      [32m+[0m[0m security_group_rule_id   = (known after apply)
      [32m+[0m[0m self                     = false
      [32m+[0m[0m source_security_group_id = (known after apply)
      [32m+[0m[0m to_port                  = 443
      [32m+[0m[0m type                     = "ingress"
    }

[1m  # aws_security_group_rule.ingress_nginx_nodeport_http[0][0m will be created
[0m  [32m+[0m[0m resource "aws_security_group_rule" "ingress_nginx_nodeport_http" {
      [32m+[0m[0m cidr_blocks              = [
          [32m+[0m[0m "10.0.0.0/16",
        ]
      [32m+[0m[0m description              = "Allow NodePort HTTP from VPC"
      [32m+[0m[0m from_port                = 30080
      [32m+[0m[0m id                       = (known after apply)
      [32m+[0m[0m protocol                 = "tcp"
      [32m+[0m[0m security_group_id        = (known after apply)
      [32m+[0m[0m security_group_rule_id   = (known after apply)
      [32m+[0m[0m self                     = false
      [32m+[0m[0m source_security_group_id = (known after apply)
      [32m+[0m[0m to_port                  = 30080
      [32m+[0m[0m type                     = "ingress"
    }

[1m  # aws_security_group_rule.ingress_nginx_nodeport_https[0][0m will be created
[0m  [32m+[0m[0m resource "aws_security_group_rule" "ingress_nginx_nodeport_https" {
      [32m+[0m[0m cidr_blocks              = [
          [32m+[0m[0m "10.0.0.0/16",
        ]
      [32m+[0m[0m description              = "Allow NodePort HTTPS from VPC"
      [32m+[0m[0m from_port                = 30443
      [32m+[0m[0m id                       = (known after apply)
      [32m+[0m[0m protocol                 = "tcp"
      [32m+[0m[0m security_group_id        = (known after apply)
      [32m+[0m[0m security_group_rule_id   = (known after apply)
      [32m+[0m[0m self                     = false
      [32m+[0m[0m source_security_group_id = (known after apply)
      [32m+[0m[0m to_port                  = 30443
      [32m+[0m[0m type                     = "ingress"
    }

[1m  # aws_security_group_rule.keycloak_rds_egress[0][0m will be created
[0m  [32m+[0m[0m resource "aws_security_group_rule" "keycloak_rds_egress" {
      [32m+[0m[0m cidr_blocks              = [
          [32m+[0m[0m "0.0.0.0/0",
        ]
      [32m+[0m[0m description              = "Allow all outbound"
      [32m+[0m[0m from_port                = 0
      [32m+[0m[0m id                       = (known after apply)
      [32m+[0m[0m protocol                 = "-1"
      [32m+[0m[0m security_group_id        = (known after apply)
      [32m+[0m[0m security_group_rule_id   = (known after apply)
      [32m+[0m[0m self                     = false
      [32m+[0m[0m source_security_group_id = (known after apply)
      [32m+[0m[0m to_port                  = 0
      [32m+[0m[0m type                     = "egress"
    }

[1m  # aws_security_group_rule.keycloak_rds_ingress_from_eks[0][0m will be created
[0m  [32m+[0m[0m resource "aws_security_group_rule" "keycloak_rds_ingress_from_eks" {
      [32m+[0m[0m description              = "Allow PostgreSQL from EKS nodes"
      [32m+[0m[0m from_port                = 5432
      [32m+[0m[0m id                       = (known after apply)
      [32m+[0m[0m protocol                 = "tcp"
      [32m+[0m[0m security_group_id        = (known after apply)
      [32m+[0m[0m security_group_rule_id   = (known after apply)
      [32m+[0m[0m self                     = false
      [32m+[0m[0m source_security_group_id = (known after apply)
      [32m+[0m[0m to_port                  = 5432
      [32m+[0m[0m type                     = "ingress"
    }

[1m  # null_resource.validate_cluster_name[0m will be created
[0m  [32m+[0m[0m resource "null_resource" "validate_cluster_name" {
      [32m+[0m[0m id = (known after apply)
    }

[1m  # null_resource.validate_domain[0m will be created
[0m  [32m+[0m[0m resource "null_resource" "validate_domain" {
      [32m+[0m[0m id = (known after apply)
    }

[1m  # null_resource.validate_iam_role_names[0m will be created
[0m  [32m+[0m[0m resource "null_resource" "validate_iam_role_names" {
      [32m+[0m[0m id       = (known after apply)
      [32m+[0m[0m triggers = {
          [32m+[0m[0m "cluster_name" = "idp-poc-darede-cluster"
        }
    }

[1m  # null_resource.validate_karpenter_node_group_name[0][0m will be created
[0m  [32m+[0m[0m resource "null_resource" "validate_karpenter_node_group_name" {
      [32m+[0m[0m id = (known after apply)
    }

[1m  # null_resource.validate_kms_alias[0m will be created
[0m  [32m+[0m[0m resource "null_resource" "validate_kms_alias" {
      [32m+[0m[0m id = (known after apply)
    }

[1m  # null_resource.validate_nlb_name[0][0m will be created
[0m  [32m+[0m[0m resource "null_resource" "validate_nlb_name" {
      [32m+[0m[0m id = (known after apply)
    }

[1m  # null_resource.validate_s3_bucket_name[0m will be created
[0m  [32m+[0m[0m resource "null_resource" "validate_s3_bucket_name" {
      [32m+[0m[0m id = (known after apply)
    }

[1m  # null_resource.validate_secrets_manager_names[0m will be created
[0m  [32m+[0m[0m resource "null_resource" "validate_secrets_manager_names" {
      [32m+[0m[0m id = (known after apply)
    }

[1m  # null_resource.validate_security_group_names[0][0m will be created
[0m  [32m+[0m[0m resource "null_resource" "validate_security_group_names" {
      [32m+[0m[0m id = (known after apply)
    }

[1m  # null_resource.validate_target_group_names[0][0m will be created
[0m  [32m+[0m[0m resource "null_resource" "validate_target_group_names" {
      [32m+[0m[0m id = (known after apply)
    }

[1m  # null_resource.validate_vpc_name[0][0m will be created
[0m  [32m+[0m[0m resource "null_resource" "validate_vpc_name" {
      [32m+[0m[0m id = (known after apply)
    }

[1m  # random_password.keycloak_db_password[0][0m will be created
[0m  [32m+[0m[0m resource "random_password" "keycloak_db_password" {
      [32m+[0m[0m bcrypt_hash      = (sensitive value)
      [32m+[0m[0m id               = (known after apply)
      [32m+[0m[0m length           = 32
      [32m+[0m[0m lower            = true
      [32m+[0m[0m min_lower        = 0
      [32m+[0m[0m min_numeric      = 0
      [32m+[0m[0m min_special      = 0
      [32m+[0m[0m min_upper        = 0
      [32m+[0m[0m number           = true
      [32m+[0m[0m numeric          = true
      [32m+[0m[0m override_special = "!#$%&*()-_=+[]{}:?"
      [32m+[0m[0m result           = (sensitive value)
      [32m+[0m[0m special          = true
      [32m+[0m[0m upper            = true
    }

[1m  # module.aws_load_balancer_controller_pod_identity[0].aws_eks_pod_identity_association.this["external_secrets"][0m will be created
[0m  [32m+[0m[0m resource "aws_eks_pod_identity_association" "this" {
      [32m+[0m[0m association_arn = (known after apply)
      [32m+[0m[0m association_id  = (known after apply)
      [32m+[0m[0m cluster_name    = "idp-poc-darede-cluster"
      [32m+[0m[0m id              = (known after apply)
      [32m+[0m[0m namespace       = "kube-system"
      [32m+[0m[0m role_arn        = (known after apply)
      [32m+[0m[0m service_account = "aws-load-balancer-controller"
      [32m+[0m[0m tags            = {
          [32m+[0m[0m "ConfigSource" = "config.yaml"
          [32m+[0m[0m "ManagedBy"    = "terraform"
          [32m+[0m[0m "cost-center"  = "engineering"
          [32m+[0m[0m "env"          = "poc"
          [32m+[0m[0m "githubRepo"   = "github.com/darede-labs/reference-implementation-aws"
          [32m+[0m[0m "owner"        = "platform-team"
          [32m+[0m[0m "project"      = "idp"
        }
      [32m+[0m[0m tags_all        = {
          [32m+[0m[0m "ConfigSource" = "config.yaml"
          [32m+[0m[0m "ManagedBy"    = "terraform"
          [32m+[0m[0m "cost-center"  = "engineering"
          [32m+[0m[0m "env"          = "poc"
          [32m+[0m[0m "githubRepo"   = "github.com/darede-labs/reference-implementation-aws"
          [32m+[0m[0m "owner"        = "platform-team"
          [32m+[0m[0m "project"      = "idp"
        }
    }

[1m  # module.aws_load_balancer_controller_pod_identity[0].aws_iam_policy.lb_controller[0][0m will be created
[0m  [32m+[0m[0m resource "aws_iam_policy" "lb_controller" {
      [32m+[0m[0m arn              = (known after apply)
      [32m+[0m[0m attachment_count = (known after apply)
      [32m+[0m[0m description      = "Permissions for AWS Load Balancer Controller"
      [32m+[0m[0m id               = (known after apply)
      [32m+[0m[0m name             = (known after apply)
      [32m+[0m[0m name_prefix      = "AmazonEKS_LoadBalancerController-"
      [32m+[0m[0m path             = "/"
      [32m+[0m[0m policy           = jsonencode(
            {
              [32m+[0m[0m Statement = [
                  [32m+[0m[0m {
                      [32m+[0m[0m Action    = "iam:CreateServiceLinkedRole"
                      [32m+[0m[0m Condition = {
                          [32m+[0m[0m StringEquals = {
                              [32m+[0m[0m "iam:AWSServiceName" = "elasticloadbalancing.amazonaws.com"
                            }
                        }
                      [32m+[0m[0m Effect    = "Allow"
                      [32m+[0m[0m Resource  = "*"
                    },
                  [32m+[0m[0m {
                      [32m+[0m[0m Action   = [
                          [32m+[0m[0m "elasticloadbalancing:DescribeTrustStores",
                          [32m+[0m[0m "elasticloadbalancing:DescribeTargetHealth",
                          [32m+[0m[0m "elasticloadbalancing:DescribeTargetGroups",
                          [32m+[0m[0m "elasticloadbalancing:DescribeTargetGroupAttributes",
                          [32m+[0m[0m "elasticloadbalancing:DescribeTags",
                          [32m+[0m[0m "elasticloadbalancing:DescribeSSLPolicies",
                          [32m+[0m[0m "elasticloadbalancing:DescribeRules",
                          [32m+[0m[0m "elasticloadbalancing:DescribeLoadBalancers",
                          [32m+[0m[0m "elasticloadbalancing:DescribeLoadBalancerAttributes",
                          [32m+[0m[0m "elasticloadbalancing:DescribeListeners",
                          [32m+[0m[0m "elasticloadbalancing:DescribeListenerCertificates",
                          [32m+[0m[0m "elasticloadbalancing:DescribeListenerAttributes",
                          [32m+[0m[0m "elasticloadbalancing:DescribeCapacityReservation",
                          [32m+[0m[0m "ec2:GetSecurityGroupsForVpc",
                          [32m+[0m[0m "ec2:GetCoipPoolUsage",
                          [32m+[0m[0m "ec2:DescribeVpcs",
                          [32m+[0m[0m "ec2:DescribeVpcPeeringConnections",
                          [32m+[0m[0m "ec2:DescribeTags",
                          [32m+[0m[0m "ec2:DescribeSubnets",
                          [32m+[0m[0m "ec2:DescribeSecurityGroups",
                          [32m+[0m[0m "ec2:DescribeRouteTables",
                          [32m+[0m[0m "ec2:DescribeNetworkInterfaces",
                          [32m+[0m[0m "ec2:DescribeIpamPools",
                          [32m+[0m[0m "ec2:DescribeInternetGateways",
                          [32m+[0m[0m "ec2:DescribeInstances",
                          [32m+[0m[0m "ec2:DescribeCoipPools",
                          [32m+[0m[0m "ec2:DescribeAvailabilityZones",
                          [32m+[0m[0m "ec2:DescribeAddresses",
                          [32m+[0m[0m "ec2:DescribeAccountAttributes",
                        ]
                      [32m+[0m[0m Effect   = "Allow"
                      [32m+[0m[0m Resource = "*"
                    },
                  [32m+[0m[0m {
                      [32m+[0m[0m Action   = [
                          [32m+[0m[0m "wafv2:GetWebACLForResource",
                          [32m+[0m[0m "wafv2:GetWebACL",
                          [32m+[0m[0m "wafv2:DisassociateWebACL",
                          [32m+[0m[0m "wafv2:AssociateWebACL",
                          [32m+[0m[0m "waf-regional:GetWebACLForResource",
                          [32m+[0m[0m "waf-regional:GetWebACL",
                          [32m+[0m[0m "waf-regional:DisassociateWebACL",
                          [32m+[0m[0m "waf-regional:AssociateWebACL",
                          [32m+[0m[0m "shield:GetSubscriptionState",
                          [32m+[0m[0m "shield:DescribeProtection",
                          [32m+[0m[0m "shield:DeleteProtection",
                          [32m+[0m[0m "shield:CreateProtection",
                          [32m+[0m[0m "iam:ListServerCertificates",
                          [32m+[0m[0m "iam:GetServerCertificate",
                          [32m+[0m[0m "cognito-idp:DescribeUserPoolClient",
                          [32m+[0m[0m "acm:ListCertificates",
                          [32m+[0m[0m "acm:DescribeCertificate",
                        ]
                      [32m+[0m[0m Effect   = "Allow"
                      [32m+[0m[0m Resource = "*"
                    },
                  [32m+[0m[0m {
                      [32m+[0m[0m Action   = [
                          [32m+[0m[0m "ec2:RevokeSecurityGroupIngress",
                          [32m+[0m[0m "ec2:AuthorizeSecurityGroupIngress",
                        ]
                      [32m+[0m[0m Effect   = "Allow"
                      [32m+[0m[0m Resource = "*"
                    },
                  [32m+[0m[0m {
                      [32m+[0m[0m Action   = "ec2:CreateSecurityGroup"
                      [32m+[0m[0m Effect   = "Allow"
                      [32m+[0m[0m Resource = "*"
                    },
                  [32m+[0m[0m {
                      [32m+[0m[0m Action    = "ec2:CreateTags"
                      [32m+[0m[0m Condition = {
                          [32m+[0m[0m Null         = {
                              [32m+[0m[0m "aws:RequestTag/elbv2.k8s.aws/cluster" = "false"
                            }
                          [32m+[0m[0m StringEquals = {
                              [32m+[0m[0m "ec2:CreateAction" = "CreateSecurityGroup"
                            }
                        }
                      [32m+[0m[0m Effect    = "Allow"
                      [32m+[0m[0m Resource  = "arn:aws:ec2:*:*:security-group/*"
                    },
                  [32m+[0m[0m {
                      [32m+[0m[0m Action    = [
                          [32m+[0m[0m "ec2:DeleteTags",
                          [32m+[0m[0m "ec2:CreateTags",
                        ]
                      [32m+[0m[0m Condition = {
                          [32m+[0m[0m Null = {
                              [32m+[0m[0m "aws:RequestTag/elbv2.k8s.aws/cluster"  = "true"
                              [32m+[0m[0m "aws:ResourceTag/elbv2.k8s.aws/cluster" = "false"
                            }
                        }
                      [32m+[0m[0m Effect    = "Allow"
                      [32m+[0m[0m Resource  = "arn:aws:ec2:*:*:security-group/*"
                    },
                  [32m+[0m[0m {
                      [32m+[0m[0m Action    = [
                          [32m+[0m[0m "ec2:RevokeSecurityGroupIngress",
                          [32m+[0m[0m "ec2:DeleteSecurityGroup",
                          [32m+[0m[0m "ec2:AuthorizeSecurityGroupIngress",
                        ]
                      [32m+[0m[0m Condition = {
                          [32m+[0m[0m Null = {
                              [32m+[0m[0m "aws:ResourceTag/elbv2.k8s.aws/cluster" = "false"
                            }
                        }
                      [32m+[0m[0m Effect    = "Allow"
                      [32m+[0m[0m Resource  = "*"
                    },
                  [32m+[0m[0m {
                      [32m+[0m[0m Action    = [
                          [32m+[0m[0m "elasticloadbalancing:CreateTargetGroup",
                          [32m+[0m[0m "elasticloadbalancing:CreateLoadBalancer",
                        ]
                      [32m+[0m[0m Condition = {
                          [32m+[0m[0m Null = {
                              [32m+[0m[0m "aws:RequestTag/elbv2.k8s.aws/cluster" = "false"
                            }
                        }
                      [32m+[0m[0m Effect    = "Allow"
                      [32m+[0m[0m Resource  = "*"
                    },
                  [32m+[0m[0m {
                      [32m+[0m[0m Action   = [
                          [32m+[0m[0m "elasticloadbalancing:DeleteRule",
                          [32m+[0m[0m "elasticloadbalancing:DeleteListener",
                          [32m+[0m[0m "elasticloadbalancing:CreateRule",
                          [32m+[0m[0m "elasticloadbalancing:CreateListener",
                        ]
                      [32m+[0m[0m Effect   = "Allow"
                      [32m+[0m[0m Resource = "*"
                    },
                  [32m+[0m[0m {
                      [32m+[0m[0m Action    = [
                          [32m+[0m[0m "elasticloadbalancing:RemoveTags",
                          [32m+[0m[0m "elasticloadbalancing:AddTags",
                        ]
                      [32m+[0m[0m Condition = {
                          [32m+[0m[0m Null = {
                              [32m+[0m[0m "aws:RequestTag/elbv2.k8s.aws/cluster"  = "true"
                              [32m+[0m[0m "aws:ResourceTag/elbv2.k8s.aws/cluster" = "false"
                            }
                        }
                      [32m+[0m[0m Effect    = "Allow"
                      [32m+[0m[0m Resource  = [
                          [32m+[0m[0m "arn:aws:elasticloadbalancing:*:*:targetgroup/*/*",
                          [32m+[0m[0m "arn:aws:elasticloadbalancing:*:*:loadbalancer/net/*/*",
                          [32m+[0m[0m "arn:aws:elasticloadbalancing:*:*:loadbalancer/app/*/*",
                        ]
                    },
                  [32m+[0m[0m {
                      [32m+[0m[0m Action   = [
                          [32m+[0m[0m "elasticloadbalancing:RemoveTags",
                          [32m+[0m[0m "elasticloadbalancing:AddTags",
                        ]
                      [32m+[0m[0m Effect   = "Allow"
                      [32m+[0m[0m Resource = [
                          [32m+[0m[0m "arn:aws:elasticloadbalancing:*:*:listener/net/*/*/*",
                          [32m+[0m[0m "arn:aws:elasticloadbalancing:*:*:listener/app/*/*/*",
                          [32m+[0m[0m "arn:aws:elasticloadbalancing:*:*:listener-rule/net/*/*/*",
                          [32m+[0m[0m "arn:aws:elasticloadbalancing:*:*:listener-rule/app/*/*/*",
                        ]
                    },
                  [32m+[0m[0m {
                      [32m+[0m[0m Action    = [
                          [32m+[0m[0m "elasticloadbalancing:SetSubnets",
                          [32m+[0m[0m "elasticloadbalancing:SetSecurityGroups",
                          [32m+[0m[0m "elasticloadbalancing:SetIpAddressType",
                          [32m+[0m[0m "elasticloadbalancing:ModifyTargetGroupAttributes",
                          [32m+[0m[0m "elasticloadbalancing:ModifyTargetGroup",
                          [32m+[0m[0m "elasticloadbalancing:ModifyLoadBalancerAttributes",
                          [32m+[0m[0m "elasticloadbalancing:ModifyListenerAttributes",
                          [32m+[0m[0m "elasticloadbalancing:ModifyIpPools",
                          [32m+[0m[0m "elasticloadbalancing:ModifyCapacityReservation",
                          [32m+[0m[0m "elasticloadbalancing:DeleteTargetGroup",
                          [32m+[0m[0m "elasticloadbalancing:DeleteLoadBalancer",
                        ]
                      [32m+[0m[0m Condition = {
                          [32m+[0m[0m Null = {
                              [32m+[0m[0m "aws:ResourceTag/elbv2.k8s.aws/cluster" = "false"
                            }
                        }
                      [32m+[0m[0m Effect    = "Allow"
                      [32m+[0m[0m Resource  = "*"
                    },
                  [32m+[0m[0m {
                      [32m+[0m[0m Action    = "elasticloadbalancing:AddTags"
                      [32m+[0m[0m Condition = {
                          [32m+[0m[0m Null         = {
                              [32m+[0m[0m "aws:RequestTag/elbv2.k8s.aws/cluster" = "false"
                            }
                          [32m+[0m[0m StringEquals = {
                              [32m+[0m[0m "elasticloadbalancing:CreateAction" = [
                                  [32m+[0m[0m "CreateTargetGroup",
                                  [32m+[0m[0m "CreateLoadBalancer",
                                ]
                            }
                        }
                      [32m+[0m[0m Effect    = "Allow"
                      [32m+[0m[0m Resource  = [
                          [32m+[0m[0m "arn:aws:elasticloadbalancing:*:*:targetgroup/*/*",
                          [32m+[0m[0m "arn:aws:elasticloadbalancing:*:*:loadbalancer/net/*/*",
                          [32m+[0m[0m "arn:aws:elasticloadbalancing:*:*:loadbalancer/app/*/*",
                        ]
                    },
                  [32m+[0m[0m {
                      [32m+[0m[0m Action   = [
                          [32m+[0m[0m "elasticloadbalancing:RegisterTargets",
                          [32m+[0m[0m "elasticloadbalancing:DeregisterTargets",
                        ]
                      [32m+[0m[0m Effect   = "Allow"
                      [32m+[0m[0m Resource = "arn:aws:elasticloadbalancing:*:*:targetgroup/*/*"
                    },
                  [32m+[0m[0m {
                      [32m+[0m[0m Action   = [
                          [32m+[0m[0m "elasticloadbalancing:SetWebAcl",
                          [32m+[0m[0m "elasticloadbalancing:SetRulePriorities",
                          [32m+[0m[0m "elasticloadbalancing:RemoveListenerCertificates",
                          [32m+[0m[0m "elasticloadbalancing:ModifyRule",
                          [32m+[0m[0m "elasticloadbalancing:ModifyListener",
                          [32m+[0m[0m "elasticloadbalancing:AddListenerCertificates",
                        ]
                      [32m+[0m[0m Effect   = "Allow"
                      [32m+[0m[0m Resource = "*"
                    },
                ]
              [32m+[0m[0m Version   = "2012-10-17"
            }
        )
      [32m+[0m[0m policy_id        = (known after apply)
      [32m+[0m[0m tags             = {
          [32m+[0m[0m "ConfigSource" = "config.yaml"
          [32m+[0m[0m "ManagedBy"    = "terraform"
          [32m+[0m[0m "cost-center"  = "engineering"
          [32m+[0m[0m "env"          = "poc"
          [32m+[0m[0m "githubRepo"   = "github.com/darede-labs/reference-implementation-aws"
          [32m+[0m[0m "owner"        = "platform-team"
          [32m+[0m[0m "project"      = "idp"
        }
      [32m+[0m[0m tags_all         = {
          [32m+[0m[0m "ConfigSource" = "config.yaml"
          [32m+[0m[0m "ManagedBy"    = "terraform"
          [32m+[0m[0m "cost-center"  = "engineering"
          [32m+[0m[0m "env"          = "poc"
          [32m+[0m[0m "githubRepo"   = "github.com/darede-labs/reference-implementation-aws"
          [32m+[0m[0m "owner"        = "platform-team"
          [32m+[0m[0m "project"      = "idp"
        }
    }

[1m  # module.aws_load_balancer_controller_pod_identity[0].aws_iam_role.this[0][0m will be created
[0m  [32m+[0m[0m resource "aws_iam_role" "this" {
      [32m+[0m[0m arn                   = (known after apply)
      [32m+[0m[0m assume_role_policy    = jsonencode(
            {
              [32m+[0m[0m Statement = [
                  [32m+[0m[0m {
                      [32m+[0m[0m Action    = [
                          [32m+[0m[0m "sts:TagSession",
                          [32m+[0m[0m "sts:AssumeRole",
                        ]
                      [32m+[0m[0m Effect    = "Allow"
                      [32m+[0m[0m Principal = {
                          [32m+[0m[0m Service = "pods.eks.amazonaws.com"
                        }
                    },
                ]
              [32m+[0m[0m Version   = "2012-10-17"
            }
        )
      [32m+[0m[0m create_date           = (known after apply)
      [32m+[0m[0m force_detach_policies = true
      [32m+[0m[0m id                    = (known after apply)
      [32m+[0m[0m managed_policy_arns   = (known after apply)
      [32m+[0m[0m max_session_duration  = 3600
      [32m+[0m[0m name                  = (known after apply)
      [32m+[0m[0m name_prefix           = "aws_load_balancer_controller-"
      [32m+[0m[0m path                  = "/"
      [32m+[0m[0m tags                  = {
          [32m+[0m[0m "ConfigSource" = "config.yaml"
          [32m+[0m[0m "ManagedBy"    = "terraform"
          [32m+[0m[0m "cost-center"  = "engineering"
          [32m+[0m[0m "env"          = "poc"
          [32m+[0m[0m "githubRepo"   = "github.com/darede-labs/reference-implementation-aws"
          [32m+[0m[0m "owner"        = "platform-team"
          [32m+[0m[0m "project"      = "idp"
        }
      [32m+[0m[0m tags_all              = {
          [32m+[0m[0m "ConfigSource" = "config.yaml"
          [32m+[0m[0m "ManagedBy"    = "terraform"
          [32m+[0m[0m "cost-center"  = "engineering"
          [32m+[0m[0m "env"          = "poc"
          [32m+[0m[0m "githubRepo"   = "github.com/darede-labs/reference-implementation-aws"
          [32m+[0m[0m "owner"        = "platform-team"
          [32m+[0m[0m "project"      = "idp"
        }
      [32m+[0m[0m unique_id             = (known after apply)

      [32m+[0m[0m inline_policy (known after apply)
    }

[1m  # module.aws_load_balancer_controller_pod_identity[0].aws_iam_role_policy_attachment.lb_controller[0][0m will be created
[0m  [32m+[0m[0m resource "aws_iam_role_policy_attachment" "lb_controller" {
      [32m+[0m[0m id         = (known after apply)
      [32m+[0m[0m policy_arn = (known after apply)
      [32m+[0m[0m role       = (known after apply)
    }

[1m  # module.backstage_irsa.data.aws_iam_policy_document.this[0][0m will be read during apply
  # (config refers to values not yet known)
[0m [36m<=[0m[0m data "aws_iam_policy_document" "this" {
      [32m+[0m[0m id            = (known after apply)
      [32m+[0m[0m json          = (known after apply)
      [32m+[0m[0m minified_json = (known after apply)

      [32m+[0m[0m statement {
          [32m+[0m[0m actions = [
              [32m+[0m[0m "sts:AssumeRoleWithWebIdentity",
            ]
          [32m+[0m[0m effect  = "Allow"

          [32m+[0m[0m condition {
              [32m+[0m[0m test     = "StringEquals"
              [32m+[0m[0m values   = [
                  [32m+[0m[0m "sts.amazonaws.com",
                ]
              [32m+[0m[0m variable = (known after apply)
            }
          [32m+[0m[0m condition {
              [32m+[0m[0m test     = "StringEquals"
              [32m+[0m[0m values   = [
                  [32m+[0m[0m "system:serviceaccount:backstage:backstage",
                ]
              [32m+[0m[0m variable = (known after apply)
            }

          [32m+[0m[0m principals {
              [32m+[0m[0m identifiers = [
                  [32m+[0m[0m (known after apply),
                ]
              [32m+[0m[0m type        = "Federated"
            }
        }
    }

[1m  # module.backstage_irsa.aws_iam_role.this[0][0m will be created
[0m  [32m+[0m[0m resource "aws_iam_role" "this" {
      [32m+[0m[0m arn                   = (known after apply)
      [32m+[0m[0m assume_role_policy    = (known after apply)
      [32m+[0m[0m create_date           = (known after apply)
      [32m+[0m[0m force_detach_policies = true
      [32m+[0m[0m id                    = (known after apply)
      [32m+[0m[0m managed_policy_arns   = (known after apply)
      [32m+[0m[0m max_session_duration  = 3600
      [32m+[0m[0m name                  = "backstage-terraform-irsa"
      [32m+[0m[0m name_prefix           = (known after apply)
      [32m+[0m[0m path                  = "/"
      [32m+[0m[0m tags                  = {
          [32m+[0m[0m "ConfigSource" = "config.yaml"
          [32m+[0m[0m "ManagedBy"    = "terraform"
          [32m+[0m[0m "cost-center"  = "engineering"
          [32m+[0m[0m "env"          = "poc"
          [32m+[0m[0m "githubRepo"   = "github.com/darede-labs/reference-implementation-aws"
          [32m+[0m[0m "owner"        = "platform-team"
          [32m+[0m[0m "project"      = "idp"
        }
      [32m+[0m[0m tags_all              = {
          [32m+[0m[0m "ConfigSource" = "config.yaml"
          [32m+[0m[0m "ManagedBy"    = "terraform"
          [32m+[0m[0m "cost-center"  = "engineering"
          [32m+[0m[0m "env"          = "poc"
          [32m+[0m[0m "githubRepo"   = "github.com/darede-labs/reference-implementation-aws"
          [32m+[0m[0m "owner"        = "platform-team"
          [32m+[0m[0m "project"      = "idp"
        }
      [32m+[0m[0m unique_id             = (known after apply)

      [32m+[0m[0m inline_policy (known after apply)
    }

[1m  # module.backstage_irsa.aws_iam_role_policy_attachment.this["custom_policy"][0m will be created
[0m  [32m+[0m[0m resource "aws_iam_role_policy_attachment" "this" {
      [32m+[0m[0m id         = (known after apply)
      [32m+[0m[0m policy_arn = (known after apply)
      [32m+[0m[0m role       = "backstage-terraform-irsa"
    }

[1m  # module.backstage_irsa.aws_iam_role_policy_attachment.this["power_user"][0m will be created
[0m  [32m+[0m[0m resource "aws_iam_role_policy_attachment" "this" {
      [32m+[0m[0m id         = (known after apply)
      [32m+[0m[0m policy_arn = "arn:aws:iam::aws:policy/PowerUserAccess"
      [32m+[0m[0m role       = "backstage-terraform-irsa"
    }

[1m  # module.crossplane_pod_identity.aws_eks_pod_identity_association.this["crossplane"][0m will be created
[0m  [32m+[0m[0m resource "aws_eks_pod_identity_association" "this" {
      [32m+[0m[0m association_arn = (known after apply)
      [32m+[0m[0m association_id  = (known after apply)
      [32m+[0m[0m cluster_name    = "idp-poc-darede-cluster"
      [32m+[0m[0m id              = (known after apply)
      [32m+[0m[0m namespace       = "crossplane-system"
      [32m+[0m[0m role_arn        = (known after apply)
      [32m+[0m[0m service_account = "provider-aws"
      [32m+[0m[0m tags            = {
          [32m+[0m[0m "ConfigSource" = "config.yaml"
          [32m+[0m[0m "ManagedBy"    = "terraform"
          [32m+[0m[0m "cost-center"  = "engineering"
          [32m+[0m[0m "env"          = "poc"
          [32m+[0m[0m "githubRepo"   = "github.com/darede-labs/reference-implementation-aws"
          [32m+[0m[0m "owner"        = "platform-team"
          [32m+[0m[0m "project"      = "idp"
        }
      [32m+[0m[0m tags_all        = {
          [32m+[0m[0m "ConfigSource" = "config.yaml"
          [32m+[0m[0m "ManagedBy"    = "terraform"
          [32m+[0m[0m "cost-center"  = "engineering"
          [32m+[0m[0m "env"          = "poc"
          [32m+[0m[0m "githubRepo"   = "github.com/darede-labs/reference-implementation-aws"
          [32m+[0m[0m "owner"        = "platform-team"
          [32m+[0m[0m "project"      = "idp"
        }
    }

[1m  # module.crossplane_pod_identity.aws_iam_role.this[0][0m will be created
[0m  [32m+[0m[0m resource "aws_iam_role" "this" {
      [32m+[0m[0m arn                   = (known after apply)
      [32m+[0m[0m assume_role_policy    = jsonencode(
            {
              [32m+[0m[0m Statement = [
                  [32m+[0m[0m {
                      [32m+[0m[0m Action    = [
                          [32m+[0m[0m "sts:TagSession",
                          [32m+[0m[0m "sts:AssumeRole",
                        ]
                      [32m+[0m[0m Effect    = "Allow"
                      [32m+[0m[0m Principal = {
                          [32m+[0m[0m Service = "pods.eks.amazonaws.com"
                        }
                    },
                ]
              [32m+[0m[0m Version   = "2012-10-17"
            }
        )
      [32m+[0m[0m create_date           = (known after apply)
      [32m+[0m[0m force_detach_policies = true
      [32m+[0m[0m id                    = (known after apply)
      [32m+[0m[0m managed_policy_arns   = (known after apply)
      [32m+[0m[0m max_session_duration  = 3600
      [32m+[0m[0m name                  = (known after apply)
      [32m+[0m[0m name_prefix           = "crossplane-provider-aws-"
      [32m+[0m[0m path                  = "/"
      [32m+[0m[0m permissions_boundary  = (known after apply)
      [32m+[0m[0m tags                  = {
          [32m+[0m[0m "ConfigSource" = "config.yaml"
          [32m+[0m[0m "ManagedBy"    = "terraform"
          [32m+[0m[0m "cost-center"  = "engineering"
          [32m+[0m[0m "env"          = "poc"
          [32m+[0m[0m "githubRepo"   = "github.com/darede-labs/reference-implementation-aws"
          [32m+[0m[0m "owner"        = "platform-team"
          [32m+[0m[0m "project"      = "idp"
        }
      [32m+[0m[0m tags_all              = {
          [32m+[0m[0m "ConfigSource" = "config.yaml"
          [32m+[0m[0m "ManagedBy"    = "terraform"
          [32m+[0m[0m "cost-center"  = "engineering"
          [32m+[0m[0m "env"          = "poc"
          [32m+[0m[0m "githubRepo"   = "github.com/darede-labs/reference-implementation-aws"
          [32m+[0m[0m "owner"        = "platform-team"
          [32m+[0m[0m "project"      = "idp"
        }
      [32m+[0m[0m unique_id             = (known after apply)

      [32m+[0m[0m inline_policy (known after apply)
    }

[1m  # module.crossplane_pod_identity.aws_iam_role_policy_attachment.this["admin"][0m will be created
[0m  [32m+[0m[0m resource "aws_iam_role_policy_attachment" "this" {
      [32m+[0m[0m id         = (known after apply)
      [32m+[0m[0m policy_arn = "arn:aws:iam::aws:policy/AdministratorAccess"
      [32m+[0m[0m role       = (known after apply)
    }

[1m  # module.ebs_csi_driver_pod_identity[0].aws_eks_pod_identity_association.this["external_secrets"][0m will be created
[0m  [32m+[0m[0m resource "aws_eks_pod_identity_association" "this" {
      [32m+[0m[0m association_arn = (known after apply)
      [32m+[0m[0m association_id  = (known after apply)
      [32m+[0m[0m cluster_name    = "idp-poc-darede-cluster"
      [32m+[0m[0m id              = (known after apply)
      [32m+[0m[0m namespace       = "kube-system"
      [32m+[0m[0m role_arn        = (known after apply)
      [32m+[0m[0m service_account = "ebs-csi-controller-sa"
      [32m+[0m[0m tags            = {
          [32m+[0m[0m "ConfigSource" = "config.yaml"
          [32m+[0m[0m "ManagedBy"    = "terraform"
          [32m+[0m[0m "cost-center"  = "engineering"
          [32m+[0m[0m "env"          = "poc"
          [32m+[0m[0m "githubRepo"   = "github.com/darede-labs/reference-implementation-aws"
          [32m+[0m[0m "owner"        = "platform-team"
          [32m+[0m[0m "project"      = "idp"
        }
      [32m+[0m[0m tags_all        = {
          [32m+[0m[0m "ConfigSource" = "config.yaml"
          [32m+[0m[0m "ManagedBy"    = "terraform"
          [32m+[0m[0m "cost-center"  = "engineering"
          [32m+[0m[0m "env"          = "poc"
          [32m+[0m[0m "githubRepo"   = "github.com/darede-labs/reference-implementation-aws"
          [32m+[0m[0m "owner"        = "platform-team"
          [32m+[0m[0m "project"      = "idp"
        }
    }

[1m  # module.ebs_csi_driver_pod_identity[0].aws_iam_policy.ebs_csi[0][0m will be created
[0m  [32m+[0m[0m resource "aws_iam_policy" "ebs_csi" {
      [32m+[0m[0m arn              = (known after apply)
      [32m+[0m[0m attachment_count = (known after apply)
      [32m+[0m[0m description      = "Permissions to manage EBS volumes via the container storage interface (CSI) driver"
      [32m+[0m[0m id               = (known after apply)
      [32m+[0m[0m name             = (known after apply)
      [32m+[0m[0m name_prefix      = "AmazonEKS_EBS_CSI-"
      [32m+[0m[0m path             = "/"
      [32m+[0m[0m policy           = jsonencode(
            {
              [32m+[0m[0m Statement = [
                  [32m+[0m[0m {
                      [32m+[0m[0m Action   = [
                          [32m+[0m[0m "ec2:ModifyVolume",
                          [32m+[0m[0m "ec2:EnableFastSnapshotRestores",
                          [32m+[0m[0m "ec2:DetachVolume",
                          [32m+[0m[0m "ec2:DescribeVolumesModifications",
                          [32m+[0m[0m "ec2:DescribeVolumes",
                          [32m+[0m[0m "ec2:DescribeTags",
                          [32m+[0m[0m "ec2:DescribeSnapshots",
                          [32m+[0m[0m "ec2:DescribeInstances",
                          [32m+[0m[0m "ec2:DescribeAvailabilityZones",
                          [32m+[0m[0m "ec2:CreateSnapshot",
                          [32m+[0m[0m "ec2:AttachVolume",
                        ]
                      [32m+[0m[0m Effect   = "Allow"
                      [32m+[0m[0m Resource = "*"
                    },
                  [32m+[0m[0m {
                      [32m+[0m[0m Action    = "ec2:CreateTags"
                      [32m+[0m[0m Condition = {
                          [32m+[0m[0m StringEquals = {
                              [32m+[0m[0m "ec2:CreateAction" = [
                                  [32m+[0m[0m "CreateVolume",
                                  [32m+[0m[0m "CreateSnapshot",
                                ]
                            }
                        }
                      [32m+[0m[0m Effect    = "Allow"
                      [32m+[0m[0m Resource  = [
                          [32m+[0m[0m "arn:aws:ec2:*:*:volume/*",
                          [32m+[0m[0m "arn:aws:ec2:*:*:snapshot/*",
                        ]
                    },
                  [32m+[0m[0m {
                      [32m+[0m[0m Action   = "ec2:DeleteTags"
                      [32m+[0m[0m Effect   = "Allow"
                      [32m+[0m[0m Resource = [
                          [32m+[0m[0m "arn:aws:ec2:*:*:volume/*",
                          [32m+[0m[0m "arn:aws:ec2:*:*:snapshot/*",
                        ]
                    },
                  [32m+[0m[0m {
                      [32m+[0m[0m Action    = "ec2:CreateVolume"
                      [32m+[0m[0m Condition = {
                          [32m+[0m[0m StringLike = {
                              [32m+[0m[0m "aws:RequestTag/ebs.csi.aws.com/cluster" = "true"
                            }
                        }
                      [32m+[0m[0m Effect    = "Allow"
                      [32m+[0m[0m Resource  = "arn:aws:ec2:*:*:volume/*"
                    },
                  [32m+[0m[0m {
                      [32m+[0m[0m Action    = "ec2:CreateVolume"
                      [32m+[0m[0m Condition = {
                          [32m+[0m[0m StringLike = {
                              [32m+[0m[0m "aws:RequestTag/CSIVolumeName" = "*"
                            }
                        }
                      [32m+[0m[0m Effect    = "Allow"
                      [32m+[0m[0m Resource  = "arn:aws:ec2:*:*:volume/*"
                    },
                  [32m+[0m[0m {
                      [32m+[0m[0m Action   = "ec2:CreateVolume"
                      [32m+[0m[0m Effect   = "Allow"
                      [32m+[0m[0m Resource = "arn:aws:ec2:*:*:snapshot/*"
                    },
                  [32m+[0m[0m {
                      [32m+[0m[0m Action    = "ec2:DeleteVolume"
                      [32m+[0m[0m Condition = {
                          [32m+[0m[0m StringLike = {
                              [32m+[0m[0m "ec2:ResourceTag/ebs.csi.aws.com/cluster" = "true"
                            }
                        }
                      [32m+[0m[0m Effect    = "Allow"
                      [32m+[0m[0m Resource  = "*"
                    },
                  [32m+[0m[0m {
                      [32m+[0m[0m Action    = "ec2:DeleteVolume"
                      [32m+[0m[0m Condition = {
                          [32m+[0m[0m StringLike = {
                              [32m+[0m[0m "ec2:ResourceTag/CSIVolumeName" = "*"
                            }
                        }
                      [32m+[0m[0m Effect    = "Allow"
                      [32m+[0m[0m Resource  = "*"
                    },
                  [32m+[0m[0m {
                      [32m+[0m[0m Action    = "ec2:DeleteVolume"
                      [32m+[0m[0m Condition = {
                          [32m+[0m[0m StringLike = {
                              [32m+[0m[0m "ec2:ResourceTag/kubernetes.io/created-for/pvc/name" = "*"
                            }
                        }
                      [32m+[0m[0m Effect    = "Allow"
                      [32m+[0m[0m Resource  = "*"
                    },
                  [32m+[0m[0m {
                      [32m+[0m[0m Action    = "ec2:DeleteSnapshot"
                      [32m+[0m[0m Condition = {
                          [32m+[0m[0m StringLike = {
                              [32m+[0m[0m "ec2:ResourceTag/CSIVolumeSnapshotName" = "*"
                            }
                        }
                      [32m+[0m[0m Effect    = "Allow"
                      [32m+[0m[0m Resource  = "*"
                    },
                  [32m+[0m[0m {
                      [32m+[0m[0m Action    = "ec2:DeleteSnapshot"
                      [32m+[0m[0m Condition = {
                          [32m+[0m[0m StringLike = {
                              [32m+[0m[0m "ec2:ResourceTag/ebs.csi.aws.com/cluster" = "true"
                            }
                        }
                      [32m+[0m[0m Effect    = "Allow"
                      [32m+[0m[0m Resource  = "*"
                    },
                ]
              [32m+[0m[0m Version   = "2012-10-17"
            }
        )
      [32m+[0m[0m policy_id        = (known after apply)
      [32m+[0m[0m tags             = {
          [32m+[0m[0m "ConfigSource" = "config.yaml"
          [32m+[0m[0m "ManagedBy"    = "terraform"
          [32m+[0m[0m "cost-center"  = "engineering"
          [32m+[0m[0m "env"          = "poc"
          [32m+[0m[0m "githubRepo"   = "github.com/darede-labs/reference-implementation-aws"
          [32m+[0m[0m "owner"        = "platform-team"
          [32m+[0m[0m "project"      = "idp"
        }
      [32m+[0m[0m tags_all         = {
          [32m+[0m[0m "ConfigSource" = "config.yaml"
          [32m+[0m[0m "ManagedBy"    = "terraform"
          [32m+[0m[0m "cost-center"  = "engineering"
          [32m+[0m[0m "env"          = "poc"
          [32m+[0m[0m "githubRepo"   = "github.com/darede-labs/reference-implementation-aws"
          [32m+[0m[0m "owner"        = "platform-team"
          [32m+[0m[0m "project"      = "idp"
        }
    }

[1m  # module.ebs_csi_driver_pod_identity[0].aws_iam_role.this[0][0m will be created
[0m  [32m+[0m[0m resource "aws_iam_role" "this" {
      [32m+[0m[0m arn                   = (known after apply)
      [32m+[0m[0m assume_role_policy    = jsonencode(
            {
              [32m+[0m[0m Statement = [
                  [32m+[0m[0m {
                      [32m+[0m[0m Action    = [
                          [32m+[0m[0m "sts:TagSession",
                          [32m+[0m[0m "sts:AssumeRole",
                        ]
                      [32m+[0m[0m Effect    = "Allow"
                      [32m+[0m[0m Principal = {
                          [32m+[0m[0m Service = "pods.eks.amazonaws.com"
                        }
                    },
                ]
              [32m+[0m[0m Version   = "2012-10-17"
            }
        )
      [32m+[0m[0m create_date           = (known after apply)
      [32m+[0m[0m force_detach_policies = true
      [32m+[0m[0m id                    = (known after apply)
      [32m+[0m[0m managed_policy_arns   = (known after apply)
      [32m+[0m[0m max_session_duration  = 3600
      [32m+[0m[0m name                  = (known after apply)
      [32m+[0m[0m name_prefix           = "ebs-csi-driver-"
      [32m+[0m[0m path                  = "/"
      [32m+[0m[0m tags                  = {
          [32m+[0m[0m "ConfigSource" = "config.yaml"
          [32m+[0m[0m "ManagedBy"    = "terraform"
          [32m+[0m[0m "cost-center"  = "engineering"
          [32m+[0m[0m "env"          = "poc"
          [32m+[0m[0m "githubRepo"   = "github.com/darede-labs/reference-implementation-aws"
          [32m+[0m[0m "owner"        = "platform-team"
          [32m+[0m[0m "project"      = "idp"
        }
      [32m+[0m[0m tags_all              = {
          [32m+[0m[0m "ConfigSource" = "config.yaml"
          [32m+[0m[0m "ManagedBy"    = "terraform"
          [32m+[0m[0m "cost-center"  = "engineering"
          [32m+[0m[0m "env"          = "poc"
          [32m+[0m[0m "githubRepo"   = "github.com/darede-labs/reference-implementation-aws"
          [32m+[0m[0m "owner"        = "platform-team"
          [32m+[0m[0m "project"      = "idp"
        }
      [32m+[0m[0m unique_id             = (known after apply)

      [32m+[0m[0m inline_policy (known after apply)
    }

[1m  # module.ebs_csi_driver_pod_identity[0].aws_iam_role_policy_attachment.ebs_csi[0][0m will be created
[0m  [32m+[0m[0m resource "aws_iam_role_policy_attachment" "ebs_csi" {
      [32m+[0m[0m id         = (known after apply)
      [32m+[0m[0m policy_arn = (known after apply)
      [32m+[0m[0m role       = (known after apply)
    }

[1m  # module.eks.data.aws_eks_addon_version.this["aws-ebs-csi-driver"][0m will be read during apply
  # (depends on a resource or a module with changes pending)
[0m [36m<=[0m[0m data "aws_eks_addon_version" "this" {
      [32m+[0m[0m addon_name         = "aws-ebs-csi-driver"
      [32m+[0m[0m id                 = (known after apply)
      [32m+[0m[0m kubernetes_version = "1.33"
      [32m+[0m[0m version            = (known after apply)
    }

[1m  # module.eks.data.aws_eks_addon_version.this["coredns"][0m will be read during apply
  # (depends on a resource or a module with changes pending)
[0m [36m<=[0m[0m data "aws_eks_addon_version" "this" {
      [32m+[0m[0m addon_name         = "coredns"
      [32m+[0m[0m id                 = (known after apply)
      [32m+[0m[0m kubernetes_version = "1.33"
      [32m+[0m[0m version            = (known after apply)
    }

[1m  # module.eks.data.aws_eks_addon_version.this["eks-pod-identity-agent"][0m will be read during apply
  # (depends on a resource or a module with changes pending)
[0m [36m<=[0m[0m data "aws_eks_addon_version" "this" {
      [32m+[0m[0m addon_name         = "eks-pod-identity-agent"
      [32m+[0m[0m id                 = (known after apply)
      [32m+[0m[0m kubernetes_version = "1.33"
      [32m+[0m[0m version            = (known after apply)
    }

[1m  # module.eks.data.aws_eks_addon_version.this["kube-proxy"][0m will be read during apply
  # (depends on a resource or a module with changes pending)
[0m [36m<=[0m[0m data "aws_eks_addon_version" "this" {
      [32m+[0m[0m addon_name         = "kube-proxy"
      [32m+[0m[0m id                 = (known after apply)
      [32m+[0m[0m kubernetes_version = "1.33"
      [32m+[0m[0m version            = (known after apply)
    }

[1m  # module.eks.data.aws_eks_addon_version.this["vpc-cni"][0m will be read during apply
  # (depends on a resource or a module with changes pending)
[0m [36m<=[0m[0m data "aws_eks_addon_version" "this" {
      [32m+[0m[0m addon_name         = "vpc-cni"
      [32m+[0m[0m id                 = (known after apply)
      [32m+[0m[0m kubernetes_version = "1.33"
      [32m+[0m[0m version            = (known after apply)
    }

[1m  # module.eks.data.tls_certificate.this[0][0m will be read during apply
  # (config refers to values not yet known)
[0m [36m<=[0m[0m data "tls_certificate" "this" {
      [32m+[0m[0m certificates = (known after apply)
      [32m+[0m[0m id           = (known after apply)
      [32m+[0m[0m url          = (known after apply)
    }

[1m  # module.eks.aws_cloudwatch_log_group.this[0][0m will be created
[0m  [32m+[0m[0m resource "aws_cloudwatch_log_group" "this" {
      [32m+[0m[0m arn               = (known after apply)
      [32m+[0m[0m id                = (known after apply)
      [32m+[0m[0m log_group_class   = (known after apply)
      [32m+[0m[0m name              = "/aws/eks/idp-poc-darede-cluster/cluster"
      [32m+[0m[0m name_prefix       = (known after apply)
      [32m+[0m[0m retention_in_days = 90
      [32m+[0m[0m skip_destroy      = false
      [32m+[0m[0m tags              = {
          [32m+[0m[0m "ConfigSource" = "config.yaml"
          [32m+[0m[0m "ManagedBy"    = "terraform"
          [32m+[0m[0m "Name"         = "/aws/eks/idp-poc-darede-cluster/cluster"
          [32m+[0m[0m "cost-center"  = "engineering"
          [32m+[0m[0m "env"          = "poc"
          [32m+[0m[0m "githubRepo"   = "github.com/darede-labs/reference-implementation-aws"
          [32m+[0m[0m "owner"        = "platform-team"
          [32m+[0m[0m "project"      = "idp"
        }
      [32m+[0m[0m tags_all          = {
          [32m+[0m[0m "ConfigSource" = "config.yaml"
          [32m+[0m[0m "ManagedBy"    = "terraform"
          [32m+[0m[0m "Name"         = "/aws/eks/idp-poc-darede-cluster/cluster"
          [32m+[0m[0m "cost-center"  = "engineering"
          [32m+[0m[0m "env"          = "poc"
          [32m+[0m[0m "githubRepo"   = "github.com/darede-labs/reference-implementation-aws"
          [32m+[0m[0m "owner"        = "platform-team"
          [32m+[0m[0m "project"      = "idp"
        }
    }

[1m  # module.eks.aws_ec2_tag.cluster_primary_security_group["ConfigSource"][0m will be created
[0m  [32m+[0m[0m resource "aws_ec2_tag" "cluster_primary_security_group" {
      [32m+[0m[0m id          = (known after apply)
      [32m+[0m[0m key         = "ConfigSource"
      [32m+[0m[0m resource_id = (known after apply)
      [32m+[0m[0m value       = "config.yaml"
    }

[1m  # module.eks.aws_ec2_tag.cluster_primary_security_group["ManagedBy"][0m will be created
[0m  [32m+[0m[0m resource "aws_ec2_tag" "cluster_primary_security_group" {
      [32m+[0m[0m id          = (known after apply)
      [32m+[0m[0m key         = "ManagedBy"
      [32m+[0m[0m resource_id = (known after apply)
      [32m+[0m[0m value       = "terraform"
    }

[1m  # module.eks.aws_ec2_tag.cluster_primary_security_group["cost-center"][0m will be created
[0m  [32m+[0m[0m resource "aws_ec2_tag" "cluster_primary_security_group" {
      [32m+[0m[0m id          = (known after apply)
      [32m+[0m[0m key         = "cost-center"
      [32m+[0m[0m resource_id = (known after apply)
      [32m+[0m[0m value       = "engineering"
    }

[1m  # module.eks.aws_ec2_tag.cluster_primary_security_group["env"][0m will be created
[0m  [32m+[0m[0m resource "aws_ec2_tag" "cluster_primary_security_group" {
      [32m+[0m[0m id          = (known after apply)
      [32m+[0m[0m key         = "env"
      [32m+[0m[0m resource_id = (known after apply)
      [32m+[0m[0m value       = "poc"
    }

[1m  # module.eks.aws_ec2_tag.cluster_primary_security_group["githubRepo"][0m will be created
[0m  [32m+[0m[0m resource "aws_ec2_tag" "cluster_primary_security_group" {
      [32m+[0m[0m id          = (known after apply)
      [32m+[0m[0m key         = "githubRepo"
      [32m+[0m[0m resource_id = (known after apply)
      [32m+[0m[0m value       = "github.com/darede-labs/reference-implementation-aws"
    }

[1m  # module.eks.aws_ec2_tag.cluster_primary_security_group["owner"][0m will be created
[0m  [32m+[0m[0m resource "aws_ec2_tag" "cluster_primary_security_group" {
      [32m+[0m[0m id          = (known after apply)
      [32m+[0m[0m key         = "owner"
      [32m+[0m[0m resource_id = (known after apply)
      [32m+[0m[0m value       = "platform-team"
    }

[1m  # module.eks.aws_ec2_tag.cluster_primary_security_group["project"][0m will be created
[0m  [32m+[0m[0m resource "aws_ec2_tag" "cluster_primary_security_group" {
      [32m+[0m[0m id          = (known after apply)
      [32m+[0m[0m key         = "project"
      [32m+[0m[0m resource_id = (known after apply)
      [32m+[0m[0m value       = "idp"
    }

[1m  # module.eks.aws_eks_access_entry.this["cluster_creator"][0m will be created
[0m  [32m+[0m[0m resource "aws_eks_access_entry" "this" {
      [32m+[0m[0m access_entry_arn  = (known after apply)
      [32m+[0m[0m cluster_name      = (known after apply)
      [32m+[0m[0m created_at        = (known after apply)
      [32m+[0m[0m id                = (known after apply)
      [32m+[0m[0m kubernetes_groups = (known after apply)
      [32m+[0m[0m modified_at       = (known after apply)
      [32m+[0m[0m principal_arn     = "arn:aws:iam::948881762705:role/aws-reserved/sso.amazonaws.com/AWSReservedSSO_Available_Regions_us-east-1_2_5c093e84c42887e0"
      [32m+[0m[0m tags              = {
          [32m+[0m[0m "ConfigSource" = "config.yaml"
          [32m+[0m[0m "ManagedBy"    = "terraform"
          [32m+[0m[0m "cost-center"  = "engineering"
          [32m+[0m[0m "env"          = "poc"
          [32m+[0m[0m "githubRepo"   = "github.com/darede-labs/reference-implementation-aws"
          [32m+[0m[0m "owner"        = "platform-team"
          [32m+[0m[0m "project"      = "idp"
        }
      [32m+[0m[0m tags_all          = {
          [32m+[0m[0m "ConfigSource" = "config.yaml"
          [32m+[0m[0m "ManagedBy"    = "terraform"
          [32m+[0m[0m "cost-center"  = "engineering"
          [32m+[0m[0m "env"          = "poc"
          [32m+[0m[0m "githubRepo"   = "github.com/darede-labs/reference-implementation-aws"
          [32m+[0m[0m "owner"        = "platform-team"
          [32m+[0m[0m "project"      = "idp"
        }
      [32m+[0m[0m type              = "STANDARD"
      [32m+[0m[0m user_name         = (known after apply)
    }

[1m  # module.eks.aws_eks_access_policy_association.this["cluster_creator_admin"][0m will be created
[0m  [32m+[0m[0m resource "aws_eks_access_policy_association" "this" {
      [32m+[0m[0m associated_at = (known after apply)
      [32m+[0m[0m cluster_name  = (known after apply)
      [32m+[0m[0m id            = (known after apply)
      [32m+[0m[0m modified_at   = (known after apply)
      [32m+[0m[0m policy_arn    = "arn:aws:eks::aws:cluster-access-policy/AmazonEKSClusterAdminPolicy"
      [32m+[0m[0m principal_arn = "arn:aws:iam::948881762705:role/aws-reserved/sso.amazonaws.com/AWSReservedSSO_Available_Regions_us-east-1_2_5c093e84c42887e0"

      [32m+[0m[0m access_scope {
          [32m+[0m[0m type = "cluster"
        }
    }

[1m  # module.eks.aws_eks_addon.this["aws-ebs-csi-driver"][0m will be created
[0m  [32m+[0m[0m resource "aws_eks_addon" "this" {
      [32m+[0m[0m addon_name                  = "aws-ebs-csi-driver"
      [32m+[0m[0m addon_version               = (known after apply)
      [32m+[0m[0m arn                         = (known after apply)
      [32m+[0m[0m cluster_name                = (known after apply)
      [32m+[0m[0m configuration_values        = (known after apply)
      [32m+[0m[0m created_at                  = (known after apply)
      [32m+[0m[0m id                          = (known after apply)
      [32m+[0m[0m modified_at                 = (known after apply)
      [32m+[0m[0m preserve                    = true
      [32m+[0m[0m resolve_conflicts_on_create = "OVERWRITE"
      [32m+[0m[0m resolve_conflicts_on_update = "OVERWRITE"
      [32m+[0m[0m tags                        = {
          [32m+[0m[0m "ConfigSource" = "config.yaml"
          [32m+[0m[0m "ManagedBy"    = "terraform"
          [32m+[0m[0m "cost-center"  = "engineering"
          [32m+[0m[0m "env"          = "poc"
          [32m+[0m[0m "githubRepo"   = "github.com/darede-labs/reference-implementation-aws"
          [32m+[0m[0m "owner"        = "platform-team"
          [32m+[0m[0m "project"      = "idp"
        }
      [32m+[0m[0m tags_all                    = {
          [32m+[0m[0m "ConfigSource" = "config.yaml"
          [32m+[0m[0m "ManagedBy"    = "terraform"
          [32m+[0m[0m "cost-center"  = "engineering"
          [32m+[0m[0m "env"          = "poc"
          [32m+[0m[0m "githubRepo"   = "github.com/darede-labs/reference-implementation-aws"
          [32m+[0m[0m "owner"        = "platform-team"
          [32m+[0m[0m "project"      = "idp"
        }

      [32m+[0m[0m timeouts {}
    }

[1m  # module.eks.aws_eks_addon.this["coredns"][0m will be created
[0m  [32m+[0m[0m resource "aws_eks_addon" "this" {
      [32m+[0m[0m addon_name                  = "coredns"
      [32m+[0m[0m addon_version               = (known after apply)
      [32m+[0m[0m arn                         = (known after apply)
      [32m+[0m[0m cluster_name                = (known after apply)
      [32m+[0m[0m configuration_values        = (known after apply)
      [32m+[0m[0m created_at                  = (known after apply)
      [32m+[0m[0m id                          = (known after apply)
      [32m+[0m[0m modified_at                 = (known after apply)
      [32m+[0m[0m preserve                    = true
      [32m+[0m[0m resolve_conflicts_on_create = "OVERWRITE"
      [32m+[0m[0m resolve_conflicts_on_update = "OVERWRITE"
      [32m+[0m[0m tags                        = {
          [32m+[0m[0m "ConfigSource" = "config.yaml"
          [32m+[0m[0m "ManagedBy"    = "terraform"
          [32m+[0m[0m "cost-center"  = "engineering"
          [32m+[0m[0m "env"          = "poc"
          [32m+[0m[0m "githubRepo"   = "github.com/darede-labs/reference-implementation-aws"
          [32m+[0m[0m "owner"        = "platform-team"
          [32m+[0m[0m "project"      = "idp"
        }
      [32m+[0m[0m tags_all                    = {
          [32m+[0m[0m "ConfigSource" = "config.yaml"
          [32m+[0m[0m "ManagedBy"    = "terraform"
          [32m+[0m[0m "cost-center"  = "engineering"
          [32m+[0m[0m "env"          = "poc"
          [32m+[0m[0m "githubRepo"   = "github.com/darede-labs/reference-implementation-aws"
          [32m+[0m[0m "owner"        = "platform-team"
          [32m+[0m[0m "project"      = "idp"
        }

      [32m+[0m[0m timeouts {}
    }

[1m  # module.eks.aws_eks_addon.this["eks-pod-identity-agent"][0m will be created
[0m  [32m+[0m[0m resource "aws_eks_addon" "this" {
      [32m+[0m[0m addon_name                  = "eks-pod-identity-agent"
      [32m+[0m[0m addon_version               = (known after apply)
      [32m+[0m[0m arn                         = (known after apply)
      [32m+[0m[0m cluster_name                = (known after apply)
      [32m+[0m[0m configuration_values        = (known after apply)
      [32m+[0m[0m created_at                  = (known after apply)
      [32m+[0m[0m id                          = (known after apply)
      [32m+[0m[0m modified_at                 = (known after apply)
      [32m+[0m[0m preserve                    = true
      [32m+[0m[0m resolve_conflicts_on_create = "OVERWRITE"
      [32m+[0m[0m resolve_conflicts_on_update = "OVERWRITE"
      [32m+[0m[0m tags                        = {
          [32m+[0m[0m "ConfigSource" = "config.yaml"
          [32m+[0m[0m "ManagedBy"    = "terraform"
          [32m+[0m[0m "cost-center"  = "engineering"
          [32m+[0m[0m "env"          = "poc"
          [32m+[0m[0m "githubRepo"   = "github.com/darede-labs/reference-implementation-aws"
          [32m+[0m[0m "owner"        = "platform-team"
          [32m+[0m[0m "project"      = "idp"
        }
      [32m+[0m[0m tags_all                    = {
          [32m+[0m[0m "ConfigSource" = "config.yaml"
          [32m+[0m[0m "ManagedBy"    = "terraform"
          [32m+[0m[0m "cost-center"  = "engineering"
          [32m+[0m[0m "env"          = "poc"
          [32m+[0m[0m "githubRepo"   = "github.com/darede-labs/reference-implementation-aws"
          [32m+[0m[0m "owner"        = "platform-team"
          [32m+[0m[0m "project"      = "idp"
        }

      [32m+[0m[0m timeouts {}
    }

[1m  # module.eks.aws_eks_addon.this["kube-proxy"][0m will be created
[0m  [32m+[0m[0m resource "aws_eks_addon" "this" {
      [32m+[0m[0m addon_name                  = "kube-proxy"
      [32m+[0m[0m addon_version               = (known after apply)
      [32m+[0m[0m arn                         = (known after apply)
      [32m+[0m[0m cluster_name                = (known after apply)
      [32m+[0m[0m configuration_values        = (known after apply)
      [32m+[0m[0m created_at                  = (known after apply)
      [32m+[0m[0m id                          = (known after apply)
      [32m+[0m[0m modified_at                 = (known after apply)
      [32m+[0m[0m preserve                    = true
      [32m+[0m[0m resolve_conflicts_on_create = "OVERWRITE"
      [32m+[0m[0m resolve_conflicts_on_update = "OVERWRITE"
      [32m+[0m[0m tags                        = {
          [32m+[0m[0m "ConfigSource" = "config.yaml"
          [32m+[0m[0m "ManagedBy"    = "terraform"
          [32m+[0m[0m "cost-center"  = "engineering"
          [32m+[0m[0m "env"          = "poc"
          [32m+[0m[0m "githubRepo"   = "github.com/darede-labs/reference-implementation-aws"
          [32m+[0m[0m "owner"        = "platform-team"
          [32m+[0m[0m "project"      = "idp"
        }
      [32m+[0m[0m tags_all                    = {
          [32m+[0m[0m "ConfigSource" = "config.yaml"
          [32m+[0m[0m "ManagedBy"    = "terraform"
          [32m+[0m[0m "cost-center"  = "engineering"
          [32m+[0m[0m "env"          = "poc"
          [32m+[0m[0m "githubRepo"   = "github.com/darede-labs/reference-implementation-aws"
          [32m+[0m[0m "owner"        = "platform-team"
          [32m+[0m[0m "project"      = "idp"
        }

      [32m+[0m[0m timeouts {}
    }

[1m  # module.eks.aws_eks_addon.this["vpc-cni"][0m will be created
[0m  [32m+[0m[0m resource "aws_eks_addon" "this" {
      [32m+[0m[0m addon_name                  = "vpc-cni"
      [32m+[0m[0m addon_version               = (known after apply)
      [32m+[0m[0m arn                         = (known after apply)
      [32m+[0m[0m cluster_name                = (known after apply)
      [32m+[0m[0m configuration_values        = (known after apply)
      [32m+[0m[0m created_at                  = (known after apply)
      [32m+[0m[0m id                          = (known after apply)
      [32m+[0m[0m modified_at                 = (known after apply)
      [32m+[0m[0m preserve                    = true
      [32m+[0m[0m resolve_conflicts_on_create = "OVERWRITE"
      [32m+[0m[0m resolve_conflicts_on_update = "OVERWRITE"
      [32m+[0m[0m tags                        = {
          [32m+[0m[0m "ConfigSource" = "config.yaml"
          [32m+[0m[0m "ManagedBy"    = "terraform"
          [32m+[0m[0m "cost-center"  = "engineering"
          [32m+[0m[0m "env"          = "poc"
          [32m+[0m[0m "githubRepo"   = "github.com/darede-labs/reference-implementation-aws"
          [32m+[0m[0m "owner"        = "platform-team"
          [32m+[0m[0m "project"      = "idp"
        }
      [32m+[0m[0m tags_all                    = {
          [32m+[0m[0m "ConfigSource" = "config.yaml"
          [32m+[0m[0m "ManagedBy"    = "terraform"
          [32m+[0m[0m "cost-center"  = "engineering"
          [32m+[0m[0m "env"          = "poc"
          [32m+[0m[0m "githubRepo"   = "github.com/darede-labs/reference-implementation-aws"
          [32m+[0m[0m "owner"        = "platform-team"
          [32m+[0m[0m "project"      = "idp"
        }

      [32m+[0m[0m timeouts {}
    }

[1m  # module.eks.aws_eks_cluster.this[0][0m will be created
[0m  [32m+[0m[0m resource "aws_eks_cluster" "this" {
      [32m+[0m[0m arn                           = (known after apply)
      [32m+[0m[0m bootstrap_self_managed_addons = true
      [32m+[0m[0m certificate_authority         = (known after apply)
      [32m+[0m[0m cluster_id                    = (known after apply)
      [32m+[0m[0m created_at                    = (known after apply)
      [32m+[0m[0m enabled_cluster_log_types     = [
          [32m+[0m[0m "api",
          [32m+[0m[0m "audit",
          [32m+[0m[0m "authenticator",
        ]
      [32m+[0m[0m endpoint                      = (known after apply)
      [32m+[0m[0m id                            = (known after apply)
      [32m+[0m[0m identity                      = (known after apply)
      [32m+[0m[0m name                          = "idp-poc-darede-cluster"
      [32m+[0m[0m platform_version              = (known after apply)
      [32m+[0m[0m role_arn                      = (known after apply)
      [32m+[0m[0m status                        = (known after apply)
      [32m+[0m[0m tags                          = {
          [32m+[0m[0m "ConfigSource"          = "config.yaml"
          [32m+[0m[0m "ManagedBy"             = "terraform"
          [32m+[0m[0m "cost-center"           = "engineering"
          [32m+[0m[0m "env"                   = "poc"
          [32m+[0m[0m "githubRepo"            = "github.com/darede-labs/reference-implementation-aws"
          [32m+[0m[0m "owner"                 = "platform-team"
          [32m+[0m[0m "project"               = "idp"
          [32m+[0m[0m "terraform-aws-modules" = "eks"
        }
      [32m+[0m[0m tags_all                      = {
          [32m+[0m[0m "ConfigSource"          = "config.yaml"
          [32m+[0m[0m "ManagedBy"             = "terraform"
          [32m+[0m[0m "cost-center"           = "engineering"
          [32m+[0m[0m "env"                   = "poc"
          [32m+[0m[0m "githubRepo"            = "github.com/darede-labs/reference-implementation-aws"
          [32m+[0m[0m "owner"                 = "platform-team"
          [32m+[0m[0m "project"               = "idp"
          [32m+[0m[0m "terraform-aws-modules" = "eks"
        }
      [32m+[0m[0m version                       = "1.33"

      [32m+[0m[0m access_config {
          [32m+[0m[0m authentication_mode                         = "API_AND_CONFIG_MAP"
          [32m+[0m[0m bootstrap_cluster_creator_admin_permissions = false
        }

      [32m+[0m[0m encryption_config {
          [32m+[0m[0m resources = [
              [32m+[0m[0m "secrets",
            ]

          [32m+[0m[0m provider {
              [32m+[0m[0m key_arn = (known after apply)
            }
        }

      [32m+[0m[0m kubernetes_network_config {
          [32m+[0m[0m ip_family         = "ipv4"
          [32m+[0m[0m service_ipv4_cidr = (known after apply)
          [32m+[0m[0m service_ipv6_cidr = (known after apply)

          [32m+[0m[0m elastic_load_balancing (known after apply)
        }

      [32m+[0m[0m timeouts {}

      [32m+[0m[0m upgrade_policy (known after apply)

      [32m+[0m[0m vpc_config {
          [32m+[0m[0m cluster_security_group_id = (known after apply)
          [32m+[0m[0m endpoint_private_access   = true
          [32m+[0m[0m endpoint_public_access    = true
          [32m+[0m[0m public_access_cidrs       = [
              [32m+[0m[0m "0.0.0.0/0",
            ]
          [32m+[0m[0m security_group_ids        = (known after apply)
          [32m+[0m[0m subnet_ids                = (known after apply)
          [32m+[0m[0m vpc_id                    = (known after apply)
        }
    }

[1m  # module.eks.aws_iam_openid_connect_provider.oidc_provider[0][0m will be created
[0m  [32m+[0m[0m resource "aws_iam_openid_connect_provider" "oidc_provider" {
      [32m+[0m[0m arn             = (known after apply)
      [32m+[0m[0m client_id_list  = [
          [32m+[0m[0m "sts.amazonaws.com",
        ]
      [32m+[0m[0m id              = (known after apply)
      [32m+[0m[0m tags            = {
          [32m+[0m[0m "ConfigSource" = "config.yaml"
          [32m+[0m[0m "ManagedBy"    = "terraform"
          [32m+[0m[0m "Name"         = "idp-poc-darede-cluster-eks-irsa"
          [32m+[0m[0m "cost-center"  = "engineering"
          [32m+[0m[0m "env"          = "poc"
          [32m+[0m[0m "githubRepo"   = "github.com/darede-labs/reference-implementation-aws"
          [32m+[0m[0m "owner"        = "platform-team"
          [32m+[0m[0m "project"      = "idp"
        }
      [32m+[0m[0m tags_all        = {
          [32m+[0m[0m "ConfigSource" = "config.yaml"
          [32m+[0m[0m "ManagedBy"    = "terraform"
          [32m+[0m[0m "Name"         = "idp-poc-darede-cluster-eks-irsa"
          [32m+[0m[0m "cost-center"  = "engineering"
          [32m+[0m[0m "env"          = "poc"
          [32m+[0m[0m "githubRepo"   = "github.com/darede-labs/reference-implementation-aws"
          [32m+[0m[0m "owner"        = "platform-team"
          [32m+[0m[0m "project"      = "idp"
        }
      [32m+[0m[0m thumbprint_list = (known after apply)
      [32m+[0m[0m url             = (known after apply)
    }

[1m  # module.eks.aws_iam_policy.cluster_encryption[0][0m will be created
[0m  [32m+[0m[0m resource "aws_iam_policy" "cluster_encryption" {
      [32m+[0m[0m arn              = (known after apply)
      [32m+[0m[0m attachment_count = (known after apply)
      [32m+[0m[0m description      = "Cluster encryption policy to allow cluster role to utilize CMK provided"
      [32m+[0m[0m id               = (known after apply)
      [32m+[0m[0m name             = (known after apply)
      [32m+[0m[0m name_prefix      = "idp-poc-darede-cluster-cluster-ClusterEncryption"
      [32m+[0m[0m path             = "/"
      [32m+[0m[0m policy           = (known after apply)
      [32m+[0m[0m policy_id        = (known after apply)
      [32m+[0m[0m tags             = {
          [32m+[0m[0m "ConfigSource" = "config.yaml"
          [32m+[0m[0m "ManagedBy"    = "terraform"
          [32m+[0m[0m "cost-center"  = "engineering"
          [32m+[0m[0m "env"          = "poc"
          [32m+[0m[0m "githubRepo"   = "github.com/darede-labs/reference-implementation-aws"
          [32m+[0m[0m "owner"        = "platform-team"
          [32m+[0m[0m "project"      = "idp"
        }
      [32m+[0m[0m tags_all         = {
          [32m+[0m[0m "ConfigSource" = "config.yaml"
          [32m+[0m[0m "ManagedBy"    = "terraform"
          [32m+[0m[0m "cost-center"  = "engineering"
          [32m+[0m[0m "env"          = "poc"
          [32m+[0m[0m "githubRepo"   = "github.com/darede-labs/reference-implementation-aws"
          [32m+[0m[0m "owner"        = "platform-team"
          [32m+[0m[0m "project"      = "idp"
        }
    }

[1m  # module.eks.aws_iam_policy.custom[0][0m will be created
[0m  [32m+[0m[0m resource "aws_iam_policy" "custom" {
      [32m+[0m[0m arn              = (known after apply)
      [32m+[0m[0m attachment_count = (known after apply)
      [32m+[0m[0m id               = (known after apply)
      [32m+[0m[0m name             = (known after apply)
      [32m+[0m[0m name_prefix      = "idp-poc-darede-cluster-cluster-"
      [32m+[0m[0m path             = "/"
      [32m+[0m[0m policy           = jsonencode(
            {
              [32m+[0m[0m Statement = [
                  [32m+[0m[0m {
                      [32m+[0m[0m Action    = [
                          [32m+[0m[0m "ec2:RunInstances",
                          [32m+[0m[0m "ec2:CreateLaunchTemplate",
                          [32m+[0m[0m "ec2:CreateFleet",
                        ]
                      [32m+[0m[0m Condition = {
                          [32m+[0m[0m StringEquals = {
                              [32m+[0m[0m "aws:RequestTag/eks:eks-cluster-name" = "${aws:PrincipalTag/eks:eks-cluster-name}"
                            }
                          [32m+[0m[0m StringLike   = {
                              [32m+[0m[0m "aws:RequestTag/eks:kubernetes-node-class-name" = "*"
                              [32m+[0m[0m "aws:RequestTag/eks:kubernetes-node-pool-name"  = "*"
                            }
                        }
                      [32m+[0m[0m Effect    = "Allow"
                      [32m+[0m[0m Resource  = "*"
                      [32m+[0m[0m Sid       = "Compute"
                    },
                  [32m+[0m[0m {
                      [32m+[0m[0m Action    = [
                          [32m+[0m[0m "ec2:CreateVolume",
                          [32m+[0m[0m "ec2:CreateSnapshot",
                        ]
                      [32m+[0m[0m Condition = {
                          [32m+[0m[0m StringEquals = {
                              [32m+[0m[0m "aws:RequestTag/eks:eks-cluster-name" = "${aws:PrincipalTag/eks:eks-cluster-name}"
                            }
                        }
                      [32m+[0m[0m Effect    = "Allow"
                      [32m+[0m[0m Resource  = [
                          [32m+[0m[0m "arn:aws:ec2:*:*:volume/*",
                          [32m+[0m[0m "arn:aws:ec2:*:*:snapshot/*",
                        ]
                      [32m+[0m[0m Sid       = "Storage"
                    },
                  [32m+[0m[0m {
                      [32m+[0m[0m Action    = "ec2:CreateNetworkInterface"
                      [32m+[0m[0m Condition = {
                          [32m+[0m[0m StringEquals = {
                              [32m+[0m[0m "aws:RequestTag/eks:eks-cluster-name"         = "${aws:PrincipalTag/eks:eks-cluster-name}"
                              [32m+[0m[0m "aws:RequestTag/eks:kubernetes-cni-node-name" = "*"
                            }
                        }
                      [32m+[0m[0m Effect    = "Allow"
                      [32m+[0m[0m Resource  = "*"
                      [32m+[0m[0m Sid       = "Networking"
                    },
                  [32m+[0m[0m {
                      [32m+[0m[0m Action    = [
                          [32m+[0m[0m "elasticloadbalancing:CreateTargetGroup",
                          [32m+[0m[0m "elasticloadbalancing:CreateRule",
                          [32m+[0m[0m "elasticloadbalancing:CreateLoadBalancer",
                          [32m+[0m[0m "elasticloadbalancing:CreateListener",
                          [32m+[0m[0m "ec2:CreateSecurityGroup",
                        ]
                      [32m+[0m[0m Condition = {
                          [32m+[0m[0m StringEquals = {
                              [32m+[0m[0m "aws:RequestTag/eks:eks-cluster-name" = "${aws:PrincipalTag/eks:eks-cluster-name}"
                            }
                        }
                      [32m+[0m[0m Effect    = "Allow"
                      [32m+[0m[0m Resource  = "*"
                      [32m+[0m[0m Sid       = "LoadBalancer"
                    },
                  [32m+[0m[0m {
                      [32m+[0m[0m Action    = "shield:CreateProtection"
                      [32m+[0m[0m Condition = {
                          [32m+[0m[0m StringEquals = {
                              [32m+[0m[0m "aws:RequestTag/eks:eks-cluster-name" = "${aws:PrincipalTag/eks:eks-cluster-name}"
                            }
                        }
                      [32m+[0m[0m Effect    = "Allow"
                      [32m+[0m[0m Resource  = "*"
                      [32m+[0m[0m Sid       = "ShieldProtection"
                    },
                  [32m+[0m[0m {
                      [32m+[0m[0m Action    = "shield:TagResource"
                      [32m+[0m[0m Condition = {
                          [32m+[0m[0m StringEquals = {
                              [32m+[0m[0m "aws:RequestTag/eks:eks-cluster-name" = "${aws:PrincipalTag/eks:eks-cluster-name}"
                            }
                        }
                      [32m+[0m[0m Effect    = "Allow"
                      [32m+[0m[0m Resource  = "arn:aws:shield::*:protection/*"
                      [32m+[0m[0m Sid       = "ShieldTagResource"
                    },
                ]
              [32m+[0m[0m Version   = "2012-10-17"
            }
        )
      [32m+[0m[0m policy_id        = (known after apply)
      [32m+[0m[0m tags             = {
          [32m+[0m[0m "ConfigSource" = "config.yaml"
          [32m+[0m[0m "ManagedBy"    = "terraform"
          [32m+[0m[0m "cost-center"  = "engineering"
          [32m+[0m[0m "env"          = "poc"
          [32m+[0m[0m "githubRepo"   = "github.com/darede-labs/reference-implementation-aws"
          [32m+[0m[0m "owner"        = "platform-team"
          [32m+[0m[0m "project"      = "idp"
        }
      [32m+[0m[0m tags_all         = {
          [32m+[0m[0m "ConfigSource" = "config.yaml"
          [32m+[0m[0m "ManagedBy"    = "terraform"
          [32m+[0m[0m "cost-center"  = "engineering"
          [32m+[0m[0m "env"          = "poc"
          [32m+[0m[0m "githubRepo"   = "github.com/darede-labs/reference-implementation-aws"
          [32m+[0m[0m "owner"        = "platform-team"
          [32m+[0m[0m "project"      = "idp"
        }
    }

[1m  # module.eks.aws_iam_role.this[0][0m will be created
[0m  [32m+[0m[0m resource "aws_iam_role" "this" {
      [32m+[0m[0m arn                   = (known after apply)
      [32m+[0m[0m assume_role_policy    = jsonencode(
            {
              [32m+[0m[0m Statement = [
                  [32m+[0m[0m {
                      [32m+[0m[0m Action    = [
                          [32m+[0m[0m "sts:TagSession",
                          [32m+[0m[0m "sts:AssumeRole",
                        ]
                      [32m+[0m[0m Effect    = "Allow"
                      [32m+[0m[0m Principal = {
                          [32m+[0m[0m Service = "eks.amazonaws.com"
                        }
                      [32m+[0m[0m Sid       = "EKSClusterAssumeRole"
                    },
                ]
              [32m+[0m[0m Version   = "2012-10-17"
            }
        )
      [32m+[0m[0m create_date           = (known after apply)
      [32m+[0m[0m force_detach_policies = true
      [32m+[0m[0m id                    = (known after apply)
      [32m+[0m[0m managed_policy_arns   = (known after apply)
      [32m+[0m[0m max_session_duration  = 3600
      [32m+[0m[0m name                  = (known after apply)
      [32m+[0m[0m name_prefix           = "idp-poc-darede-cluster-cluster-"
      [32m+[0m[0m path                  = "/"
      [32m+[0m[0m tags                  = {
          [32m+[0m[0m "ConfigSource" = "config.yaml"
          [32m+[0m[0m "ManagedBy"    = "terraform"
          [32m+[0m[0m "cost-center"  = "engineering"
          [32m+[0m[0m "env"          = "poc"
          [32m+[0m[0m "githubRepo"   = "github.com/darede-labs/reference-implementation-aws"
          [32m+[0m[0m "owner"        = "platform-team"
          [32m+[0m[0m "project"      = "idp"
        }
      [32m+[0m[0m tags_all              = {
          [32m+[0m[0m "ConfigSource" = "config.yaml"
          [32m+[0m[0m "ManagedBy"    = "terraform"
          [32m+[0m[0m "cost-center"  = "engineering"
          [32m+[0m[0m "env"          = "poc"
          [32m+[0m[0m "githubRepo"   = "github.com/darede-labs/reference-implementation-aws"
          [32m+[0m[0m "owner"        = "platform-team"
          [32m+[0m[0m "project"      = "idp"
        }
      [32m+[0m[0m unique_id             = (known after apply)

      [32m+[0m[0m inline_policy (known after apply)
    }

[1m  # module.eks.aws_iam_role_policy_attachment.cluster_encryption[0][0m will be created
[0m  [32m+[0m[0m resource "aws_iam_role_policy_attachment" "cluster_encryption" {
      [32m+[0m[0m id         = (known after apply)
      [32m+[0m[0m policy_arn = (known after apply)
      [32m+[0m[0m role       = (known after apply)
    }

[1m  # module.eks.aws_iam_role_policy_attachment.custom[0][0m will be created
[0m  [32m+[0m[0m resource "aws_iam_role_policy_attachment" "custom" {
      [32m+[0m[0m id         = (known after apply)
      [32m+[0m[0m policy_arn = (known after apply)
      [32m+[0m[0m role       = (known after apply)
    }

[1m  # module.eks.aws_iam_role_policy_attachment.this["AmazonEKSClusterPolicy"][0m will be created
[0m  [32m+[0m[0m resource "aws_iam_role_policy_attachment" "this" {
      [32m+[0m[0m id         = (known after apply)
      [32m+[0m[0m policy_arn = "arn:aws:iam::aws:policy/AmazonEKSClusterPolicy"
      [32m+[0m[0m role       = (known after apply)
    }

[1m  # module.eks.aws_iam_role_policy_attachment.this["AmazonEKSVPCResourceController"][0m will be created
[0m  [32m+[0m[0m resource "aws_iam_role_policy_attachment" "this" {
      [32m+[0m[0m id         = (known after apply)
      [32m+[0m[0m policy_arn = "arn:aws:iam::aws:policy/AmazonEKSVPCResourceController"
      [32m+[0m[0m role       = (known after apply)
    }

[1m  # module.eks.aws_security_group.cluster[0][0m will be created
[0m  [32m+[0m[0m resource "aws_security_group" "cluster" {
      [32m+[0m[0m arn                    = (known after apply)
      [32m+[0m[0m description            = "EKS cluster security group"
      [32m+[0m[0m egress                 = (known after apply)
      [32m+[0m[0m id                     = (known after apply)
      [32m+[0m[0m ingress                = (known after apply)
      [32m+[0m[0m name                   = (known after apply)
      [32m+[0m[0m name_prefix            = "idp-poc-darede-cluster-cluster-"
      [32m+[0m[0m owner_id               = (known after apply)
      [32m+[0m[0m revoke_rules_on_delete = false
      [32m+[0m[0m tags                   = {
          [32m+[0m[0m "ConfigSource" = "config.yaml"
          [32m+[0m[0m "ManagedBy"    = "terraform"
          [32m+[0m[0m "Name"         = "idp-poc-darede-cluster-cluster"
          [32m+[0m[0m "cost-center"  = "engineering"
          [32m+[0m[0m "env"          = "poc"
          [32m+[0m[0m "githubRepo"   = "github.com/darede-labs/reference-implementation-aws"
          [32m+[0m[0m "owner"        = "platform-team"
          [32m+[0m[0m "project"      = "idp"
        }
      [32m+[0m[0m tags_all               = {
          [32m+[0m[0m "ConfigSource" = "config.yaml"
          [32m+[0m[0m "ManagedBy"    = "terraform"
          [32m+[0m[0m "Name"         = "idp-poc-darede-cluster-cluster"
          [32m+[0m[0m "cost-center"  = "engineering"
          [32m+[0m[0m "env"          = "poc"
          [32m+[0m[0m "githubRepo"   = "github.com/darede-labs/reference-implementation-aws"
          [32m+[0m[0m "owner"        = "platform-team"
          [32m+[0m[0m "project"      = "idp"
        }
      [32m+[0m[0m vpc_id                 = (known after apply)
    }

[1m  # module.eks.aws_security_group.node[0][0m will be created
[0m  [32m+[0m[0m resource "aws_security_group" "node" {
      [32m+[0m[0m arn                    = (known after apply)
      [32m+[0m[0m description            = "EKS node shared security group"
      [32m+[0m[0m egress                 = (known after apply)
      [32m+[0m[0m id                     = (known after apply)
      [32m+[0m[0m ingress                = (known after apply)
      [32m+[0m[0m name                   = (known after apply)
      [32m+[0m[0m name_prefix            = "idp-poc-darede-cluster-node-"
      [32m+[0m[0m owner_id               = (known after apply)
      [32m+[0m[0m revoke_rules_on_delete = false
      [32m+[0m[0m tags                   = {
          [32m+[0m[0m "ConfigSource"                                 = "config.yaml"
          [32m+[0m[0m "ManagedBy"                                    = "terraform"
          [32m+[0m[0m "Name"                                         = "idp-poc-darede-cluster-node"
          [32m+[0m[0m "cost-center"                                  = "engineering"
          [32m+[0m[0m "env"                                          = "poc"
          [32m+[0m[0m "githubRepo"                                   = "github.com/darede-labs/reference-implementation-aws"
          [32m+[0m[0m "kubernetes.io/cluster/idp-poc-darede-cluster" = "owned"
          [32m+[0m[0m "owner"                                        = "platform-team"
          [32m+[0m[0m "project"                                      = "idp"
        }
      [32m+[0m[0m tags_all               = {
          [32m+[0m[0m "ConfigSource"                                 = "config.yaml"
          [32m+[0m[0m "ManagedBy"                                    = "terraform"
          [32m+[0m[0m "Name"                                         = "idp-poc-darede-cluster-node"
          [32m+[0m[0m "cost-center"                                  = "engineering"
          [32m+[0m[0m "env"                                          = "poc"
          [32m+[0m[0m "githubRepo"                                   = "github.com/darede-labs/reference-implementation-aws"
          [32m+[0m[0m "kubernetes.io/cluster/idp-poc-darede-cluster" = "owned"
          [32m+[0m[0m "owner"                                        = "platform-team"
          [32m+[0m[0m "project"                                      = "idp"
        }
      [32m+[0m[0m vpc_id                 = (known after apply)
    }

[1m  # module.eks.aws_security_group_rule.cluster["ingress_nodes_443"][0m will be created
[0m  [32m+[0m[0m resource "aws_security_group_rule" "cluster" {
      [32m+[0m[0m description              = "Node groups to cluster API"
      [32m+[0m[0m from_port                = 443
      [32m+[0m[0m id                       = (known after apply)
      [32m+[0m[0m protocol                 = "tcp"
      [32m+[0m[0m security_group_id        = (known after apply)
      [32m+[0m[0m security_group_rule_id   = (known after apply)
      [32m+[0m[0m self                     = false
      [32m+[0m[0m source_security_group_id = (known after apply)
      [32m+[0m[0m to_port                  = 443
      [32m+[0m[0m type                     = "ingress"
    }

[1m  # module.eks.aws_security_group_rule.node["egress_all"][0m will be created
[0m  [32m+[0m[0m resource "aws_security_group_rule" "node" {
      [32m+[0m[0m cidr_blocks              = [
          [32m+[0m[0m "0.0.0.0/0",
        ]
      [32m+[0m[0m description              = "Allow all egress"
      [32m+[0m[0m from_port                = 0
      [32m+[0m[0m id                       = (known after apply)
      [32m+[0m[0m prefix_list_ids          = []
      [32m+[0m[0m protocol                 = "-1"
      [32m+[0m[0m security_group_id        = (known after apply)
      [32m+[0m[0m security_group_rule_id   = (known after apply)
      [32m+[0m[0m self                     = false
      [32m+[0m[0m source_security_group_id = (known after apply)
      [32m+[0m[0m to_port                  = 0
      [32m+[0m[0m type                     = "egress"
    }

[1m  # module.eks.aws_security_group_rule.node["ingress_cluster_443"][0m will be created
[0m  [32m+[0m[0m resource "aws_security_group_rule" "node" {
      [32m+[0m[0m description              = "Cluster API to node groups"
      [32m+[0m[0m from_port                = 443
      [32m+[0m[0m id                       = (known after apply)
      [32m+[0m[0m prefix_list_ids          = []
      [32m+[0m[0m protocol                 = "tcp"
      [32m+[0m[0m security_group_id        = (known after apply)
      [32m+[0m[0m security_group_rule_id   = (known after apply)
      [32m+[0m[0m self                     = false
      [32m+[0m[0m source_security_group_id = (known after apply)
      [32m+[0m[0m to_port                  = 443
      [32m+[0m[0m type                     = "ingress"
    }

[1m  # module.eks.aws_security_group_rule.node["ingress_cluster_4443_webhook"][0m will be created
[0m  [32m+[0m[0m resource "aws_security_group_rule" "node" {
      [32m+[0m[0m description              = "Cluster API to node 4443/tcp webhook"
      [32m+[0m[0m from_port                = 4443
      [32m+[0m[0m id                       = (known after apply)
      [32m+[0m[0m prefix_list_ids          = []
      [32m+[0m[0m protocol                 = "tcp"
      [32m+[0m[0m security_group_id        = (known after apply)
      [32m+[0m[0m security_group_rule_id   = (known after apply)
      [32m+[0m[0m self                     = false
      [32m+[0m[0m source_security_group_id = (known after apply)
      [32m+[0m[0m to_port                  = 4443
      [32m+[0m[0m type                     = "ingress"
    }

[1m  # module.eks.aws_security_group_rule.node["ingress_cluster_6443_webhook"][0m will be created
[0m  [32m+[0m[0m resource "aws_security_group_rule" "node" {
      [32m+[0m[0m description              = "Cluster API to node 6443/tcp webhook"
      [32m+[0m[0m from_port                = 6443
      [32m+[0m[0m id                       = (known after apply)
      [32m+[0m[0m prefix_list_ids          = []
      [32m+[0m[0m protocol                 = "tcp"
      [32m+[0m[0m security_group_id        = (known after apply)
      [32m+[0m[0m security_group_rule_id   = (known after apply)
      [32m+[0m[0m self                     = false
      [32m+[0m[0m source_security_group_id = (known after apply)
      [32m+[0m[0m to_port                  = 6443
      [32m+[0m[0m type                     = "ingress"
    }

[1m  # module.eks.aws_security_group_rule.node["ingress_cluster_8443_webhook"][0m will be created
[0m  [32m+[0m[0m resource "aws_security_group_rule" "node" {
      [32m+[0m[0m description              = "Cluster API to node 8443/tcp webhook"
      [32m+[0m[0m from_port                = 8443
      [32m+[0m[0m id                       = (known after apply)
      [32m+[0m[0m prefix_list_ids          = []
      [32m+[0m[0m protocol                 = "tcp"
      [32m+[0m[0m security_group_id        = (known after apply)
      [32m+[0m[0m security_group_rule_id   = (known after apply)
      [32m+[0m[0m self                     = false
      [32m+[0m[0m source_security_group_id = (known after apply)
      [32m+[0m[0m to_port                  = 8443
      [32m+[0m[0m type                     = "ingress"
    }

[1m  # module.eks.aws_security_group_rule.node["ingress_cluster_9443_webhook"][0m will be created
[0m  [32m+[0m[0m resource "aws_security_group_rule" "node" {
      [32m+[0m[0m description              = "Cluster API to node 9443/tcp webhook"
      [32m+[0m[0m from_port                = 9443
      [32m+[0m[0m id                       = (known after apply)
      [32m+[0m[0m prefix_list_ids          = []
      [32m+[0m[0m protocol                 = "tcp"
      [32m+[0m[0m security_group_id        = (known after apply)
      [32m+[0m[0m security_group_rule_id   = (known after apply)
      [32m+[0m[0m self                     = false
      [32m+[0m[0m source_security_group_id = (known after apply)
      [32m+[0m[0m to_port                  = 9443
      [32m+[0m[0m type                     = "ingress"
    }

[1m  # module.eks.aws_security_group_rule.node["ingress_cluster_kubelet"][0m will be created
[0m  [32m+[0m[0m resource "aws_security_group_rule" "node" {
      [32m+[0m[0m description              = "Cluster API to node kubelets"
      [32m+[0m[0m from_port                = 10250
      [32m+[0m[0m id                       = (known after apply)
      [32m+[0m[0m prefix_list_ids          = []
      [32m+[0m[0m protocol                 = "tcp"
      [32m+[0m[0m security_group_id        = (known after apply)
      [32m+[0m[0m security_group_rule_id   = (known after apply)
      [32m+[0m[0m self                     = false
      [32m+[0m[0m source_security_group_id = (known after apply)
      [32m+[0m[0m to_port                  = 10250
      [32m+[0m[0m type                     = "ingress"
    }

[1m  # module.eks.aws_security_group_rule.node["ingress_nodes_ephemeral"][0m will be created
[0m  [32m+[0m[0m resource "aws_security_group_rule" "node" {
      [32m+[0m[0m description              = "Node to node ingress on ephemeral ports"
      [32m+[0m[0m from_port                = 1025
      [32m+[0m[0m id                       = (known after apply)
      [32m+[0m[0m prefix_list_ids          = []
      [32m+[0m[0m protocol                 = "tcp"
      [32m+[0m[0m security_group_id        = (known after apply)
      [32m+[0m[0m security_group_rule_id   = (known after apply)
      [32m+[0m[0m self                     = true
      [32m+[0m[0m source_security_group_id = (known after apply)
      [32m+[0m[0m to_port                  = 65535
      [32m+[0m[0m type                     = "ingress"
    }

[1m  # module.eks.aws_security_group_rule.node["ingress_self_coredns_tcp"][0m will be created
[0m  [32m+[0m[0m resource "aws_security_group_rule" "node" {
      [32m+[0m[0m description              = "Node to node CoreDNS"
      [32m+[0m[0m from_port                = 53
      [32m+[0m[0m id                       = (known after apply)
      [32m+[0m[0m prefix_list_ids          = []
      [32m+[0m[0m protocol                 = "tcp"
      [32m+[0m[0m security_group_id        = (known after apply)
      [32m+[0m[0m security_group_rule_id   = (known after apply)
      [32m+[0m[0m self                     = true
      [32m+[0m[0m source_security_group_id = (known after apply)
      [32m+[0m[0m to_port                  = 53
      [32m+[0m[0m type                     = "ingress"
    }

[1m  # module.eks.aws_security_group_rule.node["ingress_self_coredns_udp"][0m will be created
[0m  [32m+[0m[0m resource "aws_security_group_rule" "node" {
      [32m+[0m[0m description              = "Node to node CoreDNS UDP"
      [32m+[0m[0m from_port                = 53
      [32m+[0m[0m id                       = (known after apply)
      [32m+[0m[0m prefix_list_ids          = []
      [32m+[0m[0m protocol                 = "udp"
      [32m+[0m[0m security_group_id        = (known after apply)
      [32m+[0m[0m security_group_rule_id   = (known after apply)
      [32m+[0m[0m self                     = true
      [32m+[0m[0m source_security_group_id = (known after apply)
      [32m+[0m[0m to_port                  = 53
      [32m+[0m[0m type                     = "ingress"
    }

[1m  # module.eks.time_sleep.this[0][0m will be created
[0m  [32m+[0m[0m resource "time_sleep" "this" {
      [32m+[0m[0m create_duration = "30s"
      [32m+[0m[0m id              = (known after apply)
      [32m+[0m[0m triggers        = {
          [32m+[0m[0m "cluster_certificate_authority_data" = (known after apply)
          [32m+[0m[0m "cluster_endpoint"                   = (known after apply)
          [32m+[0m[0m "cluster_name"                       = (known after apply)
          [32m+[0m[0m "cluster_service_cidr"               = (known after apply)
          [32m+[0m[0m "cluster_version"                    = "1.33"
        }
    }

[1m  # module.external_dns_pod_identity.aws_eks_pod_identity_association.this["external_secrets"][0m will be created
[0m  [32m+[0m[0m resource "aws_eks_pod_identity_association" "this" {
      [32m+[0m[0m association_arn = (known after apply)
      [32m+[0m[0m association_id  = (known after apply)
      [32m+[0m[0m cluster_name    = "idp-poc-darede-cluster"
      [32m+[0m[0m id              = (known after apply)
      [32m+[0m[0m namespace       = "external-dns"
      [32m+[0m[0m role_arn        = (known after apply)
      [32m+[0m[0m service_account = "external-dns"
      [32m+[0m[0m tags            = {
          [32m+[0m[0m "ConfigSource" = "config.yaml"
          [32m+[0m[0m "ManagedBy"    = "terraform"
          [32m+[0m[0m "cost-center"  = "engineering"
          [32m+[0m[0m "env"          = "poc"
          [32m+[0m[0m "githubRepo"   = "github.com/darede-labs/reference-implementation-aws"
          [32m+[0m[0m "owner"        = "platform-team"
          [32m+[0m[0m "project"      = "idp"
        }
      [32m+[0m[0m tags_all        = {
          [32m+[0m[0m "ConfigSource" = "config.yaml"
          [32m+[0m[0m "ManagedBy"    = "terraform"
          [32m+[0m[0m "cost-center"  = "engineering"
          [32m+[0m[0m "env"          = "poc"
          [32m+[0m[0m "githubRepo"   = "github.com/darede-labs/reference-implementation-aws"
          [32m+[0m[0m "owner"        = "platform-team"
          [32m+[0m[0m "project"      = "idp"
        }
    }

[1m  # module.external_dns_pod_identity.aws_iam_policy.external_dns[0][0m will be created
[0m  [32m+[0m[0m resource "aws_iam_policy" "external_dns" {
      [32m+[0m[0m arn              = (known after apply)
      [32m+[0m[0m attachment_count = (known after apply)
      [32m+[0m[0m description      = "Permissions for External DNS"
      [32m+[0m[0m id               = (known after apply)
      [32m+[0m[0m name             = (known after apply)
      [32m+[0m[0m name_prefix      = "AmazonEKS_ExternalDNS-"
      [32m+[0m[0m path             = "/"
      [32m+[0m[0m policy           = jsonencode(
            {
              [32m+[0m[0m Statement = [
                  [32m+[0m[0m {
                      [32m+[0m[0m Action   = "route53:ChangeResourceRecordSets"
                      [32m+[0m[0m Effect   = "Allow"
                      [32m+[0m[0m Resource = "*"
                    },
                  [32m+[0m[0m {
                      [32m+[0m[0m Action   = [
                          [32m+[0m[0m "route53:ListTagsForResource",
                          [32m+[0m[0m "route53:ListResourceRecordSets",
                          [32m+[0m[0m "route53:ListHostedZones",
                        ]
                      [32m+[0m[0m Effect   = "Allow"
                      [32m+[0m[0m Resource = "*"
                    },
                ]
              [32m+[0m[0m Version   = "2012-10-17"
            }
        )
      [32m+[0m[0m policy_id        = (known after apply)
      [32m+[0m[0m tags             = {
          [32m+[0m[0m "ConfigSource" = "config.yaml"
          [32m+[0m[0m "ManagedBy"    = "terraform"
          [32m+[0m[0m "cost-center"  = "engineering"
          [32m+[0m[0m "env"          = "poc"
          [32m+[0m[0m "githubRepo"   = "github.com/darede-labs/reference-implementation-aws"
          [32m+[0m[0m "owner"        = "platform-team"
          [32m+[0m[0m "project"      = "idp"
        }
      [32m+[0m[0m tags_all         = {
          [32m+[0m[0m "ConfigSource" = "config.yaml"
          [32m+[0m[0m "ManagedBy"    = "terraform"
          [32m+[0m[0m "cost-center"  = "engineering"
          [32m+[0m[0m "env"          = "poc"
          [32m+[0m[0m "githubRepo"   = "github.com/darede-labs/reference-implementation-aws"
          [32m+[0m[0m "owner"        = "platform-team"
          [32m+[0m[0m "project"      = "idp"
        }
    }

[1m  # module.external_dns_pod_identity.aws_iam_role.this[0][0m will be created
[0m  [32m+[0m[0m resource "aws_iam_role" "this" {
      [32m+[0m[0m arn                   = (known after apply)
      [32m+[0m[0m assume_role_policy    = jsonencode(
            {
              [32m+[0m[0m Statement = [
                  [32m+[0m[0m {
                      [32m+[0m[0m Action    = [
                          [32m+[0m[0m "sts:TagSession",
                          [32m+[0m[0m "sts:AssumeRole",
                        ]
                      [32m+[0m[0m Effect    = "Allow"
                      [32m+[0m[0m Principal = {
                          [32m+[0m[0m Service = "pods.eks.amazonaws.com"
                        }
                    },
                ]
              [32m+[0m[0m Version   = "2012-10-17"
            }
        )
      [32m+[0m[0m create_date           = (known after apply)
      [32m+[0m[0m force_detach_policies = true
      [32m+[0m[0m id                    = (known after apply)
      [32m+[0m[0m managed_policy_arns   = (known after apply)
      [32m+[0m[0m max_session_duration  = 3600
      [32m+[0m[0m name                  = (known after apply)
      [32m+[0m[0m name_prefix           = "external-dns-"
      [32m+[0m[0m path                  = "/"
      [32m+[0m[0m tags                  = {
          [32m+[0m[0m "ConfigSource" = "config.yaml"
          [32m+[0m[0m "ManagedBy"    = "terraform"
          [32m+[0m[0m "cost-center"  = "engineering"
          [32m+[0m[0m "env"          = "poc"
          [32m+[0m[0m "githubRepo"   = "github.com/darede-labs/reference-implementation-aws"
          [32m+[0m[0m "owner"        = "platform-team"
          [32m+[0m[0m "project"      = "idp"
        }
      [32m+[0m[0m tags_all              = {
          [32m+[0m[0m "ConfigSource" = "config.yaml"
          [32m+[0m[0m "ManagedBy"    = "terraform"
          [32m+[0m[0m "cost-center"  = "engineering"
          [32m+[0m[0m "env"          = "poc"
          [32m+[0m[0m "githubRepo"   = "github.com/darede-labs/reference-implementation-aws"
          [32m+[0m[0m "owner"        = "platform-team"
          [32m+[0m[0m "project"      = "idp"
        }
      [32m+[0m[0m unique_id             = (known after apply)

      [32m+[0m[0m inline_policy (known after apply)
    }

[1m  # module.external_dns_pod_identity.aws_iam_role_policy_attachment.external_dns[0][0m will be created
[0m  [32m+[0m[0m resource "aws_iam_role_policy_attachment" "external_dns" {
      [32m+[0m[0m id         = (known after apply)
      [32m+[0m[0m policy_arn = (known after apply)
      [32m+[0m[0m role       = (known after apply)
    }

[1m  # module.external_secrets_irsa[0].data.aws_iam_policy_document.this[0][0m will be read during apply
  # (config refers to values not yet known)
[0m [36m<=[0m[0m data "aws_iam_policy_document" "this" {
      [32m+[0m[0m id            = (known after apply)
      [32m+[0m[0m json          = (known after apply)
      [32m+[0m[0m minified_json = (known after apply)

      [32m+[0m[0m statement {
          [32m+[0m[0m actions = [
              [32m+[0m[0m "sts:AssumeRoleWithWebIdentity",
            ]
          [32m+[0m[0m effect  = "Allow"

          [32m+[0m[0m condition {
              [32m+[0m[0m test     = "StringEquals"
              [32m+[0m[0m values   = [
                  [32m+[0m[0m "sts.amazonaws.com",
                ]
              [32m+[0m[0m variable = (known after apply)
            }
          [32m+[0m[0m condition {
              [32m+[0m[0m test     = "StringEquals"
              [32m+[0m[0m values   = [
                  [32m+[0m[0m "system:serviceaccount:external-secrets:external-secrets",
                ]
              [32m+[0m[0m variable = (known after apply)
            }

          [32m+[0m[0m principals {
              [32m+[0m[0m identifiers = [
                  [32m+[0m[0m (known after apply),
                ]
              [32m+[0m[0m type        = "Federated"
            }
        }
    }

[1m  # module.external_secrets_irsa[0].aws_iam_role.this[0][0m will be created
[0m  [32m+[0m[0m resource "aws_iam_role" "this" {
      [32m+[0m[0m arn                   = (known after apply)
      [32m+[0m[0m assume_role_policy    = (known after apply)
      [32m+[0m[0m create_date           = (known after apply)
      [32m+[0m[0m force_detach_policies = true
      [32m+[0m[0m id                    = (known after apply)
      [32m+[0m[0m managed_policy_arns   = (known after apply)
      [32m+[0m[0m max_session_duration  = 3600
      [32m+[0m[0m name                  = "external-secrets-irsa"
      [32m+[0m[0m name_prefix           = (known after apply)
      [32m+[0m[0m path                  = "/"
      [32m+[0m[0m tags                  = {
          [32m+[0m[0m "ConfigSource" = "config.yaml"
          [32m+[0m[0m "ManagedBy"    = "terraform"
          [32m+[0m[0m "cost-center"  = "engineering"
          [32m+[0m[0m "env"          = "poc"
          [32m+[0m[0m "githubRepo"   = "github.com/darede-labs/reference-implementation-aws"
          [32m+[0m[0m "owner"        = "platform-team"
          [32m+[0m[0m "project"      = "idp"
        }
      [32m+[0m[0m tags_all              = {
          [32m+[0m[0m "ConfigSource" = "config.yaml"
          [32m+[0m[0m "ManagedBy"    = "terraform"
          [32m+[0m[0m "cost-center"  = "engineering"
          [32m+[0m[0m "env"          = "poc"
          [32m+[0m[0m "githubRepo"   = "github.com/darede-labs/reference-implementation-aws"
          [32m+[0m[0m "owner"        = "platform-team"
          [32m+[0m[0m "project"      = "idp"
        }
      [32m+[0m[0m unique_id             = (known after apply)

      [32m+[0m[0m inline_policy (known after apply)
    }

[1m  # module.external_secrets_irsa[0].aws_iam_role_policy_attachment.this["policy"][0m will be created
[0m  [32m+[0m[0m resource "aws_iam_role_policy_attachment" "this" {
      [32m+[0m[0m id         = (known after apply)
      [32m+[0m[0m policy_arn = (known after apply)
      [32m+[0m[0m role       = "external-secrets-irsa"
    }

[1m  # module.karpenter[0].data.aws_iam_policy_document.controller[0][0m will be read during apply
  # (config refers to values not yet known)
[0m [36m<=[0m[0m data "aws_iam_policy_document" "controller" {
      [32m+[0m[0m id                      = (known after apply)
      [32m+[0m[0m json                    = (known after apply)
      [32m+[0m[0m minified_json           = (known after apply)
      [32m+[0m[0m source_policy_documents = [
          [32m+[0m[0m (known after apply),
        ]
    }

[1m  # module.karpenter[0].data.aws_iam_policy_document.controller_assume_role[0][0m will be read during apply
  # (config refers to values not yet known)
[0m [36m<=[0m[0m data "aws_iam_policy_document" "controller_assume_role" {
      [32m+[0m[0m id            = (known after apply)
      [32m+[0m[0m json          = (known after apply)
      [32m+[0m[0m minified_json = (known after apply)

      [32m+[0m[0m statement {
          [32m+[0m[0m actions = [
              [32m+[0m[0m "sts:AssumeRole",
              [32m+[0m[0m "sts:TagSession",
            ]

          [32m+[0m[0m principals {
              [32m+[0m[0m identifiers = [
                  [32m+[0m[0m "pods.eks.amazonaws.com",
                ]
              [32m+[0m[0m type        = "Service"
            }
        }
      [32m+[0m[0m statement {
          [32m+[0m[0m actions = [
              [32m+[0m[0m "sts:AssumeRoleWithWebIdentity",
            ]

          [32m+[0m[0m condition {
              [32m+[0m[0m test     = "StringEquals"
              [32m+[0m[0m values   = [
                  [32m+[0m[0m "sts.amazonaws.com",
                ]
              [32m+[0m[0m variable = (known after apply)
            }
          [32m+[0m[0m condition {
              [32m+[0m[0m test     = "StringEquals"
              [32m+[0m[0m values   = [
                  [32m+[0m[0m "system:serviceaccount:karpenter:karpenter",
                ]
              [32m+[0m[0m variable = (known after apply)
            }

          [32m+[0m[0m principals {
              [32m+[0m[0m identifiers = [
                  [32m+[0m[0m (known after apply),
                ]
              [32m+[0m[0m type        = "Federated"
            }
        }
    }

[1m  # module.karpenter[0].data.aws_iam_policy_document.queue[0][0m will be read during apply
  # (config refers to values not yet known)
[0m [36m<=[0m[0m data "aws_iam_policy_document" "queue" {
      [32m+[0m[0m id            = (known after apply)
      [32m+[0m[0m json          = (known after apply)
      [32m+[0m[0m minified_json = (known after apply)

      [32m+[0m[0m statement {
          [32m+[0m[0m actions   = [
              [32m+[0m[0m "sqs:SendMessage",
            ]
          [32m+[0m[0m resources = [
              [32m+[0m[0m (known after apply),
            ]
          [32m+[0m[0m sid       = "SqsWrite"

          [32m+[0m[0m principals {
              [32m+[0m[0m identifiers = [
                  [32m+[0m[0m "events.amazonaws.com",
                  [32m+[0m[0m "sqs.amazonaws.com",
                ]
              [32m+[0m[0m type        = "Service"
            }
        }
      [32m+[0m[0m statement {
          [32m+[0m[0m actions   = [
              [32m+[0m[0m "sqs:*",
            ]
          [32m+[0m[0m effect    = "Deny"
          [32m+[0m[0m resources = [
              [32m+[0m[0m (known after apply),
            ]
          [32m+[0m[0m sid       = "DenyHTTP"

          [32m+[0m[0m condition {
              [32m+[0m[0m test     = "StringEquals"
              [32m+[0m[0m values   = [
                  [32m+[0m[0m "false",
                ]
              [32m+[0m[0m variable = "aws:SecureTransport"
            }

          [32m+[0m[0m principals {
              [32m+[0m[0m identifiers = [
                  [32m+[0m[0m "*",
                ]
              [32m+[0m[0m type        = "*"
            }
        }
    }

[1m  # module.karpenter[0].data.aws_iam_policy_document.v033[0][0m will be read during apply
  # (config refers to values not yet known)
[0m [36m<=[0m[0m data "aws_iam_policy_document" "v033" {
      [32m+[0m[0m id            = (known after apply)
      [32m+[0m[0m json          = (known after apply)
      [32m+[0m[0m minified_json = (known after apply)

      [32m+[0m[0m statement {
          [32m+[0m[0m actions   = [
              [32m+[0m[0m "ec2:CreateFleet",
              [32m+[0m[0m "ec2:RunInstances",
            ]
          [32m+[0m[0m resources = [
              [32m+[0m[0m "arn:aws:ec2:*:*:launch-template/*",
              [32m+[0m[0m "arn:aws:ec2:*:*:security-group/*",
              [32m+[0m[0m "arn:aws:ec2:*:*:spot-instances-request/*",
              [32m+[0m[0m "arn:aws:ec2:*:*:subnet/*",
              [32m+[0m[0m "arn:aws:ec2:*::image/*",
              [32m+[0m[0m "arn:aws:ec2:*::snapshot/*",
            ]
          [32m+[0m[0m sid       = "AllowScopedEC2InstanceActions"
        }
      [32m+[0m[0m statement {
          [32m+[0m[0m actions   = [
              [32m+[0m[0m "ec2:CreateFleet",
              [32m+[0m[0m "ec2:CreateLaunchTemplate",
              [32m+[0m[0m "ec2:RunInstances",
            ]
          [32m+[0m[0m resources = [
              [32m+[0m[0m "arn:aws:ec2:*:*:fleet/*",
              [32m+[0m[0m "arn:aws:ec2:*:*:instance/*",
              [32m+[0m[0m "arn:aws:ec2:*:*:launch-template/*",
              [32m+[0m[0m "arn:aws:ec2:*:*:network-interface/*",
              [32m+[0m[0m "arn:aws:ec2:*:*:spot-instances-request/*",
              [32m+[0m[0m "arn:aws:ec2:*:*:volume/*",
            ]
          [32m+[0m[0m sid       = "AllowScopedEC2InstanceActionsWithTags"

          [32m+[0m[0m condition {
              [32m+[0m[0m test     = "StringEquals"
              [32m+[0m[0m values   = [
                  [32m+[0m[0m "owned",
                ]
              [32m+[0m[0m variable = "aws:RequestTag/kubernetes.io/cluster/idp-poc-darede-cluster"
            }
          [32m+[0m[0m condition {
              [32m+[0m[0m test     = "StringLike"
              [32m+[0m[0m values   = [
                  [32m+[0m[0m "*",
                ]
              [32m+[0m[0m variable = "aws:RequestTag/karpenter.sh/nodepool"
            }
        }
      [32m+[0m[0m statement {
          [32m+[0m[0m actions   = [
              [32m+[0m[0m "ec2:CreateTags",
            ]
          [32m+[0m[0m resources = [
              [32m+[0m[0m "arn:aws:ec2:*:*:fleet/*",
              [32m+[0m[0m "arn:aws:ec2:*:*:instance/*",
              [32m+[0m[0m "arn:aws:ec2:*:*:launch-template/*",
              [32m+[0m[0m "arn:aws:ec2:*:*:network-interface/*",
              [32m+[0m[0m "arn:aws:ec2:*:*:spot-instances-request/*",
              [32m+[0m[0m "arn:aws:ec2:*:*:volume/*",
            ]
          [32m+[0m[0m sid       = "AllowScopedResourceCreationTagging"

          [32m+[0m[0m condition {
              [32m+[0m[0m test     = "StringEquals"
              [32m+[0m[0m values   = [
                  [32m+[0m[0m "RunInstances",
                  [32m+[0m[0m "CreateFleet",
                  [32m+[0m[0m "CreateLaunchTemplate",
                ]
              [32m+[0m[0m variable = "ec2:CreateAction"
            }
          [32m+[0m[0m condition {
              [32m+[0m[0m test     = "StringEquals"
              [32m+[0m[0m values   = [
                  [32m+[0m[0m "owned",
                ]
              [32m+[0m[0m variable = "aws:RequestTag/kubernetes.io/cluster/idp-poc-darede-cluster"
            }
          [32m+[0m[0m condition {
              [32m+[0m[0m test     = "StringLike"
              [32m+[0m[0m values   = [
                  [32m+[0m[0m "*",
                ]
              [32m+[0m[0m variable = "aws:RequestTag/karpenter.sh/nodepool"
            }
        }
      [32m+[0m[0m statement {
          [32m+[0m[0m actions   = [
              [32m+[0m[0m "ec2:CreateTags",
            ]
          [32m+[0m[0m resources = [
              [32m+[0m[0m "arn:aws:ec2:*:*:instance/*",
            ]
          [32m+[0m[0m sid       = "AllowScopedResourceTagging"

          [32m+[0m[0m condition {
              [32m+[0m[0m test     = "ForAllValues:StringEquals"
              [32m+[0m[0m values   = [
                  [32m+[0m[0m "karpenter.sh/nodeclaim",
                  [32m+[0m[0m "Name",
                ]
              [32m+[0m[0m variable = "aws:TagKeys"
            }
          [32m+[0m[0m condition {
              [32m+[0m[0m test     = "StringEquals"
              [32m+[0m[0m values   = [
                  [32m+[0m[0m "owned",
                ]
              [32m+[0m[0m variable = "aws:ResourceTag/kubernetes.io/cluster/idp-poc-darede-cluster"
            }
          [32m+[0m[0m condition {
              [32m+[0m[0m test     = "StringLike"
              [32m+[0m[0m values   = [
                  [32m+[0m[0m "*",
                ]
              [32m+[0m[0m variable = "aws:ResourceTag/karpenter.sh/nodepool"
            }
        }
      [32m+[0m[0m statement {
          [32m+[0m[0m actions   = [
              [32m+[0m[0m "ec2:DeleteLaunchTemplate",
              [32m+[0m[0m "ec2:TerminateInstances",
            ]
          [32m+[0m[0m resources = [
              [32m+[0m[0m "arn:aws:ec2:*:*:instance/*",
              [32m+[0m[0m "arn:aws:ec2:*:*:launch-template/*",
            ]
          [32m+[0m[0m sid       = "AllowScopedDeletion"

          [32m+[0m[0m condition {
              [32m+[0m[0m test     = "StringEquals"
              [32m+[0m[0m values   = [
                  [32m+[0m[0m "owned",
                ]
              [32m+[0m[0m variable = "aws:ResourceTag/kubernetes.io/cluster/idp-poc-darede-cluster"
            }
          [32m+[0m[0m condition {
              [32m+[0m[0m test     = "StringLike"
              [32m+[0m[0m values   = [
                  [32m+[0m[0m "*",
                ]
              [32m+[0m[0m variable = "aws:ResourceTag/karpenter.sh/nodepool"
            }
        }
      [32m+[0m[0m statement {
          [32m+[0m[0m actions   = [
              [32m+[0m[0m "ec2:DescribeAvailabilityZones",
              [32m+[0m[0m "ec2:DescribeImages",
              [32m+[0m[0m "ec2:DescribeInstanceTypeOfferings",
              [32m+[0m[0m "ec2:DescribeInstanceTypes",
              [32m+[0m[0m "ec2:DescribeInstances",
              [32m+[0m[0m "ec2:DescribeLaunchTemplates",
              [32m+[0m[0m "ec2:DescribeSecurityGroups",
              [32m+[0m[0m "ec2:DescribeSpotPriceHistory",
              [32m+[0m[0m "ec2:DescribeSubnets",
            ]
          [32m+[0m[0m resources = [
              [32m+[0m[0m "*",
            ]
          [32m+[0m[0m sid       = "AllowRegionalReadActions"

          [32m+[0m[0m condition {
              [32m+[0m[0m test     = "StringEquals"
              [32m+[0m[0m values   = [
                  [32m+[0m[0m "us-east-1",
                ]
              [32m+[0m[0m variable = "aws:RequestedRegion"
            }
        }
      [32m+[0m[0m statement {
          [32m+[0m[0m actions   = [
              [32m+[0m[0m "ssm:GetParameter",
            ]
          [32m+[0m[0m resources = [
              [32m+[0m[0m "arn:aws:ssm:us-east-1::parameter/aws/service/*",
            ]
          [32m+[0m[0m sid       = "AllowSSMReadActions"
        }
      [32m+[0m[0m statement {
          [32m+[0m[0m actions   = [
              [32m+[0m[0m "pricing:GetProducts",
            ]
          [32m+[0m[0m resources = [
              [32m+[0m[0m "*",
            ]
          [32m+[0m[0m sid       = "AllowPricingReadActions"
        }
      [32m+[0m[0m statement {
          [32m+[0m[0m actions   = [
              [32m+[0m[0m "sqs:DeleteMessage",
              [32m+[0m[0m "sqs:GetQueueAttributes",
              [32m+[0m[0m "sqs:GetQueueUrl",
              [32m+[0m[0m "sqs:ReceiveMessage",
            ]
          [32m+[0m[0m resources = [
              [32m+[0m[0m (known after apply),
            ]
          [32m+[0m[0m sid       = "AllowInterruptionQueueActions"
        }
      [32m+[0m[0m statement {
          [32m+[0m[0m actions   = [
              [32m+[0m[0m "iam:PassRole",
            ]
          [32m+[0m[0m resources = [
              [32m+[0m[0m (known after apply),
            ]
          [32m+[0m[0m sid       = "AllowPassingInstanceRole"

          [32m+[0m[0m condition {
              [32m+[0m[0m test     = "StringEquals"
              [32m+[0m[0m values   = [
                  [32m+[0m[0m "ec2.amazonaws.com",
                ]
              [32m+[0m[0m variable = "iam:PassedToService"
            }
        }
      [32m+[0m[0m statement {
          [32m+[0m[0m actions   = [
              [32m+[0m[0m "iam:CreateInstanceProfile",
            ]
          [32m+[0m[0m resources = [
              [32m+[0m[0m "*",
            ]
          [32m+[0m[0m sid       = "AllowScopedInstanceProfileCreationActions"

          [32m+[0m[0m condition {
              [32m+[0m[0m test     = "StringEquals"
              [32m+[0m[0m values   = [
                  [32m+[0m[0m "owned",
                ]
              [32m+[0m[0m variable = "aws:RequestTag/kubernetes.io/cluster/idp-poc-darede-cluster"
            }
          [32m+[0m[0m condition {
              [32m+[0m[0m test     = "StringEquals"
              [32m+[0m[0m values   = [
                  [32m+[0m[0m "us-east-1",
                ]
              [32m+[0m[0m variable = "aws:RequestTag/topology.kubernetes.io/region"
            }
          [32m+[0m[0m condition {
              [32m+[0m[0m test     = "StringLike"
              [32m+[0m[0m values   = [
                  [32m+[0m[0m "*",
                ]
              [32m+[0m[0m variable = "aws:RequestTag/karpenter.k8s.aws/ec2nodeclass"
            }
        }
      [32m+[0m[0m statement {
          [32m+[0m[0m actions   = [
              [32m+[0m[0m "iam:TagInstanceProfile",
            ]
          [32m+[0m[0m resources = [
              [32m+[0m[0m "*",
            ]
          [32m+[0m[0m sid       = "AllowScopedInstanceProfileTagActions"

          [32m+[0m[0m condition {
              [32m+[0m[0m test     = "StringEquals"
              [32m+[0m[0m values   = [
                  [32m+[0m[0m "owned",
                ]
              [32m+[0m[0m variable = "aws:RequestTag/kubernetes.io/cluster/idp-poc-darede-cluster"
            }
          [32m+[0m[0m condition {
              [32m+[0m[0m test     = "StringEquals"
              [32m+[0m[0m values   = [
                  [32m+[0m[0m "owned",
                ]
              [32m+[0m[0m variable = "aws:ResourceTag/kubernetes.io/cluster/idp-poc-darede-cluster"
            }
          [32m+[0m[0m condition {
              [32m+[0m[0m test     = "StringEquals"
              [32m+[0m[0m values   = [
                  [32m+[0m[0m "us-east-1",
                ]
              [32m+[0m[0m variable = "aws:ResourceTag/topology.kubernetes.io/region"
            }
          [32m+[0m[0m condition {
              [32m+[0m[0m test     = "StringLike"
              [32m+[0m[0m values   = [
                  [32m+[0m[0m "*",
                ]
              [32m+[0m[0m variable = "aws:RequestTag/karpenter.k8s.aws/ec2nodeclass"
            }
          [32m+[0m[0m condition {
              [32m+[0m[0m test     = "StringLike"
              [32m+[0m[0m values   = [
                  [32m+[0m[0m "*",
                ]
              [32m+[0m[0m variable = "aws:ResourceTag/karpenter.k8s.aws/ec2nodeclass"
            }
        }
      [32m+[0m[0m statement {
          [32m+[0m[0m actions   = [
              [32m+[0m[0m "iam:AddRoleToInstanceProfile",
              [32m+[0m[0m "iam:DeleteInstanceProfile",
              [32m+[0m[0m "iam:RemoveRoleFromInstanceProfile",
            ]
          [32m+[0m[0m resources = [
              [32m+[0m[0m "*",
            ]
          [32m+[0m[0m sid       = "AllowScopedInstanceProfileActions"

          [32m+[0m[0m condition {
              [32m+[0m[0m test     = "StringEquals"
              [32m+[0m[0m values   = [
                  [32m+[0m[0m "owned",
                ]
              [32m+[0m[0m variable = "aws:ResourceTag/kubernetes.io/cluster/idp-poc-darede-cluster"
            }
          [32m+[0m[0m condition {
              [32m+[0m[0m test     = "StringEquals"
              [32m+[0m[0m values   = [
                  [32m+[0m[0m "us-east-1",
                ]
              [32m+[0m[0m variable = "aws:ResourceTag/topology.kubernetes.io/region"
            }
          [32m+[0m[0m condition {
              [32m+[0m[0m test     = "StringLike"
              [32m+[0m[0m values   = [
                  [32m+[0m[0m "*",
                ]
              [32m+[0m[0m variable = "aws:ResourceTag/karpenter.k8s.aws/ec2nodeclass"
            }
        }
      [32m+[0m[0m statement {
          [32m+[0m[0m actions   = [
              [32m+[0m[0m "iam:GetInstanceProfile",
            ]
          [32m+[0m[0m resources = [
              [32m+[0m[0m "*",
            ]
          [32m+[0m[0m sid       = "AllowInstanceProfileReadActions"
        }
      [32m+[0m[0m statement {
          [32m+[0m[0m actions   = [
              [32m+[0m[0m "eks:DescribeCluster",
            ]
          [32m+[0m[0m resources = [
              [32m+[0m[0m "arn:aws:eks:us-east-1:948881762705:cluster/idp-poc-darede-cluster",
            ]
          [32m+[0m[0m sid       = "AllowAPIServerEndpointDiscovery"
        }
    }

[1m  # module.karpenter[0].data.aws_iam_policy_document.v1[0][0m will be read during apply
  # (config refers to values not yet known)
[0m [36m<=[0m[0m data "aws_iam_policy_document" "v1" {
      [32m+[0m[0m id            = (known after apply)
      [32m+[0m[0m json          = (known after apply)
      [32m+[0m[0m minified_json = (known after apply)

      [32m+[0m[0m statement {
          [32m+[0m[0m actions   = [
              [32m+[0m[0m "ec2:CreateFleet",
              [32m+[0m[0m "ec2:RunInstances",
            ]
          [32m+[0m[0m resources = [
              [32m+[0m[0m "arn:aws:ec2:us-east-1:*:capacity-reservation/*",
              [32m+[0m[0m "arn:aws:ec2:us-east-1:*:security-group/*",
              [32m+[0m[0m "arn:aws:ec2:us-east-1:*:subnet/*",
              [32m+[0m[0m "arn:aws:ec2:us-east-1::image/*",
              [32m+[0m[0m "arn:aws:ec2:us-east-1::snapshot/*",
            ]
          [32m+[0m[0m sid       = "AllowScopedEC2InstanceAccessActions"
        }
      [32m+[0m[0m statement {
          [32m+[0m[0m actions   = [
              [32m+[0m[0m "ec2:CreateFleet",
              [32m+[0m[0m "ec2:RunInstances",
            ]
          [32m+[0m[0m resources = [
              [32m+[0m[0m "arn:aws:ec2:us-east-1:*:launch-template/*",
            ]
          [32m+[0m[0m sid       = "AllowScopedEC2LaunchTemplateAccessActions"

          [32m+[0m[0m condition {
              [32m+[0m[0m test     = "StringEquals"
              [32m+[0m[0m values   = [
                  [32m+[0m[0m "owned",
                ]
              [32m+[0m[0m variable = "aws:ResourceTag/kubernetes.io/cluster/idp-poc-darede-cluster"
            }
          [32m+[0m[0m condition {
              [32m+[0m[0m test     = "StringLike"
              [32m+[0m[0m values   = [
                  [32m+[0m[0m "*",
                ]
              [32m+[0m[0m variable = "aws:ResourceTag/karpenter.sh/nodepool"
            }
        }
      [32m+[0m[0m statement {
          [32m+[0m[0m actions   = [
              [32m+[0m[0m "ec2:CreateFleet",
              [32m+[0m[0m "ec2:CreateLaunchTemplate",
              [32m+[0m[0m "ec2:RunInstances",
            ]
          [32m+[0m[0m resources = [
              [32m+[0m[0m "arn:aws:ec2:us-east-1:*:fleet/*",
              [32m+[0m[0m "arn:aws:ec2:us-east-1:*:instance/*",
              [32m+[0m[0m "arn:aws:ec2:us-east-1:*:launch-template/*",
              [32m+[0m[0m "arn:aws:ec2:us-east-1:*:network-interface/*",
              [32m+[0m[0m "arn:aws:ec2:us-east-1:*:spot-instances-request/*",
              [32m+[0m[0m "arn:aws:ec2:us-east-1:*:volume/*",
            ]
          [32m+[0m[0m sid       = "AllowScopedEC2InstanceActionsWithTags"

          [32m+[0m[0m condition {
              [32m+[0m[0m test     = "StringEquals"
              [32m+[0m[0m values   = [
                  [32m+[0m[0m "idp-poc-darede-cluster",
                ]
              [32m+[0m[0m variable = "aws:RequestTag/eks:eks-cluster-name"
            }
          [32m+[0m[0m condition {
              [32m+[0m[0m test     = "StringEquals"
              [32m+[0m[0m values   = [
                  [32m+[0m[0m "owned",
                ]
              [32m+[0m[0m variable = "aws:RequestTag/kubernetes.io/cluster/idp-poc-darede-cluster"
            }
          [32m+[0m[0m condition {
              [32m+[0m[0m test     = "StringLike"
              [32m+[0m[0m values   = [
                  [32m+[0m[0m "*",
                ]
              [32m+[0m[0m variable = "aws:RequestTag/karpenter.sh/nodepool"
            }
        }
      [32m+[0m[0m statement {
          [32m+[0m[0m actions   = [
              [32m+[0m[0m "ec2:CreateTags",
            ]
          [32m+[0m[0m resources = [
              [32m+[0m[0m "arn:aws:ec2:us-east-1:*:fleet/*",
              [32m+[0m[0m "arn:aws:ec2:us-east-1:*:instance/*",
              [32m+[0m[0m "arn:aws:ec2:us-east-1:*:launch-template/*",
              [32m+[0m[0m "arn:aws:ec2:us-east-1:*:network-interface/*",
              [32m+[0m[0m "arn:aws:ec2:us-east-1:*:spot-instances-request/*",
              [32m+[0m[0m "arn:aws:ec2:us-east-1:*:volume/*",
            ]
          [32m+[0m[0m sid       = "AllowScopedResourceCreationTagging"

          [32m+[0m[0m condition {
              [32m+[0m[0m test     = "StringEquals"
              [32m+[0m[0m values   = [
                  [32m+[0m[0m "RunInstances",
                  [32m+[0m[0m "CreateFleet",
                  [32m+[0m[0m "CreateLaunchTemplate",
                ]
              [32m+[0m[0m variable = "ec2:CreateAction"
            }
          [32m+[0m[0m condition {
              [32m+[0m[0m test     = "StringEquals"
              [32m+[0m[0m values   = [
                  [32m+[0m[0m "idp-poc-darede-cluster",
                ]
              [32m+[0m[0m variable = "aws:RequestTag/eks:eks-cluster-name"
            }
          [32m+[0m[0m condition {
              [32m+[0m[0m test     = "StringEquals"
              [32m+[0m[0m values   = [
                  [32m+[0m[0m "owned",
                ]
              [32m+[0m[0m variable = "aws:RequestTag/kubernetes.io/cluster/idp-poc-darede-cluster"
            }
          [32m+[0m[0m condition {
              [32m+[0m[0m test     = "StringLike"
              [32m+[0m[0m values   = [
                  [32m+[0m[0m "*",
                ]
              [32m+[0m[0m variable = "aws:RequestTag/karpenter.sh/nodepool"
            }
        }
      [32m+[0m[0m statement {
          [32m+[0m[0m actions   = [
              [32m+[0m[0m "ec2:CreateTags",
            ]
          [32m+[0m[0m resources = [
              [32m+[0m[0m "arn:aws:ec2:us-east-1:*:instance/*",
            ]
          [32m+[0m[0m sid       = "AllowScopedResourceTagging"

          [32m+[0m[0m condition {
              [32m+[0m[0m test     = "ForAllValues:StringEquals"
              [32m+[0m[0m values   = [
                  [32m+[0m[0m "eks:eks-cluster-name",
                  [32m+[0m[0m "karpenter.sh/nodeclaim",
                  [32m+[0m[0m "Name",
                ]
              [32m+[0m[0m variable = "aws:TagKeys"
            }
          [32m+[0m[0m condition {
              [32m+[0m[0m test     = "StringEquals"
              [32m+[0m[0m values   = [
                  [32m+[0m[0m "owned",
                ]
              [32m+[0m[0m variable = "aws:ResourceTag/kubernetes.io/cluster/idp-poc-darede-cluster"
            }
          [32m+[0m[0m condition {
              [32m+[0m[0m test     = "StringEqualsIfExists"
              [32m+[0m[0m values   = [
                  [32m+[0m[0m "idp-poc-darede-cluster",
                ]
              [32m+[0m[0m variable = "aws:RequestTag/eks:eks-cluster-name"
            }
          [32m+[0m[0m condition {
              [32m+[0m[0m test     = "StringLike"
              [32m+[0m[0m values   = [
                  [32m+[0m[0m "*",
                ]
              [32m+[0m[0m variable = "aws:ResourceTag/karpenter.sh/nodepool"
            }
        }
      [32m+[0m[0m statement {
          [32m+[0m[0m actions   = [
              [32m+[0m[0m "ec2:DeleteLaunchTemplate",
              [32m+[0m[0m "ec2:TerminateInstances",
            ]
          [32m+[0m[0m resources = [
              [32m+[0m[0m "arn:aws:ec2:us-east-1:*:instance/*",
              [32m+[0m[0m "arn:aws:ec2:us-east-1:*:launch-template/*",
            ]
          [32m+[0m[0m sid       = "AllowScopedDeletion"

          [32m+[0m[0m condition {
              [32m+[0m[0m test     = "StringEquals"
              [32m+[0m[0m values   = [
                  [32m+[0m[0m "owned",
                ]
              [32m+[0m[0m variable = "aws:ResourceTag/kubernetes.io/cluster/idp-poc-darede-cluster"
            }
          [32m+[0m[0m condition {
              [32m+[0m[0m test     = "StringLike"
              [32m+[0m[0m values   = [
                  [32m+[0m[0m "*",
                ]
              [32m+[0m[0m variable = "aws:ResourceTag/karpenter.sh/nodepool"
            }
        }
      [32m+[0m[0m statement {
          [32m+[0m[0m actions   = [
              [32m+[0m[0m "ec2:DescribeAvailabilityZones",
              [32m+[0m[0m "ec2:DescribeImages",
              [32m+[0m[0m "ec2:DescribeInstanceTypeOfferings",
              [32m+[0m[0m "ec2:DescribeInstanceTypes",
              [32m+[0m[0m "ec2:DescribeInstances",
              [32m+[0m[0m "ec2:DescribeLaunchTemplates",
              [32m+[0m[0m "ec2:DescribeSecurityGroups",
              [32m+[0m[0m "ec2:DescribeSpotPriceHistory",
              [32m+[0m[0m "ec2:DescribeSubnets",
            ]
          [32m+[0m[0m resources = [
              [32m+[0m[0m "*",
            ]
          [32m+[0m[0m sid       = "AllowRegionalReadActions"

          [32m+[0m[0m condition {
              [32m+[0m[0m test     = "StringEquals"
              [32m+[0m[0m values   = [
                  [32m+[0m[0m "us-east-1",
                ]
              [32m+[0m[0m variable = "aws:RequestedRegion"
            }
        }
      [32m+[0m[0m statement {
          [32m+[0m[0m actions   = [
              [32m+[0m[0m "ssm:GetParameter",
            ]
          [32m+[0m[0m resources = [
              [32m+[0m[0m "arn:aws:ssm:us-east-1::parameter/aws/service/*",
            ]
          [32m+[0m[0m sid       = "AllowSSMReadActions"
        }
      [32m+[0m[0m statement {
          [32m+[0m[0m actions   = [
              [32m+[0m[0m "pricing:GetProducts",
            ]
          [32m+[0m[0m resources = [
              [32m+[0m[0m "*",
            ]
          [32m+[0m[0m sid       = "AllowPricingReadActions"
        }
      [32m+[0m[0m statement {
          [32m+[0m[0m actions   = [
              [32m+[0m[0m "sqs:DeleteMessage",
              [32m+[0m[0m "sqs:GetQueueUrl",
              [32m+[0m[0m "sqs:ReceiveMessage",
            ]
          [32m+[0m[0m resources = [
              [32m+[0m[0m (known after apply),
            ]
          [32m+[0m[0m sid       = "AllowInterruptionQueueActions"
        }
      [32m+[0m[0m statement {
          [32m+[0m[0m actions   = [
              [32m+[0m[0m "iam:PassRole",
            ]
          [32m+[0m[0m resources = [
              [32m+[0m[0m (known after apply),
            ]
          [32m+[0m[0m sid       = "AllowPassingInstanceRole"

          [32m+[0m[0m condition {
              [32m+[0m[0m test     = "StringEquals"
              [32m+[0m[0m values   = [
                  [32m+[0m[0m "ec2.amazonaws.com",
                ]
              [32m+[0m[0m variable = "iam:PassedToService"
            }
        }
      [32m+[0m[0m statement {
          [32m+[0m[0m actions   = [
              [32m+[0m[0m "iam:CreateInstanceProfile",
            ]
          [32m+[0m[0m resources = [
              [32m+[0m[0m "arn:aws:iam::948881762705:instance-profile/*",
            ]
          [32m+[0m[0m sid       = "AllowScopedInstanceProfileCreationActions"

          [32m+[0m[0m condition {
              [32m+[0m[0m test     = "StringEquals"
              [32m+[0m[0m values   = [
                  [32m+[0m[0m "idp-poc-darede-cluster",
                ]
              [32m+[0m[0m variable = "aws:RequestTag/eks:eks-cluster-name"
            }
          [32m+[0m[0m condition {
              [32m+[0m[0m test     = "StringEquals"
              [32m+[0m[0m values   = [
                  [32m+[0m[0m "owned",
                ]
              [32m+[0m[0m variable = "aws:RequestTag/kubernetes.io/cluster/idp-poc-darede-cluster"
            }
          [32m+[0m[0m condition {
              [32m+[0m[0m test     = "StringEquals"
              [32m+[0m[0m values   = [
                  [32m+[0m[0m "us-east-1",
                ]
              [32m+[0m[0m variable = "aws:RequestTag/topology.kubernetes.io/region"
            }
          [32m+[0m[0m condition {
              [32m+[0m[0m test     = "StringLike"
              [32m+[0m[0m values   = [
                  [32m+[0m[0m "*",
                ]
              [32m+[0m[0m variable = "aws:RequestTag/karpenter.k8s.aws/ec2nodeclass"
            }
        }
      [32m+[0m[0m statement {
          [32m+[0m[0m actions   = [
              [32m+[0m[0m "iam:TagInstanceProfile",
            ]
          [32m+[0m[0m resources = [
              [32m+[0m[0m "arn:aws:iam::948881762705:instance-profile/*",
            ]
          [32m+[0m[0m sid       = "AllowScopedInstanceProfileTagActions"

          [32m+[0m[0m condition {
              [32m+[0m[0m test     = "StringEquals"
              [32m+[0m[0m values   = [
                  [32m+[0m[0m "idp-poc-darede-cluster",
                ]
              [32m+[0m[0m variable = "aws:RequestTag/eks:eks-cluster-name"
            }
          [32m+[0m[0m condition {
              [32m+[0m[0m test     = "StringEquals"
              [32m+[0m[0m values   = [
                  [32m+[0m[0m "owned",
                ]
              [32m+[0m[0m variable = "aws:RequestTag/kubernetes.io/cluster/idp-poc-darede-cluster"
            }
          [32m+[0m[0m condition {
              [32m+[0m[0m test     = "StringEquals"
              [32m+[0m[0m values   = [
                  [32m+[0m[0m "owned",
                ]
              [32m+[0m[0m variable = "aws:ResourceTag/kubernetes.io/cluster/idp-poc-darede-cluster"
            }
          [32m+[0m[0m condition {
              [32m+[0m[0m test     = "StringEquals"
              [32m+[0m[0m values   = [
                  [32m+[0m[0m "us-east-1",
                ]
              [32m+[0m[0m variable = "aws:RequestTag/topology.kubernetes.io/region"
            }
          [32m+[0m[0m condition {
              [32m+[0m[0m test     = "StringEquals"
              [32m+[0m[0m values   = [
                  [32m+[0m[0m "us-east-1",
                ]
              [32m+[0m[0m variable = "aws:ResourceTag/topology.kubernetes.io/region"
            }
          [32m+[0m[0m condition {
              [32m+[0m[0m test     = "StringLike"
              [32m+[0m[0m values   = [
                  [32m+[0m[0m "*",
                ]
              [32m+[0m[0m variable = "aws:RequestTag/karpenter.k8s.aws/ec2nodeclass"
            }
          [32m+[0m[0m condition {
              [32m+[0m[0m test     = "StringLike"
              [32m+[0m[0m values   = [
                  [32m+[0m[0m "*",
                ]
              [32m+[0m[0m variable = "aws:ResourceTag/karpenter.k8s.aws/ec2nodeclass"
            }
        }
      [32m+[0m[0m statement {
          [32m+[0m[0m actions   = [
              [32m+[0m[0m "iam:AddRoleToInstanceProfile",
              [32m+[0m[0m "iam:DeleteInstanceProfile",
              [32m+[0m[0m "iam:RemoveRoleFromInstanceProfile",
            ]
          [32m+[0m[0m resources = [
              [32m+[0m[0m "arn:aws:iam::948881762705:instance-profile/*",
            ]
          [32m+[0m[0m sid       = "AllowScopedInstanceProfileActions"

          [32m+[0m[0m condition {
              [32m+[0m[0m test     = "StringEquals"
              [32m+[0m[0m values   = [
                  [32m+[0m[0m "owned",
                ]
              [32m+[0m[0m variable = "aws:ResourceTag/kubernetes.io/cluster/idp-poc-darede-cluster"
            }
          [32m+[0m[0m condition {
              [32m+[0m[0m test     = "StringEquals"
              [32m+[0m[0m values   = [
                  [32m+[0m[0m "us-east-1",
                ]
              [32m+[0m[0m variable = "aws:ResourceTag/topology.kubernetes.io/region"
            }
          [32m+[0m[0m condition {
              [32m+[0m[0m test     = "StringLike"
              [32m+[0m[0m values   = [
                  [32m+[0m[0m "*",
                ]
              [32m+[0m[0m variable = "aws:ResourceTag/karpenter.k8s.aws/ec2nodeclass"
            }
        }
      [32m+[0m[0m statement {
          [32m+[0m[0m actions   = [
              [32m+[0m[0m "iam:GetInstanceProfile",
            ]
          [32m+[0m[0m resources = [
              [32m+[0m[0m "arn:aws:iam::948881762705:instance-profile/*",
            ]
          [32m+[0m[0m sid       = "AllowInstanceProfileReadActions"
        }
      [32m+[0m[0m statement {
          [32m+[0m[0m actions   = [
              [32m+[0m[0m "eks:DescribeCluster",
            ]
          [32m+[0m[0m resources = [
              [32m+[0m[0m "arn:aws:eks:us-east-1:948881762705:cluster/idp-poc-darede-cluster",
            ]
          [32m+[0m[0m sid       = "AllowAPIServerEndpointDiscovery"
        }
    }

[1m  # module.karpenter[0].aws_cloudwatch_event_rule.this["health_event"][0m will be created
[0m  [32m+[0m[0m resource "aws_cloudwatch_event_rule" "this" {
      [32m+[0m[0m arn            = (known after apply)
      [32m+[0m[0m description    = "Karpenter interrupt - AWS health event"
      [32m+[0m[0m event_bus_name = "default"
      [32m+[0m[0m event_pattern  = jsonencode(
            {
              [32m+[0m[0m detail-type = [
                  [32m+[0m[0m "AWS Health Event",
                ]
              [32m+[0m[0m source      = [
                  [32m+[0m[0m "aws.health",
                ]
            }
        )
      [32m+[0m[0m force_destroy  = false
      [32m+[0m[0m id             = (known after apply)
      [32m+[0m[0m name           = (known after apply)
      [32m+[0m[0m name_prefix    = "KarpenterHealthEvent-"
      [32m+[0m[0m tags           = {
          [32m+[0m[0m "ClusterName"  = "idp-poc-darede-cluster"
          [32m+[0m[0m "ConfigSource" = "config.yaml"
          [32m+[0m[0m "ManagedBy"    = "terraform"
          [32m+[0m[0m "cost-center"  = "engineering"
          [32m+[0m[0m "env"          = "poc"
          [32m+[0m[0m "githubRepo"   = "github.com/darede-labs/reference-implementation-aws"
          [32m+[0m[0m "owner"        = "platform-team"
          [32m+[0m[0m "project"      = "idp"
        }
      [32m+[0m[0m tags_all       = {
          [32m+[0m[0m "ClusterName"  = "idp-poc-darede-cluster"
          [32m+[0m[0m "ConfigSource" = "config.yaml"
          [32m+[0m[0m "ManagedBy"    = "terraform"
          [32m+[0m[0m "cost-center"  = "engineering"
          [32m+[0m[0m "env"          = "poc"
          [32m+[0m[0m "githubRepo"   = "github.com/darede-labs/reference-implementation-aws"
          [32m+[0m[0m "owner"        = "platform-team"
          [32m+[0m[0m "project"      = "idp"
        }
    }

[1m  # module.karpenter[0].aws_cloudwatch_event_rule.this["instance_rebalance"][0m will be created
[0m  [32m+[0m[0m resource "aws_cloudwatch_event_rule" "this" {
      [32m+[0m[0m arn            = (known after apply)
      [32m+[0m[0m description    = "Karpenter interrupt - EC2 instance rebalance recommendation"
      [32m+[0m[0m event_bus_name = "default"
      [32m+[0m[0m event_pattern  = jsonencode(
            {
              [32m+[0m[0m detail-type = [
                  [32m+[0m[0m "EC2 Instance Rebalance Recommendation",
                ]
              [32m+[0m[0m source      = [
                  [32m+[0m[0m "aws.ec2",
                ]
            }
        )
      [32m+[0m[0m force_destroy  = false
      [32m+[0m[0m id             = (known after apply)
      [32m+[0m[0m name           = (known after apply)
      [32m+[0m[0m name_prefix    = "KarpenterInstanceRebalance-"
      [32m+[0m[0m tags           = {
          [32m+[0m[0m "ClusterName"  = "idp-poc-darede-cluster"
          [32m+[0m[0m "ConfigSource" = "config.yaml"
          [32m+[0m[0m "ManagedBy"    = "terraform"
          [32m+[0m[0m "cost-center"  = "engineering"
          [32m+[0m[0m "env"          = "poc"
          [32m+[0m[0m "githubRepo"   = "github.com/darede-labs/reference-implementation-aws"
          [32m+[0m[0m "owner"        = "platform-team"
          [32m+[0m[0m "project"      = "idp"
        }
      [32m+[0m[0m tags_all       = {
          [32m+[0m[0m "ClusterName"  = "idp-poc-darede-cluster"
          [32m+[0m[0m "ConfigSource" = "config.yaml"
          [32m+[0m[0m "ManagedBy"    = "terraform"
          [32m+[0m[0m "cost-center"  = "engineering"
          [32m+[0m[0m "env"          = "poc"
          [32m+[0m[0m "githubRepo"   = "github.com/darede-labs/reference-implementation-aws"
          [32m+[0m[0m "owner"        = "platform-team"
          [32m+[0m[0m "project"      = "idp"
        }
    }

[1m  # module.karpenter[0].aws_cloudwatch_event_rule.this["instance_state_change"][0m will be created
[0m  [32m+[0m[0m resource "aws_cloudwatch_event_rule" "this" {
      [32m+[0m[0m arn            = (known after apply)
      [32m+[0m[0m description    = "Karpenter interrupt - EC2 instance state-change notification"
      [32m+[0m[0m event_bus_name = "default"
      [32m+[0m[0m event_pattern  = jsonencode(
            {
              [32m+[0m[0m detail-type = [
                  [32m+[0m[0m "EC2 Instance State-change Notification",
                ]
              [32m+[0m[0m source      = [
                  [32m+[0m[0m "aws.ec2",
                ]
            }
        )
      [32m+[0m[0m force_destroy  = false
      [32m+[0m[0m id             = (known after apply)
      [32m+[0m[0m name           = (known after apply)
      [32m+[0m[0m name_prefix    = "KarpenterInstanceStateChange-"
      [32m+[0m[0m tags           = {
          [32m+[0m[0m "ClusterName"  = "idp-poc-darede-cluster"
          [32m+[0m[0m "ConfigSource" = "config.yaml"
          [32m+[0m[0m "ManagedBy"    = "terraform"
          [32m+[0m[0m "cost-center"  = "engineering"
          [32m+[0m[0m "env"          = "poc"
          [32m+[0m[0m "githubRepo"   = "github.com/darede-labs/reference-implementation-aws"
          [32m+[0m[0m "owner"        = "platform-team"
          [32m+[0m[0m "project"      = "idp"
        }
      [32m+[0m[0m tags_all       = {
          [32m+[0m[0m "ClusterName"  = "idp-poc-darede-cluster"
          [32m+[0m[0m "ConfigSource" = "config.yaml"
          [32m+[0m[0m "ManagedBy"    = "terraform"
          [32m+[0m[0m "cost-center"  = "engineering"
          [32m+[0m[0m "env"          = "poc"
          [32m+[0m[0m "githubRepo"   = "github.com/darede-labs/reference-implementation-aws"
          [32m+[0m[0m "owner"        = "platform-team"
          [32m+[0m[0m "project"      = "idp"
        }
    }

[1m  # module.karpenter[0].aws_cloudwatch_event_rule.this["spot_interrupt"][0m will be created
[0m  [32m+[0m[0m resource "aws_cloudwatch_event_rule" "this" {
      [32m+[0m[0m arn            = (known after apply)
      [32m+[0m[0m description    = "Karpenter interrupt - EC2 spot instance interruption warning"
      [32m+[0m[0m event_bus_name = "default"
      [32m+[0m[0m event_pattern  = jsonencode(
            {
              [32m+[0m[0m detail-type = [
                  [32m+[0m[0m "EC2 Spot Instance Interruption Warning",
                ]
              [32m+[0m[0m source      = [
                  [32m+[0m[0m "aws.ec2",
                ]
            }
        )
      [32m+[0m[0m force_destroy  = false
      [32m+[0m[0m id             = (known after apply)
      [32m+[0m[0m name           = (known after apply)
      [32m+[0m[0m name_prefix    = "KarpenterSpotInterrupt-"
      [32m+[0m[0m tags           = {
          [32m+[0m[0m "ClusterName"  = "idp-poc-darede-cluster"
          [32m+[0m[0m "ConfigSource" = "config.yaml"
          [32m+[0m[0m "ManagedBy"    = "terraform"
          [32m+[0m[0m "cost-center"  = "engineering"
          [32m+[0m[0m "env"          = "poc"
          [32m+[0m[0m "githubRepo"   = "github.com/darede-labs/reference-implementation-aws"
          [32m+[0m[0m "owner"        = "platform-team"
          [32m+[0m[0m "project"      = "idp"
        }
      [32m+[0m[0m tags_all       = {
          [32m+[0m[0m "ClusterName"  = "idp-poc-darede-cluster"
          [32m+[0m[0m "ConfigSource" = "config.yaml"
          [32m+[0m[0m "ManagedBy"    = "terraform"
          [32m+[0m[0m "cost-center"  = "engineering"
          [32m+[0m[0m "env"          = "poc"
          [32m+[0m[0m "githubRepo"   = "github.com/darede-labs/reference-implementation-aws"
          [32m+[0m[0m "owner"        = "platform-team"
          [32m+[0m[0m "project"      = "idp"
        }
    }

[1m  # module.karpenter[0].aws_cloudwatch_event_target.this["health_event"][0m will be created
[0m  [32m+[0m[0m resource "aws_cloudwatch_event_target" "this" {
      [32m+[0m[0m arn            = (known after apply)
      [32m+[0m[0m event_bus_name = "default"
      [32m+[0m[0m force_destroy  = false
      [32m+[0m[0m id             = (known after apply)
      [32m+[0m[0m rule           = (known after apply)
      [32m+[0m[0m target_id      = "KarpenterInterruptionQueueTarget"
    }

[1m  # module.karpenter[0].aws_cloudwatch_event_target.this["instance_rebalance"][0m will be created
[0m  [32m+[0m[0m resource "aws_cloudwatch_event_target" "this" {
      [32m+[0m[0m arn            = (known after apply)
      [32m+[0m[0m event_bus_name = "default"
      [32m+[0m[0m force_destroy  = false
      [32m+[0m[0m id             = (known after apply)
      [32m+[0m[0m rule           = (known after apply)
      [32m+[0m[0m target_id      = "KarpenterInterruptionQueueTarget"
    }

[1m  # module.karpenter[0].aws_cloudwatch_event_target.this["instance_state_change"][0m will be created
[0m  [32m+[0m[0m resource "aws_cloudwatch_event_target" "this" {
      [32m+[0m[0m arn            = (known after apply)
      [32m+[0m[0m event_bus_name = "default"
      [32m+[0m[0m force_destroy  = false
      [32m+[0m[0m id             = (known after apply)
      [32m+[0m[0m rule           = (known after apply)
      [32m+[0m[0m target_id      = "KarpenterInterruptionQueueTarget"
    }

[1m  # module.karpenter[0].aws_cloudwatch_event_target.this["spot_interrupt"][0m will be created
[0m  [32m+[0m[0m resource "aws_cloudwatch_event_target" "this" {
      [32m+[0m[0m arn            = (known after apply)
      [32m+[0m[0m event_bus_name = "default"
      [32m+[0m[0m force_destroy  = false
      [32m+[0m[0m id             = (known after apply)
      [32m+[0m[0m rule           = (known after apply)
      [32m+[0m[0m target_id      = "KarpenterInterruptionQueueTarget"
    }

[1m  # module.karpenter[0].aws_eks_access_entry.node[0][0m will be created
[0m  [32m+[0m[0m resource "aws_eks_access_entry" "node" {
      [32m+[0m[0m access_entry_arn  = (known after apply)
      [32m+[0m[0m cluster_name      = "idp-poc-darede-cluster"
      [32m+[0m[0m created_at        = (known after apply)
      [32m+[0m[0m id                = (known after apply)
      [32m+[0m[0m kubernetes_groups = (known after apply)
      [32m+[0m[0m modified_at       = (known after apply)
      [32m+[0m[0m principal_arn     = (known after apply)
      [32m+[0m[0m tags              = {
          [32m+[0m[0m "ConfigSource" = "config.yaml"
          [32m+[0m[0m "ManagedBy"    = "terraform"
          [32m+[0m[0m "cost-center"  = "engineering"
          [32m+[0m[0m "env"          = "poc"
          [32m+[0m[0m "githubRepo"   = "github.com/darede-labs/reference-implementation-aws"
          [32m+[0m[0m "owner"        = "platform-team"
          [32m+[0m[0m "project"      = "idp"
        }
      [32m+[0m[0m tags_all          = {
          [32m+[0m[0m "ConfigSource" = "config.yaml"
          [32m+[0m[0m "ManagedBy"    = "terraform"
          [32m+[0m[0m "cost-center"  = "engineering"
          [32m+[0m[0m "env"          = "poc"
          [32m+[0m[0m "githubRepo"   = "github.com/darede-labs/reference-implementation-aws"
          [32m+[0m[0m "owner"        = "platform-team"
          [32m+[0m[0m "project"      = "idp"
        }
      [32m+[0m[0m type              = "EC2_LINUX"
      [32m+[0m[0m user_name         = (known after apply)
    }

[1m  # module.karpenter[0].aws_iam_policy.controller[0][0m will be created
[0m  [32m+[0m[0m resource "aws_iam_policy" "controller" {
      [32m+[0m[0m arn              = (known after apply)
      [32m+[0m[0m attachment_count = (known after apply)
      [32m+[0m[0m description      = "Karpenter controller IAM policy"
      [32m+[0m[0m id               = (known after apply)
      [32m+[0m[0m name             = (known after apply)
      [32m+[0m[0m name_prefix      = "KarpenterController-"
      [32m+[0m[0m path             = "/"
      [32m+[0m[0m policy           = (known after apply)
      [32m+[0m[0m policy_id        = (known after apply)
      [32m+[0m[0m tags             = {
          [32m+[0m[0m "ConfigSource" = "config.yaml"
          [32m+[0m[0m "ManagedBy"    = "terraform"
          [32m+[0m[0m "cost-center"  = "engineering"
          [32m+[0m[0m "env"          = "poc"
          [32m+[0m[0m "githubRepo"   = "github.com/darede-labs/reference-implementation-aws"
          [32m+[0m[0m "owner"        = "platform-team"
          [32m+[0m[0m "project"      = "idp"
        }
      [32m+[0m[0m tags_all         = {
          [32m+[0m[0m "ConfigSource" = "config.yaml"
          [32m+[0m[0m "ManagedBy"    = "terraform"
          [32m+[0m[0m "cost-center"  = "engineering"
          [32m+[0m[0m "env"          = "poc"
          [32m+[0m[0m "githubRepo"   = "github.com/darede-labs/reference-implementation-aws"
          [32m+[0m[0m "owner"        = "platform-team"
          [32m+[0m[0m "project"      = "idp"
        }
    }

[1m  # module.karpenter[0].aws_iam_role.controller[0][0m will be created
[0m  [32m+[0m[0m resource "aws_iam_role" "controller" {
      [32m+[0m[0m arn                   = (known after apply)
      [32m+[0m[0m assume_role_policy    = (known after apply)
      [32m+[0m[0m create_date           = (known after apply)
      [32m+[0m[0m description           = "Karpenter controller IAM role"
      [32m+[0m[0m force_detach_policies = true
      [32m+[0m[0m id                    = (known after apply)
      [32m+[0m[0m managed_policy_arns   = (known after apply)
      [32m+[0m[0m max_session_duration  = 3600
      [32m+[0m[0m name                  = (known after apply)
      [32m+[0m[0m name_prefix           = "KarpenterController-"
      [32m+[0m[0m path                  = "/"
      [32m+[0m[0m tags                  = {
          [32m+[0m[0m "ConfigSource" = "config.yaml"
          [32m+[0m[0m "ManagedBy"    = "terraform"
          [32m+[0m[0m "cost-center"  = "engineering"
          [32m+[0m[0m "env"          = "poc"
          [32m+[0m[0m "githubRepo"   = "github.com/darede-labs/reference-implementation-aws"
          [32m+[0m[0m "owner"        = "platform-team"
          [32m+[0m[0m "project"      = "idp"
        }
      [32m+[0m[0m tags_all              = {
          [32m+[0m[0m "ConfigSource" = "config.yaml"
          [32m+[0m[0m "ManagedBy"    = "terraform"
          [32m+[0m[0m "cost-center"  = "engineering"
          [32m+[0m[0m "env"          = "poc"
          [32m+[0m[0m "githubRepo"   = "github.com/darede-labs/reference-implementation-aws"
          [32m+[0m[0m "owner"        = "platform-team"
          [32m+[0m[0m "project"      = "idp"
        }
      [32m+[0m[0m unique_id             = (known after apply)

      [32m+[0m[0m inline_policy (known after apply)
    }

[1m  # module.karpenter[0].aws_iam_role.node[0][0m will be created
[0m  [32m+[0m[0m resource "aws_iam_role" "node" {
      [32m+[0m[0m arn                   = (known after apply)
      [32m+[0m[0m assume_role_policy    = jsonencode(
            {
              [32m+[0m[0m Statement = [
                  [32m+[0m[0m {
                      [32m+[0m[0m Action    = "sts:AssumeRole"
                      [32m+[0m[0m Effect    = "Allow"
                      [32m+[0m[0m Principal = {
                          [32m+[0m[0m Service = "ec2.amazonaws.com"
                        }
                      [32m+[0m[0m Sid       = "EKSNodeAssumeRole"
                    },
                ]
              [32m+[0m[0m Version   = "2012-10-17"
            }
        )
      [32m+[0m[0m create_date           = (known after apply)
      [32m+[0m[0m force_detach_policies = true
      [32m+[0m[0m id                    = (known after apply)
      [32m+[0m[0m managed_policy_arns   = (known after apply)
      [32m+[0m[0m max_session_duration  = 3600
      [32m+[0m[0m name                  = (known after apply)
      [32m+[0m[0m name_prefix           = "Karpenter-idp-poc-darede-cluster-"
      [32m+[0m[0m path                  = "/"
      [32m+[0m[0m tags                  = {
          [32m+[0m[0m "ConfigSource" = "config.yaml"
          [32m+[0m[0m "ManagedBy"    = "terraform"
          [32m+[0m[0m "cost-center"  = "engineering"
          [32m+[0m[0m "env"          = "poc"
          [32m+[0m[0m "githubRepo"   = "github.com/darede-labs/reference-implementation-aws"
          [32m+[0m[0m "owner"        = "platform-team"
          [32m+[0m[0m "project"      = "idp"
        }
      [32m+[0m[0m tags_all              = {
          [32m+[0m[0m "ConfigSource" = "config.yaml"
          [32m+[0m[0m "ManagedBy"    = "terraform"
          [32m+[0m[0m "cost-center"  = "engineering"
          [32m+[0m[0m "env"          = "poc"
          [32m+[0m[0m "githubRepo"   = "github.com/darede-labs/reference-implementation-aws"
          [32m+[0m[0m "owner"        = "platform-team"
          [32m+[0m[0m "project"      = "idp"
        }
      [32m+[0m[0m unique_id             = (known after apply)

      [32m+[0m[0m inline_policy (known after apply)
    }

[1m  # module.karpenter[0].aws_iam_role_policy_attachment.controller[0][0m will be created
[0m  [32m+[0m[0m resource "aws_iam_role_policy_attachment" "controller" {
      [32m+[0m[0m id         = (known after apply)
      [32m+[0m[0m policy_arn = (known after apply)
      [32m+[0m[0m role       = (known after apply)
    }

[1m  # module.karpenter[0].aws_iam_role_policy_attachment.node["AmazonEC2ContainerRegistryReadOnly"][0m will be created
[0m  [32m+[0m[0m resource "aws_iam_role_policy_attachment" "node" {
      [32m+[0m[0m id         = (known after apply)
      [32m+[0m[0m policy_arn = "arn:aws:iam::aws:policy/AmazonEC2ContainerRegistryReadOnly"
      [32m+[0m[0m role       = (known after apply)
    }

[1m  # module.karpenter[0].aws_iam_role_policy_attachment.node["AmazonEKSWorkerNodePolicy"][0m will be created
[0m  [32m+[0m[0m resource "aws_iam_role_policy_attachment" "node" {
      [32m+[0m[0m id         = (known after apply)
      [32m+[0m[0m policy_arn = "arn:aws:iam::aws:policy/AmazonEKSWorkerNodePolicy"
      [32m+[0m[0m role       = (known after apply)
    }

[1m  # module.karpenter[0].aws_iam_role_policy_attachment.node["AmazonEKS_CNI_Policy"][0m will be created
[0m  [32m+[0m[0m resource "aws_iam_role_policy_attachment" "node" {
      [32m+[0m[0m id         = (known after apply)
      [32m+[0m[0m policy_arn = "arn:aws:iam::aws:policy/AmazonEKS_CNI_Policy"
      [32m+[0m[0m role       = (known after apply)
    }

[1m  # module.karpenter[0].aws_iam_role_policy_attachment.node_additional["AmazonSSMManagedInstanceCore"][0m will be created
[0m  [32m+[0m[0m resource "aws_iam_role_policy_attachment" "node_additional" {
      [32m+[0m[0m id         = (known after apply)
      [32m+[0m[0m policy_arn = "arn:aws:iam::aws:policy/AmazonSSMManagedInstanceCore"
      [32m+[0m[0m role       = (known after apply)
    }

[1m  # module.karpenter[0].aws_sqs_queue.this[0][0m will be created
[0m  [32m+[0m[0m resource "aws_sqs_queue" "this" {
      [32m+[0m[0m arn                               = (known after apply)
      [32m+[0m[0m content_based_deduplication       = false
      [32m+[0m[0m deduplication_scope               = (known after apply)
      [32m+[0m[0m delay_seconds                     = 0
      [32m+[0m[0m fifo_queue                        = false
      [32m+[0m[0m fifo_throughput_limit             = (known after apply)
      [32m+[0m[0m id                                = (known after apply)
      [32m+[0m[0m kms_data_key_reuse_period_seconds = 0
      [32m+[0m[0m max_message_size                  = 262144
      [32m+[0m[0m message_retention_seconds         = 300
      [32m+[0m[0m name                              = "Karpenter-idp-poc-darede-cluster"
      [32m+[0m[0m name_prefix                       = (known after apply)
      [32m+[0m[0m policy                            = (known after apply)
      [32m+[0m[0m receive_wait_time_seconds         = 0
      [32m+[0m[0m redrive_allow_policy              = (known after apply)
      [32m+[0m[0m redrive_policy                    = (known after apply)
      [32m+[0m[0m sqs_managed_sse_enabled           = true
      [32m+[0m[0m tags                              = {
          [32m+[0m[0m "ConfigSource" = "config.yaml"
          [32m+[0m[0m "ManagedBy"    = "terraform"
          [32m+[0m[0m "cost-center"  = "engineering"
          [32m+[0m[0m "env"          = "poc"
          [32m+[0m[0m "githubRepo"   = "github.com/darede-labs/reference-implementation-aws"
          [32m+[0m[0m "owner"        = "platform-team"
          [32m+[0m[0m "project"      = "idp"
        }
      [32m+[0m[0m tags_all                          = {
          [32m+[0m[0m "ConfigSource" = "config.yaml"
          [32m+[0m[0m "ManagedBy"    = "terraform"
          [32m+[0m[0m "cost-center"  = "engineering"
          [32m+[0m[0m "env"          = "poc"
          [32m+[0m[0m "githubRepo"   = "github.com/darede-labs/reference-implementation-aws"
          [32m+[0m[0m "owner"        = "platform-team"
          [32m+[0m[0m "project"      = "idp"
        }
      [32m+[0m[0m url                               = (known after apply)
      [32m+[0m[0m visibility_timeout_seconds        = 30
    }

[1m  # module.karpenter[0].aws_sqs_queue_policy.this[0][0m will be created
[0m  [32m+[0m[0m resource "aws_sqs_queue_policy" "this" {
      [32m+[0m[0m id        = (known after apply)
      [32m+[0m[0m policy    = (known after apply)
      [32m+[0m[0m queue_url = (known after apply)
    }

[1m  # module.vpc.aws_default_network_acl.this[0][0m will be created
[0m  [32m+[0m[0m resource "aws_default_network_acl" "this" {
      [32m+[0m[0m arn                    = (known after apply)
      [32m+[0m[0m default_network_acl_id = (known after apply)
      [32m+[0m[0m id                     = (known after apply)
      [32m+[0m[0m owner_id               = (known after apply)
      [32m+[0m[0m tags                   = {
          [32m+[0m[0m "ConfigSource" = "config.yaml"
          [32m+[0m[0m "ManagedBy"    = "terraform"
          [32m+[0m[0m "Name"         = "idp-poc-darede-cluster-vpc-default"
          [32m+[0m[0m "cost-center"  = "engineering"
          [32m+[0m[0m "env"          = "poc"
          [32m+[0m[0m "githubRepo"   = "github.com/darede-labs/reference-implementation-aws"
          [32m+[0m[0m "owner"        = "platform-team"
          [32m+[0m[0m "project"      = "idp"
        }
      [32m+[0m[0m tags_all               = {
          [32m+[0m[0m "ConfigSource" = "config.yaml"
          [32m+[0m[0m "ManagedBy"    = "terraform"
          [32m+[0m[0m "Name"         = "idp-poc-darede-cluster-vpc-default"
          [32m+[0m[0m "cost-center"  = "engineering"
          [32m+[0m[0m "env"          = "poc"
          [32m+[0m[0m "githubRepo"   = "github.com/darede-labs/reference-implementation-aws"
          [32m+[0m[0m "owner"        = "platform-team"
          [32m+[0m[0m "project"      = "idp"
        }
      [32m+[0m[0m vpc_id                 = (known after apply)

      [32m+[0m[0m egress {
          [32m+[0m[0m action          = "allow"
          [32m+[0m[0m from_port       = 0
          [32m+[0m[0m ipv6_cidr_block = "::/0"
          [32m+[0m[0m protocol        = "-1"
          [32m+[0m[0m rule_no         = 101
          [32m+[0m[0m to_port         = 0
            [90m# (1 unchanged attribute hidden)[0m[0m
        }
      [32m+[0m[0m egress {
          [32m+[0m[0m action          = "allow"
          [32m+[0m[0m cidr_block      = "0.0.0.0/0"
          [32m+[0m[0m from_port       = 0
          [32m+[0m[0m protocol        = "-1"
          [32m+[0m[0m rule_no         = 100
          [32m+[0m[0m to_port         = 0
            [90m# (1 unchanged attribute hidden)[0m[0m
        }

      [32m+[0m[0m ingress {
          [32m+[0m[0m action          = "allow"
          [32m+[0m[0m from_port       = 0
          [32m+[0m[0m ipv6_cidr_block = "::/0"
          [32m+[0m[0m protocol        = "-1"
          [32m+[0m[0m rule_no         = 101
          [32m+[0m[0m to_port         = 0
            [90m# (1 unchanged attribute hidden)[0m[0m
        }
      [32m+[0m[0m ingress {
          [32m+[0m[0m action          = "allow"
          [32m+[0m[0m cidr_block      = "0.0.0.0/0"
          [32m+[0m[0m from_port       = 0
          [32m+[0m[0m protocol        = "-1"
          [32m+[0m[0m rule_no         = 100
          [32m+[0m[0m to_port         = 0
            [90m# (1 unchanged attribute hidden)[0m[0m
        }
    }

[1m  # module.vpc.aws_default_route_table.default[0][0m will be created
[0m  [32m+[0m[0m resource "aws_default_route_table" "default" {
      [32m+[0m[0m arn                    = (known after apply)
      [32m+[0m[0m default_route_table_id = (known after apply)
      [32m+[0m[0m id                     = (known after apply)
      [32m+[0m[0m owner_id               = (known after apply)
      [32m+[0m[0m route                  = (known after apply)
      [32m+[0m[0m tags                   = {
          [32m+[0m[0m "ConfigSource" = "config.yaml"
          [32m+[0m[0m "ManagedBy"    = "terraform"
          [32m+[0m[0m "Name"         = "idp-poc-darede-cluster-vpc-default"
          [32m+[0m[0m "cost-center"  = "engineering"
          [32m+[0m[0m "env"          = "poc"
          [32m+[0m[0m "githubRepo"   = "github.com/darede-labs/reference-implementation-aws"
          [32m+[0m[0m "owner"        = "platform-team"
          [32m+[0m[0m "project"      = "idp"
        }
      [32m+[0m[0m tags_all               = {
          [32m+[0m[0m "ConfigSource" = "config.yaml"
          [32m+[0m[0m "ManagedBy"    = "terraform"
          [32m+[0m[0m "Name"         = "idp-poc-darede-cluster-vpc-default"
          [32m+[0m[0m "cost-center"  = "engineering"
          [32m+[0m[0m "env"          = "poc"
          [32m+[0m[0m "githubRepo"   = "github.com/darede-labs/reference-implementation-aws"
          [32m+[0m[0m "owner"        = "platform-team"
          [32m+[0m[0m "project"      = "idp"
        }
      [32m+[0m[0m vpc_id                 = (known after apply)

      [32m+[0m[0m timeouts {
          [32m+[0m[0m create = "5m"
          [32m+[0m[0m update = "5m"
        }
    }

[1m  # module.vpc.aws_default_security_group.this[0][0m will be created
[0m  [32m+[0m[0m resource "aws_default_security_group" "this" {
      [32m+[0m[0m arn                    = (known after apply)
      [32m+[0m[0m description            = (known after apply)
      [32m+[0m[0m egress                 = (known after apply)
      [32m+[0m[0m id                     = (known after apply)
      [32m+[0m[0m ingress                = (known after apply)
      [32m+[0m[0m name                   = (known after apply)
      [32m+[0m[0m name_prefix            = (known after apply)
      [32m+[0m[0m owner_id               = (known after apply)
      [32m+[0m[0m revoke_rules_on_delete = false
      [32m+[0m[0m tags                   = {
          [32m+[0m[0m "ConfigSource" = "config.yaml"
          [32m+[0m[0m "ManagedBy"    = "terraform"
          [32m+[0m[0m "Name"         = "idp-poc-darede-cluster-vpc-default"
          [32m+[0m[0m "cost-center"  = "engineering"
          [32m+[0m[0m "env"          = "poc"
          [32m+[0m[0m "githubRepo"   = "github.com/darede-labs/reference-implementation-aws"
          [32m+[0m[0m "owner"        = "platform-team"
          [32m+[0m[0m "project"      = "idp"
        }
      [32m+[0m[0m tags_all               = {
          [32m+[0m[0m "ConfigSource" = "config.yaml"
          [32m+[0m[0m "ManagedBy"    = "terraform"
          [32m+[0m[0m "Name"         = "idp-poc-darede-cluster-vpc-default"
          [32m+[0m[0m "cost-center"  = "engineering"
          [32m+[0m[0m "env"          = "poc"
          [32m+[0m[0m "githubRepo"   = "github.com/darede-labs/reference-implementation-aws"
          [32m+[0m[0m "owner"        = "platform-team"
          [32m+[0m[0m "project"      = "idp"
        }
      [32m+[0m[0m vpc_id                 = (known after apply)
    }

[1m  # module.vpc.aws_eip.nat[0][0m will be created
[0m  [32m+[0m[0m resource "aws_eip" "nat" {
      [32m+[0m[0m allocation_id        = (known after apply)
      [32m+[0m[0m arn                  = (known after apply)
      [32m+[0m[0m association_id       = (known after apply)
      [32m+[0m[0m carrier_ip           = (known after apply)
      [32m+[0m[0m customer_owned_ip    = (known after apply)
      [32m+[0m[0m domain               = "vpc"
      [32m+[0m[0m id                   = (known after apply)
      [32m+[0m[0m instance             = (known after apply)
      [32m+[0m[0m ipam_pool_id         = (known after apply)
      [32m+[0m[0m network_border_group = (known after apply)
      [32m+[0m[0m network_interface    = (known after apply)
      [32m+[0m[0m private_dns          = (known after apply)
      [32m+[0m[0m private_ip           = (known after apply)
      [32m+[0m[0m ptr_record           = (known after apply)
      [32m+[0m[0m public_dns           = (known after apply)
      [32m+[0m[0m public_ip            = (known after apply)
      [32m+[0m[0m public_ipv4_pool     = (known after apply)
      [32m+[0m[0m tags                 = {
          [32m+[0m[0m "ConfigSource" = "config.yaml"
          [32m+[0m[0m "ManagedBy"    = "terraform"
          [32m+[0m[0m "Name"         = "idp-poc-darede-cluster-vpc-us-east-1a"
          [32m+[0m[0m "cost-center"  = "engineering"
          [32m+[0m[0m "env"          = "poc"
          [32m+[0m[0m "githubRepo"   = "github.com/darede-labs/reference-implementation-aws"
          [32m+[0m[0m "owner"        = "platform-team"
          [32m+[0m[0m "project"      = "idp"
        }
      [32m+[0m[0m tags_all             = {
          [32m+[0m[0m "ConfigSource" = "config.yaml"
          [32m+[0m[0m "ManagedBy"    = "terraform"
          [32m+[0m[0m "Name"         = "idp-poc-darede-cluster-vpc-us-east-1a"
          [32m+[0m[0m "cost-center"  = "engineering"
          [32m+[0m[0m "env"          = "poc"
          [32m+[0m[0m "githubRepo"   = "github.com/darede-labs/reference-implementation-aws"
          [32m+[0m[0m "owner"        = "platform-team"
          [32m+[0m[0m "project"      = "idp"
        }
      [32m+[0m[0m vpc                  = (known after apply)
    }

[1m  # module.vpc.aws_internet_gateway.this[0][0m will be created
[0m  [32m+[0m[0m resource "aws_internet_gateway" "this" {
      [32m+[0m[0m arn      = (known after apply)
      [32m+[0m[0m id       = (known after apply)
      [32m+[0m[0m owner_id = (known after apply)
      [32m+[0m[0m tags     = {
          [32m+[0m[0m "ConfigSource" = "config.yaml"
          [32m+[0m[0m "ManagedBy"    = "terraform"
          [32m+[0m[0m "Name"         = "idp-poc-darede-cluster-vpc"
          [32m+[0m[0m "cost-center"  = "engineering"
          [32m+[0m[0m "env"          = "poc"
          [32m+[0m[0m "githubRepo"   = "github.com/darede-labs/reference-implementation-aws"
          [32m+[0m[0m "owner"        = "platform-team"
          [32m+[0m[0m "project"      = "idp"
        }
      [32m+[0m[0m tags_all = {
          [32m+[0m[0m "ConfigSource" = "config.yaml"
          [32m+[0m[0m "ManagedBy"    = "terraform"
          [32m+[0m[0m "Name"         = "idp-poc-darede-cluster-vpc"
          [32m+[0m[0m "cost-center"  = "engineering"
          [32m+[0m[0m "env"          = "poc"
          [32m+[0m[0m "githubRepo"   = "github.com/darede-labs/reference-implementation-aws"
          [32m+[0m[0m "owner"        = "platform-team"
          [32m+[0m[0m "project"      = "idp"
        }
      [32m+[0m[0m vpc_id   = (known after apply)
    }

[1m  # module.vpc.aws_nat_gateway.this[0][0m will be created
[0m  [32m+[0m[0m resource "aws_nat_gateway" "this" {
      [32m+[0m[0m allocation_id                      = (known after apply)
      [32m+[0m[0m association_id                     = (known after apply)
      [32m+[0m[0m connectivity_type                  = "public"
      [32m+[0m[0m id                                 = (known after apply)
      [32m+[0m[0m network_interface_id               = (known after apply)
      [32m+[0m[0m private_ip                         = (known after apply)
      [32m+[0m[0m public_ip                          = (known after apply)
      [32m+[0m[0m secondary_private_ip_address_count = (known after apply)
      [32m+[0m[0m secondary_private_ip_addresses     = (known after apply)
      [32m+[0m[0m subnet_id                          = (known after apply)
      [32m+[0m[0m tags                               = {
          [32m+[0m[0m "ConfigSource" = "config.yaml"
          [32m+[0m[0m "ManagedBy"    = "terraform"
          [32m+[0m[0m "Name"         = "idp-poc-darede-cluster-vpc-us-east-1a"
          [32m+[0m[0m "cost-center"  = "engineering"
          [32m+[0m[0m "env"          = "poc"
          [32m+[0m[0m "githubRepo"   = "github.com/darede-labs/reference-implementation-aws"
          [32m+[0m[0m "owner"        = "platform-team"
          [32m+[0m[0m "project"      = "idp"
        }
      [32m+[0m[0m tags_all                           = {
          [32m+[0m[0m "ConfigSource" = "config.yaml"
          [32m+[0m[0m "ManagedBy"    = "terraform"
          [32m+[0m[0m "Name"         = "idp-poc-darede-cluster-vpc-us-east-1a"
          [32m+[0m[0m "cost-center"  = "engineering"
          [32m+[0m[0m "env"          = "poc"
          [32m+[0m[0m "githubRepo"   = "github.com/darede-labs/reference-implementation-aws"
          [32m+[0m[0m "owner"        = "platform-team"
          [32m+[0m[0m "project"      = "idp"
        }
    }

[1m  # module.vpc.aws_route.private_nat_gateway[0][0m will be created
[0m  [32m+[0m[0m resource "aws_route" "private_nat_gateway" {
      [32m+[0m[0m destination_cidr_block = "0.0.0.0/0"
      [32m+[0m[0m id                     = (known after apply)
      [32m+[0m[0m instance_id            = (known after apply)
      [32m+[0m[0m instance_owner_id      = (known after apply)
      [32m+[0m[0m nat_gateway_id         = (known after apply)
      [32m+[0m[0m network_interface_id   = (known after apply)
      [32m+[0m[0m origin                 = (known after apply)
      [32m+[0m[0m route_table_id         = (known after apply)
      [32m+[0m[0m state                  = (known after apply)

      [32m+[0m[0m timeouts {
          [32m+[0m[0m create = "5m"
        }
    }

[1m  # module.vpc.aws_route.public_internet_gateway[0][0m will be created
[0m  [32m+[0m[0m resource "aws_route" "public_internet_gateway" {
      [32m+[0m[0m destination_cidr_block = "0.0.0.0/0"
      [32m+[0m[0m gateway_id             = (known after apply)
      [32m+[0m[0m id                     = (known after apply)
      [32m+[0m[0m instance_id            = (known after apply)
      [32m+[0m[0m instance_owner_id      = (known after apply)
      [32m+[0m[0m network_interface_id   = (known after apply)
      [32m+[0m[0m origin                 = (known after apply)
      [32m+[0m[0m route_table_id         = (known after apply)
      [32m+[0m[0m state                  = (known after apply)

      [32m+[0m[0m timeouts {
          [32m+[0m[0m create = "5m"
        }
    }

[1m  # module.vpc.aws_route_table.private[0][0m will be created
[0m  [32m+[0m[0m resource "aws_route_table" "private" {
      [32m+[0m[0m arn              = (known after apply)
      [32m+[0m[0m id               = (known after apply)
      [32m+[0m[0m owner_id         = (known after apply)
      [32m+[0m[0m propagating_vgws = (known after apply)
      [32m+[0m[0m route            = (known after apply)
      [32m+[0m[0m tags             = {
          [32m+[0m[0m "ConfigSource" = "config.yaml"
          [32m+[0m[0m "ManagedBy"    = "terraform"
          [32m+[0m[0m "Name"         = "idp-poc-darede-cluster-vpc-private"
          [32m+[0m[0m "cost-center"  = "engineering"
          [32m+[0m[0m "env"          = "poc"
          [32m+[0m[0m "githubRepo"   = "github.com/darede-labs/reference-implementation-aws"
          [32m+[0m[0m "owner"        = "platform-team"
          [32m+[0m[0m "project"      = "idp"
        }
      [32m+[0m[0m tags_all         = {
          [32m+[0m[0m "ConfigSource" = "config.yaml"
          [32m+[0m[0m "ManagedBy"    = "terraform"
          [32m+[0m[0m "Name"         = "idp-poc-darede-cluster-vpc-private"
          [32m+[0m[0m "cost-center"  = "engineering"
          [32m+[0m[0m "env"          = "poc"
          [32m+[0m[0m "githubRepo"   = "github.com/darede-labs/reference-implementation-aws"
          [32m+[0m[0m "owner"        = "platform-team"
          [32m+[0m[0m "project"      = "idp"
        }
      [32m+[0m[0m vpc_id           = (known after apply)
    }

[1m  # module.vpc.aws_route_table.public[0][0m will be created
[0m  [32m+[0m[0m resource "aws_route_table" "public" {
      [32m+[0m[0m arn              = (known after apply)
      [32m+[0m[0m id               = (known after apply)
      [32m+[0m[0m owner_id         = (known after apply)
      [32m+[0m[0m propagating_vgws = (known after apply)
      [32m+[0m[0m route            = (known after apply)
      [32m+[0m[0m tags             = {
          [32m+[0m[0m "ConfigSource" = "config.yaml"
          [32m+[0m[0m "ManagedBy"    = "terraform"
          [32m+[0m[0m "Name"         = "idp-poc-darede-cluster-vpc-public"
          [32m+[0m[0m "cost-center"  = "engineering"
          [32m+[0m[0m "env"          = "poc"
          [32m+[0m[0m "githubRepo"   = "github.com/darede-labs/reference-implementation-aws"
          [32m+[0m[0m "owner"        = "platform-team"
          [32m+[0m[0m "project"      = "idp"
        }
      [32m+[0m[0m tags_all         = {
          [32m+[0m[0m "ConfigSource" = "config.yaml"
          [32m+[0m[0m "ManagedBy"    = "terraform"
          [32m+[0m[0m "Name"         = "idp-poc-darede-cluster-vpc-public"
          [32m+[0m[0m "cost-center"  = "engineering"
          [32m+[0m[0m "env"          = "poc"
          [32m+[0m[0m "githubRepo"   = "github.com/darede-labs/reference-implementation-aws"
          [32m+[0m[0m "owner"        = "platform-team"
          [32m+[0m[0m "project"      = "idp"
        }
      [32m+[0m[0m vpc_id           = (known after apply)
    }

[1m  # module.vpc.aws_route_table_association.private[0][0m will be created
[0m  [32m+[0m[0m resource "aws_route_table_association" "private" {
      [32m+[0m[0m id             = (known after apply)
      [32m+[0m[0m route_table_id = (known after apply)
      [32m+[0m[0m subnet_id      = (known after apply)
    }

[1m  # module.vpc.aws_route_table_association.private[1][0m will be created
[0m  [32m+[0m[0m resource "aws_route_table_association" "private" {
      [32m+[0m[0m id             = (known after apply)
      [32m+[0m[0m route_table_id = (known after apply)
      [32m+[0m[0m subnet_id      = (known after apply)
    }

[1m  # module.vpc.aws_route_table_association.private[2][0m will be created
[0m  [32m+[0m[0m resource "aws_route_table_association" "private" {
      [32m+[0m[0m id             = (known after apply)
      [32m+[0m[0m route_table_id = (known after apply)
      [32m+[0m[0m subnet_id      = (known after apply)
    }

[1m  # module.vpc.aws_route_table_association.public[0][0m will be created
[0m  [32m+[0m[0m resource "aws_route_table_association" "public" {
      [32m+[0m[0m id             = (known after apply)
      [32m+[0m[0m route_table_id = (known after apply)
      [32m+[0m[0m subnet_id      = (known after apply)
    }

[1m  # module.vpc.aws_route_table_association.public[1][0m will be created
[0m  [32m+[0m[0m resource "aws_route_table_association" "public" {
      [32m+[0m[0m id             = (known after apply)
      [32m+[0m[0m route_table_id = (known after apply)
      [32m+[0m[0m subnet_id      = (known after apply)
    }

[1m  # module.vpc.aws_route_table_association.public[2][0m will be created
[0m  [32m+[0m[0m resource "aws_route_table_association" "public" {
      [32m+[0m[0m id             = (known after apply)
      [32m+[0m[0m route_table_id = (known after apply)
      [32m+[0m[0m subnet_id      = (known after apply)
    }

[1m  # module.vpc.aws_subnet.private[0][0m will be created
[0m  [32m+[0m[0m resource "aws_subnet" "private" {
      [32m+[0m[0m arn                                            = (known after apply)
      [32m+[0m[0m assign_ipv6_address_on_creation                = false
      [32m+[0m[0m availability_zone                              = "us-east-1a"
      [32m+[0m[0m availability_zone_id                           = (known after apply)
      [32m+[0m[0m cidr_block                                     = "10.0.0.0/20"
      [32m+[0m[0m enable_dns64                                   = false
      [32m+[0m[0m enable_resource_name_dns_a_record_on_launch    = false
      [32m+[0m[0m enable_resource_name_dns_aaaa_record_on_launch = false
      [32m+[0m[0m id                                             = (known after apply)
      [32m+[0m[0m ipv6_cidr_block_association_id                 = (known after apply)
      [32m+[0m[0m ipv6_native                                    = false
      [32m+[0m[0m map_public_ip_on_launch                        = false
      [32m+[0m[0m owner_id                                       = (known after apply)
      [32m+[0m[0m private_dns_hostname_type_on_launch            = (known after apply)
      [32m+[0m[0m tags                                           = {
          [32m+[0m[0m "ConfigSource"                    = "config.yaml"
          [32m+[0m[0m "ManagedBy"                       = "terraform"
          [32m+[0m[0m "Name"                            = "idp-poc-darede-cluster-vpc-private-us-east-1a"
          [32m+[0m[0m "cost-center"                     = "engineering"
          [32m+[0m[0m "env"                             = "poc"
          [32m+[0m[0m "githubRepo"                      = "github.com/darede-labs/reference-implementation-aws"
          [32m+[0m[0m "kubernetes.io/role/internal-elb" = "1"
          [32m+[0m[0m "owner"                           = "platform-team"
          [32m+[0m[0m "project"                         = "idp"
        }
      [32m+[0m[0m tags_all                                       = {
          [32m+[0m[0m "ConfigSource"                    = "config.yaml"
          [32m+[0m[0m "ManagedBy"                       = "terraform"
          [32m+[0m[0m "Name"                            = "idp-poc-darede-cluster-vpc-private-us-east-1a"
          [32m+[0m[0m "cost-center"                     = "engineering"
          [32m+[0m[0m "env"                             = "poc"
          [32m+[0m[0m "githubRepo"                      = "github.com/darede-labs/reference-implementation-aws"
          [32m+[0m[0m "kubernetes.io/role/internal-elb" = "1"
          [32m+[0m[0m "owner"                           = "platform-team"
          [32m+[0m[0m "project"                         = "idp"
        }
      [32m+[0m[0m vpc_id                                         = (known after apply)
    }

[1m  # module.vpc.aws_subnet.private[1][0m will be created
[0m  [32m+[0m[0m resource "aws_subnet" "private" {
      [32m+[0m[0m arn                                            = (known after apply)
      [32m+[0m[0m assign_ipv6_address_on_creation                = false
      [32m+[0m[0m availability_zone                              = "us-east-1b"
      [32m+[0m[0m availability_zone_id                           = (known after apply)
      [32m+[0m[0m cidr_block                                     = "10.0.16.0/20"
      [32m+[0m[0m enable_dns64                                   = false
      [32m+[0m[0m enable_resource_name_dns_a_record_on_launch    = false
      [32m+[0m[0m enable_resource_name_dns_aaaa_record_on_launch = false
      [32m+[0m[0m id                                             = (known after apply)
      [32m+[0m[0m ipv6_cidr_block_association_id                 = (known after apply)
      [32m+[0m[0m ipv6_native                                    = false
      [32m+[0m[0m map_public_ip_on_launch                        = false
      [32m+[0m[0m owner_id                                       = (known after apply)
      [32m+[0m[0m private_dns_hostname_type_on_launch            = (known after apply)
      [32m+[0m[0m tags                                           = {
          [32m+[0m[0m "ConfigSource"                    = "config.yaml"
          [32m+[0m[0m "ManagedBy"                       = "terraform"
          [32m+[0m[0m "Name"                            = "idp-poc-darede-cluster-vpc-private-us-east-1b"
          [32m+[0m[0m "cost-center"                     = "engineering"
          [32m+[0m[0m "env"                             = "poc"
          [32m+[0m[0m "githubRepo"                      = "github.com/darede-labs/reference-implementation-aws"
          [32m+[0m[0m "kubernetes.io/role/internal-elb" = "1"
          [32m+[0m[0m "owner"                           = "platform-team"
          [32m+[0m[0m "project"                         = "idp"
        }
      [32m+[0m[0m tags_all                                       = {
          [32m+[0m[0m "ConfigSource"                    = "config.yaml"
          [32m+[0m[0m "ManagedBy"                       = "terraform"
          [32m+[0m[0m "Name"                            = "idp-poc-darede-cluster-vpc-private-us-east-1b"
          [32m+[0m[0m "cost-center"                     = "engineering"
          [32m+[0m[0m "env"                             = "poc"
          [32m+[0m[0m "githubRepo"                      = "github.com/darede-labs/reference-implementation-aws"
          [32m+[0m[0m "kubernetes.io/role/internal-elb" = "1"
          [32m+[0m[0m "owner"                           = "platform-team"
          [32m+[0m[0m "project"                         = "idp"
        }
      [32m+[0m[0m vpc_id                                         = (known after apply)
    }

[1m  # module.vpc.aws_subnet.private[2][0m will be created
[0m  [32m+[0m[0m resource "aws_subnet" "private" {
      [32m+[0m[0m arn                                            = (known after apply)
      [32m+[0m[0m assign_ipv6_address_on_creation                = false
      [32m+[0m[0m availability_zone                              = "us-east-1c"
      [32m+[0m[0m availability_zone_id                           = (known after apply)
      [32m+[0m[0m cidr_block                                     = "10.0.32.0/20"
      [32m+[0m[0m enable_dns64                                   = false
      [32m+[0m[0m enable_resource_name_dns_a_record_on_launch    = false
      [32m+[0m[0m enable_resource_name_dns_aaaa_record_on_launch = false
      [32m+[0m[0m id                                             = (known after apply)
      [32m+[0m[0m ipv6_cidr_block_association_id                 = (known after apply)
      [32m+[0m[0m ipv6_native                                    = false
      [32m+[0m[0m map_public_ip_on_launch                        = false
      [32m+[0m[0m owner_id                                       = (known after apply)
      [32m+[0m[0m private_dns_hostname_type_on_launch            = (known after apply)
      [32m+[0m[0m tags                                           = {
          [32m+[0m[0m "ConfigSource"                    = "config.yaml"
          [32m+[0m[0m "ManagedBy"                       = "terraform"
          [32m+[0m[0m "Name"                            = "idp-poc-darede-cluster-vpc-private-us-east-1c"
          [32m+[0m[0m "cost-center"                     = "engineering"
          [32m+[0m[0m "env"                             = "poc"
          [32m+[0m[0m "githubRepo"                      = "github.com/darede-labs/reference-implementation-aws"
          [32m+[0m[0m "kubernetes.io/role/internal-elb" = "1"
          [32m+[0m[0m "owner"                           = "platform-team"
          [32m+[0m[0m "project"                         = "idp"
        }
      [32m+[0m[0m tags_all                                       = {
          [32m+[0m[0m "ConfigSource"                    = "config.yaml"
          [32m+[0m[0m "ManagedBy"                       = "terraform"
          [32m+[0m[0m "Name"                            = "idp-poc-darede-cluster-vpc-private-us-east-1c"
          [32m+[0m[0m "cost-center"                     = "engineering"
          [32m+[0m[0m "env"                             = "poc"
          [32m+[0m[0m "githubRepo"                      = "github.com/darede-labs/reference-implementation-aws"
          [32m+[0m[0m "kubernetes.io/role/internal-elb" = "1"
          [32m+[0m[0m "owner"                           = "platform-team"
          [32m+[0m[0m "project"                         = "idp"
        }
      [32m+[0m[0m vpc_id                                         = (known after apply)
    }

[1m  # module.vpc.aws_subnet.public[0][0m will be created
[0m  [32m+[0m[0m resource "aws_subnet" "public" {
      [32m+[0m[0m arn                                            = (known after apply)
      [32m+[0m[0m assign_ipv6_address_on_creation                = false
      [32m+[0m[0m availability_zone                              = "us-east-1a"
      [32m+[0m[0m availability_zone_id                           = (known after apply)
      [32m+[0m[0m cidr_block                                     = "10.0.48.0/24"
      [32m+[0m[0m enable_dns64                                   = false
      [32m+[0m[0m enable_resource_name_dns_a_record_on_launch    = false
      [32m+[0m[0m enable_resource_name_dns_aaaa_record_on_launch = false
      [32m+[0m[0m id                                             = (known after apply)
      [32m+[0m[0m ipv6_cidr_block_association_id                 = (known after apply)
      [32m+[0m[0m ipv6_native                                    = false
      [32m+[0m[0m map_public_ip_on_launch                        = false
      [32m+[0m[0m owner_id                                       = (known after apply)
      [32m+[0m[0m private_dns_hostname_type_on_launch            = (known after apply)
      [32m+[0m[0m tags                                           = {
          [32m+[0m[0m "ConfigSource"           = "config.yaml"
          [32m+[0m[0m "ManagedBy"              = "terraform"
          [32m+[0m[0m "Name"                   = "idp-poc-darede-cluster-vpc-public-us-east-1a"
          [32m+[0m[0m "cost-center"            = "engineering"
          [32m+[0m[0m "env"                    = "poc"
          [32m+[0m[0m "githubRepo"             = "github.com/darede-labs/reference-implementation-aws"
          [32m+[0m[0m "kubernetes.io/role/elb" = "1"
          [32m+[0m[0m "owner"                  = "platform-team"
          [32m+[0m[0m "project"                = "idp"
        }
      [32m+[0m[0m tags_all                                       = {
          [32m+[0m[0m "ConfigSource"           = "config.yaml"
          [32m+[0m[0m "ManagedBy"              = "terraform"
          [32m+[0m[0m "Name"                   = "idp-poc-darede-cluster-vpc-public-us-east-1a"
          [32m+[0m[0m "cost-center"            = "engineering"
          [32m+[0m[0m "env"                    = "poc"
          [32m+[0m[0m "githubRepo"             = "github.com/darede-labs/reference-implementation-aws"
          [32m+[0m[0m "kubernetes.io/role/elb" = "1"
          [32m+[0m[0m "owner"                  = "platform-team"
          [32m+[0m[0m "project"                = "idp"
        }
      [32m+[0m[0m vpc_id                                         = (known after apply)
    }

[1m  # module.vpc.aws_subnet.public[1][0m will be created
[0m  [32m+[0m[0m resource "aws_subnet" "public" {
      [32m+[0m[0m arn                                            = (known after apply)
      [32m+[0m[0m assign_ipv6_address_on_creation                = false
      [32m+[0m[0m availability_zone                              = "us-east-1b"
      [32m+[0m[0m availability_zone_id                           = (known after apply)
      [32m+[0m[0m cidr_block                                     = "10.0.49.0/24"
      [32m+[0m[0m enable_dns64                                   = false
      [32m+[0m[0m enable_resource_name_dns_a_record_on_launch    = false
      [32m+[0m[0m enable_resource_name_dns_aaaa_record_on_launch = false
      [32m+[0m[0m id                                             = (known after apply)
      [32m+[0m[0m ipv6_cidr_block_association_id                 = (known after apply)
      [32m+[0m[0m ipv6_native                                    = false
      [32m+[0m[0m map_public_ip_on_launch                        = false
      [32m+[0m[0m owner_id                                       = (known after apply)
      [32m+[0m[0m private_dns_hostname_type_on_launch            = (known after apply)
      [32m+[0m[0m tags                                           = {
          [32m+[0m[0m "ConfigSource"           = "config.yaml"
          [32m+[0m[0m "ManagedBy"              = "terraform"
          [32m+[0m[0m "Name"                   = "idp-poc-darede-cluster-vpc-public-us-east-1b"
          [32m+[0m[0m "cost-center"            = "engineering"
          [32m+[0m[0m "env"                    = "poc"
          [32m+[0m[0m "githubRepo"             = "github.com/darede-labs/reference-implementation-aws"
          [32m+[0m[0m "kubernetes.io/role/elb" = "1"
          [32m+[0m[0m "owner"                  = "platform-team"
          [32m+[0m[0m "project"                = "idp"
        }
      [32m+[0m[0m tags_all                                       = {
          [32m+[0m[0m "ConfigSource"           = "config.yaml"
          [32m+[0m[0m "ManagedBy"              = "terraform"
          [32m+[0m[0m "Name"                   = "idp-poc-darede-cluster-vpc-public-us-east-1b"
          [32m+[0m[0m "cost-center"            = "engineering"
          [32m+[0m[0m "env"                    = "poc"
          [32m+[0m[0m "githubRepo"             = "github.com/darede-labs/reference-implementation-aws"
          [32m+[0m[0m "kubernetes.io/role/elb" = "1"
          [32m+[0m[0m "owner"                  = "platform-team"
          [32m+[0m[0m "project"                = "idp"
        }
      [32m+[0m[0m vpc_id                                         = (known after apply)
    }

[1m  # module.vpc.aws_subnet.public[2][0m will be created
[0m  [32m+[0m[0m resource "aws_subnet" "public" {
      [32m+[0m[0m arn                                            = (known after apply)
      [32m+[0m[0m assign_ipv6_address_on_creation                = false
      [32m+[0m[0m availability_zone                              = "us-east-1c"
      [32m+[0m[0m availability_zone_id                           = (known after apply)
      [32m+[0m[0m cidr_block                                     = "10.0.50.0/24"
      [32m+[0m[0m enable_dns64                                   = false
      [32m+[0m[0m enable_resource_name_dns_a_record_on_launch    = false
      [32m+[0m[0m enable_resource_name_dns_aaaa_record_on_launch = false
      [32m+[0m[0m id                                             = (known after apply)
      [32m+[0m[0m ipv6_cidr_block_association_id                 = (known after apply)
      [32m+[0m[0m ipv6_native                                    = false
      [32m+[0m[0m map_public_ip_on_launch                        = false
      [32m+[0m[0m owner_id                                       = (known after apply)
      [32m+[0m[0m private_dns_hostname_type_on_launch            = (known after apply)
      [32m+[0m[0m tags                                           = {
          [32m+[0m[0m "ConfigSource"           = "config.yaml"
          [32m+[0m[0m "ManagedBy"              = "terraform"
          [32m+[0m[0m "Name"                   = "idp-poc-darede-cluster-vpc-public-us-east-1c"
          [32m+[0m[0m "cost-center"            = "engineering"
          [32m+[0m[0m "env"                    = "poc"
          [32m+[0m[0m "githubRepo"             = "github.com/darede-labs/reference-implementation-aws"
          [32m+[0m[0m "kubernetes.io/role/elb" = "1"
          [32m+[0m[0m "owner"                  = "platform-team"
          [32m+[0m[0m "project"                = "idp"
        }
      [32m+[0m[0m tags_all                                       = {
          [32m+[0m[0m "ConfigSource"           = "config.yaml"
          [32m+[0m[0m "ManagedBy"              = "terraform"
          [32m+[0m[0m "Name"                   = "idp-poc-darede-cluster-vpc-public-us-east-1c"
          [32m+[0m[0m "cost-center"            = "engineering"
          [32m+[0m[0m "env"                    = "poc"
          [32m+[0m[0m "githubRepo"             = "github.com/darede-labs/reference-implementation-aws"
          [32m+[0m[0m "kubernetes.io/role/elb" = "1"
          [32m+[0m[0m "owner"                  = "platform-team"
          [32m+[0m[0m "project"                = "idp"
        }
      [32m+[0m[0m vpc_id                                         = (known after apply)
    }

[1m  # module.vpc.aws_vpc.this[0][0m will be created
[0m  [32m+[0m[0m resource "aws_vpc" "this" {
      [32m+[0m[0m arn                                  = (known after apply)
      [32m+[0m[0m cidr_block                           = "10.0.0.0/16"
      [32m+[0m[0m default_network_acl_id               = (known after apply)
      [32m+[0m[0m default_route_table_id               = (known after apply)
      [32m+[0m[0m default_security_group_id            = (known after apply)
      [32m+[0m[0m dhcp_options_id                      = (known after apply)
      [32m+[0m[0m enable_dns_hostnames                 = true
      [32m+[0m[0m enable_dns_support                   = true
      [32m+[0m[0m enable_network_address_usage_metrics = (known after apply)
      [32m+[0m[0m id                                   = (known after apply)
      [32m+[0m[0m instance_tenancy                     = "default"
      [32m+[0m[0m ipv6_association_id                  = (known after apply)
      [32m+[0m[0m ipv6_cidr_block                      = (known after apply)
      [32m+[0m[0m ipv6_cidr_block_network_border_group = (known after apply)
      [32m+[0m[0m main_route_table_id                  = (known after apply)
      [32m+[0m[0m owner_id                             = (known after apply)
      [32m+[0m[0m tags                                 = {
          [32m+[0m[0m "ConfigSource" = "config.yaml"
          [32m+[0m[0m "ManagedBy"    = "terraform"
          [32m+[0m[0m "Name"         = "idp-poc-darede-cluster-vpc"
          [32m+[0m[0m "cost-center"  = "engineering"
          [32m+[0m[0m "env"          = "poc"
          [32m+[0m[0m "githubRepo"   = "github.com/darede-labs/reference-implementation-aws"
          [32m+[0m[0m "owner"        = "platform-team"
          [32m+[0m[0m "project"      = "idp"
        }
      [32m+[0m[0m tags_all                             = {
          [32m+[0m[0m "ConfigSource" = "config.yaml"
          [32m+[0m[0m "ManagedBy"    = "terraform"
          [32m+[0m[0m "Name"         = "idp-poc-darede-cluster-vpc"
          [32m+[0m[0m "cost-center"  = "engineering"
          [32m+[0m[0m "env"          = "poc"
          [32m+[0m[0m "githubRepo"   = "github.com/darede-labs/reference-implementation-aws"
          [32m+[0m[0m "owner"        = "platform-team"
          [32m+[0m[0m "project"      = "idp"
        }
    }

[1m  # module.eks.module.kms.data.aws_iam_policy_document.this[0][0m will be read during apply
  # (config refers to values not yet known)
[0m [36m<=[0m[0m data "aws_iam_policy_document" "this" {
      [32m+[0m[0m id                        = (known after apply)
      [32m+[0m[0m json                      = (known after apply)
      [32m+[0m[0m minified_json             = (known after apply)
      [32m+[0m[0m override_policy_documents = []
      [32m+[0m[0m source_policy_documents   = []

      [32m+[0m[0m statement {
          [32m+[0m[0m actions   = [
              [32m+[0m[0m "kms:*",
            ]
          [32m+[0m[0m resources = [
              [32m+[0m[0m "*",
            ]
          [32m+[0m[0m sid       = "Default"

          [32m+[0m[0m principals {
              [32m+[0m[0m identifiers = [
                  [32m+[0m[0m "arn:aws:iam::948881762705:root",
                ]
              [32m+[0m[0m type        = "AWS"
            }
        }
      [32m+[0m[0m statement {
          [32m+[0m[0m actions   = [
              [32m+[0m[0m "kms:CancelKeyDeletion",
              [32m+[0m[0m "kms:Create*",
              [32m+[0m[0m "kms:Delete*",
              [32m+[0m[0m "kms:Describe*",
              [32m+[0m[0m "kms:Disable*",
              [32m+[0m[0m "kms:Enable*",
              [32m+[0m[0m "kms:Get*",
              [32m+[0m[0m "kms:ImportKeyMaterial",
              [32m+[0m[0m "kms:List*",
              [32m+[0m[0m "kms:Put*",
              [32m+[0m[0m "kms:ReplicateKey",
              [32m+[0m[0m "kms:Revoke*",
              [32m+[0m[0m "kms:ScheduleKeyDeletion",
              [32m+[0m[0m "kms:TagResource",
              [32m+[0m[0m "kms:UntagResource",
              [32m+[0m[0m "kms:Update*",
            ]
          [32m+[0m[0m resources = [
              [32m+[0m[0m "*",
            ]
          [32m+[0m[0m sid       = "KeyAdministration"

          [32m+[0m[0m principals {
              [32m+[0m[0m identifiers = [
                  [32m+[0m[0m "arn:aws:iam::948881762705:role/aws-reserved/sso.amazonaws.com/AWSReservedSSO_Available_Regions_us-east-1_2_5c093e84c42887e0",
                ]
              [32m+[0m[0m type        = "AWS"
            }
        }
      [32m+[0m[0m statement {
          [32m+[0m[0m actions   = [
              [32m+[0m[0m "kms:Decrypt",
              [32m+[0m[0m "kms:DescribeKey",
              [32m+[0m[0m "kms:Encrypt",
              [32m+[0m[0m "kms:GenerateDataKey*",
              [32m+[0m[0m "kms:ReEncrypt*",
            ]
          [32m+[0m[0m resources = [
              [32m+[0m[0m "*",
            ]
          [32m+[0m[0m sid       = "KeyUsage"

          [32m+[0m[0m principals {
              [32m+[0m[0m identifiers = [
                  [32m+[0m[0m (known after apply),
                ]
              [32m+[0m[0m type        = "AWS"
            }
        }
    }

[1m  # module.eks.module.kms.aws_kms_alias.this["cluster"][0m will be created
[0m  [32m+[0m[0m resource "aws_kms_alias" "this" {
      [32m+[0m[0m arn            = (known after apply)
      [32m+[0m[0m id             = (known after apply)
      [32m+[0m[0m name           = "alias/eks/idp-poc-darede-cluster"
      [32m+[0m[0m name_prefix    = (known after apply)
      [32m+[0m[0m target_key_arn = (known after apply)
      [32m+[0m[0m target_key_id  = (known after apply)
    }

[1m  # module.eks.module.kms.aws_kms_key.this[0][0m will be created
[0m  [32m+[0m[0m resource "aws_kms_key" "this" {
      [32m+[0m[0m arn                                = (known after apply)
      [32m+[0m[0m bypass_policy_lockout_safety_check = false
      [32m+[0m[0m customer_master_key_spec           = "SYMMETRIC_DEFAULT"
      [32m+[0m[0m description                        = "idp-poc-darede-cluster cluster encryption key"
      [32m+[0m[0m enable_key_rotation                = true
      [32m+[0m[0m id                                 = (known after apply)
      [32m+[0m[0m is_enabled                         = true
      [32m+[0m[0m key_id                             = (known after apply)
      [32m+[0m[0m key_usage                          = "ENCRYPT_DECRYPT"
      [32m+[0m[0m multi_region                       = false
      [32m+[0m[0m policy                             = (known after apply)
      [32m+[0m[0m rotation_period_in_days            = (known after apply)
      [32m+[0m[0m tags                               = {
          [32m+[0m[0m "ConfigSource"          = "config.yaml"
          [32m+[0m[0m "ManagedBy"             = "terraform"
          [32m+[0m[0m "cost-center"           = "engineering"
          [32m+[0m[0m "env"                   = "poc"
          [32m+[0m[0m "githubRepo"            = "github.com/darede-labs/reference-implementation-aws"
          [32m+[0m[0m "owner"                 = "platform-team"
          [32m+[0m[0m "project"               = "idp"
          [32m+[0m[0m "terraform-aws-modules" = "eks"
        }
      [32m+[0m[0m tags_all                           = {
          [32m+[0m[0m "ConfigSource"          = "config.yaml"
          [32m+[0m[0m "ManagedBy"             = "terraform"
          [32m+[0m[0m "cost-center"           = "engineering"
          [32m+[0m[0m "env"                   = "poc"
          [32m+[0m[0m "githubRepo"            = "github.com/darede-labs/reference-implementation-aws"
          [32m+[0m[0m "owner"                 = "platform-team"
          [32m+[0m[0m "project"               = "idp"
          [32m+[0m[0m "terraform-aws-modules" = "eks"
        }
    }

[1mPlan:[0m 146 to add, 0 to change, 0 to destroy.
[0m
Changes to Outputs:
  [32m+[0m[0m auto_mode_enabled               = false
  [32m+[0m[0m cluster_arn                     = (known after apply)
  [32m+[0m[0m cluster_endpoint                = (known after apply)
  [32m+[0m[0m cluster_name                    = "idp-poc-darede-cluster"
  [32m+[0m[0m cluster_security_group_id       = (known after apply)
  [32m+[0m[0m configure_kubectl               = "aws eks --region us-east-1 update-kubeconfig --name idp-poc-darede-cluster"
  [32m+[0m[0m external_secrets_role_arn       = (known after apply)
  [32m+[0m[0m github_app_secret_arn           = (known after apply)
  [32m+[0m[0m github_app_secret_name          = "idp-poc-darede-cluster-github-app-credentials"
  [32m+[0m[0m iam_auth_method                 = "irsa"
  [32m+[0m[0m karpenter_enabled               = true
  [32m+[0m[0m karpenter_irsa_arn              = (known after apply)
  [32m+[0m[0m karpenter_queue_name            = "Karpenter-idp-poc-darede-cluster"
  [32m+[0m[0m keycloak_db_address             = (known after apply)
  [32m+[0m[0m keycloak_db_endpoint            = (known after apply)
  [32m+[0m[0m keycloak_db_name                = "keycloak"
  [32m+[0m[0m keycloak_db_port                = 5432
  [32m+[0m[0m keycloak_db_secret_arn          = (known after apply)
  [32m+[0m[0m keycloak_enabled                = true
  [32m+[0m[0m keycloak_jdbc_url               = (known after apply)
  [32m+[0m[0m nlb_arn                         = (known after apply)
  [32m+[0m[0m nlb_dns_name                    = (known after apply)
  [32m+[0m[0m nlb_zone_id                     = (known after apply)
  [32m+[0m[0m oidc_provider_arn               = (known after apply)
  [32m+[0m[0m region                          = "us-east-1"
  [32m+[0m[0m validation_summary              = {
      [32m+[0m[0m all_validations_passed  = true
      [32m+[0m[0m cluster_name_length     = 22
      [32m+[0m[0m cluster_name_limit      = 100
      [32m+[0m[0m nlb_name_length         = 26
      [32m+[0m[0m nlb_name_limit          = 32
      [32m+[0m[0m recommendation          = "Consider using a shorter cluster_name to avoid hitting name length limits for derived resources."
      [32m+[0m[0m terraform_bucket_length = 15
      [32m+[0m[0m terraform_bucket_limit  = 63
    }
[0m[1mnull_resource.validate_kms_alias: Creating...[0m[0m
[0m[1mnull_resource.validate_security_group_names[0]: Creating...[0m[0m
[0m[1mnull_resource.validate_target_group_names[0]: Creating...[0m[0m
[0m[1mrandom_password.keycloak_db_password[0]: Creating...[0m[0m
[0m[1mnull_resource.validate_s3_bucket_name: Creating...[0m[0m
[0m[1mnull_resource.validate_kms_alias: Creation complete after 0s [id=1901029455342239435][0m
[0m[1mnull_resource.validate_vpc_name[0]: Creating...[0m[0m
[0m[1mnull_resource.validate_s3_bucket_name: Creation complete after 0s [id=1604095713024646666][0m
[0m[1mnull_resource.validate_iam_role_names: Creating...[0m[0m
[0m[1mnull_resource.validate_karpenter_node_group_name[0]: Creating...[0m[0m
[0m[1mnull_resource.validate_nlb_name[0]: Creating...[0m[0m
[0m[1mnull_resource.validate_security_group_names[0]: Creation complete after 0s [id=4922419834708962594][0m
[0m[1mnull_resource.validate_target_group_names[0]: Creation complete after 0s [id=7235274002361707790][0m
[0m[1mnull_resource.validate_vpc_name[0]: Creation complete after 0s [id=6228729264946765727][0m
[0m[1mnull_resource.validate_karpenter_node_group_name[0]: Creation complete after 0s [id=6955481923486393180][0m
[0m[1mnull_resource.validate_nlb_name[0]: Creation complete after 0s [id=7713116323540856609][0m
[0m[1mnull_resource.validate_iam_role_names: Creation complete after 0s [id=5951531455092702489][0m
[0m[1mnull_resource.validate_domain: Creating...[0m[0m
[0m[1mnull_resource.validate_cluster_name: Creating...[0m[0m
[0m[1mnull_resource.validate_secrets_manager_names: Creating...[0m[0m
[0m[1mnull_resource.validate_domain: Creation complete after 0s [id=1280974839996598703][0m
[0m[1mnull_resource.validate_cluster_name: Creation complete after 0s [id=1237523772980512490][0m
[0m[1mnull_resource.validate_secrets_manager_names: Creation complete after 0s [id=6027122763744029132][0m
[0m[1mrandom_password.keycloak_db_password[0]: Creation complete after 0s [id=none][0m
[0m[1maws_iam_policy.backstage_terraform_policy: Creating...[0m[0m
[0m[1maws_secretsmanager_secret.github_app: Creating...[0m[0m
[0m[1maws_secretsmanager_secret.keycloak_db[0]: Creating...[0m[0m
[0m[1maws_db_parameter_group.keycloak[0]: Creating...[0m[0m
[0m[1mmodule.vpc.aws_vpc.this[0]: Creating...[0m[0m
[0m[1maws_iam_role.karpenter_bootstrap_node[0]: Creating...[0m[0m
[0m[1mmodule.ebs_csi_driver_pod_identity[0].aws_iam_role.this[0]: Creating...[0m[0m
[0m[1maws_secretsmanager_secret.config: Creating...[0m[0m
[0m[1mmodule.eks.aws_iam_role.this[0]: Creating...[0m[0m
[0m[1mmodule.eks.aws_cloudwatch_log_group.this[0]: Creating...[0m[0m
[0m[1maws_iam_policy.backstage_terraform_policy: Creation complete after 1s [id=arn:aws:iam::948881762705:policy/backstage-terraform-policy][0m
[0m[1maws_iam_policy.external_secrets_policy[0]: Creating...[0m[0m
[0m[1maws_secretsmanager_secret.config: Creation complete after 1s [id=arn:aws:secretsmanager:us-east-1:948881762705:secret:cnoe-ref-impl/config-UAQ2r2][0m
[0m[1maws_iam_policy.crossplane_boundary: Creating...[0m[0m
[0m[1maws_secretsmanager_secret.github_app: Creation complete after 1s [id=arn:aws:secretsmanager:us-east-1:948881762705:secret:idp-poc-darede-cluster-github-app-credentials-UAQ2r2][0m
[0m[1mmodule.aws_load_balancer_controller_pod_identity[0].aws_iam_policy.lb_controller[0]: Creating...[0m[0m
[0m[1maws_secretsmanager_secret.keycloak_db[0]: Creation complete after 1s [id=arn:aws:secretsmanager:us-east-1:948881762705:secret:idp-poc-darede-cluster-keycloak-db-20260119154151705800000001-2wupK1][0m
[0m[1mmodule.aws_load_balancer_controller_pod_identity[0].aws_iam_role.this[0]: Creating...[0m[0m
[0m[1mmodule.ebs_csi_driver_pod_identity[0].aws_iam_role.this[0]: Creation complete after 1s [id=ebs-csi-driver-20260119154151708700000003][0m
[0m[1mmodule.external_dns_pod_identity.aws_iam_role.this[0]: Creating...[0m[0m
[0m[1maws_iam_role.karpenter_bootstrap_node[0]: Creation complete after 1s [id=idp-poc-darede-cluster-karpenter-bootstrap-node-role][0m
[0m[1mmodule.eks.aws_iam_policy.custom[0]: Creating...[0m[0m
[0m[1mmodule.eks.aws_iam_role.this[0]: Creation complete after 1s [id=idp-poc-darede-cluster-cluster-20260119154151709700000005][0m
[0m[1mmodule.external_dns_pod_identity.aws_iam_policy.external_dns[0]: Creating...[0m[0m
[0m[1mmodule.eks.aws_cloudwatch_log_group.this[0]: Creation complete after 1s [id=/aws/eks/idp-poc-darede-cluster/cluster][0m
[0m[1mmodule.ebs_csi_driver_pod_identity[0].aws_iam_policy.ebs_csi[0]: Creating...[0m[0m
[0m[1maws_secretsmanager_secret_version.config: Creating...[0m[0m
[0m[1maws_iam_policy.external_secrets_policy[0]: Creation complete after 1s [id=arn:aws:iam::948881762705:policy/external-secrets-policy][0m
[0m[1maws_secretsmanager_secret_version.github_app: Creating...[0m[0m
[0m[1mmodule.aws_load_balancer_controller_pod_identity[0].aws_iam_policy.lb_controller[0]: Creation complete after 1s [id=arn:aws:iam::948881762705:policy/AmazonEKS_LoadBalancerController-20260119154152925900000008][0m
[0m[1maws_iam_role_policy_attachment.karpenter_bootstrap_node_policy["arn:aws:iam::aws:policy/AmazonSSMManagedInstanceCore"]: Creating...[0m[0m
[0m[1maws_iam_policy.crossplane_boundary: Creation complete after 1s [id=arn:aws:iam::948881762705:policy/crossplane-permissions-boundary][0m
[0m[1maws_iam_role_policy_attachment.karpenter_bootstrap_node_policy["arn:aws:iam::aws:policy/AmazonEKS_CNI_Policy"]: Creating...[0m[0m
[0m[1maws_secretsmanager_secret_version.config: Creation complete after 1s [id=arn:aws:secretsmanager:us-east-1:948881762705:secret:cnoe-ref-impl/config-UAQ2r2|terraform-2026011915415327750000000e][0m
[0m[1maws_iam_role_policy_attachment.karpenter_bootstrap_node_policy["arn:aws:iam::aws:policy/AmazonEKSWorkerNodePolicy"]: Creating...[0m[0m
[0m[1mmodule.eks.aws_iam_policy.custom[0]: Creation complete after 1s [id=arn:aws:iam::948881762705:policy/idp-poc-darede-cluster-cluster-2026011915415299470000000b][0m
[0m[1maws_iam_role_policy_attachment.karpenter_bootstrap_node_policy["arn:aws:iam::aws:policy/AmazonEC2ContainerRegistryReadOnly"]: Creating...[0m[0m
[0m[1mmodule.aws_load_balancer_controller_pod_identity[0].aws_iam_role.this[0]: Creation complete after 1s [id=aws_load_balancer_controller-20260119154152935900000009][0m
[0m[1mmodule.eks.aws_iam_role_policy_attachment.this["AmazonEKSClusterPolicy"]: Creating...[0m[0m
[0m[1mmodule.ebs_csi_driver_pod_identity[0].aws_iam_policy.ebs_csi[0]: Creation complete after 1s [id=arn:aws:iam::948881762705:policy/AmazonEKS_EBS_CSI-2026011915415303200000000d][0m
[0m[1mmodule.eks.aws_iam_role_policy_attachment.this["AmazonEKSVPCResourceController"]: Creating...[0m[0m
[0m[1mmodule.external_dns_pod_identity.aws_iam_role.this[0]: Creation complete after 1s [id=external-dns-2026011915415298430000000a][0m
[0m[1mmodule.external_dns_pod_identity.aws_iam_policy.external_dns[0]: Creation complete after 1s [id=arn:aws:iam::948881762705:policy/AmazonEKS_ExternalDNS-2026011915415301150000000c][0m
[0m[1mmodule.aws_load_balancer_controller_pod_identity[0].aws_iam_role_policy_attachment.lb_controller[0]: Creating...[0m[0m
[0m[1mmodule.eks.aws_iam_role_policy_attachment.custom[0]: Creating...[0m[0m
[0m[1maws_iam_role_policy_attachment.karpenter_bootstrap_node_policy["arn:aws:iam::aws:policy/AmazonSSMManagedInstanceCore"]: Creation complete after 0s [id=idp-poc-darede-cluster-karpenter-bootstrap-node-role-20260119154153996700000010][0m
[0m[1mmodule.ebs_csi_driver_pod_identity[0].aws_iam_role_policy_attachment.ebs_csi[0]: Creating...[0m[0m
[0m[1maws_iam_role_policy_attachment.karpenter_bootstrap_node_policy["arn:aws:iam::aws:policy/AmazonEKS_CNI_Policy"]: Creation complete after 0s [id=idp-poc-darede-cluster-karpenter-bootstrap-node-role-20260119154154033100000011][0m
[0m[1mmodule.external_dns_pod_identity.aws_iam_role_policy_attachment.external_dns[0]: Creating...[0m[0m
[0m[1maws_iam_role_policy_attachment.karpenter_bootstrap_node_policy["arn:aws:iam::aws:policy/AmazonEKSWorkerNodePolicy"]: Creation complete after 0s [id=idp-poc-darede-cluster-karpenter-bootstrap-node-role-20260119154154090200000012][0m
[0m[1mmodule.crossplane_pod_identity.aws_iam_role.this[0]: Creating...[0m[0m
[0m[1maws_iam_role_policy_attachment.karpenter_bootstrap_node_policy["arn:aws:iam::aws:policy/AmazonEC2ContainerRegistryReadOnly"]: Creation complete after 0s [id=idp-poc-darede-cluster-karpenter-bootstrap-node-role-20260119154154115800000013][0m
[0m[1mmodule.eks.module.kms.data.aws_iam_policy_document.this[0]: Reading...[0m[0m
[0m[1mmodule.eks.module.kms.data.aws_iam_policy_document.this[0]: Read complete after 0s [id=2072830252][0m
[0m[1mmodule.eks.module.kms.aws_kms_key.this[0]: Creating...[0m[0m
[0m[1maws_secretsmanager_secret_version.github_app: Creation complete after 0s [id=arn:aws:secretsmanager:us-east-1:948881762705:secret:idp-poc-darede-cluster-github-app-credentials-UAQ2r2|terraform-2026011915415372980000000f][0m
[0m[1mmodule.eks.aws_iam_role_policy_attachment.this["AmazonEKSVPCResourceController"]: Creation complete after 0s [id=idp-poc-darede-cluster-cluster-20260119154151709700000005-20260119154154176500000014][0m
[0m[1mmodule.eks.aws_iam_role_policy_attachment.this["AmazonEKSClusterPolicy"]: Creation complete after 0s [id=idp-poc-darede-cluster-cluster-20260119154151709700000005-20260119154154182400000015][0m
[0m[1mmodule.eks.aws_iam_role_policy_attachment.custom[0]: Creation complete after 0s [id=idp-poc-darede-cluster-cluster-20260119154151709700000005-20260119154154288200000017][0m
[0m[1mmodule.aws_load_balancer_controller_pod_identity[0].aws_iam_role_policy_attachment.lb_controller[0]: Creation complete after 1s [id=aws_load_balancer_controller-20260119154152935900000009-20260119154154324500000018][0m
[0m[1mmodule.ebs_csi_driver_pod_identity[0].aws_iam_role_policy_attachment.ebs_csi[0]: Creation complete after 1s [id=ebs-csi-driver-20260119154151708700000003-20260119154154380200000019][0m
[0m[1mmodule.external_dns_pod_identity.aws_iam_role_policy_attachment.external_dns[0]: Creation complete after 1s [id=external-dns-2026011915415298430000000a-2026011915415443980000001a][0m
[0m[1mmodule.crossplane_pod_identity.aws_iam_role.this[0]: Creation complete after 1s [id=crossplane-provider-aws-20260119154154276200000016][0m
[0m[1mmodule.crossplane_pod_identity.aws_iam_role_policy_attachment.this["admin"]: Creating...[0m[0m
[0m[1mmodule.crossplane_pod_identity.aws_iam_role_policy_attachment.this["admin"]: Creation complete after 1s [id=crossplane-provider-aws-20260119154154276200000016-2026011915415531660000001b][0m
[0m[1mmodule.vpc.aws_vpc.this[0]: Still creating... [00m10s elapsed][0m[0m
[0m[1mmodule.eks.module.kms.aws_kms_key.this[0]: Still creating... [00m10s elapsed][0m[0m
[0m[1mmodule.vpc.aws_vpc.this[0]: Creation complete after 13s [id=vpc-0a281544d0b4b08dd][0m
[0m[1mmodule.vpc.aws_default_security_group.this[0]: Creating...[0m[0m
[0m[1mmodule.vpc.aws_default_route_table.default[0]: Creating...[0m[0m
[0m[1maws_lb_target_group.http[0]: Creating...[0m[0m
[0m[1mmodule.vpc.aws_route_table.public[0]: Creating...[0m[0m
[0m[1maws_lb_target_group.https[0]: Creating...[0m[0m
[0m[1maws_security_group.keycloak_rds[0]: Creating...[0m[0m
[0m[1mmodule.vpc.aws_default_network_acl.this[0]: Creating...[0m[0m
[0m[1mmodule.vpc.aws_subnet.public[1]: Creating...[0m[0m
[0m[1mmodule.vpc.aws_subnet.public[2]: Creating...[0m[0m
[0m[1mmodule.vpc.aws_default_route_table.default[0]: Creation complete after 1s [id=rtb-0514d0049a55717d7][0m
[0m[1mmodule.vpc.aws_subnet.public[0]: Creating...[0m[0m
[0m[1mmodule.vpc.aws_route_table.public[0]: Creation complete after 2s [id=rtb-02a2560928f0ff66b][0m
[0m[1mmodule.vpc.aws_subnet.private[2]: Creating...[0m[0m
[0m[1mmodule.vpc.aws_subnet.public[1]: Creation complete after 2s [id=subnet-05c7ccc86fce729d1][0m
[0m[1mmodule.vpc.aws_subnet.private[1]: Creating...[0m[0m
[0m[1mmodule.vpc.aws_subnet.public[0]: Creation complete after 1s [id=subnet-07b1007af6dbdb02c][0m
[0m[1mmodule.vpc.aws_subnet.private[0]: Creating...[0m[0m
[0m[1mmodule.vpc.aws_subnet.private[1]: Creation complete after 1s [id=subnet-0638ee0292ea8ef8a][0m
[0m[1maws_security_group.ingress_nginx[0]: Creating...[0m[0m
[0m[1mmodule.vpc.aws_default_security_group.this[0]: Creation complete after 3s [id=sg-0cc0cad17f4cff5d9][0m
[0m[1mmodule.vpc.aws_internet_gateway.this[0]: Creating...[0m[0m
[0m[1maws_lb_target_group.https[0]: Creation complete after 3s [id=arn:aws:elasticloadbalancing:us-east-1:948881762705:targetgroup/idp-poc-darede-cluster-https/08077f93ad9ffbdc][0m
[0m[1mmodule.vpc.aws_subnet.private[2]: Creation complete after 1s [id=subnet-0ad51f00e115eba2f][0m
[0m[1mmodule.eks.aws_security_group.node[0]: Creating...[0m[0m
[0m[1mmodule.vpc.aws_route_table.private[0]: Creating...[0m[0m
[0m[1maws_lb_target_group.http[0]: Creation complete after 3s [id=arn:aws:elasticloadbalancing:us-east-1:948881762705:targetgroup/idp-poc-darede-cluster-http/4a08a7c2e70ccb96][0m
[0m[1mmodule.eks.aws_security_group.cluster[0]: Creating...[0m[0m
[0m[1mmodule.vpc.aws_default_network_acl.this[0]: Creation complete after 3s [id=acl-0c0c66c1cc57457b6][0m
[0m[1maws_security_group.keycloak_rds[0]: Creation complete after 3s [id=sg-0eb462349d50a0f9f][0m
[0m[1maws_security_group_rule.keycloak_rds_egress[0]: Creating...[0m[0m
[0m[1mmodule.vpc.aws_subnet.private[0]: Creation complete after 1s [id=subnet-0ee0cb86a1ff7f877][0m
[0m[1maws_db_subnet_group.keycloak[0]: Creating...[0m[0m
[0m[1mmodule.vpc.aws_internet_gateway.this[0]: Creation complete after 1s [id=igw-04ea4185dc7ed6143][0m
[0m[1mmodule.vpc.aws_route.public_internet_gateway[0]: Creating...[0m[0m
[0m[1mmodule.vpc.aws_eip.nat[0]: Creating...[0m[0m
[0m[1mmodule.vpc.aws_route_table.private[0]: Creation complete after 1s [id=rtb-08164516e74bb67be][0m
[0m[1mmodule.vpc.aws_route_table_association.private[0]: Creating...[0m[0m
[0m[1maws_security_group_rule.keycloak_rds_egress[0]: Creation complete after 1s [id=sgrule-311589091][0m
[0m[1mmodule.vpc.aws_route_table_association.private[2]: Creating...[0m[0m
[0m[1mmodule.vpc.aws_subnet.public[2]: Creation complete after 4s [id=subnet-09ce35257d8f68804][0m
[0m[1mmodule.vpc.aws_route_table_association.private[1]: Creating...[0m[0m
[0m[1mmodule.vpc.aws_route_table_association.private[0]: Creation complete after 1s [id=rtbassoc-0a7376ee2e70e5786][0m
[0m[1mmodule.vpc.aws_route_table_association.public[0]: Creating...[0m[0m
[0m[1mmodule.vpc.aws_route_table_association.private[2]: Creation complete after 1s [id=rtbassoc-09872631ecabd0f9f][0m
[0m[1mmodule.vpc.aws_route_table_association.public[1]: Creating...[0m[0m
[0m[1mmodule.vpc.aws_route.public_internet_gateway[0]: Creation complete after 1s [id=r-rtb-02a2560928f0ff66b1080289494][0m
[0m[1mmodule.vpc.aws_route_table_association.public[2]: Creating...[0m[0m
[0m[1mmodule.eks.aws_security_group.node[0]: Creation complete after 2s [id=sg-09ce4363ea156ed93][0m
[0m[1maws_lb.ingress_nginx[0]: Creating...[0m[0m
[0m[1maws_security_group.ingress_nginx[0]: Creation complete after 2s [id=sg-04ab8e0a23b8a44f0][0m
[0m[1mmodule.vpc.aws_route_table_association.private[1]: Creation complete after 1s [id=rtbassoc-0145d84e08502d6dc][0m
[0m[1maws_security_group_rule.ingress_nginx_egress[0]: Creating...[0m[0m
[0m[1maws_security_group_rule.ingress_nginx_https[0]: Creating...[0m[0m
[0m[1mmodule.eks.aws_security_group.cluster[0]: Creation complete after 2s [id=sg-0a900cb95c5799bd9][0m
[0m[1maws_security_group_rule.ingress_nginx_nodeport_https[0]: Creating...[0m[0m
[0m[1mmodule.vpc.aws_route_table_association.public[0]: Creation complete after 0s [id=rtbassoc-007c99fd89f90446a][0m
[0m[1maws_db_subnet_group.keycloak[0]: Creation complete after 4s [id=idp-poc-darede-cluster-keycloak-db][0m
[0m[1maws_security_group_rule.ingress_nginx_https[0]: Creation complete after 2s [id=sgrule-3685002976][0m
[0m[1mmodule.vpc.aws_route_table_association.public[2]: Creation complete after 2s [id=rtbassoc-08e36ef7e52fd2c2c][0m
[0m[1mmodule.vpc.aws_route_table_association.public[1]: Creation complete after 2s [id=rtbassoc-025af9b4e936274ae][0m
[0m[1maws_security_group_rule.ingress_nginx_egress[0]: Creation complete after 2s [id=sgrule-3349036914][0m
[0m[1mmodule.vpc.aws_eip.nat[0]: Creation complete after 3s [id=eipalloc-098a30fa809574619][0m
[0m[1maws_security_group_rule.ingress_nginx_nodeport_http[0]: Creating...[0m[0m
[0m[1maws_security_group_rule.keycloak_rds_ingress_from_eks[0]: Creating...[0m[0m
[0m[1maws_security_group_rule.ingress_nginx_http[0]: Creating...[0m[0m
[0m[1mmodule.eks.aws_security_group_rule.cluster["ingress_nodes_443"]: Creating...[0m[0m
[0m[1mmodule.eks.aws_security_group_rule.node["ingress_cluster_8443_webhook"]: Creating...[0m[0m
[0m[1mmodule.eks.aws_security_group_rule.node["ingress_cluster_6443_webhook"]: Creating...[0m[0m
[0m[1maws_db_instance.keycloak[0]: Creating...[0m[0m
[0m[1mmodule.eks.aws_security_group_rule.node["ingress_cluster_4443_webhook"]: Creating...[0m[0m
[0m[1maws_security_group_rule.ingress_nginx_nodeport_https[0]: Creation complete after 2s [id=sgrule-4120234122][0m
[0m[1mmodule.eks.aws_security_group_rule.node["ingress_self_coredns_tcp"]: Creating...[0m[0m
[0m[1mmodule.eks.aws_security_group_rule.cluster["ingress_nodes_443"]: Creation complete after 0s [id=sgrule-894388020][0m
[0m[1mmodule.eks.aws_security_group_rule.node["ingress_cluster_kubelet"]: Creating...[0m[0m
[0m[1mmodule.eks.aws_security_group_rule.node["ingress_cluster_8443_webhook"]: Creation complete after 0s [id=sgrule-955648077][0m
[0m[1mmodule.eks.aws_security_group_rule.node["ingress_nodes_ephemeral"]: Creating...[0m[0m
[0m[1maws_security_group_rule.keycloak_rds_ingress_from_eks[0]: Creation complete after 0s [id=sgrule-2205967249][0m
[0m[1mmodule.eks.aws_security_group_rule.node["ingress_cluster_443"]: Creating...[0m[0m
[0m[1maws_security_group_rule.ingress_nginx_nodeport_http[0]: Creation complete after 1s [id=sgrule-1324343995][0m
[0m[1mmodule.eks.aws_security_group_rule.node["ingress_self_coredns_udp"]: Creating...[0m[0m
[0m[1mmodule.eks.aws_security_group_rule.node["ingress_cluster_6443_webhook"]: Creation complete after 1s [id=sgrule-732574828][0m
[0m[1mmodule.eks.aws_security_group_rule.node["egress_all"]: Creating...[0m[0m
[0m[1maws_security_group_rule.ingress_nginx_http[0]: Creation complete after 2s [id=sgrule-935609493][0m
[0m[1mmodule.vpc.aws_nat_gateway.this[0]: Creating...[0m[0m
[0m[1mmodule.eks.aws_security_group_rule.node["ingress_cluster_4443_webhook"]: Creation complete after 2s [id=sgrule-3806876666][0m
[0m[1mmodule.eks.aws_security_group_rule.node["ingress_cluster_9443_webhook"]: Creating...[0m[0m
[0m[1mmodule.eks.module.kms.aws_kms_key.this[0]: Still creating... [00m20s elapsed][0m[0m
[0m[1mmodule.eks.aws_security_group_rule.node["ingress_self_coredns_tcp"]: Creation complete after 3s [id=sgrule-2944732442][0m
[0m[1mmodule.eks.aws_security_group_rule.node["ingress_cluster_kubelet"]: Creation complete after 4s [id=sgrule-3770406143][0m
[0m[1mmodule.eks.aws_security_group_rule.node["ingress_nodes_ephemeral"]: Creation complete after 4s [id=sgrule-4164089667][0m
[0m[1mmodule.eks.aws_security_group_rule.node["ingress_cluster_443"]: Creation complete after 5s [id=sgrule-3589870856][0m
[0m[1mmodule.eks.aws_security_group_rule.node["ingress_self_coredns_udp"]: Creation complete after 5s [id=sgrule-198881013][0m
[0m[1mmodule.eks.module.kms.aws_kms_key.this[0]: Creation complete after 24s [id=12b7b147-ff96-45cb-812c-306839174cc7][0m
[0m[1mmodule.eks.module.kms.aws_kms_alias.this["cluster"]: Creating...[0m[0m
[0m[1mmodule.eks.aws_iam_policy.cluster_encryption[0]: Creating...[0m[0m
[0m[1mmodule.eks.module.kms.aws_kms_alias.this["cluster"]: Creation complete after 1s [id=alias/eks/idp-poc-darede-cluster][0m
[0m[1mmodule.eks.aws_security_group_rule.node["egress_all"]: Creation complete after 6s [id=sgrule-3517028544][0m
[0m[1mmodule.eks.aws_iam_policy.cluster_encryption[0]: Creation complete after 1s [id=arn:aws:iam::948881762705:policy/idp-poc-darede-cluster-cluster-ClusterEncryption20260119154218339200000023][0m
[0m[1mmodule.eks.aws_iam_role_policy_attachment.cluster_encryption[0]: Creating...[0m[0m
[0m[1mmodule.eks.aws_iam_role_policy_attachment.cluster_encryption[0]: Creation complete after 0s [id=idp-poc-darede-cluster-cluster-20260119154151709700000005-20260119154219194500000024][0m
[0m[1mmodule.eks.aws_security_group_rule.node["ingress_cluster_9443_webhook"]: Creation complete after 6s [id=sgrule-1549220742][0m
[0m[1mmodule.eks.aws_eks_cluster.this[0]: Creating...[0m[0m
[0m[1maws_lb.ingress_nginx[0]: Still creating... [00m10s elapsed][0m[0m
[0m[1mmodule.vpc.aws_nat_gateway.this[0]: Still creating... [00m10s elapsed][0m[0m
[0m[1mmodule.eks.aws_eks_cluster.this[0]: Still creating... [00m10s elapsed][0m[0m
[0m[1maws_lb.ingress_nginx[0]: Still creating... [00m20s elapsed][0m[0m
[0m[1mmodule.vpc.aws_nat_gateway.this[0]: Still creating... [00m20s elapsed][0m[0m
[0m[1mmodule.eks.aws_eks_cluster.this[0]: Still creating... [00m20s elapsed][0m[0m
[0m[1maws_lb.ingress_nginx[0]: Still creating... [00m30s elapsed][0m[0m
[0m[1mmodule.vpc.aws_nat_gateway.this[0]: Still creating... [00m30s elapsed][0m[0m
[0m[1mmodule.eks.aws_eks_cluster.this[0]: Still creating... [00m30s elapsed][0m[0m
[0m[1maws_lb.ingress_nginx[0]: Still creating... [00m40s elapsed][0m[0m
[0m[1mmodule.vpc.aws_nat_gateway.this[0]: Still creating... [00m40s elapsed][0m[0m
[0m[1mmodule.eks.aws_eks_cluster.this[0]: Still creating... [00m40s elapsed][0m[0m
[0m[1maws_lb.ingress_nginx[0]: Still creating... [00m50s elapsed][0m[0m
[0m[1mmodule.vpc.aws_nat_gateway.this[0]: Still creating... [00m50s elapsed][0m[0m
[0m[1mmodule.eks.aws_eks_cluster.this[0]: Still creating... [00m50s elapsed][0m[0m
[0m[1maws_lb.ingress_nginx[0]: Still creating... [01m00s elapsed][0m[0m
[0m[1mmodule.vpc.aws_nat_gateway.this[0]: Still creating... [01m00s elapsed][0m[0m
[0m[1mmodule.eks.aws_eks_cluster.this[0]: Still creating... [01m00s elapsed][0m[0m
[0m[1maws_lb.ingress_nginx[0]: Still creating... [01m10s elapsed][0m[0m
[0m[1mmodule.vpc.aws_nat_gateway.this[0]: Still creating... [01m10s elapsed][0m[0m
[0m[1mmodule.eks.aws_eks_cluster.this[0]: Still creating... [01m10s elapsed][0m[0m
[0m[1maws_lb.ingress_nginx[0]: Still creating... [01m20s elapsed][0m[0m
[0m[1mmodule.vpc.aws_nat_gateway.this[0]: Still creating... [01m20s elapsed][0m[0m
[0m[1mmodule.eks.aws_eks_cluster.this[0]: Still creating... [01m20s elapsed][0m[0m
[0m[1maws_lb.ingress_nginx[0]: Still creating... [01m30s elapsed][0m[0m
[0m[1mmodule.vpc.aws_nat_gateway.this[0]: Still creating... [01m30s elapsed][0m[0m
[0m[1mmodule.eks.aws_eks_cluster.this[0]: Still creating... [01m30s elapsed][0m[0m
[0m[1maws_lb.ingress_nginx[0]: Still creating... [01m40s elapsed][0m[0m
[0m[1mmodule.vpc.aws_nat_gateway.this[0]: Still creating... [01m40s elapsed][0m[0m
[0m[1mmodule.eks.aws_eks_cluster.this[0]: Still creating... [01m40s elapsed][0m[0m
[0m[1maws_lb.ingress_nginx[0]: Still creating... [01m50s elapsed][0m[0m
[0m[1mmodule.vpc.aws_nat_gateway.this[0]: Creation complete after 1m46s [id=nat-04fada0daffa7a2eb][0m
[0m[1mmodule.vpc.aws_route.private_nat_gateway[0]: Creating...[0m[0m
[0m[1mmodule.vpc.aws_route.private_nat_gateway[0]: Creation complete after 1s [id=r-rtb-08164516e74bb67be1080289494][0m
[0m[1mmodule.eks.aws_eks_cluster.this[0]: Still creating... [01m50s elapsed][0m[0m
[0m[1maws_lb.ingress_nginx[0]: Still creating... [02m00s elapsed][0m[0m
[0m[1mmodule.eks.aws_eks_cluster.this[0]: Still creating... [02m00s elapsed][0m[0m
[0m[1maws_lb.ingress_nginx[0]: Still creating... [02m10s elapsed][0m[0m
[0m[1mmodule.eks.aws_eks_cluster.this[0]: Still creating... [02m10s elapsed][0m[0m
[0m[1maws_lb.ingress_nginx[0]: Still creating... [02m20s elapsed][0m[0m
[0m[1mmodule.eks.aws_eks_cluster.this[0]: Still creating... [02m20s elapsed][0m[0m
[0m[1maws_lb.ingress_nginx[0]: Still creating... [02m30s elapsed][0m[0m
[0m[1maws_lb.ingress_nginx[0]: Creation complete after 2m34s [id=arn:aws:elasticloadbalancing:us-east-1:948881762705:loadbalancer/net/idp-poc-darede-cluster-nlb/fdfcaad02f019235][0m
[0m[1maws_lb_listener.https[0]: Creating...[0m[0m
[0m[1maws_lb_listener.http[0]: Creating...[0m[0m
[0m[1maws_lb_listener.http[0]: Creation complete after 1s [id=arn:aws:elasticloadbalancing:us-east-1:948881762705:listener/net/idp-poc-darede-cluster-nlb/fdfcaad02f019235/0e3e4ff58e59a70e][0m
[0m[1maws_lb_listener.https[0]: Creation complete after 2s [id=arn:aws:elasticloadbalancing:us-east-1:948881762705:listener/net/idp-poc-darede-cluster-nlb/fdfcaad02f019235/505ad643bbf4f62c][0m
[0m[1mmodule.eks.aws_eks_cluster.this[0]: Still creating... [02m30s elapsed][0m[0m
[0m[1mmodule.eks.aws_eks_cluster.this[0]: Still creating... [02m40s elapsed][0m[0m
[0m[1mmodule.eks.aws_eks_cluster.this[0]: Still creating... [02m50s elapsed][0m[0m
[0m[1mmodule.eks.aws_eks_cluster.this[0]: Still creating... [03m00s elapsed][0m[0m
[0m[1mmodule.eks.aws_eks_cluster.this[0]: Still creating... [03m10s elapsed][0m[0m
[0m[1mmodule.eks.aws_eks_cluster.this[0]: Still creating... [03m20s elapsed][0m[0m
[0m[1mmodule.eks.aws_eks_cluster.this[0]: Still creating... [03m30s elapsed][0m[0m
[0m[1mmodule.eks.aws_eks_cluster.this[0]: Still creating... [03m40s elapsed][0m[0m
[0m[1mmodule.eks.aws_eks_cluster.this[0]: Still creating... [03m50s elapsed][0m[0m
[0m[1mmodule.eks.aws_eks_cluster.this[0]: Still creating... [04m00s elapsed][0m[0m
[0m[1mmodule.eks.aws_eks_cluster.this[0]: Still creating... [04m10s elapsed][0m[0m
[0m[1mmodule.eks.aws_eks_cluster.this[0]: Still creating... [04m20s elapsed][0m[0m
[0m[1mmodule.eks.aws_eks_cluster.this[0]: Still creating... [04m30s elapsed][0m[0m
[0m[1mmodule.eks.aws_eks_cluster.this[0]: Still creating... [04m40s elapsed][0m[0m
[0m[1mmodule.eks.aws_eks_cluster.this[0]: Still creating... [04m50s elapsed][0m[0m
[0m[1mmodule.eks.aws_eks_cluster.this[0]: Still creating... [05m00s elapsed][0m[0m
[0m[1mmodule.eks.aws_eks_cluster.this[0]: Still creating... [05m10s elapsed][0m[0m
[0m[1mmodule.eks.aws_eks_cluster.this[0]: Still creating... [05m20s elapsed][0m[0m
[0m[1mmodule.eks.aws_eks_cluster.this[0]: Still creating... [05m30s elapsed][0m[0m
[0m[1mmodule.eks.aws_eks_cluster.this[0]: Still creating... [05m40s elapsed][0m[0m
[0m[1mmodule.eks.aws_eks_cluster.this[0]: Still creating... [05m50s elapsed][0m[0m
[0m[1mmodule.eks.aws_eks_cluster.this[0]: Still creating... [06m00s elapsed][0m[0m
[0m[1mmodule.eks.aws_eks_cluster.this[0]: Still creating... [06m10s elapsed][0m[0m
[0m[1mmodule.eks.aws_eks_cluster.this[0]: Still creating... [06m20s elapsed][0m[0m
[0m[1mmodule.eks.aws_eks_cluster.this[0]: Still creating... [06m30s elapsed][0m[0m
[0m[1mmodule.eks.aws_eks_cluster.this[0]: Still creating... [06m40s elapsed][0m[0m
[0m[1mmodule.eks.aws_eks_cluster.this[0]: Still creating... [06m50s elapsed][0m[0m
[0m[1mmodule.eks.aws_eks_cluster.this[0]: Still creating... [07m00s elapsed][0m[0m
[0m[1mmodule.eks.aws_eks_cluster.this[0]: Still creating... [07m10s elapsed][0m[0m
[0m[1mmodule.eks.aws_eks_cluster.this[0]: Still creating... [07m20s elapsed][0m[0m
[0m[1mmodule.eks.aws_eks_cluster.this[0]: Still creating... [07m30s elapsed][0m[0m
[0m[1mmodule.eks.aws_eks_cluster.this[0]: Still creating... [07m40s elapsed][0m[0m
[0m[1mmodule.eks.aws_eks_cluster.this[0]: Still creating... [07m50s elapsed][0m[0m
[0m[1mmodule.eks.aws_eks_cluster.this[0]: Still creating... [08m00s elapsed][0m[0m
[0m[1mmodule.eks.aws_eks_cluster.this[0]: Still creating... [08m10s elapsed][0m[0m
[0m[1mmodule.eks.aws_eks_cluster.this[0]: Still creating... [08m20s elapsed][0m[0m
[0m[1mmodule.eks.aws_eks_cluster.this[0]: Still creating... [08m30s elapsed][0m[0m
[0m[1mmodule.eks.aws_eks_cluster.this[0]: Still creating... [08m40s elapsed][0m[0m
[0m[1mmodule.eks.aws_eks_cluster.this[0]: Still creating... [08m50s elapsed][0m[0m
[0m[1mmodule.eks.aws_eks_cluster.this[0]: Still creating... [09m00s elapsed][0m[0m
[0m[1mmodule.eks.aws_eks_cluster.this[0]: Still creating... [09m10s elapsed][0m[0m
[0m[1mmodule.eks.aws_eks_cluster.this[0]: Still creating... [09m20s elapsed][0m[0m
[0m[1mmodule.eks.aws_eks_cluster.this[0]: Still creating... [09m30s elapsed][0m[0m
[0m[1mmodule.eks.aws_eks_cluster.this[0]: Creation complete after 9m34s [id=idp-poc-darede-cluster][0m
[0m[1mmodule.eks.data.aws_eks_addon_version.this["vpc-cni"]: Reading...[0m[0m
[0m[1mmodule.eks.data.aws_eks_addon_version.this["eks-pod-identity-agent"]: Reading...[0m[0m
[0m[1mmodule.eks.data.aws_eks_addon_version.this["coredns"]: Reading...[0m[0m
[0m[1mmodule.eks.data.aws_eks_addon_version.this["aws-ebs-csi-driver"]: Reading...[0m[0m
[0m[1mmodule.eks.data.aws_eks_addon_version.this["kube-proxy"]: Reading...[0m[0m
[0m[1mmodule.eks.aws_ec2_tag.cluster_primary_security_group["owner"]: Creating...[0m[0m
[0m[1mmodule.eks.aws_eks_access_entry.this["cluster_creator"]: Creating...[0m[0m
[0m[1mmodule.eks.aws_ec2_tag.cluster_primary_security_group["ManagedBy"]: Creating...[0m[0m
[0m[1mmodule.eks.aws_ec2_tag.cluster_primary_security_group["project"]: Creating...[0m[0m
[0m[1mmodule.eks.data.tls_certificate.this[0]: Reading...[0m[0m
[0m[1mmodule.eks.data.aws_eks_addon_version.this["vpc-cni"]: Read complete after 0s [id=vpc-cni][0m
[0m[1mmodule.eks.aws_ec2_tag.cluster_primary_security_group["githubRepo"]: Creating...[0m[0m
[0m[1mmodule.eks.data.aws_eks_addon_version.this["kube-proxy"]: Read complete after 1s [id=kube-proxy][0m
[0m[1mmodule.eks.data.aws_eks_addon_version.this["eks-pod-identity-agent"]: Read complete after 1s [id=eks-pod-identity-agent][0m
[0m[1mmodule.eks.data.aws_eks_addon_version.this["aws-ebs-csi-driver"]: Read complete after 1s [id=aws-ebs-csi-driver][0m
[0m[1mmodule.eks.aws_ec2_tag.cluster_primary_security_group["ConfigSource"]: Creating...[0m[0m
[0m[1mmodule.eks.aws_ec2_tag.cluster_primary_security_group["cost-center"]: Creating...[0m[0m
[0m[1mmodule.eks.aws_ec2_tag.cluster_primary_security_group["env"]: Creating...[0m[0m
[0m[1mmodule.eks.data.tls_certificate.this[0]: Read complete after 1s [id=0c37bb608751c2a14704338d4b14c14e6dbe88ac][0m
[0m[1mmodule.eks.time_sleep.this[0]: Creating...[0m[0m
[0m[1mmodule.eks.data.aws_eks_addon_version.this["coredns"]: Read complete after 1s [id=coredns][0m
[0m[1mmodule.eks.aws_iam_openid_connect_provider.oidc_provider[0]: Creating...[0m[0m
[0m[1mmodule.eks.aws_eks_access_entry.this["cluster_creator"]: Creation complete after 1s [id=idp-poc-darede-cluster:arn:aws:iam::948881762705:role/aws-reserved/sso.amazonaws.com/AWSReservedSSO_Available_Regions_us-east-1_2_5c093e84c42887e0][0m
[0m[1mmodule.eks.aws_eks_access_policy_association.this["cluster_creator_admin"]: Creating...[0m[0m
[0m[1mmodule.eks.aws_ec2_tag.cluster_primary_security_group["ManagedBy"]: Creation complete after 1s [id=sg-0971c56d88b2ce058,ManagedBy][0m
[0m[1mmodule.eks.aws_ec2_tag.cluster_primary_security_group["project"]: Creation complete after 1s [id=sg-0971c56d88b2ce058,project][0m
[0m[1mmodule.eks.aws_ec2_tag.cluster_primary_security_group["githubRepo"]: Creation complete after 1s [id=sg-0971c56d88b2ce058,githubRepo][0m
[0m[1mmodule.eks.aws_ec2_tag.cluster_primary_security_group["ConfigSource"]: Creation complete after 0s [id=sg-0971c56d88b2ce058,ConfigSource][0m
[0m[1mmodule.eks.aws_ec2_tag.cluster_primary_security_group["owner"]: Creation complete after 1s [id=sg-0971c56d88b2ce058,owner][0m
[0m[1mmodule.eks.aws_ec2_tag.cluster_primary_security_group["env"]: Creation complete after 0s [id=sg-0971c56d88b2ce058,env][0m
[0m[1mmodule.eks.aws_ec2_tag.cluster_primary_security_group["cost-center"]: Creation complete after 0s [id=sg-0971c56d88b2ce058,cost-center][0m
[0m[1mmodule.eks.aws_iam_openid_connect_provider.oidc_provider[0]: Creation complete after 1s [id=arn:aws:iam::948881762705:oidc-provider/oidc.eks.us-east-1.amazonaws.com/id/215C81B2F90F8A032EDAD7C5CC8CD921][0m
[0m[1mmodule.karpenter[0].data.aws_iam_policy_document.controller_assume_role[0]: Reading...[0m[0m
[0m[1mmodule.external_secrets_irsa[0].data.aws_iam_policy_document.this[0]: Reading...[0m[0m
[0m[1mmodule.backstage_irsa.data.aws_iam_policy_document.this[0]: Reading...[0m[0m
[0m[1mmodule.external_secrets_irsa[0].data.aws_iam_policy_document.this[0]: Read complete after 0s [id=4265287363][0m
[0m[1mmodule.backstage_irsa.data.aws_iam_policy_document.this[0]: Read complete after 0s [id=3229446169][0m
[0m[1mmodule.karpenter[0].data.aws_iam_policy_document.controller_assume_role[0]: Read complete after 0s [id=2924536280][0m
[0m[1mmodule.backstage_irsa.aws_iam_role.this[0]: Creating...[0m[0m
[0m[1mmodule.karpenter[0].aws_iam_role.controller[0]: Creating...[0m[0m
[0m[1mmodule.external_secrets_irsa[0].aws_iam_role.this[0]: Creating...[0m[0m
[0m[1mmodule.eks.aws_eks_access_policy_association.this["cluster_creator_admin"]: Creation complete after 1s [id=idp-poc-darede-cluster#arn:aws:iam::948881762705:role/aws-reserved/sso.amazonaws.com/AWSReservedSSO_Available_Regions_us-east-1_2_5c093e84c42887e0#arn:aws:eks::aws:cluster-access-policy/AmazonEKSClusterAdminPolicy][0m
[0m[1mmodule.karpenter[0].aws_iam_role.node[0]: Creating...[0m[0m
[0m[1mmodule.karpenter[0].aws_cloudwatch_event_rule.this["spot_interrupt"]: Creating...[0m[0m
[0m[1mmodule.crossplane_pod_identity.aws_eks_pod_identity_association.this["crossplane"]: Creating...[0m[0m
[0m[1mmodule.aws_load_balancer_controller_pod_identity[0].aws_eks_pod_identity_association.this["external_secrets"]: Creating...[0m[0m
[0m[1mmodule.external_dns_pod_identity.aws_eks_pod_identity_association.this["external_secrets"]: Creating...[0m[0m
[0m[1mmodule.ebs_csi_driver_pod_identity[0].aws_eks_pod_identity_association.this["external_secrets"]: Creating...[0m[0m
[0m[1mmodule.external_secrets_irsa[0].aws_iam_role.this[0]: Creation complete after 1s [id=external-secrets-irsa][0m
[0m[1mmodule.karpenter[0].aws_cloudwatch_event_rule.this["health_event"]: Creating...[0m[0m
[0m[1mmodule.backstage_irsa.aws_iam_role.this[0]: Creation complete after 1s [id=backstage-terraform-irsa][0m
[0m[1mmodule.karpenter[0].aws_cloudwatch_event_rule.this["instance_rebalance"]: Creating...[0m[0m
[0m[1mmodule.aws_load_balancer_controller_pod_identity[0].aws_eks_pod_identity_association.this["external_secrets"]: Creation complete after 1s [id=a-qccieueeqdkslphjg][0m
[0m[1mmodule.karpenter[0].aws_cloudwatch_event_rule.this["instance_state_change"]: Creating...[0m[0m
[0m[1mmodule.ebs_csi_driver_pod_identity[0].aws_eks_pod_identity_association.this["external_secrets"]: Creation complete after 1s [id=a-xa90f5gpphjxpobke][0m
[0m[1mmodule.karpenter[0].aws_sqs_queue.this[0]: Creating...[0m[0m
[0m[1mmodule.crossplane_pod_identity.aws_eks_pod_identity_association.this["crossplane"]: Creation complete after 1s [id=a-sutcni2ni74dulfjy][0m
[0m[1mmodule.external_secrets_irsa[0].aws_iam_role_policy_attachment.this["policy"]: Creating...[0m[0m
[0m[1mmodule.karpenter[0].aws_iam_role.controller[0]: Creation complete after 1s [id=KarpenterController-20260119155157661100000025][0m
[0m[1mmodule.backstage_irsa.aws_iam_role_policy_attachment.this["power_user"]: Creating...[0m[0m
[0m[1mmodule.karpenter[0].aws_iam_role.node[0]: Creation complete after 1s [id=Karpenter-idp-poc-darede-cluster-20260119155158156300000026][0m
[0m[1mmodule.backstage_irsa.aws_iam_role_policy_attachment.this["custom_policy"]: Creating...[0m[0m
[0m[1mmodule.external_dns_pod_identity.aws_eks_pod_identity_association.this["external_secrets"]: Creation complete after 1s [id=a-mqorwv7f6mga7efa4][0m
[0m[1mmodule.karpenter[0].aws_iam_role_policy_attachment.node["AmazonEC2ContainerRegistryReadOnly"]: Creating...[0m[0m
[0m[1mmodule.external_secrets_irsa[0].aws_iam_role_policy_attachment.this["policy"]: Creation complete after 0s [id=external-secrets-irsa-2026011915515913480000002f][0m
[0m[1mmodule.karpenter[0].aws_iam_role_policy_attachment.node["AmazonEKSWorkerNodePolicy"]: Creating...[0m[0m
[0m[1mmodule.backstage_irsa.aws_iam_role_policy_attachment.this["power_user"]: Creation complete after 0s [id=backstage-terraform-irsa-20260119155159230900000030][0m
[0m[1mmodule.karpenter[0].aws_iam_role_policy_attachment.node["AmazonEKS_CNI_Policy"]: Creating...[0m[0m
[0m[1mmodule.backstage_irsa.aws_iam_role_policy_attachment.this["custom_policy"]: Creation complete after 1s [id=backstage-terraform-irsa-20260119155159344900000031][0m
[0m[1mmodule.karpenter[0].aws_iam_role_policy_attachment.node_additional["AmazonSSMManagedInstanceCore"]: Creating...[0m[0m
[0m[1mmodule.karpenter[0].aws_iam_role_policy_attachment.node["AmazonEC2ContainerRegistryReadOnly"]: Creation complete after 1s [id=Karpenter-idp-poc-darede-cluster-20260119155158156300000026-20260119155159516900000032][0m
[0m[1mmodule.karpenter[0].aws_cloudwatch_event_rule.this["spot_interrupt"]: Creation complete after 2s [id=KarpenterSpotInterrupt-20260119155158159300000027][0m
[0m[1mmodule.karpenter[0].aws_iam_role_policy_attachment.node["AmazonEKSWorkerNodePolicy"]: Creation complete after 1s [id=Karpenter-idp-poc-darede-cluster-20260119155158156300000026-20260119155159554800000033][0m
[0m[1mmodule.karpenter[0].aws_cloudwatch_event_rule.this["health_event"]: Creation complete after 1s [id=KarpenterHealthEvent-2026011915515871600000002c][0m
[0m[1mmodule.karpenter[0].aws_cloudwatch_event_rule.this["instance_rebalance"]: Creation complete after 1s [id=KarpenterInstanceRebalance-2026011915515874010000002d][0m
[0m[1mmodule.karpenter[0].aws_iam_role_policy_attachment.node["AmazonEKS_CNI_Policy"]: Creation complete after 1s [id=Karpenter-idp-poc-darede-cluster-20260119155158156300000026-20260119155159682800000034][0m
[0m[1mmodule.karpenter[0].aws_cloudwatch_event_rule.this["instance_state_change"]: Creation complete after 1s [id=KarpenterInstanceStateChange-2026011915515878440000002e][0m
[0m[1mmodule.karpenter[0].aws_iam_role_policy_attachment.node_additional["AmazonSSMManagedInstanceCore"]: Creation complete after 0s [id=Karpenter-idp-poc-darede-cluster-20260119155158156300000026-20260119155159766700000035][0m
[0m[1mmodule.eks.time_sleep.this[0]: Still creating... [00m10s elapsed][0m[0m
[0m[1mmodule.karpenter[0].aws_sqs_queue.this[0]: Still creating... [00m10s elapsed][0m[0m
[0m[1mmodule.eks.time_sleep.this[0]: Still creating... [00m20s elapsed][0m[0m
[0m[1mmodule.karpenter[0].aws_sqs_queue.this[0]: Still creating... [00m20s elapsed][0m[0m
[0m[1mmodule.karpenter[0].aws_sqs_queue.this[0]: Creation complete after 27s [id=https://sqs.us-east-1.amazonaws.com/948881762705/Karpenter-idp-poc-darede-cluster][0m
[0m[1mmodule.eks.time_sleep.this[0]: Still creating... [00m30s elapsed][0m[0m
[0m[1mmodule.eks.time_sleep.this[0]: Creation complete after 30s [id=2026-01-19T15:52:26Z][0m
[0m[1mmodule.karpenter[0].data.aws_iam_policy_document.queue[0]: Reading...[0m[0m
[0m[1mmodule.karpenter[0].data.aws_iam_policy_document.v1[0]: Reading...[0m[0m
[0m[1mmodule.eks.aws_eks_addon.this["eks-pod-identity-agent"]: Creating...[0m[0m
[0m[1mmodule.karpenter[0].aws_cloudwatch_event_target.this["instance_state_change"]: Creating...[0m[0m
[0m[1mmodule.karpenter[0].data.aws_iam_policy_document.queue[0]: Read complete after 0s [id=4234876983][0m
[0m[1mmodule.eks.aws_eks_addon.this["vpc-cni"]: Creating...[0m[0m
[0m[1mmodule.karpenter[0].aws_cloudwatch_event_target.this["instance_rebalance"]: Creating...[0m[0m
[0m[1mmodule.karpenter[0].data.aws_iam_policy_document.v033[0]: Reading...[0m[0m
[0m[1mmodule.karpenter[0].aws_cloudwatch_event_target.this["health_event"]: Creating...[0m[0m
[0m[1mmodule.karpenter[0].aws_cloudwatch_event_target.this["spot_interrupt"]: Creating...[0m[0m
[0m[1mmodule.eks.aws_eks_addon.this["aws-ebs-csi-driver"]: Creating...[0m[0m
[0m[1mmodule.eks.aws_eks_addon.this["kube-proxy"]: Creating...[0m[0m
[0m[1mmodule.karpenter[0].data.aws_iam_policy_document.v033[0]: Read complete after 0s [id=305573987][0m
[0m[1mmodule.karpenter[0].data.aws_iam_policy_document.v1[0]: Read complete after 0s [id=4291009129][0m
[0m[1mmodule.karpenter[0].aws_sqs_queue_policy.this[0]: Creating...[0m[0m
[0m[1mmodule.eks.aws_eks_addon.this["coredns"]: Creating...[0m[0m
[0m[1mmodule.karpenter[0].aws_cloudwatch_event_target.this["instance_state_change"]: Creation complete after 1s [id=KarpenterInstanceStateChange-2026011915515878440000002e-KarpenterInterruptionQueueTarget][0m
[0m[1mmodule.karpenter[0].aws_cloudwatch_event_target.this["instance_rebalance"]: Creation complete after 1s [id=KarpenterInstanceRebalance-2026011915515874010000002d-KarpenterInterruptionQueueTarget][0m
[0m[1mmodule.karpenter[0].data.aws_iam_policy_document.controller[0]: Reading...[0m[0m
[0m[1mmodule.karpenter[0].data.aws_iam_policy_document.controller[0]: Read complete after 0s [id=305573987][0m
[0m[1mmodule.karpenter[0].aws_iam_policy.controller[0]: Creating...[0m[0m
[0m[1mmodule.karpenter[0].aws_cloudwatch_event_target.this["health_event"]: Creation complete after 1s [id=KarpenterHealthEvent-2026011915515871600000002c-KarpenterInterruptionQueueTarget][0m
[0m[1mmodule.karpenter[0].aws_cloudwatch_event_target.this["spot_interrupt"]: Creation complete after 1s [id=KarpenterSpotInterrupt-20260119155158159300000027-KarpenterInterruptionQueueTarget][0m
[0m[1mmodule.karpenter[0].aws_iam_policy.controller[0]: Creation complete after 1s [id=arn:aws:iam::948881762705:policy/KarpenterController-2026011915522817490000003b][0m
[0m[1mmodule.karpenter[0].aws_iam_role_policy_attachment.controller[0]: Creating...[0m[0m
[0m[1mmodule.karpenter[0].aws_iam_role_policy_attachment.controller[0]: Creation complete after 0s [id=KarpenterController-20260119155157661100000025-2026011915522902470000003c][0m
[0m[1mmodule.eks.aws_eks_addon.this["vpc-cni"]: Creation complete after 9s [id=idp-poc-darede-cluster:vpc-cni][0m
[0m[1mmodule.eks.aws_eks_addon.this["kube-proxy"]: Creation complete after 9s [id=idp-poc-darede-cluster:kube-proxy][0m
[0m[1mmodule.eks.aws_eks_addon.this["eks-pod-identity-agent"]: Creation complete after 9s [id=idp-poc-darede-cluster:eks-pod-identity-agent][0m
[0m[1mmodule.eks.aws_eks_addon.this["aws-ebs-csi-driver"]: Still creating... [00m10s elapsed][0m[0m
[0m[1mmodule.eks.aws_eks_addon.this["coredns"]: Still creating... [00m10s elapsed][0m[0m
[0m[1mmodule.karpenter[0].aws_sqs_queue_policy.this[0]: Still creating... [00m10s elapsed][0m[0m
[0m[1mmodule.eks.aws_eks_addon.this["aws-ebs-csi-driver"]: Still creating... [00m20s elapsed][0m[0m
[0m[1mmodule.karpenter[0].aws_sqs_queue_policy.this[0]: Still creating... [00m20s elapsed][0m[0m
[0m[1mmodule.eks.aws_eks_addon.this["coredns"]: Still creating... [00m20s elapsed][0m[0m
[0m[1mmodule.karpenter[0].aws_sqs_queue_policy.this[0]: Creation complete after 27s [id=https://sqs.us-east-1.amazonaws.com/948881762705/Karpenter-idp-poc-darede-cluster][0m
[0m[1mmodule.karpenter[0].aws_eks_access_entry.node[0]: Creating...[0m[0m
[0m[1mmodule.karpenter[0].aws_eks_access_entry.node[0]: Creation complete after 1s [id=idp-poc-darede-cluster:arn:aws:iam::948881762705:role/Karpenter-idp-poc-darede-cluster-20260119155158156300000026][0m
[0m[1mmodule.eks.aws_eks_addon.this["aws-ebs-csi-driver"]: Still creating... [00m30s elapsed][0m[0m
[0m[1mmodule.eks.aws_eks_addon.this["coredns"]: Still creating... [00m30s elapsed][0m[0m
[0m[1mmodule.eks.aws_eks_addon.this["aws-ebs-csi-driver"]: Still creating... [00m40s elapsed][0m[0m
[0m[1mmodule.eks.aws_eks_addon.this["coredns"]: Still creating... [00m40s elapsed][0m[0m
[0m[1mmodule.eks.aws_eks_addon.this["aws-ebs-csi-driver"]: Still creating... [00m50s elapsed][0m[0m
[0m[1mmodule.eks.aws_eks_addon.this["coredns"]: Still creating... [00m50s elapsed][0m[0m
[0m[1mmodule.eks.aws_eks_addon.this["aws-ebs-csi-driver"]: Still creating... [01m00s elapsed][0m[0m
[0m[1mmodule.eks.aws_eks_addon.this["coredns"]: Still creating... [01m00s elapsed][0m[0m
[0m[1mmodule.eks.aws_eks_addon.this["aws-ebs-csi-driver"]: Still creating... [01m10s elapsed][0m[0m
[0m[1mmodule.eks.aws_eks_addon.this["coredns"]: Still creating... [01m10s elapsed][0m[0m
[0m[1mmodule.eks.aws_eks_addon.this["aws-ebs-csi-driver"]: Still creating... [01m20s elapsed][0m[0m
[0m[1mmodule.eks.aws_eks_addon.this["coredns"]: Still creating... [01m20s elapsed][0m[0m
[0m[1mmodule.eks.aws_eks_addon.this["aws-ebs-csi-driver"]: Still creating... [01m30s elapsed][0m[0m
[0m[1mmodule.eks.aws_eks_addon.this["coredns"]: Still creating... [01m30s elapsed][0m[0m
[0m[1mmodule.eks.aws_eks_addon.this["aws-ebs-csi-driver"]: Still creating... [01m40s elapsed][0m[0m
[0m[1mmodule.eks.aws_eks_addon.this["coredns"]: Still creating... [01m40s elapsed][0m[0m
[0m[1mmodule.eks.aws_eks_addon.this["aws-ebs-csi-driver"]: Still creating... [01m50s elapsed][0m[0m
[0m[1mmodule.eks.aws_eks_addon.this["coredns"]: Still creating... [01m50s elapsed][0m[0m
[0m[1mmodule.eks.aws_eks_addon.this["aws-ebs-csi-driver"]: Still creating... [02m00s elapsed][0m[0m
[0m[1mmodule.eks.aws_eks_addon.this["coredns"]: Still creating... [02m00s elapsed][0m[0m
[0m[1mmodule.eks.aws_eks_addon.this["aws-ebs-csi-driver"]: Still creating... [02m10s elapsed][0m[0m
[0m[1mmodule.eks.aws_eks_addon.this["coredns"]: Still creating... [02m10s elapsed][0m[0m
[0m[1mmodule.eks.aws_eks_addon.this["coredns"]: Still creating... [02m20s elapsed][0m[0m
[0m[1mmodule.eks.aws_eks_addon.this["aws-ebs-csi-driver"]: Still creating... [02m20s elapsed][0m[0m
[0m[1mmodule.eks.aws_eks_addon.this["coredns"]: Still creating... [02m30s elapsed][0m[0m
[0m[1mmodule.eks.aws_eks_addon.this["aws-ebs-csi-driver"]: Still creating... [02m30s elapsed][0m[0m
[0m[1mmodule.eks.aws_eks_addon.this["coredns"]: Still creating... [02m40s elapsed][0m[0m
[0m[1mmodule.eks.aws_eks_addon.this["aws-ebs-csi-driver"]: Still creating... [02m40s elapsed][0m[0m
[0m[1mmodule.eks.aws_eks_addon.this["aws-ebs-csi-driver"]: Still creating... [02m50s elapsed][0m[0m
[0m[1mmodule.eks.aws_eks_addon.this["coredns"]: Still creating... [02m50s elapsed][0m[0m
[0m[1mmodule.eks.aws_eks_addon.this["aws-ebs-csi-driver"]: Still creating... [03m00s elapsed][0m[0m
[0m[1mmodule.eks.aws_eks_addon.this["coredns"]: Still creating... [03m00s elapsed][0m[0m
[0m[1mmodule.eks.aws_eks_addon.this["aws-ebs-csi-driver"]: Still creating... [03m10s elapsed][0m[0m
[0m[1mmodule.eks.aws_eks_addon.this["coredns"]: Still creating... [03m10s elapsed][0m[0m
[0m[1mmodule.eks.aws_eks_addon.this["aws-ebs-csi-driver"]: Still creating... [03m20s elapsed][0m[0m
[0m[1mmodule.eks.aws_eks_addon.this["coredns"]: Still creating... [03m20s elapsed][0m[0m
[0m[1mmodule.eks.aws_eks_addon.this["aws-ebs-csi-driver"]: Still creating... [03m30s elapsed][0m[0m
[0m[1mmodule.eks.aws_eks_addon.this["coredns"]: Still creating... [03m30s elapsed][0m[0m
[0m[1mmodule.eks.aws_eks_addon.this["coredns"]: Still creating... [03m40s elapsed][0m[0m
[0m[1mmodule.eks.aws_eks_addon.this["aws-ebs-csi-driver"]: Still creating... [03m40s elapsed][0m[0m
[0m[1mmodule.eks.aws_eks_addon.this["coredns"]: Still creating... [03m50s elapsed][0m[0m
[0m[1mmodule.eks.aws_eks_addon.this["aws-ebs-csi-driver"]: Still creating... [03m50s elapsed][0m[0m
[0m[1mmodule.eks.aws_eks_addon.this["coredns"]: Still creating... [04m00s elapsed][0m[0m
[0m[1mmodule.eks.aws_eks_addon.this["aws-ebs-csi-driver"]: Still creating... [04m00s elapsed][0m[0m
[0m[1mmodule.eks.aws_eks_addon.this["coredns"]: Still creating... [04m10s elapsed][0m[0m
[0m[1mmodule.eks.aws_eks_addon.this["aws-ebs-csi-driver"]: Still creating... [04m10s elapsed][0m[0m
[0m[1mmodule.eks.aws_eks_addon.this["aws-ebs-csi-driver"]: Still creating... [04m20s elapsed][0m[0m
[0m[1mmodule.eks.aws_eks_addon.this["coredns"]: Still creating... [04m20s elapsed][0m[0m
[0m[1mmodule.eks.aws_eks_addon.this["aws-ebs-csi-driver"]: Still creating... [04m30s elapsed][0m[0m
[0m[1mmodule.eks.aws_eks_addon.this["coredns"]: Still creating... [04m30s elapsed][0m[0m
[0m[1mmodule.eks.aws_eks_addon.this["coredns"]: Still creating... [04m40s elapsed][0m[0m
[0m[1mmodule.eks.aws_eks_addon.this["aws-ebs-csi-driver"]: Still creating... [04m40s elapsed][0m[0m
[0m[1mmodule.eks.aws_eks_addon.this["aws-ebs-csi-driver"]: Still creating... [04m50s elapsed][0m[0m
[0m[1mmodule.eks.aws_eks_addon.this["coredns"]: Still creating... [04m50s elapsed][0m[0m
[0m[1mmodule.eks.aws_eks_addon.this["coredns"]: Still creating... [05m00s elapsed][0m[0m
[0m[1mmodule.eks.aws_eks_addon.this["aws-ebs-csi-driver"]: Still creating... [05m00s elapsed][0m[0m
[0m[1mmodule.eks.aws_eks_addon.this["aws-ebs-csi-driver"]: Still creating... [05m10s elapsed][0m[0m
[0m[1mmodule.eks.aws_eks_addon.this["coredns"]: Still creating... [05m10s elapsed][0m[0m
[0m[1mmodule.eks.aws_eks_addon.this["coredns"]: Still creating... [05m20s elapsed][0m[0m
[0m[1mmodule.eks.aws_eks_addon.this["aws-ebs-csi-driver"]: Still creating... [05m20s elapsed][0m[0m
[0m[1mmodule.eks.aws_eks_addon.this["coredns"]: Still creating... [05m30s elapsed][0m[0m
[0m[1mmodule.eks.aws_eks_addon.this["aws-ebs-csi-driver"]: Still creating... [05m30s elapsed][0m[0m
[0m[1mmodule.eks.aws_eks_addon.this["coredns"]: Still creating... [05m40s elapsed][0m[0m
[0m[1mmodule.eks.aws_eks_addon.this["aws-ebs-csi-driver"]: Still creating... [05m40s elapsed][0m[0m
[0m[1mmodule.eks.aws_eks_addon.this["aws-ebs-csi-driver"]: Still creating... [05m50s elapsed][0m[0m
[0m[1mmodule.eks.aws_eks_addon.this["coredns"]: Still creating... [05m50s elapsed][0m[0m
[0m[1mmodule.eks.aws_eks_addon.this["aws-ebs-csi-driver"]: Still creating... [06m00s elapsed][0m[0m
[0m[1mmodule.eks.aws_eks_addon.this["coredns"]: Still creating... [06m00s elapsed][0m[0m
[0m[1mmodule.eks.aws_eks_addon.this["coredns"]: Still creating... [06m10s elapsed][0m[0m
[0m[1mmodule.eks.aws_eks_addon.this["aws-ebs-csi-driver"]: Still creating... [06m10s elapsed][0m[0m
[0m[1mmodule.eks.aws_eks_addon.this["aws-ebs-csi-driver"]: Still creating... [06m20s elapsed][0m[0m
[0m[1mmodule.eks.aws_eks_addon.this["coredns"]: Still creating... [06m20s elapsed][0m[0m
[0m[1mmodule.eks.aws_eks_addon.this["aws-ebs-csi-driver"]: Still creating... [06m30s elapsed][0m[0m
[0m[1mmodule.eks.aws_eks_addon.this["coredns"]: Still creating... [06m30s elapsed][0m[0m
[0m[1mmodule.eks.aws_eks_addon.this["coredns"]: Still creating... [06m40s elapsed][0m[0m
[0m[1mmodule.eks.aws_eks_addon.this["aws-ebs-csi-driver"]: Still creating... [06m40s elapsed][0m[0m
[0m[1mmodule.eks.aws_eks_addon.this["coredns"]: Still creating... [06m50s elapsed][0m[0m
[0m[1mmodule.eks.aws_eks_addon.this["aws-ebs-csi-driver"]: Still creating... [06m50s elapsed][0m[0m
[0m[1mmodule.eks.aws_eks_addon.this["coredns"]: Still creating... [07m00s elapsed][0m[0m
[0m[1mmodule.eks.aws_eks_addon.this["aws-ebs-csi-driver"]: Still creating... [07m00s elapsed][0m[0m
[0m[1mmodule.eks.aws_eks_addon.this["aws-ebs-csi-driver"]: Still creating... [07m10s elapsed][0m[0m
[0m[1mmodule.eks.aws_eks_addon.this["coredns"]: Still creating... [07m10s elapsed][0m[0m
[0m[1mmodule.eks.aws_eks_addon.this["coredns"]: Still creating... [07m20s elapsed][0m[0m
[0m[1mmodule.eks.aws_eks_addon.this["aws-ebs-csi-driver"]: Still creating... [07m20s elapsed][0m[0m
[0m[1mmodule.eks.aws_eks_addon.this["aws-ebs-csi-driver"]: Still creating... [07m30s elapsed][0m[0m
[0m[1mmodule.eks.aws_eks_addon.this["coredns"]: Still creating... [07m30s elapsed][0m[0m
[0m[1mmodule.eks.aws_eks_addon.this["coredns"]: Still creating... [07m40s elapsed][0m[0m
[0m[1mmodule.eks.aws_eks_addon.this["aws-ebs-csi-driver"]: Still creating... [07m40s elapsed][0m[0m
[0m[1mmodule.eks.aws_eks_addon.this["aws-ebs-csi-driver"]: Still creating... [07m50s elapsed][0m[0m
[0m[1mmodule.eks.aws_eks_addon.this["coredns"]: Still creating... [07m50s elapsed][0m[0m
[0m[1mmodule.eks.aws_eks_addon.this["aws-ebs-csi-driver"]: Still creating... [08m00s elapsed][0m[0m
[0m[1mmodule.eks.aws_eks_addon.this["coredns"]: Still creating... [08m00s elapsed][0m[0m
[0m[1mmodule.eks.aws_eks_addon.this["aws-ebs-csi-driver"]: Still creating... [08m10s elapsed][0m[0m
[0m[1mmodule.eks.aws_eks_addon.this["coredns"]: Still creating... [08m10s elapsed][0m[0m
[0m[1mmodule.eks.aws_eks_addon.this["aws-ebs-csi-driver"]: Still creating... [08m20s elapsed][0m[0m
[0m[1mmodule.eks.aws_eks_addon.this["coredns"]: Still creating... [08m20s elapsed][0m[0m
[0m[1mmodule.eks.aws_eks_addon.this["aws-ebs-csi-driver"]: Still creating... [08m30s elapsed][0m[0m
[0m[1mmodule.eks.aws_eks_addon.this["coredns"]: Still creating... [08m30s elapsed][0m[0m
[0m[1mmodule.eks.aws_eks_addon.this["aws-ebs-csi-driver"]: Still creating... [08m40s elapsed][0m[0m
[0m[1mmodule.eks.aws_eks_addon.this["coredns"]: Still creating... [08m40s elapsed][0m[0m
[0m[1mmodule.eks.aws_eks_addon.this["coredns"]: Still creating... [08m50s elapsed][0m[0m
[0m[1mmodule.eks.aws_eks_addon.this["aws-ebs-csi-driver"]: Still creating... [08m50s elapsed][0m[0m
[0m[1mmodule.eks.aws_eks_addon.this["coredns"]: Still creating... [09m00s elapsed][0m[0m
[0m[1mmodule.eks.aws_eks_addon.this["aws-ebs-csi-driver"]: Still creating... [09m00s elapsed][0m[0m
[0m[1mmodule.eks.aws_eks_addon.this["aws-ebs-csi-driver"]: Still creating... [09m10s elapsed][0m[0m
[0m[1mmodule.eks.aws_eks_addon.this["coredns"]: Still creating... [09m10s elapsed][0m[0m
[0m[1mmodule.eks.aws_eks_addon.this["coredns"]: Still creating... [09m20s elapsed][0m[0m
[0m[1mmodule.eks.aws_eks_addon.this["aws-ebs-csi-driver"]: Still creating... [09m20s elapsed][0m[0m
[0m[1mmodule.eks.aws_eks_addon.this["coredns"]: Still creating... [09m30s elapsed][0m[0m
[0m[1mmodule.eks.aws_eks_addon.this["aws-ebs-csi-driver"]: Still creating... [09m30s elapsed][0m[0m
[0m[1mmodule.eks.aws_eks_addon.this["coredns"]: Still creating... [09m40s elapsed][0m[0m
[0m[1mmodule.eks.aws_eks_addon.this["aws-ebs-csi-driver"]: Still creating... [09m40s elapsed][0m[0m
[0m[1mmodule.eks.aws_eks_addon.this["aws-ebs-csi-driver"]: Still creating... [09m50s elapsed][0m[0m
[0m[1mmodule.eks.aws_eks_addon.this["coredns"]: Still creating... [09m50s elapsed][0m[0m
[0m[1mmodule.eks.aws_eks_addon.this["coredns"]: Still creating... [10m00s elapsed][0m[0m
[0m[1mmodule.eks.aws_eks_addon.this["aws-ebs-csi-driver"]: Still creating... [10m00s elapsed][0m[0m
[0m[1mmodule.eks.aws_eks_addon.this["aws-ebs-csi-driver"]: Still creating... [10m10s elapsed][0m[0m
[0m[1mmodule.eks.aws_eks_addon.this["coredns"]: Still creating... [10m10s elapsed][0m[0m
[0m[1mmodule.eks.aws_eks_addon.this["aws-ebs-csi-driver"]: Still creating... [10m20s elapsed][0m[0m
[0m[1mmodule.eks.aws_eks_addon.this["coredns"]: Still creating... [10m20s elapsed][0m[0m
[0m[1mmodule.eks.aws_eks_addon.this["coredns"]: Still creating... [10m30s elapsed][0m[0m
[0m[1mmodule.eks.aws_eks_addon.this["aws-ebs-csi-driver"]: Still creating... [10m30s elapsed][0m[0m
[0m[1mmodule.eks.aws_eks_addon.this["aws-ebs-csi-driver"]: Still creating... [10m40s elapsed][0m[0m
[0m[1mmodule.eks.aws_eks_addon.this["coredns"]: Still creating... [10m40s elapsed][0m[0m
[0m[1mmodule.eks.aws_eks_addon.this["coredns"]: Still creating... [10m50s elapsed][0m[0m
[0m[1mmodule.eks.aws_eks_addon.this["aws-ebs-csi-driver"]: Still creating... [10m50s elapsed][0m[0m
[0m[1mmodule.eks.aws_eks_addon.this["aws-ebs-csi-driver"]: Still creating... [11m00s elapsed][0m[0m
[0m[1mmodule.eks.aws_eks_addon.this["coredns"]: Still creating... [11m00s elapsed][0m[0m
[0m[1mmodule.eks.aws_eks_addon.this["aws-ebs-csi-driver"]: Still creating... [11m10s elapsed][0m[0m
[0m[1mmodule.eks.aws_eks_addon.this["coredns"]: Still creating... [11m10s elapsed][0m[0m
[0m[1mmodule.eks.aws_eks_addon.this["coredns"]: Still creating... [11m20s elapsed][0m[0m
[0m[1mmodule.eks.aws_eks_addon.this["aws-ebs-csi-driver"]: Still creating... [11m20s elapsed][0m[0m
[0m[1mmodule.eks.aws_eks_addon.this["aws-ebs-csi-driver"]: Still creating... [11m30s elapsed][0m[0m
[0m[1mmodule.eks.aws_eks_addon.this["coredns"]: Still creating... [11m30s elapsed][0m[0m
[0m[1mmodule.eks.aws_eks_addon.this["aws-ebs-csi-driver"]: Still creating... [11m40s elapsed][0m[0m
[0m[1mmodule.eks.aws_eks_addon.this["coredns"]: Still creating... [11m40s elapsed][0m[0m
[0m[1mmodule.eks.aws_eks_addon.this["coredns"]: Still creating... [11m50s elapsed][0m[0m
[0m[1mmodule.eks.aws_eks_addon.this["aws-ebs-csi-driver"]: Still creating... [11m50s elapsed][0m[0m
[0m[1mmodule.eks.aws_eks_addon.this["aws-ebs-csi-driver"]: Still creating... [12m00s elapsed][0m[0m
[0m[1mmodule.eks.aws_eks_addon.this["coredns"]: Still creating... [12m00s elapsed][0m[0m
[0m[1mmodule.eks.aws_eks_addon.this["coredns"]: Still creating... [12m10s elapsed][0m[0m
[0m[1mmodule.eks.aws_eks_addon.this["aws-ebs-csi-driver"]: Still creating... [12m10s elapsed][0m[0m
[0m[1mmodule.eks.aws_eks_addon.this["coredns"]: Still creating... [12m20s elapsed][0m[0m
[0m[1mmodule.eks.aws_eks_addon.this["aws-ebs-csi-driver"]: Still creating... [12m20s elapsed][0m[0m
[0m[1mmodule.eks.aws_eks_addon.this["aws-ebs-csi-driver"]: Still creating... [12m30s elapsed][0m[0m
[0m[1mmodule.eks.aws_eks_addon.this["coredns"]: Still creating... [12m30s elapsed][0m[0m
[0m[1mmodule.eks.aws_eks_addon.this["aws-ebs-csi-driver"]: Still creating... [12m40s elapsed][0m[0m
[0m[1mmodule.eks.aws_eks_addon.this["coredns"]: Still creating... [12m40s elapsed][0m[0m
[0m[1mmodule.eks.aws_eks_addon.this["coredns"]: Still creating... [12m50s elapsed][0m[0m
[0m[1mmodule.eks.aws_eks_addon.this["aws-ebs-csi-driver"]: Still creating... [12m50s elapsed][0m[0m
[0m[1mmodule.eks.aws_eks_addon.this["coredns"]: Still creating... [13m00s elapsed][0m[0m
[0m[1mmodule.eks.aws_eks_addon.this["aws-ebs-csi-driver"]: Still creating... [13m00s elapsed][0m[0m
[0m[1mmodule.eks.aws_eks_addon.this["coredns"]: Still creating... [13m10s elapsed][0m[0m
[0m[1mmodule.eks.aws_eks_addon.this["aws-ebs-csi-driver"]: Still creating... [13m10s elapsed][0m[0m
[0m[1mmodule.eks.aws_eks_addon.this["coredns"]: Still creating... [13m20s elapsed][0m[0m
[0m[1mmodule.eks.aws_eks_addon.this["aws-ebs-csi-driver"]: Still creating... [13m20s elapsed][0m[0m
[0m[1mmodule.eks.aws_eks_addon.this["aws-ebs-csi-driver"]: Still creating... [13m30s elapsed][0m[0m
[0m[1mmodule.eks.aws_eks_addon.this["coredns"]: Still creating... [13m30s elapsed][0m[0m
[0m[1mmodule.eks.aws_eks_addon.this["aws-ebs-csi-driver"]: Still creating... [13m40s elapsed][0m[0m
[0m[1mmodule.eks.aws_eks_addon.this["coredns"]: Still creating... [13m40s elapsed][0m[0m
[0m[1mmodule.eks.aws_eks_addon.this["coredns"]: Still creating... [13m50s elapsed][0m[0m
[0m[1mmodule.eks.aws_eks_addon.this["aws-ebs-csi-driver"]: Still creating... [13m50s elapsed][0m[0m
[0m[1mmodule.eks.aws_eks_addon.this["aws-ebs-csi-driver"]: Still creating... [14m00s elapsed][0m[0m
[0m[1mmodule.eks.aws_eks_addon.this["coredns"]: Still creating... [14m00s elapsed][0m[0m
[0m[1mmodule.eks.aws_eks_addon.this["aws-ebs-csi-driver"]: Still creating... [14m10s elapsed][0m[0m
[0m[1mmodule.eks.aws_eks_addon.this["coredns"]: Still creating... [14m10s elapsed][0m[0m
[0m[1mmodule.eks.aws_eks_addon.this["aws-ebs-csi-driver"]: Still creating... [14m20s elapsed][0m[0m
[0m[1mmodule.eks.aws_eks_addon.this["coredns"]: Still creating... [14m20s elapsed][0m[0m
[0m[1mmodule.eks.aws_eks_addon.this["aws-ebs-csi-driver"]: Still creating... [14m30s elapsed][0m[0m
[0m[1mmodule.eks.aws_eks_addon.this["coredns"]: Still creating... [14m30s elapsed][0m[0m
[0m[1mmodule.eks.aws_eks_addon.this["aws-ebs-csi-driver"]: Still creating... [14m40s elapsed][0m[0m
[0m[1mmodule.eks.aws_eks_addon.this["coredns"]: Still creating... [14m40s elapsed][0m[0m
[0m[1mmodule.eks.aws_eks_addon.this["aws-ebs-csi-driver"]: Still creating... [14m50s elapsed][0m[0m
[0m[1mmodule.eks.aws_eks_addon.this["coredns"]: Still creating... [14m50s elapsed][0m[0m
[0m[1mmodule.eks.aws_eks_addon.this["aws-ebs-csi-driver"]: Still creating... [15m00s elapsed][0m[0m
[0m[1mmodule.eks.aws_eks_addon.this["coredns"]: Still creating... [15m01s elapsed][0m[0m
[0m[1mmodule.eks.aws_eks_addon.this["coredns"]: Still creating... [15m11s elapsed][0m[0m
[0m[1mmodule.eks.aws_eks_addon.this["aws-ebs-csi-driver"]: Still creating... [15m11s elapsed][0m[0m
[0m[1mmodule.eks.aws_eks_addon.this["aws-ebs-csi-driver"]: Still creating... [15m21s elapsed][0m[0m
[0m[1mmodule.eks.aws_eks_addon.this["coredns"]: Still creating... [15m21s elapsed][0m[0m
[0m[1mmodule.eks.aws_eks_addon.this["coredns"]: Still creating... [15m31s elapsed][0m[0m
[0m[1mmodule.eks.aws_eks_addon.this["aws-ebs-csi-driver"]: Still creating... [15m31s elapsed][0m[0m
[0m[1mmodule.eks.aws_eks_addon.this["coredns"]: Still creating... [15m41s elapsed][0m[0m
[0m[1mmodule.eks.aws_eks_addon.this["aws-ebs-csi-driver"]: Still creating... [15m41s elapsed][0m[0m
[0m[1mmodule.eks.aws_eks_addon.this["aws-ebs-csi-driver"]: Still creating... [15m51s elapsed][0m[0m
[0m[1mmodule.eks.aws_eks_addon.this["coredns"]: Still creating... [15m51s elapsed][0m[0m
[0m[1mmodule.eks.aws_eks_addon.this["aws-ebs-csi-driver"]: Still creating... [16m01s elapsed][0m[0m
[0m[1mmodule.eks.aws_eks_addon.this["coredns"]: Still creating... [16m01s elapsed][0m[0m
[0m[1mmodule.eks.aws_eks_addon.this["aws-ebs-csi-driver"]: Still creating... [16m11s elapsed][0m[0m
[0m[1mmodule.eks.aws_eks_addon.this["coredns"]: Still creating... [16m11s elapsed][0m[0m
[0m[1mmodule.eks.aws_eks_addon.this["aws-ebs-csi-driver"]: Still creating... [16m21s elapsed][0m[0m
[0m[1mmodule.eks.aws_eks_addon.this["coredns"]: Still creating... [16m21s elapsed][0m[0m
[0m[1mmodule.eks.aws_eks_addon.this["coredns"]: Still creating... [16m31s elapsed][0m[0m
[0m[1mmodule.eks.aws_eks_addon.this["aws-ebs-csi-driver"]: Still creating... [16m31s elapsed][0m[0m
[0m[1mmodule.eks.aws_eks_addon.this["coredns"]: Still creating... [16m41s elapsed][0m[0m
[0m[1mmodule.eks.aws_eks_addon.this["aws-ebs-csi-driver"]: Still creating... [16m41s elapsed][0m[0m
[0m[1mmodule.eks.aws_eks_addon.this["aws-ebs-csi-driver"]: Still creating... [16m51s elapsed][0m[0m
[0m[1mmodule.eks.aws_eks_addon.this["coredns"]: Still creating... [16m51s elapsed][0m[0m
[0m[1mmodule.eks.aws_eks_addon.this["coredns"]: Still creating... [17m01s elapsed][0m[0m
[0m[1mmodule.eks.aws_eks_addon.this["aws-ebs-csi-driver"]: Still creating... [17m01s elapsed][0m[0m
[0m[1mmodule.eks.aws_eks_addon.this["aws-ebs-csi-driver"]: Still creating... [17m11s elapsed][0m[0m
[0m[1mmodule.eks.aws_eks_addon.this["coredns"]: Still creating... [17m11s elapsed][0m[0m
[0m[1mmodule.eks.aws_eks_addon.this["aws-ebs-csi-driver"]: Still creating... [17m21s elapsed][0m[0m
[0m[1mmodule.eks.aws_eks_addon.this["coredns"]: Still creating... [17m21s elapsed][0m[0m
[0m[1mmodule.eks.aws_eks_addon.this["coredns"]: Still creating... [17m31s elapsed][0m[0m
[0m[1mmodule.eks.aws_eks_addon.this["aws-ebs-csi-driver"]: Still creating... [17m31s elapsed][0m[0m
[0m[1mmodule.eks.aws_eks_addon.this["aws-ebs-csi-driver"]: Still creating... [17m41s elapsed][0m[0m
[0m[1mmodule.eks.aws_eks_addon.this["coredns"]: Still creating... [17m41s elapsed][0m[0m
[0m[1mmodule.eks.aws_eks_addon.this["aws-ebs-csi-driver"]: Still creating... [17m51s elapsed][0m[0m
[0m[1mmodule.eks.aws_eks_addon.this["coredns"]: Still creating... [17m51s elapsed][0m[0m
[0m[1mmodule.eks.aws_eks_addon.this["coredns"]: Still creating... [18m01s elapsed][0m[0m
[0m[1mmodule.eks.aws_eks_addon.this["aws-ebs-csi-driver"]: Still creating... [18m01s elapsed][0m[0m
[0m[1mmodule.eks.aws_eks_addon.this["coredns"]: Still creating... [18m11s elapsed][0m[0m
[0m[1mmodule.eks.aws_eks_addon.this["aws-ebs-csi-driver"]: Still creating... [18m11s elapsed][0m[0m
[0m[1mmodule.eks.aws_eks_addon.this["coredns"]: Still creating... [18m21s elapsed][0m[0m
[0m[1mmodule.eks.aws_eks_addon.this["aws-ebs-csi-driver"]: Still creating... [18m21s elapsed][0m[0m
[0m[1mmodule.eks.aws_eks_addon.this["aws-ebs-csi-driver"]: Still creating... [18m31s elapsed][0m[0m
[0m[1mmodule.eks.aws_eks_addon.this["coredns"]: Still creating... [18m31s elapsed][0m[0m
[0m[1mmodule.eks.aws_eks_addon.this["aws-ebs-csi-driver"]: Still creating... [18m41s elapsed][0m[0m
[0m[1mmodule.eks.aws_eks_addon.this["coredns"]: Still creating... [18m41s elapsed][0m[0m
[0m[1mmodule.eks.aws_eks_addon.this["coredns"]: Still creating... [18m51s elapsed][0m[0m
[0m[1mmodule.eks.aws_eks_addon.this["aws-ebs-csi-driver"]: Still creating... [18m51s elapsed][0m[0m
[0m[1mmodule.eks.aws_eks_addon.this["coredns"]: Still creating... [19m01s elapsed][0m[0m
[0m[1mmodule.eks.aws_eks_addon.this["aws-ebs-csi-driver"]: Still creating... [19m01s elapsed][0m[0m
[0m[1mmodule.eks.aws_eks_addon.this["aws-ebs-csi-driver"]: Still creating... [19m11s elapsed][0m[0m
[0m[1mmodule.eks.aws_eks_addon.this["coredns"]: Still creating... [19m11s elapsed][0m[0m
[0m[1mmodule.eks.aws_eks_addon.this["coredns"]: Still creating... [19m21s elapsed][0m[0m
[0m[1mmodule.eks.aws_eks_addon.this["aws-ebs-csi-driver"]: Still creating... [19m21s elapsed][0m[0m
[0m[1mmodule.eks.aws_eks_addon.this["coredns"]: Still creating... [19m31s elapsed][0m[0m
[0m[1mmodule.eks.aws_eks_addon.this["aws-ebs-csi-driver"]: Still creating... [19m31s elapsed][0m[0m
[0m[1mmodule.eks.aws_eks_addon.this["aws-ebs-csi-driver"]: Still creating... [19m41s elapsed][0m[0m
[0m[1mmodule.eks.aws_eks_addon.this["coredns"]: Still creating... [19m41s elapsed][0m[0m
[0m[1mmodule.eks.aws_eks_addon.this["coredns"]: Still creating... [19m51s elapsed][0m[0m
[0m[1mmodule.eks.aws_eks_addon.this["aws-ebs-csi-driver"]: Still creating... [19m51s elapsed][0m[0m
[0m[1mmodule.eks.aws_eks_addon.this["coredns"]: Still creating... [20m01s elapsed][0m[0m
[0m[1mmodule.eks.aws_eks_addon.this["aws-ebs-csi-driver"]: Still creating... [20m01s elapsed][0m[0m
[33m╷[0m[0m
[33m│[0m [0m[1m[33mWarning: [0m[0m[1mRunning terraform apply again will remove the kubernetes add-on and attempt to create it again effectively purging previous add-on configuration[0m
[33m│[0m [0m
[33m│[0m [0m[0m  with module.eks.aws_eks_addon.this["aws-ebs-csi-driver"],
[33m│[0m [0m  on .terraform/modules/eks/main.tf line 739, in resource "aws_eks_addon" "this":
[33m│[0m [0m 739: resource "aws_eks_addon" "this" [4m{[0m[0m
[33m│[0m [0m
[33m│[0m [0m(and one more similar warning elsewhere)
[33m╵[0m[0m
[31m╷[0m[0m
[31m│[0m [0m[1m[31mError: [0m[0m[1mcreating RDS DB Instance (idp-poc-darede-cluster-keycloak): operation error RDS: CreateDBInstance, https response error StatusCode: 400, RequestID: 47416544-ba68-411e-871a-4449614a49ea, api error InvalidParameterCombination: Cannot find version 15.8 for postgres[0m
[31m│[0m [0m
[31m│[0m [0m[0m  with aws_db_instance.keycloak[0],
[31m│[0m [0m  on rds-keycloak.tf line 153, in resource "aws_db_instance" "keycloak":
[31m│[0m [0m 153: resource "aws_db_instance" "keycloak" [4m{[0m[0m
[31m│[0m [0m
[31m╵[0m[0m
[31m╷[0m[0m
[31m│[0m [0m[1m[31mError: [0m[0m[1mmodifying RDS DB Parameter Group (idp-poc-darede-cluster-keycloak-20260119154151712100000007): operation error RDS: ModifyDBParameterGroup, https response error StatusCode: 400, RequestID: f146269c-8efd-41eb-bd8c-58c91464d97b, api error InvalidParameterCombination: cannot use immediate apply method for static parameter[0m
[31m│[0m [0m
[31m│[0m [0m[0m  with aws_db_parameter_group.keycloak[0],
[31m│[0m [0m  on rds-keycloak.tf line 222, in resource "aws_db_parameter_group" "keycloak":
[31m│[0m [0m 222: resource "aws_db_parameter_group" "keycloak" [4m{[0m[0m
[31m│[0m [0m
[31m╵[0m[0m
[31m╷[0m[0m
[31m│[0m [0m[1m[31mError: [0m[0m[1mwaiting for EKS Add-On (idp-poc-darede-cluster:aws-ebs-csi-driver) create: timeout while waiting for state to become 'ACTIVE' (last state: 'DEGRADED', timeout: 20m0s)[0m
[31m│[0m [0m
[31m│[0m [0m[0m  with module.eks.aws_eks_addon.this["aws-ebs-csi-driver"],
[31m│[0m [0m  on .terraform/modules/eks/main.tf line 739, in resource "aws_eks_addon" "this":
[31m│[0m [0m 739: resource "aws_eks_addon" "this" [4m{[0m[0m
[31m│[0m [0m
[31m╵[0m[0m
[31m╷[0m[0m
[31m│[0m [0m[1m[31mError: [0m[0m[1mwaiting for EKS Add-On (idp-poc-darede-cluster:coredns) create: timeout while waiting for state to become 'ACTIVE' (last state: 'DEGRADED', timeout: 20m0s)[0m
[31m│[0m [0m
[31m│[0m [0m[0m  with module.eks.aws_eks_addon.this["coredns"],
[31m│[0m [0m  on .terraform/modules/eks/main.tf line 739, in resource "aws_eks_addon" "this":
[31m│[0m [0m 739: resource "aws_eks_addon" "this" [4m{[0m[0m
[31m│[0m [0m
[31m╵[0m[0m
